{
  "version": 4,
  "terraform_version": "1.0.5",
  "serial": 246,
  "lineage": "8f0b0553-7c0c-4a85-9221-abc0efd3f0e1",
  "outputs": {
    "cluster_name": {
      "value": "demo-playsdev-eks",
      "type": "string"
    },
    "cluster_security_group_id": {
      "value": "sg-0015385d97d79a640",
      "type": "string"
    },
    "region": {
      "value": "eu-central-1",
      "type": "string"
    },
    "ssh_private_key": {
      "value": "-----BEGIN RSA PRIVATE KEY-----\nMIIJKQIBAAKCAgEA0TNLRrDep+e58kDyR/CJ1AkXnryP9Z4ywOOubEQmHn8GezHh\np6Lni85llhwHmJ4HekDZqnufhO+zDghh0V1hw9xqsM9jrfg+0xHwWPni7zcDikg4\nM/EXGlI8xwKdqoF+uOHtwTSR90xYcjbdkY+1V9F8K9IJC/gHjXFpbXHUsnrQl0vb\nGVa1iSbQmlcXwfUWDHKU/Ke/yg6QtTUxGs1/G67W7GLLvAXbXTcXzNw4omlAlNXx\nNT9lsqzP6dr7mtmZGVkc9XxjXgod15mA4g4BB0Ov/kG12Hj0Hq9pSysbPo7xyhht\nh4PEDFoiJJ90Bx9ancGyqJVrkoEX26/mQO/6596E/8d3FMiWVDZDxlSZZJgtJB0I\nsfdP08R/LRUBnFKh6liz0FK2puE87/QqIVLsO6jplHHk81pxkU3XKdYQX5UOnEbw\nJCuoeu0nRJAkmbbd+vrcr9NVy93l08q3bhd1PaA7Dlq6ZA213f/n/vQMOn5p7na7\noNQtcuJbthJR6CBPcZmGz37HN5RNFTzfwml21pN9B4hvpzOypPWIkVPTfhIa/mQA\nWZJaWJYX+O3irF+aPVYuD4yrF32E0M+1Ty5b0CuOCgFeMkjZO/T09r+CBPqD4f3s\ngarPycOWq1mDwCIIeH4l0Tt05PhJaMWuhC0UJPTNt8HDnwTvDX6+e7FJSVsCAwEA\nAQKCAgAqGb2Lc2rLtZm5RBK+IY1LS60iN+Zs0rJ6GRfwF+Ln/j5KqqYz+1fHzfip\ntehdcWgl1Uk4wvo+YZLSPyOYY8eaCBC8lnAEAdJ63cBV16ww4gxnVtNguKMim+w5\nTLB4MOlUwbr8R90cPJQMIDiE47vl+XWYyAMkEn1KnMlPyjm41XiHCjAEsGuGN3aB\nqQdR9EXEqYaMNiIlwrqijRrdvv9WjeAY4GUJ6M/VuZGjm6oWHUJu8YNCaQjJZXfO\nI1DBQAtMi5+FU8wXj8ejrPPACntwf9G6RHUZJHZUeo6hHwKzm0bTmgjo3b6lkboP\nTrul90xgNSwEO1XTvQEVKBgZd3IxvDzdyNSBQ8g8Xt7qPTABnbDHhyictCN5RIji\nrvKOQLT/AcGWZ24HHUHoujhIhj/oXy5GvOxTDNLCw9ZZgpGMhbOKCVQzV0G3iYTK\n+vaDncPwXMP28TDL6vt+MuvSCHgbcAKvG5IhWTxkSK7z7ZDB8NjIuvBRcoj6KJr6\nxqrEBKwQVqnaKVOYM3yq+kV91ZFCI86sTsXvj1NZn0BT7NCGbl3xeuJKvdJ+FjPZ\n5MPJx4AAz1d4LzbPBX8IJubxcF0SquonVZ9Z07suGyM6VGSZOLVXgmAcCyRrH/65\nM/B1bCm048jprUCkiAHQ7f/fhYjy/OPk6WDLllrmVmQ2RhyveQKCAQEA97V68sRW\nkMpdm/eQhjQl+jrVjILUxhK91NQAukpC4WXTC8CHoX3MXQBRNNu0Ktf6WmMtgT8y\nlhs+3NuK7pbwtSUbY1ez5LKqYptS6cSMUID4c/jXYXdBxxpoHJzbkpKRHBrFDHxP\ndQyM8cq2Ah4ifbLJTLgHBNzS5K3s8uZR/hC+lnUt5U3a1mkiaxC9AlNtqkdqz182\nFbhMSVQpPKBUUacRjKtRcg+p/HF3NMrydqFKH9mSzDA9iHutqnQtB36jUnlnUTuo\n6nk+6GZP9xI9UdfM9kUJwgKq94Kb7UuMYDc+zqJDJ8ja/KS/dklQe5CUsiLEJGiH\navpkS5PRguSBbwKCAQEA2DPZbQ/e9Q4XMLN9QLxXcspHbD4gffaefHd14hPklp0g\nsyv/SGsidtzezFSQoL5QgM3VOXQfMbx8RybhDjJGG8qHr2WmErn6K9uS7uutbkqR\nWi6jadG1DEQv1KbjkfIbU4BdNyjFC+x3LNYEv0uQI8GJrNFhHaBjFxCJcewRcA74\nNt7qgBwbGF0PARUl1gbJGzGwal7zBh/n7VOdWWYmEOGOc/7gpMzPKCkiixPVaJki\nvavchwulcmeTBtZBM7kSX3DeFlrMPCKn2hWe0BDzF77PBeonRl5SenE+jpn2wioG\njMETerbQ2K3JDJvjt0ALhIxJmKAdf8gLBWz+4XPo1QKCAQEA3dsb4Bz7TzkAODW1\nqo1ASmqxYuS2vySAAwNSF4d1eTzilc79ayUpiU5EbSwtpIXGA3h6hBzfKNQELHkx\naNmlgwhWDFa7lyRyOFjXHOpdpaitXelMtk3Cixnaj23pttAwyVQski8wVyxDfDfL\nZgApch1T77OPDcrd09T2uOKSIxRKLqWK0qo1Sv3kxrG6J0Ajo3PNdSfYYAGtyato\nN5V9j5grvqqeCqN+4suZMZ5nJNr2capDsT+vjPMAqv7caa8BhleXsojVlBO9xRYF\nnssmQoweVZ+lyq7rAz1mfFTCyFYSma14qkRZ5heEJ+QoAlOO6jD7LYS1bJoQhCRD\nbJFOXwKCAQBj+/Z9PW26nn2TBC7UlUVLzMgjAsg7+KVqokRd/R0lmhzZP2ubrhAO\nMC7JCAKqk9je+FG3dEBI3AYNUamayx0pFQySzMt0tZVAWxckbtGRw+Jcdl0UPusf\ndRk5msR7Zh/FCgQR0kTuMrkafw9K+EL8hjCJP3tOHDI3JGqryKR30jRwC78e5+CP\n79lUgtcwl4rBjMUtLCPvnSnA035dLaRFAkrC0ghJrn3O8NcMwmtbKBas6KHfwj8N\nHWEdNFCK/vfEM4pBhFQXK1+8t2ruhiglvxQ2hAcNv+kcvupTQFihipXk2hWMFqeW\nzSfBMQaqZG/vKIGQl9uMkJKoO7PTx6rRAoIBAQDXkOkLCnCOr/dbtVfdXlSRfTmN\n8STs2L+Pda1E5IX6WtNAuqGO0naW5O7sHXvflhsBfz7C7OS7PvqGwVtxkAWADhUJ\nihMQvQNaVBAMwzebW2sMVxXugru+W+TlJqXp/Txhw+icu5qSjqR3gEkVsrFYTwcf\neAtvFDDEki98I7THh/Sy5vG8Rk9EcGgPlA4tCL6+XST+Gi8Ua55nAZmdkImlKgFT\n34HUUu+m0tJhl1YRZU1HCcM8+Zz4D2lRx5BLPETiDGlISs3Dq4AmW/4a097kkk6i\nBQIdCUfjSEfGs8y5pxP2EfhpmmVfnvqFLwn3ymZKJltNDW9E0V09Ttd6Rgzg\n-----END RSA PRIVATE KEY-----\n",
      "type": "string",
      "sensitive": true
    },
    "ssh_public_key": {
      "value": "ssh-rsa AAAAB3NzaC1yc2EAAAADAQABAAACAQDRM0tGsN6n57nyQPJH8InUCReevI/1njLA465sRCYefwZ7MeGnoueLzmWWHAeYngd6QNmqe5+E77MOCGHRXWHD3Gqwz2Ot+D7TEfBY+eLvNwOKSDgz8RcaUjzHAp2qgX644e3BNJH3TFhyNt2Rj7VX0Xwr0gkL+AeNcWltcdSyetCXS9sZVrWJJtCaVxfB9RYMcpT8p7/KDpC1NTEazX8brtbsYsu8BdtdNxfM3DiiaUCU1fE1P2WyrM/p2vua2ZkZWRz1fGNeCh3XmYDiDgEHQ6/+QbXYePQer2lLKxs+jvHKGG2Hg8QMWiIkn3QHH1qdwbKolWuSgRfbr+ZA7/rn3oT/x3cUyJZUNkPGVJlkmC0kHQix90/TxH8tFQGcUqHqWLPQUram4Tzv9CohUuw7qOmUceTzWnGRTdcp1hBflQ6cRvAkK6h67SdEkCSZtt36+tyv01XL3eXTyrduF3U9oDsOWrpkDbXd/+f+9Aw6fmnudrug1C1y4lu2ElHoIE9xmYbPfsc3lE0VPN/CaXbWk30HiG+nM7Kk9YiRU9N+Ehr+ZABZklpYlhf47eKsX5o9Vi4PjKsXfYTQz7VPLlvQK44KAV4ySNk79PT2v4IE+oPh/eyBqs/Jw5arWYPAIgh4fiXRO3Tk+Eloxa6ELRQk9M23wcOfBO8Nfr57sUlJWw==\n",
      "type": "string"
    }
  },
  "resources": [
    {
      "mode": "data",
      "type": "aws_availability_zones",
      "name": "available",
      "provider": "provider[\"registry.terraform.io/hashicorp/aws\"]",
      "instances": [
        {
          "schema_version": 0,
          "attributes": {
            "all_availability_zones": null,
            "exclude_names": null,
            "exclude_zone_ids": null,
            "filter": null,
            "group_names": [
              "eu-central-1"
            ],
            "id": "eu-central-1",
            "names": [
              "eu-central-1a",
              "eu-central-1b",
              "eu-central-1c"
            ],
            "state": null,
            "zone_ids": [
              "euc1-az2",
              "euc1-az3",
              "euc1-az1"
            ]
          },
          "sensitive_attributes": []
        }
      ]
    },
    {
      "mode": "data",
      "type": "aws_eks_cluster",
      "name": "cluster",
      "provider": "provider[\"registry.terraform.io/hashicorp/aws\"]",
      "instances": []
    },
    {
      "mode": "data",
      "type": "aws_eks_cluster_auth",
      "name": "cluster",
      "provider": "provider[\"registry.terraform.io/hashicorp/aws\"]",
      "instances": []
    },
    {
      "mode": "managed",
      "type": "aws_db_instance",
      "name": "playsdev-db",
      "provider": "provider[\"registry.terraform.io/hashicorp/aws\"]",
      "instances": []
    },
    {
      "mode": "managed",
      "type": "aws_db_subnet_group",
      "name": "playsdev-db-subnet",
      "provider": "provider[\"registry.terraform.io/hashicorp/aws\"]",
      "instances": [
        {
          "schema_version": 0,
          "attributes": {
            "arn": "arn:aws:rds:eu-central-1:513910674915:subgrp:playsdev-db-subnet",
            "description": "Managed by Terraform",
            "id": "playsdev-db-subnet",
            "name": "playsdev-db-subnet",
            "name_prefix": null,
            "subnet_ids": [
              "subnet-0b07a6d0cf0ed1147",
              "subnet-0b41c53f5e27e1429"
            ],
            "tags": {
              "Name": "playsdev-db-subnet"
            },
            "tags_all": {
              "Name": "playsdev-db-subnet"
            }
          },
          "sensitive_attributes": [],
          "private": "bnVsbA==",
          "dependencies": [
            "aws_subnet.playsdev-private-subnet",
            "aws_subnet.playsdev-private-subnet-2",
            "aws_vpc.playsdev_vpc"
          ]
        }
      ]
    },
    {
      "mode": "managed",
      "type": "aws_ecr_repository",
      "name": "playsdev-ecr",
      "provider": "provider[\"registry.terraform.io/hashicorp/aws\"]",
      "instances": [
        {
          "schema_version": 0,
          "attributes": {
            "arn": "arn:aws:ecr:eu-central-1:513910674915:repository/playsdev-ecr",
            "encryption_configuration": [
              {
                "encryption_type": "AES256",
                "kms_key": ""
              }
            ],
            "id": "playsdev-ecr",
            "image_scanning_configuration": [
              {
                "scan_on_push": true
              }
            ],
            "image_tag_mutability": "MUTABLE",
            "name": "playsdev-ecr",
            "registry_id": "513910674915",
            "repository_url": "513910674915.dkr.ecr.eu-central-1.amazonaws.com/playsdev-ecr",
            "tags": null,
            "tags_all": {},
            "timeouts": null
          },
          "sensitive_attributes": [],
          "private": "eyJlMmJmYjczMC1lY2FhLTExZTYtOGY4OC0zNDM2M2JjN2M0YzAiOnsiZGVsZXRlIjoxMjAwMDAwMDAwMDAwfX0="
        }
      ]
    },
    {
      "mode": "managed",
      "type": "aws_eip",
      "name": "lb",
      "provider": "provider[\"registry.terraform.io/hashicorp/aws\"]",
      "instances": [
        {
          "schema_version": 0,
          "attributes": {
            "address": null,
            "allocation_id": null,
            "associate_with_private_ip": null,
            "association_id": "eipassoc-045c42dab1a3a36bf",
            "carrier_ip": "",
            "customer_owned_ip": "",
            "customer_owned_ipv4_pool": "",
            "domain": "vpc",
            "id": "eipalloc-b5434abe",
            "instance": "i-0706485ff47588710",
            "network_border_group": "eu-central-1",
            "network_interface": "eni-06f10035a6ef0ec62",
            "private_dns": "ip-33-3-1-89.eu-central-1.compute.internal",
            "private_ip": "33.3.1.89",
            "public_dns": "ec2-3-127-213-196.eu-central-1.compute.amazonaws.com",
            "public_ip": "3.127.213.196",
            "public_ipv4_pool": "amazon",
            "tags": null,
            "tags_all": {},
            "timeouts": null,
            "vpc": true
          },
          "sensitive_attributes": [],
          "private": "eyJlMmJmYjczMC1lY2FhLTExZTYtOGY4OC0zNDM2M2JjN2M0YzAiOnsiZGVsZXRlIjoxODAwMDAwMDAwMDAsInJlYWQiOjkwMDAwMDAwMDAwMCwidXBkYXRlIjozMDAwMDAwMDAwMDB9fQ==",
          "dependencies": [
            "aws_instance.web",
            "aws_key_pair.generated_key",
            "aws_security_group.playsdev-sg",
            "aws_subnet.playsdev-public-subnet",
            "aws_vpc.playsdev_vpc",
            "tls_private_key.example"
          ]
        }
      ]
    },
    {
      "mode": "managed",
      "type": "aws_instance",
      "name": "web",
      "provider": "provider[\"registry.terraform.io/hashicorp/aws\"]",
      "instances": [
        {
          "schema_version": 1,
          "attributes": {
            "ami": "ami-05f7491af5eef733a",
            "arn": "arn:aws:ec2:eu-central-1:513910674915:instance/i-0706485ff47588710",
            "associate_public_ip_address": true,
            "availability_zone": "eu-central-1a",
            "capacity_reservation_specification": [
              {
                "capacity_reservation_preference": "open",
                "capacity_reservation_target": []
              }
            ],
            "cpu_core_count": 1,
            "cpu_threads_per_core": 1,
            "credit_specification": [
              {
                "cpu_credits": "standard"
              }
            ],
            "disable_api_termination": false,
            "ebs_block_device": [],
            "ebs_optimized": false,
            "enclave_options": [
              {
                "enabled": false
              }
            ],
            "ephemeral_block_device": [],
            "get_password_data": false,
            "hibernation": false,
            "host_id": null,
            "iam_instance_profile": "",
            "id": "i-0706485ff47588710",
            "instance_initiated_shutdown_behavior": "stop",
            "instance_state": "running",
            "instance_type": "t2.micro",
            "ipv6_address_count": 0,
            "ipv6_addresses": [],
            "key_name": "private",
            "launch_template": [],
            "metadata_options": [
              {
                "http_endpoint": "enabled",
                "http_put_response_hop_limit": 1,
                "http_tokens": "optional"
              }
            ],
            "monitoring": false,
            "network_interface": [],
            "outpost_arn": "",
            "password_data": "",
            "placement_group": "",
            "primary_network_interface_id": "eni-06f10035a6ef0ec62",
            "private_dns": "ip-33-3-1-89.eu-central-1.compute.internal",
            "private_ip": "33.3.1.89",
            "public_dns": "",
            "public_ip": "3.121.115.80",
            "root_block_device": [
              {
                "delete_on_termination": true,
                "device_name": "/dev/sda1",
                "encrypted": false,
                "iops": 100,
                "kms_key_id": "",
                "tags": {},
                "throughput": 0,
                "volume_id": "vol-03cc1c2b804a63477",
                "volume_size": 8,
                "volume_type": "gp2"
              }
            ],
            "secondary_private_ips": [],
            "security_groups": [],
            "source_dest_check": true,
            "subnet_id": "subnet-0baf0ad8d163094e4",
            "tags": {
              "Name": "HelloWorld"
            },
            "tags_all": {
              "Name": "HelloWorld"
            },
            "tenancy": "default",
            "timeouts": null,
            "user_data": null,
            "user_data_base64": null,
            "volume_tags": null,
            "vpc_security_group_ids": [
              "sg-0b3a0e1866b10e758"
            ]
          },
          "sensitive_attributes": [],
          "private": "eyJlMmJmYjczMC1lY2FhLTExZTYtOGY4OC0zNDM2M2JjN2M0YzAiOnsiY3JlYXRlIjo2MDAwMDAwMDAwMDAsImRlbGV0ZSI6MTIwMDAwMDAwMDAwMCwidXBkYXRlIjo2MDAwMDAwMDAwMDB9LCJzY2hlbWFfdmVyc2lvbiI6IjEifQ==",
          "dependencies": [
            "aws_key_pair.generated_key",
            "aws_security_group.playsdev-sg",
            "aws_subnet.playsdev-public-subnet",
            "aws_vpc.playsdev_vpc",
            "tls_private_key.example"
          ]
        }
      ]
    },
    {
      "mode": "managed",
      "type": "aws_internet_gateway",
      "name": "playsdev-ig",
      "provider": "provider[\"registry.terraform.io/hashicorp/aws\"]",
      "instances": [
        {
          "schema_version": 0,
          "attributes": {
            "arn": "arn:aws:ec2:eu-central-1:513910674915:internet-gateway/igw-00854ff6274dd48fb",
            "id": "igw-00854ff6274dd48fb",
            "owner_id": "513910674915",
            "tags": {
              "Name": "playsdev-ig"
            },
            "tags_all": {
              "Name": "playsdev-ig"
            },
            "vpc_id": "vpc-0bdf19a1b1f50202f"
          },
          "sensitive_attributes": [],
          "private": "bnVsbA==",
          "dependencies": [
            "aws_vpc.playsdev_vpc"
          ]
        }
      ]
    },
    {
      "mode": "managed",
      "type": "aws_key_pair",
      "name": "generated_key",
      "provider": "provider[\"registry.terraform.io/hashicorp/aws\"]",
      "instances": [
        {
          "schema_version": 1,
          "attributes": {
            "arn": "arn:aws:ec2:eu-central-1:513910674915:key-pair/private",
            "fingerprint": "e5:6f:fd:c3:46:25:c1:e3:05:63:c6:de:85:da:fa:d3",
            "id": "private",
            "key_name": "private",
            "key_name_prefix": null,
            "key_pair_id": "key-087057421676975ef",
            "public_key": "ssh-rsa AAAAB3NzaC1yc2EAAAADAQABAAACAQDRM0tGsN6n57nyQPJH8InUCReevI/1njLA465sRCYefwZ7MeGnoueLzmWWHAeYngd6QNmqe5+E77MOCGHRXWHD3Gqwz2Ot+D7TEfBY+eLvNwOKSDgz8RcaUjzHAp2qgX644e3BNJH3TFhyNt2Rj7VX0Xwr0gkL+AeNcWltcdSyetCXS9sZVrWJJtCaVxfB9RYMcpT8p7/KDpC1NTEazX8brtbsYsu8BdtdNxfM3DiiaUCU1fE1P2WyrM/p2vua2ZkZWRz1fGNeCh3XmYDiDgEHQ6/+QbXYePQer2lLKxs+jvHKGG2Hg8QMWiIkn3QHH1qdwbKolWuSgRfbr+ZA7/rn3oT/x3cUyJZUNkPGVJlkmC0kHQix90/TxH8tFQGcUqHqWLPQUram4Tzv9CohUuw7qOmUceTzWnGRTdcp1hBflQ6cRvAkK6h67SdEkCSZtt36+tyv01XL3eXTyrduF3U9oDsOWrpkDbXd/+f+9Aw6fmnudrug1C1y4lu2ElHoIE9xmYbPfsc3lE0VPN/CaXbWk30HiG+nM7Kk9YiRU9N+Ehr+ZABZklpYlhf47eKsX5o9Vi4PjKsXfYTQz7VPLlvQK44KAV4ySNk79PT2v4IE+oPh/eyBqs/Jw5arWYPAIgh4fiXRO3Tk+Eloxa6ELRQk9M23wcOfBO8Nfr57sUlJWw==",
            "tags": null,
            "tags_all": {}
          },
          "sensitive_attributes": [],
          "private": "eyJzY2hlbWFfdmVyc2lvbiI6IjEifQ==",
          "dependencies": [
            "tls_private_key.example"
          ]
        }
      ]
    },
    {
      "mode": "managed",
      "type": "aws_lb",
      "name": "playsdev-alb",
      "provider": "provider[\"registry.terraform.io/hashicorp/aws\"]",
      "instances": [
        {
          "schema_version": 0,
          "attributes": {
            "access_logs": [
              {
                "bucket": "",
                "enabled": false,
                "prefix": ""
              }
            ],
            "arn": "arn:aws:elasticloadbalancing:eu-central-1:513910674915:loadbalancer/app/playsdev-alb/2c1bc429057440ec",
            "arn_suffix": "app/playsdev-alb/2c1bc429057440ec",
            "customer_owned_ipv4_pool": "",
            "dns_name": "playsdev-alb-816444515.eu-central-1.elb.amazonaws.com",
            "drop_invalid_header_fields": false,
            "enable_cross_zone_load_balancing": null,
            "enable_deletion_protection": false,
            "enable_http2": true,
            "id": "arn:aws:elasticloadbalancing:eu-central-1:513910674915:loadbalancer/app/playsdev-alb/2c1bc429057440ec",
            "idle_timeout": 60,
            "internal": false,
            "ip_address_type": "ipv4",
            "load_balancer_type": "application",
            "name": "playsdev-alb",
            "name_prefix": null,
            "security_groups": [
              "sg-0b3a0e1866b10e758"
            ],
            "subnet_mapping": [
              {
                "allocation_id": "",
                "ipv6_address": "",
                "outpost_id": "",
                "private_ipv4_address": "",
                "subnet_id": "subnet-0baf0ad8d163094e4"
              },
              {
                "allocation_id": "",
                "ipv6_address": "",
                "outpost_id": "",
                "private_ipv4_address": "",
                "subnet_id": "subnet-0ded134252061978e"
              }
            ],
            "subnets": [
              "subnet-0baf0ad8d163094e4",
              "subnet-0ded134252061978e"
            ],
            "tags": {
              "Name": "playsdev-terraform-alb"
            },
            "tags_all": {
              "Name": "playsdev-terraform-alb"
            },
            "timeouts": null,
            "vpc_id": "vpc-0bdf19a1b1f50202f",
            "zone_id": "Z215JYRZR1TBD5"
          },
          "sensitive_attributes": [],
          "private": "eyJlMmJmYjczMC1lY2FhLTExZTYtOGY4OC0zNDM2M2JjN2M0YzAiOnsiY3JlYXRlIjo2MDAwMDAwMDAwMDAsImRlbGV0ZSI6NjAwMDAwMDAwMDAwLCJ1cGRhdGUiOjYwMDAwMDAwMDAwMH19",
          "dependencies": [
            "aws_security_group.playsdev-sg",
            "aws_subnet.playsdev-public-subnet",
            "aws_subnet.playsdev-public-subnet-2",
            "aws_vpc.playsdev_vpc"
          ]
        }
      ]
    },
    {
      "mode": "managed",
      "type": "aws_nat_gateway",
      "name": "example",
      "provider": "provider[\"registry.terraform.io/hashicorp/aws\"]",
      "instances": [
        {
          "schema_version": 0,
          "attributes": {
            "allocation_id": "",
            "connectivity_type": "private",
            "id": "nat-0cbdb2d664ed0ea07",
            "network_interface_id": "eni-078c904b99c31e4fd",
            "private_ip": "33.3.3.58",
            "public_ip": "",
            "subnet_id": "subnet-0b41c53f5e27e1429",
            "tags": null,
            "tags_all": {}
          },
          "sensitive_attributes": [],
          "private": "bnVsbA==",
          "dependencies": [
            "aws_subnet.playsdev-private-subnet",
            "aws_vpc.playsdev_vpc"
          ]
        }
      ]
    },
    {
      "mode": "managed",
      "type": "aws_route_table",
      "name": "playsdev-rt",
      "provider": "provider[\"registry.terraform.io/hashicorp/aws\"]",
      "instances": [
        {
          "schema_version": 0,
          "attributes": {
            "arn": "arn:aws:ec2:eu-central-1:513910674915:route-table/rtb-08d309677abfba360",
            "id": "rtb-08d309677abfba360",
            "owner_id": "513910674915",
            "propagating_vgws": [],
            "route": [
              {
                "carrier_gateway_id": "",
                "cidr_block": "0.0.0.0/0",
                "destination_prefix_list_id": "",
                "egress_only_gateway_id": "",
                "gateway_id": "igw-00854ff6274dd48fb",
                "instance_id": "",
                "ipv6_cidr_block": "",
                "local_gateway_id": "",
                "nat_gateway_id": "",
                "network_interface_id": "",
                "transit_gateway_id": "",
                "vpc_endpoint_id": "",
                "vpc_peering_connection_id": ""
              }
            ],
            "tags": {
              "Name": "playsdev-rt"
            },
            "tags_all": {
              "Name": "playsdev-rt"
            },
            "vpc_id": "vpc-0bdf19a1b1f50202f"
          },
          "sensitive_attributes": [],
          "private": "bnVsbA==",
          "dependencies": [
            "aws_internet_gateway.playsdev-ig",
            "aws_vpc.playsdev_vpc"
          ]
        }
      ]
    },
    {
      "mode": "managed",
      "type": "aws_security_group",
      "name": "all_worker_mgmt",
      "provider": "provider[\"registry.terraform.io/hashicorp/aws\"]",
      "instances": [
        {
          "schema_version": 1,
          "attributes": {
            "arn": "arn:aws:ec2:eu-central-1:513910674915:security-group/sg-030f5c4836e72d946",
            "description": "Managed by Terraform",
            "egress": [],
            "id": "sg-030f5c4836e72d946",
            "ingress": [
              {
                "cidr_blocks": [
                  "10.0.0.0/8",
                  "172.16.0.0/12",
                  "192.168.0.0/16"
                ],
                "description": "",
                "from_port": 22,
                "ipv6_cidr_blocks": [],
                "prefix_list_ids": [],
                "protocol": "tcp",
                "security_groups": [],
                "self": false,
                "to_port": 22
              }
            ],
            "name": "all_worker_management2021091812434405950000000a",
            "name_prefix": "all_worker_management",
            "owner_id": "513910674915",
            "revoke_rules_on_delete": false,
            "tags": null,
            "tags_all": {},
            "timeouts": null,
            "vpc_id": "vpc-0a9082dfa1a6a0ace"
          },
          "sensitive_attributes": [],
          "private": "eyJlMmJmYjczMC1lY2FhLTExZTYtOGY4OC0zNDM2M2JjN2M0YzAiOnsiY3JlYXRlIjo2MDAwMDAwMDAwMDAsImRlbGV0ZSI6OTAwMDAwMDAwMDAwfSwic2NoZW1hX3ZlcnNpb24iOiIxIn0=",
          "dependencies": [
            "module.vpc.aws_vpc.this"
          ]
        }
      ]
    },
    {
      "mode": "managed",
      "type": "aws_security_group",
      "name": "playsdev-sg",
      "provider": "provider[\"registry.terraform.io/hashicorp/aws\"]",
      "instances": [
        {
          "schema_version": 1,
          "attributes": {
            "arn": "arn:aws:ec2:eu-central-1:513910674915:security-group/sg-0b3a0e1866b10e758",
            "description": "Managed by Terraform",
            "egress": [
              {
                "cidr_blocks": [
                  "0.0.0.0/0"
                ],
                "description": "",
                "from_port": 0,
                "ipv6_cidr_blocks": [
                  "::/0"
                ],
                "prefix_list_ids": [],
                "protocol": "-1",
                "security_groups": [],
                "self": false,
                "to_port": 0
              }
            ],
            "id": "sg-0b3a0e1866b10e758",
            "ingress": [
              {
                "cidr_blocks": [
                  "0.0.0.0/0"
                ],
                "description": "",
                "from_port": 51820,
                "ipv6_cidr_blocks": [],
                "prefix_list_ids": [],
                "protocol": "udp",
                "security_groups": [],
                "self": false,
                "to_port": 51820
              },
              {
                "cidr_blocks": [
                  "0.0.0.0/0"
                ],
                "description": "HTTP from VPC",
                "from_port": 80,
                "ipv6_cidr_blocks": [],
                "prefix_list_ids": [],
                "protocol": "tcp",
                "security_groups": [],
                "self": false,
                "to_port": 80
              },
              {
                "cidr_blocks": [
                  "0.0.0.0/0"
                ],
                "description": "PING for VPC",
                "from_port": 8,
                "ipv6_cidr_blocks": [],
                "prefix_list_ids": [],
                "protocol": "icmp",
                "security_groups": [],
                "self": false,
                "to_port": -1
              },
              {
                "cidr_blocks": [
                  "0.0.0.0/0"
                ],
                "description": "RDS from VPC",
                "from_port": 3306,
                "ipv6_cidr_blocks": [],
                "prefix_list_ids": [],
                "protocol": "tcp",
                "security_groups": [],
                "self": false,
                "to_port": 3306
              },
              {
                "cidr_blocks": [
                  "0.0.0.0/0"
                ],
                "description": "SSH for VPC",
                "from_port": 22,
                "ipv6_cidr_blocks": [],
                "prefix_list_ids": [],
                "protocol": "tcp",
                "security_groups": [],
                "self": false,
                "to_port": 22
              },
              {
                "cidr_blocks": [
                  "33.3.0.0/16"
                ],
                "description": "",
                "from_port": 53,
                "ipv6_cidr_blocks": [],
                "prefix_list_ids": [],
                "protocol": "udp",
                "security_groups": [],
                "self": false,
                "to_port": 53
              }
            ],
            "name": "terraform-20210918124331531400000007",
            "name_prefix": "terraform-",
            "owner_id": "513910674915",
            "revoke_rules_on_delete": false,
            "tags": {
              "Name": "playsdev-sg"
            },
            "tags_all": {
              "Name": "playsdev-sg"
            },
            "timeouts": null,
            "vpc_id": "vpc-0bdf19a1b1f50202f"
          },
          "sensitive_attributes": [],
          "private": "eyJlMmJmYjczMC1lY2FhLTExZTYtOGY4OC0zNDM2M2JjN2M0YzAiOnsiY3JlYXRlIjo2MDAwMDAwMDAwMDAsImRlbGV0ZSI6OTAwMDAwMDAwMDAwfSwic2NoZW1hX3ZlcnNpb24iOiIxIn0=",
          "dependencies": [
            "aws_vpc.playsdev_vpc"
          ]
        }
      ]
    },
    {
      "mode": "managed",
      "type": "aws_security_group",
      "name": "worker_group_mgmt_one",
      "provider": "provider[\"registry.terraform.io/hashicorp/aws\"]",
      "instances": [
        {
          "schema_version": 1,
          "attributes": {
            "arn": "arn:aws:ec2:eu-central-1:513910674915:security-group/sg-082342c1041fcc507",
            "description": "Managed by Terraform",
            "egress": [],
            "id": "sg-082342c1041fcc507",
            "ingress": [
              {
                "cidr_blocks": [
                  "10.0.0.0/8"
                ],
                "description": "",
                "from_port": 22,
                "ipv6_cidr_blocks": [],
                "prefix_list_ids": [],
                "protocol": "tcp",
                "security_groups": [],
                "self": false,
                "to_port": 22
              }
            ],
            "name": "worker_group_mgmt_one20210918124341446500000009",
            "name_prefix": "worker_group_mgmt_one",
            "owner_id": "513910674915",
            "revoke_rules_on_delete": false,
            "tags": null,
            "tags_all": {},
            "timeouts": null,
            "vpc_id": "vpc-0a9082dfa1a6a0ace"
          },
          "sensitive_attributes": [],
          "private": "eyJlMmJmYjczMC1lY2FhLTExZTYtOGY4OC0zNDM2M2JjN2M0YzAiOnsiY3JlYXRlIjo2MDAwMDAwMDAwMDAsImRlbGV0ZSI6OTAwMDAwMDAwMDAwfSwic2NoZW1hX3ZlcnNpb24iOiIxIn0=",
          "dependencies": [
            "module.vpc.aws_vpc.this"
          ],
          "create_before_destroy": true
        }
      ]
    },
    {
      "mode": "managed",
      "type": "aws_security_group",
      "name": "worker_group_mgmt_two",
      "provider": "provider[\"registry.terraform.io/hashicorp/aws\"]",
      "instances": [
        {
          "schema_version": 1,
          "attributes": {
            "arn": "arn:aws:ec2:eu-central-1:513910674915:security-group/sg-03f8620087c10fbb1",
            "description": "Managed by Terraform",
            "egress": [],
            "id": "sg-03f8620087c10fbb1",
            "ingress": [
              {
                "cidr_blocks": [
                  "192.168.0.0/16"
                ],
                "description": "",
                "from_port": 22,
                "ipv6_cidr_blocks": [],
                "prefix_list_ids": [],
                "protocol": "tcp",
                "security_groups": [],
                "self": false,
                "to_port": 22
              }
            ],
            "name": "worker_group_mgmt_two2021091812434489490000000b",
            "name_prefix": "worker_group_mgmt_two",
            "owner_id": "513910674915",
            "revoke_rules_on_delete": false,
            "tags": null,
            "tags_all": {},
            "timeouts": null,
            "vpc_id": "vpc-0a9082dfa1a6a0ace"
          },
          "sensitive_attributes": [],
          "private": "eyJlMmJmYjczMC1lY2FhLTExZTYtOGY4OC0zNDM2M2JjN2M0YzAiOnsiY3JlYXRlIjo2MDAwMDAwMDAwMDAsImRlbGV0ZSI6OTAwMDAwMDAwMDAwfSwic2NoZW1hX3ZlcnNpb24iOiIxIn0=",
          "dependencies": [
            "module.vpc.aws_vpc.this"
          ],
          "create_before_destroy": true
        }
      ]
    },
    {
      "mode": "managed",
      "type": "aws_subnet",
      "name": "playsdev-private-subnet",
      "provider": "provider[\"registry.terraform.io/hashicorp/aws\"]",
      "instances": [
        {
          "schema_version": 1,
          "attributes": {
            "arn": "arn:aws:ec2:eu-central-1:513910674915:subnet/subnet-0b41c53f5e27e1429",
            "assign_ipv6_address_on_creation": false,
            "availability_zone": "eu-central-1a",
            "availability_zone_id": "euc1-az2",
            "cidr_block": "33.3.3.0/24",
            "customer_owned_ipv4_pool": "",
            "id": "subnet-0b41c53f5e27e1429",
            "ipv6_cidr_block": "",
            "ipv6_cidr_block_association_id": "",
            "map_customer_owned_ip_on_launch": false,
            "map_public_ip_on_launch": false,
            "outpost_arn": "",
            "owner_id": "513910674915",
            "tags": {
              "Name": "playsdev-subnet-private"
            },
            "tags_all": {
              "Name": "playsdev-subnet-private"
            },
            "timeouts": null,
            "vpc_id": "vpc-0bdf19a1b1f50202f"
          },
          "sensitive_attributes": [],
          "private": "eyJlMmJmYjczMC1lY2FhLTExZTYtOGY4OC0zNDM2M2JjN2M0YzAiOnsiY3JlYXRlIjo2MDAwMDAwMDAwMDAsImRlbGV0ZSI6MTIwMDAwMDAwMDAwMH0sInNjaGVtYV92ZXJzaW9uIjoiMSJ9",
          "dependencies": [
            "aws_vpc.playsdev_vpc"
          ]
        }
      ]
    },
    {
      "mode": "managed",
      "type": "aws_subnet",
      "name": "playsdev-private-subnet-2",
      "provider": "provider[\"registry.terraform.io/hashicorp/aws\"]",
      "instances": [
        {
          "schema_version": 1,
          "attributes": {
            "arn": "arn:aws:ec2:eu-central-1:513910674915:subnet/subnet-0b07a6d0cf0ed1147",
            "assign_ipv6_address_on_creation": false,
            "availability_zone": "eu-central-1b",
            "availability_zone_id": "euc1-az3",
            "cidr_block": "33.3.4.0/24",
            "customer_owned_ipv4_pool": "",
            "id": "subnet-0b07a6d0cf0ed1147",
            "ipv6_cidr_block": "",
            "ipv6_cidr_block_association_id": "",
            "map_customer_owned_ip_on_launch": false,
            "map_public_ip_on_launch": false,
            "outpost_arn": "",
            "owner_id": "513910674915",
            "tags": {
              "Name": "playsdev-subnet-private-2"
            },
            "tags_all": {
              "Name": "playsdev-subnet-private-2"
            },
            "timeouts": null,
            "vpc_id": "vpc-0bdf19a1b1f50202f"
          },
          "sensitive_attributes": [],
          "private": "eyJlMmJmYjczMC1lY2FhLTExZTYtOGY4OC0zNDM2M2JjN2M0YzAiOnsiY3JlYXRlIjo2MDAwMDAwMDAwMDAsImRlbGV0ZSI6MTIwMDAwMDAwMDAwMH0sInNjaGVtYV92ZXJzaW9uIjoiMSJ9",
          "dependencies": [
            "aws_vpc.playsdev_vpc"
          ]
        }
      ]
    },
    {
      "mode": "managed",
      "type": "aws_subnet",
      "name": "playsdev-public-subnet",
      "provider": "provider[\"registry.terraform.io/hashicorp/aws\"]",
      "instances": [
        {
          "schema_version": 1,
          "attributes": {
            "arn": "arn:aws:ec2:eu-central-1:513910674915:subnet/subnet-0baf0ad8d163094e4",
            "assign_ipv6_address_on_creation": false,
            "availability_zone": "eu-central-1a",
            "availability_zone_id": "euc1-az2",
            "cidr_block": "33.3.1.0/24",
            "customer_owned_ipv4_pool": "",
            "id": "subnet-0baf0ad8d163094e4",
            "ipv6_cidr_block": "",
            "ipv6_cidr_block_association_id": "",
            "map_customer_owned_ip_on_launch": false,
            "map_public_ip_on_launch": true,
            "outpost_arn": "",
            "owner_id": "513910674915",
            "tags": {
              "Name": "playsdev-subnet"
            },
            "tags_all": {
              "Name": "playsdev-subnet"
            },
            "timeouts": null,
            "vpc_id": "vpc-0bdf19a1b1f50202f"
          },
          "sensitive_attributes": [],
          "private": "eyJlMmJmYjczMC1lY2FhLTExZTYtOGY4OC0zNDM2M2JjN2M0YzAiOnsiY3JlYXRlIjo2MDAwMDAwMDAwMDAsImRlbGV0ZSI6MTIwMDAwMDAwMDAwMH0sInNjaGVtYV92ZXJzaW9uIjoiMSJ9",
          "dependencies": [
            "aws_vpc.playsdev_vpc"
          ]
        }
      ]
    },
    {
      "mode": "managed",
      "type": "aws_subnet",
      "name": "playsdev-public-subnet-2",
      "provider": "provider[\"registry.terraform.io/hashicorp/aws\"]",
      "instances": [
        {
          "schema_version": 1,
          "attributes": {
            "arn": "arn:aws:ec2:eu-central-1:513910674915:subnet/subnet-0ded134252061978e",
            "assign_ipv6_address_on_creation": false,
            "availability_zone": "eu-central-1b",
            "availability_zone_id": "euc1-az3",
            "cidr_block": "33.3.2.0/24",
            "customer_owned_ipv4_pool": "",
            "id": "subnet-0ded134252061978e",
            "ipv6_cidr_block": "",
            "ipv6_cidr_block_association_id": "",
            "map_customer_owned_ip_on_launch": false,
            "map_public_ip_on_launch": true,
            "outpost_arn": "",
            "owner_id": "513910674915",
            "tags": {
              "Name": "playsdev-subnet-public-2"
            },
            "tags_all": {
              "Name": "playsdev-subnet-public-2"
            },
            "timeouts": null,
            "vpc_id": "vpc-0bdf19a1b1f50202f"
          },
          "sensitive_attributes": [],
          "private": "eyJlMmJmYjczMC1lY2FhLTExZTYtOGY4OC0zNDM2M2JjN2M0YzAiOnsiY3JlYXRlIjo2MDAwMDAwMDAwMDAsImRlbGV0ZSI6MTIwMDAwMDAwMDAwMH0sInNjaGVtYV92ZXJzaW9uIjoiMSJ9",
          "dependencies": [
            "aws_vpc.playsdev_vpc"
          ]
        }
      ]
    },
    {
      "mode": "managed",
      "type": "aws_vpc",
      "name": "playsdev_vpc",
      "provider": "provider[\"registry.terraform.io/hashicorp/aws\"]",
      "instances": [
        {
          "schema_version": 1,
          "attributes": {
            "arn": "arn:aws:ec2:eu-central-1:513910674915:vpc/vpc-0bdf19a1b1f50202f",
            "assign_generated_ipv6_cidr_block": false,
            "cidr_block": "33.3.0.0/16",
            "default_network_acl_id": "acl-0dbb5b44555aad0a0",
            "default_route_table_id": "rtb-0c11905b5a13f6921",
            "default_security_group_id": "sg-00063bc7c8bec2487",
            "dhcp_options_id": "dopt-acf569c6",
            "enable_classiclink": null,
            "enable_classiclink_dns_support": null,
            "enable_dns_hostnames": false,
            "enable_dns_support": true,
            "id": "vpc-0bdf19a1b1f50202f",
            "instance_tenancy": "default",
            "ipv6_association_id": "",
            "ipv6_cidr_block": "",
            "main_route_table_id": "rtb-0c11905b5a13f6921",
            "owner_id": "513910674915",
            "tags": {
              "Name": "playsdev-vpc"
            },
            "tags_all": {
              "Name": "playsdev-vpc"
            }
          },
          "sensitive_attributes": [],
          "private": "eyJzY2hlbWFfdmVyc2lvbiI6IjEifQ=="
        }
      ]
    },
    {
      "mode": "managed",
      "type": "random_string",
      "name": "suffix",
      "provider": "provider[\"registry.terraform.io/hashicorp/random\"]",
      "instances": [
        {
          "schema_version": 1,
          "attributes": {
            "id": "AzKOeQDx",
            "keepers": null,
            "length": 8,
            "lower": true,
            "min_lower": 0,
            "min_numeric": 0,
            "min_special": 0,
            "min_upper": 0,
            "number": true,
            "override_special": null,
            "result": "AzKOeQDx",
            "special": false,
            "upper": true
          },
          "sensitive_attributes": [],
          "private": "eyJzY2hlbWFfdmVyc2lvbiI6IjEifQ=="
        }
      ]
    },
    {
      "mode": "managed",
      "type": "tls_private_key",
      "name": "example",
      "provider": "provider[\"registry.terraform.io/hashicorp/tls\"]",
      "instances": [
        {
          "schema_version": 0,
          "attributes": {
            "algorithm": "RSA",
            "ecdsa_curve": "P224",
            "id": "ccb76e470a93921fe3ad54955a059d06681ffc3f",
            "private_key_pem": "-----BEGIN RSA PRIVATE KEY-----\nMIIJKQIBAAKCAgEA0TNLRrDep+e58kDyR/CJ1AkXnryP9Z4ywOOubEQmHn8GezHh\np6Lni85llhwHmJ4HekDZqnufhO+zDghh0V1hw9xqsM9jrfg+0xHwWPni7zcDikg4\nM/EXGlI8xwKdqoF+uOHtwTSR90xYcjbdkY+1V9F8K9IJC/gHjXFpbXHUsnrQl0vb\nGVa1iSbQmlcXwfUWDHKU/Ke/yg6QtTUxGs1/G67W7GLLvAXbXTcXzNw4omlAlNXx\nNT9lsqzP6dr7mtmZGVkc9XxjXgod15mA4g4BB0Ov/kG12Hj0Hq9pSysbPo7xyhht\nh4PEDFoiJJ90Bx9ancGyqJVrkoEX26/mQO/6596E/8d3FMiWVDZDxlSZZJgtJB0I\nsfdP08R/LRUBnFKh6liz0FK2puE87/QqIVLsO6jplHHk81pxkU3XKdYQX5UOnEbw\nJCuoeu0nRJAkmbbd+vrcr9NVy93l08q3bhd1PaA7Dlq6ZA213f/n/vQMOn5p7na7\noNQtcuJbthJR6CBPcZmGz37HN5RNFTzfwml21pN9B4hvpzOypPWIkVPTfhIa/mQA\nWZJaWJYX+O3irF+aPVYuD4yrF32E0M+1Ty5b0CuOCgFeMkjZO/T09r+CBPqD4f3s\ngarPycOWq1mDwCIIeH4l0Tt05PhJaMWuhC0UJPTNt8HDnwTvDX6+e7FJSVsCAwEA\nAQKCAgAqGb2Lc2rLtZm5RBK+IY1LS60iN+Zs0rJ6GRfwF+Ln/j5KqqYz+1fHzfip\ntehdcWgl1Uk4wvo+YZLSPyOYY8eaCBC8lnAEAdJ63cBV16ww4gxnVtNguKMim+w5\nTLB4MOlUwbr8R90cPJQMIDiE47vl+XWYyAMkEn1KnMlPyjm41XiHCjAEsGuGN3aB\nqQdR9EXEqYaMNiIlwrqijRrdvv9WjeAY4GUJ6M/VuZGjm6oWHUJu8YNCaQjJZXfO\nI1DBQAtMi5+FU8wXj8ejrPPACntwf9G6RHUZJHZUeo6hHwKzm0bTmgjo3b6lkboP\nTrul90xgNSwEO1XTvQEVKBgZd3IxvDzdyNSBQ8g8Xt7qPTABnbDHhyictCN5RIji\nrvKOQLT/AcGWZ24HHUHoujhIhj/oXy5GvOxTDNLCw9ZZgpGMhbOKCVQzV0G3iYTK\n+vaDncPwXMP28TDL6vt+MuvSCHgbcAKvG5IhWTxkSK7z7ZDB8NjIuvBRcoj6KJr6\nxqrEBKwQVqnaKVOYM3yq+kV91ZFCI86sTsXvj1NZn0BT7NCGbl3xeuJKvdJ+FjPZ\n5MPJx4AAz1d4LzbPBX8IJubxcF0SquonVZ9Z07suGyM6VGSZOLVXgmAcCyRrH/65\nM/B1bCm048jprUCkiAHQ7f/fhYjy/OPk6WDLllrmVmQ2RhyveQKCAQEA97V68sRW\nkMpdm/eQhjQl+jrVjILUxhK91NQAukpC4WXTC8CHoX3MXQBRNNu0Ktf6WmMtgT8y\nlhs+3NuK7pbwtSUbY1ez5LKqYptS6cSMUID4c/jXYXdBxxpoHJzbkpKRHBrFDHxP\ndQyM8cq2Ah4ifbLJTLgHBNzS5K3s8uZR/hC+lnUt5U3a1mkiaxC9AlNtqkdqz182\nFbhMSVQpPKBUUacRjKtRcg+p/HF3NMrydqFKH9mSzDA9iHutqnQtB36jUnlnUTuo\n6nk+6GZP9xI9UdfM9kUJwgKq94Kb7UuMYDc+zqJDJ8ja/KS/dklQe5CUsiLEJGiH\navpkS5PRguSBbwKCAQEA2DPZbQ/e9Q4XMLN9QLxXcspHbD4gffaefHd14hPklp0g\nsyv/SGsidtzezFSQoL5QgM3VOXQfMbx8RybhDjJGG8qHr2WmErn6K9uS7uutbkqR\nWi6jadG1DEQv1KbjkfIbU4BdNyjFC+x3LNYEv0uQI8GJrNFhHaBjFxCJcewRcA74\nNt7qgBwbGF0PARUl1gbJGzGwal7zBh/n7VOdWWYmEOGOc/7gpMzPKCkiixPVaJki\nvavchwulcmeTBtZBM7kSX3DeFlrMPCKn2hWe0BDzF77PBeonRl5SenE+jpn2wioG\njMETerbQ2K3JDJvjt0ALhIxJmKAdf8gLBWz+4XPo1QKCAQEA3dsb4Bz7TzkAODW1\nqo1ASmqxYuS2vySAAwNSF4d1eTzilc79ayUpiU5EbSwtpIXGA3h6hBzfKNQELHkx\naNmlgwhWDFa7lyRyOFjXHOpdpaitXelMtk3Cixnaj23pttAwyVQski8wVyxDfDfL\nZgApch1T77OPDcrd09T2uOKSIxRKLqWK0qo1Sv3kxrG6J0Ajo3PNdSfYYAGtyato\nN5V9j5grvqqeCqN+4suZMZ5nJNr2capDsT+vjPMAqv7caa8BhleXsojVlBO9xRYF\nnssmQoweVZ+lyq7rAz1mfFTCyFYSma14qkRZ5heEJ+QoAlOO6jD7LYS1bJoQhCRD\nbJFOXwKCAQBj+/Z9PW26nn2TBC7UlUVLzMgjAsg7+KVqokRd/R0lmhzZP2ubrhAO\nMC7JCAKqk9je+FG3dEBI3AYNUamayx0pFQySzMt0tZVAWxckbtGRw+Jcdl0UPusf\ndRk5msR7Zh/FCgQR0kTuMrkafw9K+EL8hjCJP3tOHDI3JGqryKR30jRwC78e5+CP\n79lUgtcwl4rBjMUtLCPvnSnA035dLaRFAkrC0ghJrn3O8NcMwmtbKBas6KHfwj8N\nHWEdNFCK/vfEM4pBhFQXK1+8t2ruhiglvxQ2hAcNv+kcvupTQFihipXk2hWMFqeW\nzSfBMQaqZG/vKIGQl9uMkJKoO7PTx6rRAoIBAQDXkOkLCnCOr/dbtVfdXlSRfTmN\n8STs2L+Pda1E5IX6WtNAuqGO0naW5O7sHXvflhsBfz7C7OS7PvqGwVtxkAWADhUJ\nihMQvQNaVBAMwzebW2sMVxXugru+W+TlJqXp/Txhw+icu5qSjqR3gEkVsrFYTwcf\neAtvFDDEki98I7THh/Sy5vG8Rk9EcGgPlA4tCL6+XST+Gi8Ua55nAZmdkImlKgFT\n34HUUu+m0tJhl1YRZU1HCcM8+Zz4D2lRx5BLPETiDGlISs3Dq4AmW/4a097kkk6i\nBQIdCUfjSEfGs8y5pxP2EfhpmmVfnvqFLwn3ymZKJltNDW9E0V09Ttd6Rgzg\n-----END RSA PRIVATE KEY-----\n",
            "public_key_fingerprint_md5": "9d:2c:c2:b8:b2:e0:c1:34:bb:7b:df:95:a9:cf:a5:2c",
            "public_key_openssh": "ssh-rsa AAAAB3NzaC1yc2EAAAADAQABAAACAQDRM0tGsN6n57nyQPJH8InUCReevI/1njLA465sRCYefwZ7MeGnoueLzmWWHAeYngd6QNmqe5+E77MOCGHRXWHD3Gqwz2Ot+D7TEfBY+eLvNwOKSDgz8RcaUjzHAp2qgX644e3BNJH3TFhyNt2Rj7VX0Xwr0gkL+AeNcWltcdSyetCXS9sZVrWJJtCaVxfB9RYMcpT8p7/KDpC1NTEazX8brtbsYsu8BdtdNxfM3DiiaUCU1fE1P2WyrM/p2vua2ZkZWRz1fGNeCh3XmYDiDgEHQ6/+QbXYePQer2lLKxs+jvHKGG2Hg8QMWiIkn3QHH1qdwbKolWuSgRfbr+ZA7/rn3oT/x3cUyJZUNkPGVJlkmC0kHQix90/TxH8tFQGcUqHqWLPQUram4Tzv9CohUuw7qOmUceTzWnGRTdcp1hBflQ6cRvAkK6h67SdEkCSZtt36+tyv01XL3eXTyrduF3U9oDsOWrpkDbXd/+f+9Aw6fmnudrug1C1y4lu2ElHoIE9xmYbPfsc3lE0VPN/CaXbWk30HiG+nM7Kk9YiRU9N+Ehr+ZABZklpYlhf47eKsX5o9Vi4PjKsXfYTQz7VPLlvQK44KAV4ySNk79PT2v4IE+oPh/eyBqs/Jw5arWYPAIgh4fiXRO3Tk+Eloxa6ELRQk9M23wcOfBO8Nfr57sUlJWw==\n",
            "public_key_pem": "-----BEGIN PUBLIC KEY-----\nMIICIjANBgkqhkiG9w0BAQEFAAOCAg8AMIICCgKCAgEA0TNLRrDep+e58kDyR/CJ\n1AkXnryP9Z4ywOOubEQmHn8GezHhp6Lni85llhwHmJ4HekDZqnufhO+zDghh0V1h\nw9xqsM9jrfg+0xHwWPni7zcDikg4M/EXGlI8xwKdqoF+uOHtwTSR90xYcjbdkY+1\nV9F8K9IJC/gHjXFpbXHUsnrQl0vbGVa1iSbQmlcXwfUWDHKU/Ke/yg6QtTUxGs1/\nG67W7GLLvAXbXTcXzNw4omlAlNXxNT9lsqzP6dr7mtmZGVkc9XxjXgod15mA4g4B\nB0Ov/kG12Hj0Hq9pSysbPo7xyhhth4PEDFoiJJ90Bx9ancGyqJVrkoEX26/mQO/6\n596E/8d3FMiWVDZDxlSZZJgtJB0IsfdP08R/LRUBnFKh6liz0FK2puE87/QqIVLs\nO6jplHHk81pxkU3XKdYQX5UOnEbwJCuoeu0nRJAkmbbd+vrcr9NVy93l08q3bhd1\nPaA7Dlq6ZA213f/n/vQMOn5p7na7oNQtcuJbthJR6CBPcZmGz37HN5RNFTzfwml2\n1pN9B4hvpzOypPWIkVPTfhIa/mQAWZJaWJYX+O3irF+aPVYuD4yrF32E0M+1Ty5b\n0CuOCgFeMkjZO/T09r+CBPqD4f3sgarPycOWq1mDwCIIeH4l0Tt05PhJaMWuhC0U\nJPTNt8HDnwTvDX6+e7FJSVsCAwEAAQ==\n-----END PUBLIC KEY-----\n",
            "rsa_bits": 4096
          },
          "sensitive_attributes": [],
          "private": "bnVsbA=="
        }
      ]
    },
    {
      "module": "module.eks",
      "mode": "data",
      "type": "aws_ami",
      "name": "eks_worker",
      "provider": "provider[\"registry.terraform.io/hashicorp/aws\"]",
      "instances": [
        {
          "index_key": 0,
          "schema_version": 0,
          "attributes": {
            "architecture": "x86_64",
            "arn": "arn:aws:ec2:eu-central-1::image/ami-0c40a55d525638da4",
            "block_device_mappings": [
              {
                "device_name": "/dev/xvda",
                "ebs": {
                  "delete_on_termination": "true",
                  "encrypted": "false",
                  "iops": "0",
                  "snapshot_id": "snap-0ba7be5fa00b922de",
                  "throughput": "0",
                  "volume_size": "20",
                  "volume_type": "gp2"
                },
                "no_device": "",
                "virtual_name": ""
              }
            ],
            "creation_date": "2021-08-31T00:11:32.000Z",
            "description": "EKS Kubernetes Worker AMI with AmazonLinux2 image, (k8s: 1.20.7, docker: 19.03.13ce-1.amzn2, containerd: 1.4.6-2.amzn2)",
            "ena_support": true,
            "executable_users": null,
            "filter": [
              {
                "name": "name",
                "values": [
                  "amazon-eks-node-1.20-v*"
                ]
              }
            ],
            "hypervisor": "xen",
            "id": "ami-0c40a55d525638da4",
            "image_id": "ami-0c40a55d525638da4",
            "image_location": "amazon/amazon-eks-node-1.20-v20210830",
            "image_owner_alias": "amazon",
            "image_type": "machine",
            "kernel_id": null,
            "most_recent": true,
            "name": "amazon-eks-node-1.20-v20210830",
            "name_regex": null,
            "owner_id": "602401143452",
            "owners": [
              "amazon"
            ],
            "platform": null,
            "platform_details": "Linux/UNIX",
            "product_codes": [],
            "public": true,
            "ramdisk_id": null,
            "root_device_name": "/dev/xvda",
            "root_device_type": "ebs",
            "root_snapshot_id": "snap-0ba7be5fa00b922de",
            "sriov_net_support": "simple",
            "state": "available",
            "state_reason": {
              "code": "UNSET",
              "message": "UNSET"
            },
            "tags": {},
            "usage_operation": "RunInstances",
            "virtualization_type": "hvm"
          },
          "sensitive_attributes": []
        }
      ]
    },
    {
      "module": "module.eks",
      "mode": "data",
      "type": "aws_ami",
      "name": "eks_worker_windows",
      "provider": "provider[\"registry.terraform.io/hashicorp/aws\"]",
      "instances": []
    },
    {
      "module": "module.eks",
      "mode": "data",
      "type": "aws_caller_identity",
      "name": "current",
      "provider": "provider[\"registry.terraform.io/hashicorp/aws\"]",
      "instances": [
        {
          "schema_version": 0,
          "attributes": {
            "account_id": "513910674915",
            "arn": "arn:aws:iam::513910674915:user/playsdev",
            "id": "513910674915",
            "user_id": "AIDAXPJ3WSXRYJ3B5HJW5"
          },
          "sensitive_attributes": []
        }
      ]
    },
    {
      "module": "module.eks",
      "mode": "data",
      "type": "aws_iam_instance_profile",
      "name": "custom_worker_group_iam_instance_profile",
      "provider": "provider[\"registry.terraform.io/hashicorp/aws\"]",
      "instances": []
    },
    {
      "module": "module.eks",
      "mode": "data",
      "type": "aws_iam_instance_profile",
      "name": "custom_worker_group_launch_template_iam_instance_profile",
      "provider": "provider[\"registry.terraform.io/hashicorp/aws\"]",
      "instances": []
    },
    {
      "module": "module.eks",
      "mode": "data",
      "type": "aws_iam_policy_document",
      "name": "cluster_assume_role_policy",
      "provider": "provider[\"registry.terraform.io/hashicorp/aws\"]",
      "instances": [
        {
          "schema_version": 0,
          "attributes": {
            "id": "2764486067",
            "json": "{\n  \"Version\": \"2012-10-17\",\n  \"Statement\": [\n    {\n      \"Sid\": \"EKSClusterAssumeRole\",\n      \"Effect\": \"Allow\",\n      \"Action\": \"sts:AssumeRole\",\n      \"Principal\": {\n        \"Service\": \"eks.amazonaws.com\"\n      }\n    }\n  ]\n}",
            "override_json": null,
            "override_policy_documents": null,
            "policy_id": null,
            "source_json": null,
            "source_policy_documents": null,
            "statement": [
              {
                "actions": [
                  "sts:AssumeRole"
                ],
                "condition": [],
                "effect": "Allow",
                "not_actions": [],
                "not_principals": [],
                "not_resources": [],
                "principals": [
                  {
                    "identifiers": [
                      "eks.amazonaws.com"
                    ],
                    "type": "Service"
                  }
                ],
                "resources": [],
                "sid": "EKSClusterAssumeRole"
              }
            ],
            "version": "2012-10-17"
          },
          "sensitive_attributes": []
        }
      ]
    },
    {
      "module": "module.eks",
      "mode": "data",
      "type": "aws_iam_policy_document",
      "name": "cluster_elb_sl_role_creation",
      "provider": "provider[\"registry.terraform.io/hashicorp/aws\"]",
      "instances": [
        {
          "index_key": 0,
          "schema_version": 0,
          "attributes": {
            "id": "3709839417",
            "json": "{\n  \"Version\": \"2012-10-17\",\n  \"Statement\": [\n    {\n      \"Sid\": \"\",\n      \"Effect\": \"Allow\",\n      \"Action\": [\n        \"ec2:DescribeInternetGateways\",\n        \"ec2:DescribeAddresses\",\n        \"ec2:DescribeAccountAttributes\"\n      ],\n      \"Resource\": \"*\"\n    }\n  ]\n}",
            "override_json": null,
            "override_policy_documents": null,
            "policy_id": null,
            "source_json": null,
            "source_policy_documents": null,
            "statement": [
              {
                "actions": [
                  "ec2:DescribeAccountAttributes",
                  "ec2:DescribeAddresses",
                  "ec2:DescribeInternetGateways"
                ],
                "condition": [],
                "effect": "Allow",
                "not_actions": [],
                "not_principals": [],
                "not_resources": [],
                "principals": [],
                "resources": [
                  "*"
                ],
                "sid": ""
              }
            ],
            "version": "2012-10-17"
          },
          "sensitive_attributes": []
        }
      ]
    },
    {
      "module": "module.eks",
      "mode": "data",
      "type": "aws_iam_policy_document",
      "name": "workers_assume_role_policy",
      "provider": "provider[\"registry.terraform.io/hashicorp/aws\"]",
      "instances": [
        {
          "schema_version": 0,
          "attributes": {
            "id": "3778018924",
            "json": "{\n  \"Version\": \"2012-10-17\",\n  \"Statement\": [\n    {\n      \"Sid\": \"EKSWorkerAssumeRole\",\n      \"Effect\": \"Allow\",\n      \"Action\": \"sts:AssumeRole\",\n      \"Principal\": {\n        \"Service\": \"ec2.amazonaws.com\"\n      }\n    }\n  ]\n}",
            "override_json": null,
            "override_policy_documents": null,
            "policy_id": null,
            "source_json": null,
            "source_policy_documents": null,
            "statement": [
              {
                "actions": [
                  "sts:AssumeRole"
                ],
                "condition": [],
                "effect": "Allow",
                "not_actions": [],
                "not_principals": [],
                "not_resources": [],
                "principals": [
                  {
                    "identifiers": [
                      "ec2.amazonaws.com"
                    ],
                    "type": "Service"
                  }
                ],
                "resources": [],
                "sid": "EKSWorkerAssumeRole"
              }
            ],
            "version": "2012-10-17"
          },
          "sensitive_attributes": []
        }
      ]
    },
    {
      "module": "module.eks",
      "mode": "data",
      "type": "aws_iam_role",
      "name": "custom_cluster_iam_role",
      "provider": "provider[\"registry.terraform.io/hashicorp/aws\"]",
      "instances": []
    },
    {
      "module": "module.eks",
      "mode": "data",
      "type": "aws_partition",
      "name": "current",
      "provider": "provider[\"registry.terraform.io/hashicorp/aws\"]",
      "instances": [
        {
          "schema_version": 0,
          "attributes": {
            "dns_suffix": "amazonaws.com",
            "id": "aws",
            "partition": "aws",
            "reverse_dns_prefix": "com.amazonaws"
          },
          "sensitive_attributes": []
        }
      ]
    },
    {
      "module": "module.eks",
      "mode": "data",
      "type": "http",
      "name": "wait_for_cluster",
      "provider": "provider[\"registry.terraform.io/terraform-aws-modules/http\"]",
      "instances": []
    },
    {
      "module": "module.eks",
      "mode": "managed",
      "type": "aws_autoscaling_group",
      "name": "workers",
      "provider": "provider[\"registry.terraform.io/hashicorp/aws\"]",
      "instances": []
    },
    {
      "module": "module.eks",
      "mode": "managed",
      "type": "aws_cloudwatch_log_group",
      "name": "this",
      "provider": "provider[\"registry.terraform.io/hashicorp/aws\"]",
      "instances": []
    },
    {
      "module": "module.eks",
      "mode": "managed",
      "type": "aws_eks_cluster",
      "name": "this",
      "provider": "provider[\"registry.terraform.io/hashicorp/aws\"]",
      "instances": []
    },
    {
      "module": "module.eks",
      "mode": "managed",
      "type": "aws_iam_instance_profile",
      "name": "workers",
      "provider": "provider[\"registry.terraform.io/hashicorp/aws\"]",
      "instances": []
    },
    {
      "module": "module.eks",
      "mode": "managed",
      "type": "aws_iam_instance_profile",
      "name": "workers_launch_template",
      "provider": "provider[\"registry.terraform.io/hashicorp/aws\"]",
      "instances": []
    },
    {
      "module": "module.eks",
      "mode": "managed",
      "type": "aws_iam_policy",
      "name": "cluster_elb_sl_role_creation",
      "provider": "provider[\"registry.terraform.io/hashicorp/aws\"]",
      "instances": [
        {
          "index_key": 0,
          "schema_version": 0,
          "attributes": {
            "arn": "arn:aws:iam::513910674915:policy/demo-playsdev-eks-elb-sl-role-creation20210918124325908300000002",
            "description": "Permissions for EKS to create AWSServiceRoleForElasticLoadBalancing service-linked role",
            "id": "arn:aws:iam::513910674915:policy/demo-playsdev-eks-elb-sl-role-creation20210918124325908300000002",
            "name": "demo-playsdev-eks-elb-sl-role-creation20210918124325908300000002",
            "name_prefix": "demo-playsdev-eks-elb-sl-role-creation",
            "path": "/",
            "policy": "{\n  \"Version\": \"2012-10-17\",\n  \"Statement\": [\n    {\n      \"Sid\": \"\",\n      \"Effect\": \"Allow\",\n      \"Action\": [\n        \"ec2:DescribeInternetGateways\",\n        \"ec2:DescribeAddresses\",\n        \"ec2:DescribeAccountAttributes\"\n      ],\n      \"Resource\": \"*\"\n    }\n  ]\n}",
            "policy_id": "ANPAXPJ3WSXRSRZDUQPJ5",
            "tags": {
              "Environment": "training",
              "GithubOrg": "terraform-aws-modules",
              "GithubRepo": "terraform-aws-eks"
            },
            "tags_all": {
              "Environment": "training",
              "GithubOrg": "terraform-aws-modules",
              "GithubRepo": "terraform-aws-eks"
            }
          },
          "sensitive_attributes": [],
          "private": "bnVsbA==",
          "dependencies": [
            "module.eks.data.aws_iam_policy_document.cluster_elb_sl_role_creation"
          ]
        }
      ]
    },
    {
      "module": "module.eks",
      "mode": "managed",
      "type": "aws_iam_role",
      "name": "cluster",
      "provider": "provider[\"registry.terraform.io/hashicorp/aws\"]",
      "instances": [
        {
          "index_key": 0,
          "schema_version": 0,
          "attributes": {
            "arn": "arn:aws:iam::513910674915:role/demo-playsdev-eks20210918124325844700000001",
            "assume_role_policy": "{\"Version\":\"2012-10-17\",\"Statement\":[{\"Sid\":\"EKSClusterAssumeRole\",\"Effect\":\"Allow\",\"Principal\":{\"Service\":\"eks.amazonaws.com\"},\"Action\":\"sts:AssumeRole\"}]}",
            "create_date": "2021-09-18T12:43:26Z",
            "description": "",
            "force_detach_policies": true,
            "id": "demo-playsdev-eks20210918124325844700000001",
            "inline_policy": [
              {
                "name": "",
                "policy": ""
              }
            ],
            "managed_policy_arns": [],
            "max_session_duration": 3600,
            "name": "demo-playsdev-eks20210918124325844700000001",
            "name_prefix": "demo-playsdev-eks",
            "path": "/",
            "permissions_boundary": null,
            "tags": {
              "Environment": "training",
              "GithubOrg": "terraform-aws-modules",
              "GithubRepo": "terraform-aws-eks"
            },
            "tags_all": {
              "Environment": "training",
              "GithubOrg": "terraform-aws-modules",
              "GithubRepo": "terraform-aws-eks"
            },
            "unique_id": "AROAXPJ3WSXR6G2XMV22U"
          },
          "sensitive_attributes": [],
          "private": "bnVsbA==",
          "dependencies": [
            "module.eks.data.aws_iam_policy_document.cluster_assume_role_policy"
          ],
          "create_before_destroy": true
        }
      ]
    },
    {
      "module": "module.eks",
      "mode": "managed",
      "type": "aws_iam_role",
      "name": "workers",
      "provider": "provider[\"registry.terraform.io/hashicorp/aws\"]",
      "instances": []
    },
    {
      "module": "module.eks",
      "mode": "managed",
      "type": "aws_iam_role_policy_attachment",
      "name": "cluster_AmazonEKSClusterPolicy",
      "provider": "provider[\"registry.terraform.io/hashicorp/aws\"]",
      "instances": [
        {
          "index_key": 0,
          "schema_version": 0,
          "attributes": {
            "id": "demo-playsdev-eks20210918124325844700000001-20210918124330257300000004",
            "policy_arn": "arn:aws:iam::aws:policy/AmazonEKSClusterPolicy",
            "role": "demo-playsdev-eks20210918124325844700000001"
          },
          "sensitive_attributes": [],
          "private": "bnVsbA==",
          "dependencies": [
            "module.eks.aws_iam_role.cluster",
            "module.eks.data.aws_iam_policy_document.cluster_assume_role_policy",
            "module.eks.data.aws_partition.current"
          ],
          "create_before_destroy": true
        }
      ]
    },
    {
      "module": "module.eks",
      "mode": "managed",
      "type": "aws_iam_role_policy_attachment",
      "name": "cluster_AmazonEKSServicePolicy",
      "provider": "provider[\"registry.terraform.io/hashicorp/aws\"]",
      "instances": [
        {
          "index_key": 0,
          "schema_version": 0,
          "attributes": {
            "id": "demo-playsdev-eks20210918124325844700000001-20210918124330293700000006",
            "policy_arn": "arn:aws:iam::aws:policy/AmazonEKSServicePolicy",
            "role": "demo-playsdev-eks20210918124325844700000001"
          },
          "sensitive_attributes": [],
          "private": "bnVsbA==",
          "dependencies": [
            "module.eks.aws_iam_role.cluster",
            "module.eks.data.aws_iam_policy_document.cluster_assume_role_policy",
            "module.eks.data.aws_partition.current"
          ],
          "create_before_destroy": true
        }
      ]
    },
    {
      "module": "module.eks",
      "mode": "managed",
      "type": "aws_iam_role_policy_attachment",
      "name": "cluster_AmazonEKSVPCResourceControllerPolicy",
      "provider": "provider[\"registry.terraform.io/hashicorp/aws\"]",
      "instances": [
        {
          "index_key": 0,
          "schema_version": 0,
          "attributes": {
            "id": "demo-playsdev-eks20210918124325844700000001-20210918124330258100000005",
            "policy_arn": "arn:aws:iam::aws:policy/AmazonEKSVPCResourceController",
            "role": "demo-playsdev-eks20210918124325844700000001"
          },
          "sensitive_attributes": [],
          "private": "bnVsbA==",
          "dependencies": [
            "module.eks.aws_iam_role.cluster",
            "module.eks.data.aws_iam_policy_document.cluster_assume_role_policy",
            "module.eks.data.aws_partition.current"
          ],
          "create_before_destroy": true
        }
      ]
    },
    {
      "module": "module.eks",
      "mode": "managed",
      "type": "aws_iam_role_policy_attachment",
      "name": "cluster_elb_sl_role_creation",
      "provider": "provider[\"registry.terraform.io/hashicorp/aws\"]",
      "instances": [
        {
          "index_key": 0,
          "schema_version": 0,
          "attributes": {
            "id": "demo-playsdev-eks20210918124325844700000001-20210918124330243800000003",
            "policy_arn": "arn:aws:iam::513910674915:policy/demo-playsdev-eks-elb-sl-role-creation20210918124325908300000002",
            "role": "demo-playsdev-eks20210918124325844700000001"
          },
          "sensitive_attributes": [],
          "private": "bnVsbA==",
          "dependencies": [
            "module.eks.aws_iam_policy.cluster_elb_sl_role_creation",
            "module.eks.aws_iam_role.cluster",
            "module.eks.data.aws_iam_policy_document.cluster_assume_role_policy",
            "module.eks.data.aws_iam_policy_document.cluster_elb_sl_role_creation"
          ]
        }
      ]
    },
    {
      "module": "module.eks",
      "mode": "managed",
      "type": "aws_iam_role_policy_attachment",
      "name": "workers_AmazonEC2ContainerRegistryReadOnly",
      "provider": "provider[\"registry.terraform.io/hashicorp/aws\"]",
      "instances": []
    },
    {
      "module": "module.eks",
      "mode": "managed",
      "type": "aws_iam_role_policy_attachment",
      "name": "workers_AmazonEKSWorkerNodePolicy",
      "provider": "provider[\"registry.terraform.io/hashicorp/aws\"]",
      "instances": []
    },
    {
      "module": "module.eks",
      "mode": "managed",
      "type": "aws_iam_role_policy_attachment",
      "name": "workers_AmazonEKS_CNI_Policy",
      "provider": "provider[\"registry.terraform.io/hashicorp/aws\"]",
      "instances": []
    },
    {
      "module": "module.eks",
      "mode": "managed",
      "type": "aws_iam_role_policy_attachment",
      "name": "workers_additional_policies",
      "provider": "provider[\"registry.terraform.io/hashicorp/aws\"]",
      "instances": []
    },
    {
      "module": "module.eks",
      "mode": "managed",
      "type": "aws_launch_configuration",
      "name": "workers",
      "provider": "provider[\"registry.terraform.io/hashicorp/aws\"]",
      "instances": []
    },
    {
      "module": "module.eks",
      "mode": "managed",
      "type": "aws_security_group",
      "name": "cluster",
      "provider": "provider[\"registry.terraform.io/hashicorp/aws\"]",
      "instances": [
        {
          "index_key": 0,
          "schema_version": 1,
          "attributes": {
            "arn": "arn:aws:ec2:eu-central-1:513910674915:security-group/sg-0015385d97d79a640",
            "description": "EKS cluster security group.",
            "egress": [],
            "id": "sg-0015385d97d79a640",
            "ingress": [],
            "name": "demo-playsdev-eks2021091812434806060000000d",
            "name_prefix": "demo-playsdev-eks",
            "owner_id": "513910674915",
            "revoke_rules_on_delete": false,
            "tags": {
              "Environment": "training",
              "GithubOrg": "terraform-aws-modules",
              "GithubRepo": "terraform-aws-eks",
              "Name": "demo-playsdev-eks-eks_cluster_sg"
            },
            "tags_all": {
              "Environment": "training",
              "GithubOrg": "terraform-aws-modules",
              "GithubRepo": "terraform-aws-eks",
              "Name": "demo-playsdev-eks-eks_cluster_sg"
            },
            "timeouts": null,
            "vpc_id": "vpc-0a9082dfa1a6a0ace"
          },
          "sensitive_attributes": [],
          "private": "eyJlMmJmYjczMC1lY2FhLTExZTYtOGY4OC0zNDM2M2JjN2M0YzAiOnsiY3JlYXRlIjo2MDAwMDAwMDAwMDAsImRlbGV0ZSI6OTAwMDAwMDAwMDAwfSwic2NoZW1hX3ZlcnNpb24iOiIxIn0=",
          "dependencies": [
            "module.vpc.aws_vpc.this"
          ],
          "create_before_destroy": true
        }
      ]
    },
    {
      "module": "module.eks",
      "mode": "managed",
      "type": "aws_security_group",
      "name": "workers",
      "provider": "provider[\"registry.terraform.io/hashicorp/aws\"]",
      "instances": [
        {
          "index_key": 0,
          "schema_version": 1,
          "attributes": {
            "arn": "arn:aws:ec2:eu-central-1:513910674915:security-group/sg-089881baaa3c16274",
            "description": "Security group for all nodes in the cluster.",
            "egress": [],
            "id": "sg-089881baaa3c16274",
            "ingress": [],
            "name": "demo-playsdev-eks2021091812434594360000000c",
            "name_prefix": "demo-playsdev-eks",
            "owner_id": "513910674915",
            "revoke_rules_on_delete": false,
            "tags": {
              "Environment": "training",
              "GithubOrg": "terraform-aws-modules",
              "GithubRepo": "terraform-aws-eks",
              "Name": "demo-playsdev-eks-eks_worker_sg",
              "kubernetes.io/cluster/demo-playsdev-eks": "owned"
            },
            "tags_all": {
              "Environment": "training",
              "GithubOrg": "terraform-aws-modules",
              "GithubRepo": "terraform-aws-eks",
              "Name": "demo-playsdev-eks-eks_worker_sg",
              "kubernetes.io/cluster/demo-playsdev-eks": "owned"
            },
            "timeouts": null,
            "vpc_id": "vpc-0a9082dfa1a6a0ace"
          },
          "sensitive_attributes": [],
          "private": "eyJlMmJmYjczMC1lY2FhLTExZTYtOGY4OC0zNDM2M2JjN2M0YzAiOnsiY3JlYXRlIjo2MDAwMDAwMDAwMDAsImRlbGV0ZSI6OTAwMDAwMDAwMDAwfSwic2NoZW1hX3ZlcnNpb24iOiIxIn0=",
          "dependencies": [
            "module.vpc.aws_vpc.this"
          ],
          "create_before_destroy": true
        }
      ]
    },
    {
      "module": "module.eks",
      "mode": "managed",
      "type": "aws_security_group_rule",
      "name": "cluster_egress_internet",
      "provider": "provider[\"registry.terraform.io/hashicorp/aws\"]",
      "instances": [
        {
          "index_key": 0,
          "schema_version": 2,
          "attributes": {
            "cidr_blocks": [
              "0.0.0.0/0"
            ],
            "description": "Allow cluster egress access to the Internet.",
            "from_port": 0,
            "id": "sgrule-4122999755",
            "ipv6_cidr_blocks": null,
            "prefix_list_ids": null,
            "protocol": "-1",
            "security_group_id": "sg-0015385d97d79a640",
            "self": false,
            "source_security_group_id": null,
            "to_port": 0,
            "type": "egress"
          },
          "sensitive_attributes": [],
          "private": "eyJzY2hlbWFfdmVyc2lvbiI6IjIifQ==",
          "dependencies": [
            "module.eks.aws_security_group.cluster",
            "module.vpc.aws_vpc.this"
          ],
          "create_before_destroy": true
        }
      ]
    },
    {
      "module": "module.eks",
      "mode": "managed",
      "type": "aws_security_group_rule",
      "name": "cluster_https_worker_ingress",
      "provider": "provider[\"registry.terraform.io/hashicorp/aws\"]",
      "instances": [
        {
          "index_key": 0,
          "schema_version": 2,
          "attributes": {
            "cidr_blocks": null,
            "description": "Allow pods to communicate with the EKS cluster API.",
            "from_port": 443,
            "id": "sgrule-313283042",
            "ipv6_cidr_blocks": null,
            "prefix_list_ids": null,
            "protocol": "tcp",
            "security_group_id": "sg-0015385d97d79a640",
            "self": false,
            "source_security_group_id": "sg-089881baaa3c16274",
            "to_port": 443,
            "type": "ingress"
          },
          "sensitive_attributes": [],
          "private": "eyJzY2hlbWFfdmVyc2lvbiI6IjIifQ==",
          "dependencies": [
            "module.eks.aws_security_group.cluster",
            "module.eks.aws_security_group.workers",
            "module.vpc.aws_vpc.this"
          ],
          "create_before_destroy": true
        }
      ]
    },
    {
      "module": "module.eks",
      "mode": "managed",
      "type": "aws_security_group_rule",
      "name": "cluster_primary_ingress_workers",
      "provider": "provider[\"registry.terraform.io/hashicorp/aws\"]",
      "instances": []
    },
    {
      "module": "module.eks",
      "mode": "managed",
      "type": "aws_security_group_rule",
      "name": "cluster_private_access_cidrs_source",
      "provider": "provider[\"registry.terraform.io/hashicorp/aws\"]",
      "instances": []
    },
    {
      "module": "module.eks",
      "mode": "managed",
      "type": "aws_security_group_rule",
      "name": "cluster_private_access_sg_source",
      "provider": "provider[\"registry.terraform.io/hashicorp/aws\"]",
      "instances": []
    },
    {
      "module": "module.eks",
      "mode": "managed",
      "type": "aws_security_group_rule",
      "name": "workers_egress_internet",
      "provider": "provider[\"registry.terraform.io/hashicorp/aws\"]",
      "instances": [
        {
          "index_key": 0,
          "schema_version": 2,
          "attributes": {
            "cidr_blocks": [
              "0.0.0.0/0"
            ],
            "description": "Allow nodes all egress to the Internet.",
            "from_port": 0,
            "id": "sgrule-472253214",
            "ipv6_cidr_blocks": null,
            "prefix_list_ids": null,
            "protocol": "-1",
            "security_group_id": "sg-089881baaa3c16274",
            "self": false,
            "source_security_group_id": null,
            "to_port": 0,
            "type": "egress"
          },
          "sensitive_attributes": [],
          "private": "eyJzY2hlbWFfdmVyc2lvbiI6IjIifQ==",
          "dependencies": [
            "module.eks.aws_security_group.workers",
            "module.vpc.aws_vpc.this"
          ],
          "create_before_destroy": true
        }
      ]
    },
    {
      "module": "module.eks",
      "mode": "managed",
      "type": "aws_security_group_rule",
      "name": "workers_ingress_cluster",
      "provider": "provider[\"registry.terraform.io/hashicorp/aws\"]",
      "instances": [
        {
          "index_key": 0,
          "schema_version": 2,
          "attributes": {
            "cidr_blocks": null,
            "description": "Allow workers pods to receive communication from the cluster control plane.",
            "from_port": 1025,
            "id": "sgrule-2944313012",
            "ipv6_cidr_blocks": null,
            "prefix_list_ids": null,
            "protocol": "tcp",
            "security_group_id": "sg-089881baaa3c16274",
            "self": false,
            "source_security_group_id": "sg-0015385d97d79a640",
            "to_port": 65535,
            "type": "ingress"
          },
          "sensitive_attributes": [],
          "private": "eyJzY2hlbWFfdmVyc2lvbiI6IjIifQ==",
          "dependencies": [
            "module.eks.aws_security_group.cluster",
            "module.eks.aws_security_group.workers",
            "module.vpc.aws_vpc.this"
          ],
          "create_before_destroy": true
        }
      ]
    },
    {
      "module": "module.eks",
      "mode": "managed",
      "type": "aws_security_group_rule",
      "name": "workers_ingress_cluster_https",
      "provider": "provider[\"registry.terraform.io/hashicorp/aws\"]",
      "instances": [
        {
          "index_key": 0,
          "schema_version": 2,
          "attributes": {
            "cidr_blocks": null,
            "description": "Allow pods running extension API servers on port 443 to receive communication from cluster control plane.",
            "from_port": 443,
            "id": "sgrule-19646796",
            "ipv6_cidr_blocks": null,
            "prefix_list_ids": null,
            "protocol": "tcp",
            "security_group_id": "sg-089881baaa3c16274",
            "self": false,
            "source_security_group_id": "sg-0015385d97d79a640",
            "to_port": 443,
            "type": "ingress"
          },
          "sensitive_attributes": [],
          "private": "eyJzY2hlbWFfdmVyc2lvbiI6IjIifQ==",
          "dependencies": [
            "module.eks.aws_security_group.cluster",
            "module.eks.aws_security_group.workers",
            "module.vpc.aws_vpc.this"
          ],
          "create_before_destroy": true
        }
      ]
    },
    {
      "module": "module.eks",
      "mode": "managed",
      "type": "aws_security_group_rule",
      "name": "workers_ingress_cluster_kubelet",
      "provider": "provider[\"registry.terraform.io/hashicorp/aws\"]",
      "instances": []
    },
    {
      "module": "module.eks",
      "mode": "managed",
      "type": "aws_security_group_rule",
      "name": "workers_ingress_cluster_primary",
      "provider": "provider[\"registry.terraform.io/hashicorp/aws\"]",
      "instances": []
    },
    {
      "module": "module.eks",
      "mode": "managed",
      "type": "aws_security_group_rule",
      "name": "workers_ingress_self",
      "provider": "provider[\"registry.terraform.io/hashicorp/aws\"]",
      "instances": [
        {
          "index_key": 0,
          "schema_version": 2,
          "attributes": {
            "cidr_blocks": null,
            "description": "Allow node to communicate with each other.",
            "from_port": 0,
            "id": "sgrule-3824072180",
            "ipv6_cidr_blocks": null,
            "prefix_list_ids": null,
            "protocol": "-1",
            "security_group_id": "sg-089881baaa3c16274",
            "self": false,
            "source_security_group_id": "sg-089881baaa3c16274",
            "to_port": 65535,
            "type": "ingress"
          },
          "sensitive_attributes": [],
          "private": "eyJzY2hlbWFfdmVyc2lvbiI6IjIifQ==",
          "dependencies": [
            "module.eks.aws_security_group.workers",
            "module.vpc.aws_vpc.this"
          ],
          "create_before_destroy": true
        }
      ]
    },
    {
      "module": "module.eks",
      "mode": "managed",
      "type": "local_file",
      "name": "kubeconfig",
      "provider": "provider[\"registry.terraform.io/hashicorp/local\"]",
      "instances": []
    },
    {
      "module": "module.eks.module.fargate",
      "mode": "data",
      "type": "aws_partition",
      "name": "current",
      "provider": "provider[\"registry.terraform.io/hashicorp/aws\"]",
      "instances": [
        {
          "schema_version": 0,
          "attributes": {
            "dns_suffix": "amazonaws.com",
            "id": "aws",
            "partition": "aws",
            "reverse_dns_prefix": "com.amazonaws"
          },
          "sensitive_attributes": []
        }
      ]
    },
    {
      "module": "module.vpc",
      "mode": "managed",
      "type": "aws_eip",
      "name": "nat",
      "provider": "provider[\"registry.terraform.io/hashicorp/aws\"]",
      "instances": [
        {
          "index_key": 0,
          "schema_version": 0,
          "attributes": {
            "address": null,
            "allocation_id": null,
            "associate_with_private_ip": null,
            "association_id": "",
            "carrier_ip": "",
            "customer_owned_ip": "",
            "customer_owned_ipv4_pool": "",
            "domain": "vpc",
            "id": "eipalloc-12414819",
            "instance": "",
            "network_border_group": "eu-central-1",
            "network_interface": "",
            "private_dns": null,
            "private_ip": "",
            "public_dns": "ec2-3-69-187-230.eu-central-1.compute.amazonaws.com",
            "public_ip": "3.69.187.230",
            "public_ipv4_pool": "amazon",
            "tags": {
              "Name": "education-vpc-eu-central-1a",
              "kubernetes.io/cluster/demo-playsdev-eks": "shared"
            },
            "tags_all": {
              "Name": "education-vpc-eu-central-1a",
              "kubernetes.io/cluster/demo-playsdev-eks": "shared"
            },
            "timeouts": null,
            "vpc": true
          },
          "sensitive_attributes": [],
          "private": "eyJlMmJmYjczMC1lY2FhLTExZTYtOGY4OC0zNDM2M2JjN2M0YzAiOnsiZGVsZXRlIjoxODAwMDAwMDAwMDAsInJlYWQiOjkwMDAwMDAwMDAwMCwidXBkYXRlIjozMDAwMDAwMDAwMDB9fQ==",
          "dependencies": [
            "data.aws_availability_zones.available"
          ]
        }
      ]
    },
    {
      "module": "module.vpc",
      "mode": "managed",
      "type": "aws_internet_gateway",
      "name": "this",
      "provider": "provider[\"registry.terraform.io/hashicorp/aws\"]",
      "instances": [
        {
          "index_key": 0,
          "schema_version": 0,
          "attributes": {
            "arn": "arn:aws:ec2:eu-central-1:513910674915:internet-gateway/igw-0b7e5a1b21a2643d0",
            "id": "igw-0b7e5a1b21a2643d0",
            "owner_id": "513910674915",
            "tags": {
              "Name": "education-vpc",
              "kubernetes.io/cluster/demo-playsdev-eks": "shared"
            },
            "tags_all": {
              "Name": "education-vpc",
              "kubernetes.io/cluster/demo-playsdev-eks": "shared"
            },
            "vpc_id": "vpc-0a9082dfa1a6a0ace"
          },
          "sensitive_attributes": [],
          "private": "bnVsbA==",
          "dependencies": [
            "module.vpc.aws_vpc.this",
            "module.vpc.aws_vpc_ipv4_cidr_block_association.this"
          ]
        }
      ]
    },
    {
      "module": "module.vpc",
      "mode": "managed",
      "type": "aws_nat_gateway",
      "name": "this",
      "provider": "provider[\"registry.terraform.io/hashicorp/aws\"]",
      "instances": [
        {
          "index_key": 0,
          "schema_version": 0,
          "attributes": {
            "allocation_id": "eipalloc-12414819",
            "connectivity_type": "public",
            "id": "nat-0ee9b13ec2242732e",
            "network_interface_id": "eni-00a8ccc12e85988ce",
            "private_ip": "10.1.4.36",
            "public_ip": "3.69.187.230",
            "subnet_id": "subnet-001c52d2ee21d211b",
            "tags": {
              "Name": "education-vpc-eu-central-1a",
              "kubernetes.io/cluster/demo-playsdev-eks": "shared"
            },
            "tags_all": {
              "Name": "education-vpc-eu-central-1a",
              "kubernetes.io/cluster/demo-playsdev-eks": "shared"
            }
          },
          "sensitive_attributes": [],
          "private": "bnVsbA==",
          "dependencies": [
            "data.aws_availability_zones.available",
            "module.vpc.aws_eip.nat",
            "module.vpc.aws_internet_gateway.this",
            "module.vpc.aws_subnet.public",
            "module.vpc.aws_vpc.this",
            "module.vpc.aws_vpc_ipv4_cidr_block_association.this"
          ]
        }
      ]
    },
    {
      "module": "module.vpc",
      "mode": "managed",
      "type": "aws_route",
      "name": "private_nat_gateway",
      "provider": "provider[\"registry.terraform.io/hashicorp/aws\"]",
      "instances": [
        {
          "index_key": 0,
          "schema_version": 0,
          "attributes": {
            "carrier_gateway_id": "",
            "destination_cidr_block": "0.0.0.0/0",
            "destination_ipv6_cidr_block": "",
            "destination_prefix_list_id": "",
            "egress_only_gateway_id": "",
            "gateway_id": "",
            "id": "r-rtb-0103d0a65964f44261080289494",
            "instance_id": "",
            "instance_owner_id": "",
            "local_gateway_id": "",
            "nat_gateway_id": "nat-0ee9b13ec2242732e",
            "network_interface_id": "",
            "origin": "CreateRoute",
            "route_table_id": "rtb-0103d0a65964f4426",
            "state": "active",
            "timeouts": {
              "create": "5m",
              "delete": null
            },
            "transit_gateway_id": "",
            "vpc_endpoint_id": "",
            "vpc_peering_connection_id": ""
          },
          "sensitive_attributes": [],
          "private": "eyJlMmJmYjczMC1lY2FhLTExZTYtOGY4OC0zNDM2M2JjN2M0YzAiOnsiY3JlYXRlIjozMDAwMDAwMDAwMDAsImRlbGV0ZSI6MzAwMDAwMDAwMDAwfX0=",
          "dependencies": [
            "data.aws_availability_zones.available",
            "module.vpc.aws_eip.nat",
            "module.vpc.aws_internet_gateway.this",
            "module.vpc.aws_nat_gateway.this",
            "module.vpc.aws_route_table.private",
            "module.vpc.aws_subnet.public",
            "module.vpc.aws_vpc.this",
            "module.vpc.aws_vpc_ipv4_cidr_block_association.this"
          ]
        }
      ]
    },
    {
      "module": "module.vpc",
      "mode": "managed",
      "type": "aws_route",
      "name": "public_internet_gateway",
      "provider": "provider[\"registry.terraform.io/hashicorp/aws\"]",
      "instances": [
        {
          "index_key": 0,
          "schema_version": 0,
          "attributes": {
            "carrier_gateway_id": "",
            "destination_cidr_block": "0.0.0.0/0",
            "destination_ipv6_cidr_block": "",
            "destination_prefix_list_id": "",
            "egress_only_gateway_id": "",
            "gateway_id": "igw-0b7e5a1b21a2643d0",
            "id": "r-rtb-094600cc1d0c3f2051080289494",
            "instance_id": "",
            "instance_owner_id": "",
            "local_gateway_id": "",
            "nat_gateway_id": "",
            "network_interface_id": "",
            "origin": "CreateRoute",
            "route_table_id": "rtb-094600cc1d0c3f205",
            "state": "active",
            "timeouts": {
              "create": "5m",
              "delete": null
            },
            "transit_gateway_id": "",
            "vpc_endpoint_id": "",
            "vpc_peering_connection_id": ""
          },
          "sensitive_attributes": [],
          "private": "eyJlMmJmYjczMC1lY2FhLTExZTYtOGY4OC0zNDM2M2JjN2M0YzAiOnsiY3JlYXRlIjozMDAwMDAwMDAwMDAsImRlbGV0ZSI6MzAwMDAwMDAwMDAwfX0=",
          "dependencies": [
            "module.vpc.aws_internet_gateway.this",
            "module.vpc.aws_route_table.public",
            "module.vpc.aws_vpc.this",
            "module.vpc.aws_vpc_ipv4_cidr_block_association.this"
          ]
        }
      ]
    },
    {
      "module": "module.vpc",
      "mode": "managed",
      "type": "aws_route_table",
      "name": "private",
      "provider": "provider[\"registry.terraform.io/hashicorp/aws\"]",
      "instances": [
        {
          "index_key": 0,
          "schema_version": 0,
          "attributes": {
            "arn": "arn:aws:ec2:eu-central-1:513910674915:route-table/rtb-0103d0a65964f4426",
            "id": "rtb-0103d0a65964f4426",
            "owner_id": "513910674915",
            "propagating_vgws": [],
            "route": [],
            "tags": {
              "Name": "education-vpc-private",
              "kubernetes.io/cluster/demo-playsdev-eks": "shared"
            },
            "tags_all": {
              "Name": "education-vpc-private",
              "kubernetes.io/cluster/demo-playsdev-eks": "shared"
            },
            "vpc_id": "vpc-0a9082dfa1a6a0ace"
          },
          "sensitive_attributes": [],
          "private": "bnVsbA==",
          "dependencies": [
            "data.aws_availability_zones.available",
            "module.vpc.aws_vpc.this",
            "module.vpc.aws_vpc_ipv4_cidr_block_association.this"
          ]
        }
      ]
    },
    {
      "module": "module.vpc",
      "mode": "managed",
      "type": "aws_route_table",
      "name": "public",
      "provider": "provider[\"registry.terraform.io/hashicorp/aws\"]",
      "instances": [
        {
          "index_key": 0,
          "schema_version": 0,
          "attributes": {
            "arn": "arn:aws:ec2:eu-central-1:513910674915:route-table/rtb-094600cc1d0c3f205",
            "id": "rtb-094600cc1d0c3f205",
            "owner_id": "513910674915",
            "propagating_vgws": [],
            "route": [],
            "tags": {
              "Name": "education-vpc-public",
              "kubernetes.io/cluster/demo-playsdev-eks": "shared"
            },
            "tags_all": {
              "Name": "education-vpc-public",
              "kubernetes.io/cluster/demo-playsdev-eks": "shared"
            },
            "vpc_id": "vpc-0a9082dfa1a6a0ace"
          },
          "sensitive_attributes": [],
          "private": "bnVsbA==",
          "dependencies": [
            "module.vpc.aws_vpc.this",
            "module.vpc.aws_vpc_ipv4_cidr_block_association.this"
          ]
        }
      ]
    },
    {
      "module": "module.vpc",
      "mode": "managed",
      "type": "aws_route_table_association",
      "name": "private",
      "provider": "provider[\"registry.terraform.io/hashicorp/aws\"]",
      "instances": [
        {
          "index_key": 0,
          "schema_version": 0,
          "attributes": {
            "gateway_id": "",
            "id": "rtbassoc-05f6b0f721601bc01",
            "route_table_id": "rtb-0103d0a65964f4426",
            "subnet_id": "subnet-09e6bdc223b0abe6e"
          },
          "sensitive_attributes": [],
          "private": "bnVsbA==",
          "dependencies": [
            "data.aws_availability_zones.available",
            "module.vpc.aws_route_table.private",
            "module.vpc.aws_subnet.private",
            "module.vpc.aws_vpc.this",
            "module.vpc.aws_vpc_ipv4_cidr_block_association.this"
          ]
        },
        {
          "index_key": 1,
          "schema_version": 0,
          "attributes": {
            "gateway_id": "",
            "id": "rtbassoc-01beea8d057fc3559",
            "route_table_id": "rtb-0103d0a65964f4426",
            "subnet_id": "subnet-0715870c3357ffc37"
          },
          "sensitive_attributes": [],
          "private": "bnVsbA==",
          "dependencies": [
            "data.aws_availability_zones.available",
            "module.vpc.aws_route_table.private",
            "module.vpc.aws_subnet.private",
            "module.vpc.aws_vpc.this",
            "module.vpc.aws_vpc_ipv4_cidr_block_association.this"
          ]
        },
        {
          "index_key": 2,
          "schema_version": 0,
          "attributes": {
            "gateway_id": "",
            "id": "rtbassoc-0e76cfcef43ae3b19",
            "route_table_id": "rtb-0103d0a65964f4426",
            "subnet_id": "subnet-0028e5ed0f076ff4d"
          },
          "sensitive_attributes": [],
          "private": "bnVsbA==",
          "dependencies": [
            "data.aws_availability_zones.available",
            "module.vpc.aws_route_table.private",
            "module.vpc.aws_subnet.private",
            "module.vpc.aws_vpc.this",
            "module.vpc.aws_vpc_ipv4_cidr_block_association.this"
          ]
        }
      ]
    },
    {
      "module": "module.vpc",
      "mode": "managed",
      "type": "aws_route_table_association",
      "name": "public",
      "provider": "provider[\"registry.terraform.io/hashicorp/aws\"]",
      "instances": [
        {
          "index_key": 0,
          "schema_version": 0,
          "attributes": {
            "gateway_id": "",
            "id": "rtbassoc-070849bbc3a280c1e",
            "route_table_id": "rtb-094600cc1d0c3f205",
            "subnet_id": "subnet-001c52d2ee21d211b"
          },
          "sensitive_attributes": [],
          "private": "bnVsbA==",
          "dependencies": [
            "data.aws_availability_zones.available",
            "module.vpc.aws_route_table.public",
            "module.vpc.aws_subnet.public",
            "module.vpc.aws_vpc.this",
            "module.vpc.aws_vpc_ipv4_cidr_block_association.this"
          ]
        },
        {
          "index_key": 1,
          "schema_version": 0,
          "attributes": {
            "gateway_id": "",
            "id": "rtbassoc-0f3e560d52d324ca9",
            "route_table_id": "rtb-094600cc1d0c3f205",
            "subnet_id": "subnet-0e0cb31692f2962f0"
          },
          "sensitive_attributes": [],
          "private": "bnVsbA==",
          "dependencies": [
            "data.aws_availability_zones.available",
            "module.vpc.aws_route_table.public",
            "module.vpc.aws_subnet.public",
            "module.vpc.aws_vpc.this",
            "module.vpc.aws_vpc_ipv4_cidr_block_association.this"
          ]
        },
        {
          "index_key": 2,
          "schema_version": 0,
          "attributes": {
            "gateway_id": "",
            "id": "rtbassoc-09e7e10aedea7526c",
            "route_table_id": "rtb-094600cc1d0c3f205",
            "subnet_id": "subnet-06f6eaeaffe77ad08"
          },
          "sensitive_attributes": [],
          "private": "bnVsbA==",
          "dependencies": [
            "data.aws_availability_zones.available",
            "module.vpc.aws_route_table.public",
            "module.vpc.aws_subnet.public",
            "module.vpc.aws_vpc.this",
            "module.vpc.aws_vpc_ipv4_cidr_block_association.this"
          ]
        }
      ]
    },
    {
      "module": "module.vpc",
      "mode": "managed",
      "type": "aws_subnet",
      "name": "private",
      "provider": "provider[\"registry.terraform.io/hashicorp/aws\"]",
      "instances": [
        {
          "index_key": 0,
          "schema_version": 1,
          "attributes": {
            "arn": "arn:aws:ec2:eu-central-1:513910674915:subnet/subnet-09e6bdc223b0abe6e",
            "assign_ipv6_address_on_creation": false,
            "availability_zone": "eu-central-1a",
            "availability_zone_id": "euc1-az2",
            "cidr_block": "10.1.1.0/24",
            "customer_owned_ipv4_pool": "",
            "id": "subnet-09e6bdc223b0abe6e",
            "ipv6_cidr_block": "",
            "ipv6_cidr_block_association_id": "",
            "map_customer_owned_ip_on_launch": false,
            "map_public_ip_on_launch": false,
            "outpost_arn": "",
            "owner_id": "513910674915",
            "tags": {
              "Name": "education-vpc-private-eu-central-1a",
              "kubernetes.io/cluster/demo-playsdev-eks": "shared",
              "kubernetes.io/role/internal-elb": "1"
            },
            "tags_all": {
              "Name": "education-vpc-private-eu-central-1a",
              "kubernetes.io/cluster/demo-playsdev-eks": "shared",
              "kubernetes.io/role/internal-elb": "1"
            },
            "timeouts": null,
            "vpc_id": "vpc-0a9082dfa1a6a0ace"
          },
          "sensitive_attributes": [],
          "private": "eyJlMmJmYjczMC1lY2FhLTExZTYtOGY4OC0zNDM2M2JjN2M0YzAiOnsiY3JlYXRlIjo2MDAwMDAwMDAwMDAsImRlbGV0ZSI6MTIwMDAwMDAwMDAwMH0sInNjaGVtYV92ZXJzaW9uIjoiMSJ9",
          "dependencies": [
            "data.aws_availability_zones.available",
            "module.vpc.aws_vpc.this",
            "module.vpc.aws_vpc_ipv4_cidr_block_association.this"
          ],
          "create_before_destroy": true
        },
        {
          "index_key": 1,
          "schema_version": 1,
          "attributes": {
            "arn": "arn:aws:ec2:eu-central-1:513910674915:subnet/subnet-0715870c3357ffc37",
            "assign_ipv6_address_on_creation": false,
            "availability_zone": "eu-central-1b",
            "availability_zone_id": "euc1-az3",
            "cidr_block": "10.1.2.0/24",
            "customer_owned_ipv4_pool": "",
            "id": "subnet-0715870c3357ffc37",
            "ipv6_cidr_block": "",
            "ipv6_cidr_block_association_id": "",
            "map_customer_owned_ip_on_launch": false,
            "map_public_ip_on_launch": false,
            "outpost_arn": "",
            "owner_id": "513910674915",
            "tags": {
              "Name": "education-vpc-private-eu-central-1b",
              "kubernetes.io/cluster/demo-playsdev-eks": "shared",
              "kubernetes.io/role/internal-elb": "1"
            },
            "tags_all": {
              "Name": "education-vpc-private-eu-central-1b",
              "kubernetes.io/cluster/demo-playsdev-eks": "shared",
              "kubernetes.io/role/internal-elb": "1"
            },
            "timeouts": null,
            "vpc_id": "vpc-0a9082dfa1a6a0ace"
          },
          "sensitive_attributes": [],
          "private": "eyJlMmJmYjczMC1lY2FhLTExZTYtOGY4OC0zNDM2M2JjN2M0YzAiOnsiY3JlYXRlIjo2MDAwMDAwMDAwMDAsImRlbGV0ZSI6MTIwMDAwMDAwMDAwMH0sInNjaGVtYV92ZXJzaW9uIjoiMSJ9",
          "dependencies": [
            "data.aws_availability_zones.available",
            "module.vpc.aws_vpc.this",
            "module.vpc.aws_vpc_ipv4_cidr_block_association.this"
          ],
          "create_before_destroy": true
        },
        {
          "index_key": 2,
          "schema_version": 1,
          "attributes": {
            "arn": "arn:aws:ec2:eu-central-1:513910674915:subnet/subnet-0028e5ed0f076ff4d",
            "assign_ipv6_address_on_creation": false,
            "availability_zone": "eu-central-1c",
            "availability_zone_id": "euc1-az1",
            "cidr_block": "10.1.3.0/24",
            "customer_owned_ipv4_pool": "",
            "id": "subnet-0028e5ed0f076ff4d",
            "ipv6_cidr_block": "",
            "ipv6_cidr_block_association_id": "",
            "map_customer_owned_ip_on_launch": false,
            "map_public_ip_on_launch": false,
            "outpost_arn": "",
            "owner_id": "513910674915",
            "tags": {
              "Name": "education-vpc-private-eu-central-1c",
              "kubernetes.io/cluster/demo-playsdev-eks": "shared",
              "kubernetes.io/role/internal-elb": "1"
            },
            "tags_all": {
              "Name": "education-vpc-private-eu-central-1c",
              "kubernetes.io/cluster/demo-playsdev-eks": "shared",
              "kubernetes.io/role/internal-elb": "1"
            },
            "timeouts": null,
            "vpc_id": "vpc-0a9082dfa1a6a0ace"
          },
          "sensitive_attributes": [],
          "private": "eyJlMmJmYjczMC1lY2FhLTExZTYtOGY4OC0zNDM2M2JjN2M0YzAiOnsiY3JlYXRlIjo2MDAwMDAwMDAwMDAsImRlbGV0ZSI6MTIwMDAwMDAwMDAwMH0sInNjaGVtYV92ZXJzaW9uIjoiMSJ9",
          "dependencies": [
            "data.aws_availability_zones.available",
            "module.vpc.aws_vpc.this",
            "module.vpc.aws_vpc_ipv4_cidr_block_association.this"
          ],
          "create_before_destroy": true
        }
      ]
    },
    {
      "module": "module.vpc",
      "mode": "managed",
      "type": "aws_subnet",
      "name": "public",
      "provider": "provider[\"registry.terraform.io/hashicorp/aws\"]",
      "instances": [
        {
          "index_key": 0,
          "schema_version": 1,
          "attributes": {
            "arn": "arn:aws:ec2:eu-central-1:513910674915:subnet/subnet-001c52d2ee21d211b",
            "assign_ipv6_address_on_creation": false,
            "availability_zone": "eu-central-1a",
            "availability_zone_id": "euc1-az2",
            "cidr_block": "10.1.4.0/24",
            "customer_owned_ipv4_pool": "",
            "id": "subnet-001c52d2ee21d211b",
            "ipv6_cidr_block": "",
            "ipv6_cidr_block_association_id": "",
            "map_customer_owned_ip_on_launch": false,
            "map_public_ip_on_launch": true,
            "outpost_arn": "",
            "owner_id": "513910674915",
            "tags": {
              "Name": "education-vpc-public-eu-central-1a",
              "kubernetes.io/cluster/demo-playsdev-eks": "shared",
              "kubernetes.io/role/elb": "1"
            },
            "tags_all": {
              "Name": "education-vpc-public-eu-central-1a",
              "kubernetes.io/cluster/demo-playsdev-eks": "shared",
              "kubernetes.io/role/elb": "1"
            },
            "timeouts": null,
            "vpc_id": "vpc-0a9082dfa1a6a0ace"
          },
          "sensitive_attributes": [],
          "private": "eyJlMmJmYjczMC1lY2FhLTExZTYtOGY4OC0zNDM2M2JjN2M0YzAiOnsiY3JlYXRlIjo2MDAwMDAwMDAwMDAsImRlbGV0ZSI6MTIwMDAwMDAwMDAwMH0sInNjaGVtYV92ZXJzaW9uIjoiMSJ9",
          "dependencies": [
            "data.aws_availability_zones.available",
            "module.vpc.aws_vpc.this",
            "module.vpc.aws_vpc_ipv4_cidr_block_association.this"
          ]
        },
        {
          "index_key": 1,
          "schema_version": 1,
          "attributes": {
            "arn": "arn:aws:ec2:eu-central-1:513910674915:subnet/subnet-0e0cb31692f2962f0",
            "assign_ipv6_address_on_creation": false,
            "availability_zone": "eu-central-1b",
            "availability_zone_id": "euc1-az3",
            "cidr_block": "10.1.5.0/24",
            "customer_owned_ipv4_pool": "",
            "id": "subnet-0e0cb31692f2962f0",
            "ipv6_cidr_block": "",
            "ipv6_cidr_block_association_id": "",
            "map_customer_owned_ip_on_launch": false,
            "map_public_ip_on_launch": true,
            "outpost_arn": "",
            "owner_id": "513910674915",
            "tags": {
              "Name": "education-vpc-public-eu-central-1b",
              "kubernetes.io/cluster/demo-playsdev-eks": "shared",
              "kubernetes.io/role/elb": "1"
            },
            "tags_all": {
              "Name": "education-vpc-public-eu-central-1b",
              "kubernetes.io/cluster/demo-playsdev-eks": "shared",
              "kubernetes.io/role/elb": "1"
            },
            "timeouts": null,
            "vpc_id": "vpc-0a9082dfa1a6a0ace"
          },
          "sensitive_attributes": [],
          "private": "eyJlMmJmYjczMC1lY2FhLTExZTYtOGY4OC0zNDM2M2JjN2M0YzAiOnsiY3JlYXRlIjo2MDAwMDAwMDAwMDAsImRlbGV0ZSI6MTIwMDAwMDAwMDAwMH0sInNjaGVtYV92ZXJzaW9uIjoiMSJ9",
          "dependencies": [
            "data.aws_availability_zones.available",
            "module.vpc.aws_vpc.this",
            "module.vpc.aws_vpc_ipv4_cidr_block_association.this"
          ]
        },
        {
          "index_key": 2,
          "schema_version": 1,
          "attributes": {
            "arn": "arn:aws:ec2:eu-central-1:513910674915:subnet/subnet-06f6eaeaffe77ad08",
            "assign_ipv6_address_on_creation": false,
            "availability_zone": "eu-central-1c",
            "availability_zone_id": "euc1-az1",
            "cidr_block": "10.1.6.0/24",
            "customer_owned_ipv4_pool": "",
            "id": "subnet-06f6eaeaffe77ad08",
            "ipv6_cidr_block": "",
            "ipv6_cidr_block_association_id": "",
            "map_customer_owned_ip_on_launch": false,
            "map_public_ip_on_launch": true,
            "outpost_arn": "",
            "owner_id": "513910674915",
            "tags": {
              "Name": "education-vpc-public-eu-central-1c",
              "kubernetes.io/cluster/demo-playsdev-eks": "shared",
              "kubernetes.io/role/elb": "1"
            },
            "tags_all": {
              "Name": "education-vpc-public-eu-central-1c",
              "kubernetes.io/cluster/demo-playsdev-eks": "shared",
              "kubernetes.io/role/elb": "1"
            },
            "timeouts": null,
            "vpc_id": "vpc-0a9082dfa1a6a0ace"
          },
          "sensitive_attributes": [],
          "private": "eyJlMmJmYjczMC1lY2FhLTExZTYtOGY4OC0zNDM2M2JjN2M0YzAiOnsiY3JlYXRlIjo2MDAwMDAwMDAwMDAsImRlbGV0ZSI6MTIwMDAwMDAwMDAwMH0sInNjaGVtYV92ZXJzaW9uIjoiMSJ9",
          "dependencies": [
            "data.aws_availability_zones.available",
            "module.vpc.aws_vpc.this",
            "module.vpc.aws_vpc_ipv4_cidr_block_association.this"
          ]
        }
      ]
    },
    {
      "module": "module.vpc",
      "mode": "managed",
      "type": "aws_vpc",
      "name": "this",
      "provider": "provider[\"registry.terraform.io/hashicorp/aws\"]",
      "instances": [
        {
          "index_key": 0,
          "schema_version": 1,
          "attributes": {
            "arn": "arn:aws:ec2:eu-central-1:513910674915:vpc/vpc-0a9082dfa1a6a0ace",
            "assign_generated_ipv6_cidr_block": false,
            "cidr_block": "10.1.0.0/16",
            "default_network_acl_id": "acl-0765026264a239a41",
            "default_route_table_id": "rtb-0aef8d2acc519bc14",
            "default_security_group_id": "sg-0c9713b8650a8c46c",
            "dhcp_options_id": "dopt-acf569c6",
            "enable_classiclink": null,
            "enable_classiclink_dns_support": null,
            "enable_dns_hostnames": true,
            "enable_dns_support": true,
            "id": "vpc-0a9082dfa1a6a0ace",
            "instance_tenancy": "default",
            "ipv6_association_id": "",
            "ipv6_cidr_block": "",
            "main_route_table_id": "rtb-0aef8d2acc519bc14",
            "owner_id": "513910674915",
            "tags": {
              "Name": "education-vpc",
              "kubernetes.io/cluster/demo-playsdev-eks": "shared"
            },
            "tags_all": {
              "Name": "education-vpc",
              "kubernetes.io/cluster/demo-playsdev-eks": "shared"
            }
          },
          "sensitive_attributes": [],
          "private": "eyJzY2hlbWFfdmVyc2lvbiI6IjEifQ==",
          "create_before_destroy": true
        }
      ]
    }
  ]
}
