{
  "version": 4,
  "terraform_version": "1.0.7",
  "serial": 535,
  "lineage": "6bab1c40-a45c-59a8-6996-5ccd7a876c16",
  "outputs": {
    "cluster_endpoint": {
      "value": "https://A27750A62238877BB9A43EECE2C7F813.yl4.eu-central-1.eks.amazonaws.com",
      "type": "string"
    },
    "cluster_id": {
      "value": "demo-playsdev-eks",
      "type": "string"
    },
    "cluster_name": {
      "value": "demo-playsdev-eks",
      "type": "string"
    },
    "cluster_security_group_id": {
      "value": "sg-04a4befdc6abfc61c",
      "type": "string"
    },
    "config_map_aws_auth": {
      "value": [
        {
          "binary_data": null,
          "data": {
            "mapAccounts": "[]\n",
            "mapRoles": "- \"groups\":\n  - \"system:bootstrappers\"\n  - \"system:nodes\"\n  \"rolearn\": \"arn:aws:iam::513910674915:role/demo-playsdev-eks2021092707001763530000000e\"\n  \"username\": \"system:node:{{EC2PrivateDNSName}}\"\n",
            "mapUsers": "[]\n"
          },
          "id": "kube-system/aws-auth",
          "metadata": [
            {
              "annotations": null,
              "generate_name": "",
              "generation": 0,
              "labels": {
                "app.kubernetes.io/managed-by": "Terraform",
                "terraform.io/module": "terraform-aws-modules.eks.aws"
              },
              "name": "aws-auth",
              "namespace": "kube-system",
              "resource_version": "631",
              "uid": "f7b07ad2-ed58-438d-b5e5-19152afde278"
            }
          ]
        }
      ],
      "type": [
        "tuple",
        [
          [
            "object",
            {
              "binary_data": [
                "map",
                "string"
              ],
              "data": [
                "map",
                "string"
              ],
              "id": "string",
              "metadata": [
                "list",
                [
                  "object",
                  {
                    "annotations": [
                      "map",
                      "string"
                    ],
                    "generate_name": "string",
                    "generation": "number",
                    "labels": [
                      "map",
                      "string"
                    ],
                    "name": "string",
                    "namespace": "string",
                    "resource_version": "string",
                    "uid": "string"
                  }
                ]
              ]
            }
          ]
        ]
      ]
    },
    "kubectl_config": {
      "value": "apiVersion: v1\npreferences: {}\nkind: Config\n\nclusters:\n- cluster:\n    server: https://A27750A62238877BB9A43EECE2C7F813.yl4.eu-central-1.eks.amazonaws.com\n    certificate-authority-data: LS0tLS1CRUdJTiBDRVJUSUZJQ0FURS0tLS0tCk1JSUM1ekNDQWMrZ0F3SUJBZ0lCQURBTkJna3Foa2lHOXcwQkFRc0ZBREFWTVJNd0VRWURWUVFERXdwcmRXSmwKY201bGRHVnpNQjRYRFRJeE1Ea3lOekEyTlRZeE1Gb1hEVE14TURreU5UQTJOVFl4TUZvd0ZURVRNQkVHQTFVRQpBeE1LYTNWaVpYSnVaWFJsY3pDQ0FTSXdEUVlKS29aSWh2Y05BUUVCQlFBRGdnRVBBRENDQVFvQ2dnRUJBTXc2CmhBVU9LYzJjcDlxRHIrQ1NCYkhESGszVUVZNG5nYzRKMFcwQ2wvekt0WlZhZVZzN1YwTllHYUUvTEg1VGdEdVgKUGM1R2JDWE5adHBoN0RMYkMrVUNSN3EyVlVoQTFPdDBKYWtiZUM3U21FK1ZrazZNSTNkRUxlaGhsZFZLNkNUZgpvN1B0dytiNWEydlF3akYvcVlwbyt2S1JPdkVGQTVONjBVWThBK1lEa1Y5cFdmbFlxT1lxSmtaUGFZc3JTVXk5CmxScVJGOWRLTDViNHN6RDZ0SUsxdmNqcU4vYmN2WjBtUEE5b1RkSXBjZnQyWGRIU1JneGlEdjczMzgvRkE1bG8KQ2cyMFNyWWkwTEFTeVBtY0RKdFA0dllKWVhkRzZnWkpabTQyMmk3VC9icXF5YlpKTEdGMm9ydDZieEdmQVRsQQpWNWZMcm0xRkkzT2hodUt4NHhFQ0F3RUFBYU5DTUVBd0RnWURWUjBQQVFIL0JBUURBZ0trTUE4R0ExVWRFd0VCCi93UUZNQU1CQWY4d0hRWURWUjBPQkJZRUZGSE1aUHVQdlE1OGtOQ3l6a25KWlhkZTFiOS9NQTBHQ1NxR1NJYjMKRFFFQkN3VUFBNElCQVFDY3dXZCtvQ2hCeG1UZ1JDS2UyVDFtOE4xZ25QbVJreEtqWSs4blcvOW5OTjNuUW1pdgpRMjFqcVY3NUJ3RGlOaTd4T2U0aVlaQVdGK2oxM0hMcFV2M2ppNXBIWUJ5WUJzelVmalV1STVYNTJ5RHJ1MU91CjEvSlBaQUFNTFdQWHpFRnA0N1AySGFTWU1nSWh1TUdhVTR1Wm9vL1VvcElVb0ZkZlZGckRadmYzL1RFTkJ4Q0EKc09hMXlVWGJxTk5tM25BM0p2citxeHN3dnpIYjRTQTNqWUZwYkFITW9UaEhOYlRlNjBqREY4TVJoNXZ6M1hhRgorYm9WUG5oUHZRalgvQytvaVZ1WkVxZUpKdnR0VkRhNm5rTUNsUmxVaDJhZXRnc3ZmMGRTREs2YjJlQ0pudG5uCmJzejFKNThrN3ROSVFuM052andQTEpka2x1Z2ZaRHJuc3RZMQotLS0tLUVORCBDRVJUSUZJQ0FURS0tLS0tCg==\n  name: eks_demo-playsdev-eks\n\ncontexts:\n- context:\n    cluster: eks_demo-playsdev-eks\n    user: eks_demo-playsdev-eks\n  name: eks_demo-playsdev-eks\n\ncurrent-context: eks_demo-playsdev-eks\n\nusers:\n- name: eks_demo-playsdev-eks\n  user:\n    exec:\n      apiVersion: client.authentication.k8s.io/v1alpha1\n      command: aws-iam-authenticator\n      args:\n        - \"token\"\n        - \"-i\"\n        - \"demo-playsdev-eks\"\n",
      "type": "string"
    },
    "region": {
      "value": "eu-central-1",
      "type": "string"
    },
    "ssh_private_key": {
      "value": "-----BEGIN RSA PRIVATE KEY-----\nMIIJKAIBAAKCAgEA5VeXMLVA9NJdr6o9+D1YlLKtAKrYCJaw9jbTJHrYBYze15Pv\ncvCB2LnCxOn2/8NHGj3Oh1p0jS7zvaQ78yyS+xGZeuTUKeEoJGzgHQ0k6xHhBnVt\nIh8v4O9CAqljVVNkK914SOuoNSs/sv4Xp3VY+KYWJx5XBz3xDQ8ZqUXcQ4IyRn9d\nVGID3anHZ7Hq3Of6hgNDXomeH+6yd/bx7KVAIQF2ifSKb78q7et48c+oLi1dpS06\nZX697MLNQporqLxpKwM/K2s6I+pJDxzTbSxeqe2ZmROOxDPNpjmWVGF/L/wzLlp7\nktBkrbaY9T0ec6MUDYzyL/4DYBHyy3wolyujOPxxuKaQNeMS8V5N3Nhm2o10Uhbx\nbhXCD3KuJCCJf12BG0g79x41SBVPdTsf0toervzKI8IwF9IY7wq+ZPV7s4LNIJze\no0Wx18gL/L8agLK2K1yCnFCgTegaPKrjuMMNzkCpmYt3XunIEZp35sw5dvtoZuCc\nTK5T5ayWWARkdKhwC73cag68e9LzvRrliGWs4nIvp2sH6HCsEX6vOQAhCAQRUltX\nmso4XQZyWEATsLxbV7T1V8OthlQRaWwhdhnAiu6opcPeA3MXjdytKAdJdmXuJIUr\n/KK55otvf02BiAn7w5A4WcHNigXkFXmPFGPTSRAGF9ebOSyySjRoX1VswVECAwEA\nAQKCAgAw2h+SeImFnOnn6VOZ9TdRNV40ri+mZLL9P2BqfOBXDlLJiPGQgjqmd6tN\nVqkOggI7TL8ZheMdz8qLstgyTGRiprUSwHuREC0E1UxH4+zhRcWxIoJEqnAAcfaV\nqo9GNaU40sw0fD4wVS4UapuPSCfTj01Yt9XB7SfTqEvHCuKIXstmyOqQdvBr3yZi\nqDtnIuLyeO94y8eq9aV+eFPAHNM0NKOTb0ut0gLK+0Wf/KPOcktoS+IMjJrYPAaN\nEVoLb1bXmrFyBj00OUumtHU05Cal+76kJM5cbMx5g/rJrprxFb+xOATqmQlZF3Qt\niP9bknlLCaLtJiaB6FDXl3LuAJWbvqE5on5bzqIJmv11hQTapYEUBEIfUAVm0GqM\nQPns10Ee2EkoYJtMzZpJ+FoJ7y6Qto31nyn9oNzAmb128O7RiO/4RZTU7NSXAhxY\nM7DMruGwFPvZjW9Pnz197xi93xPOrxSvmi21QtjsR7+Pf3IjZEI4uhLwibU/46fk\nv+Z5N187j85Jv/6Ar3mLxl7YAZAJKCoyI8Y/MWG8/r3vjLyZcOvdKT6ifKBjUKWQ\nB/uh0jE7eceIXrzsCkLuRngPUhntAkGGj1HeLjY52VpgisoXk9/Zg/BvYHbMycqn\nh8qs/w+d2YTgfiUZB0nl6dU3ruMZaraP6i1M7lVGHlYDZrhlIQKCAQEA+oq3g862\n+iuS4VMxRAJtC3UApGoGU8vZ8xIQnQG3pIWNntdbijWRWFtei1TdEXpQEns+Z+7T\nmRwPae3KObLHQjaICAAqzdlKNanopJ7xSDmnyvYDicqo3hhHFeE28mwVvZGz4oLD\n6I5lIo5Lo83eLd6Ud8NDdzIWncN9Xox5676zqsQoIGwx7J3OnLjPvw+LlxHqvHpv\nYZRMTL9qx9ZzzkD5z68viEuR5scYB80mRdVOo7mA6uzg277dcnq1mexHbB9fmIpf\npVtwgVrv2gsElIj5JEYK5iBQwECphMk8Dh6mY9m9SU2UBZxhe5o1uiRkzUoBgL9+\ntKkmjhAdTixV5wKCAQEA6lakWZ+jWQac5GxbbvBj7cHSKAl3j/7izASXVjtjD7j7\n9T1HVlC+Dom8RJ/vA1CarU2lS5dw6k9xClTF5Oc+2gOTWFVBbGAJtTzF6Ls5KMrf\nk618StpkqYddqIu7U5u/NSGakWKk+HTPz91xgw3M6ZpO4hsBWtJphYMKCYs7eTNF\nUGIrE5JwqruJ2tgaM75x2I+JqnAT1uNHm10hyuuML9ku7zNtQGe7s2J5CiSedGnp\nLViN0cKmN/AZFGHXWH1Itu/OS72bSxYwur+gY5+FEtYIiju0sOWg7rIcmQAYKkja\nG73ut3r89mWupGi9I4s8nfxLue9nOHjYw5wmgflYBwKCAQBF5Or7V3DOa9eHCrlk\nurSHDLYIKBfpyqXb3L9Lvc3olOWEWZoM/ZK1ro+6mQsvNAsgjMdFIWhgf2aBa7gN\nzqUuAJ6EdN98G9FLFUJ0om63cnYv9d/Y0fO4Odei7/hvOt35y6r+VvKmbwshz8ak\nROtlqoGKw6uPliafDolsFg5xSPtAeYakPOrUktWv/RLfv0t28qWkvRdThpaelowI\ngfg+ovvOB5ZgFIz4b7RxgLbbpn1QyZCAeWLliuKmbDs7XKI0NLBrkrbKH69MNv1Q\nu+AkO+4dQ3kI6Bz+9UsVYzpgygYrNvRKfdz8j7rWS5gPfNWuO6Ydr85+Qe4ilbZH\nN7EjAoIBABBTlQPBgYn0Uf4AJqamDPBFrrSnZDMeGQMJ1tllLdOsmbFOYaf73CH7\nKqjFU8uxU/V7EWcg1/cbLc8AdQErs09RLHTdC7/XORXtdARw9tyGtej+D0jPym+d\nRMM3aQe8NCgpfTFf5AqDaO8ciIoO7hXgcFqEcyW2vy9UH+DmWHBrSAr/q+yjKUJb\n6pDauYidXiUuavL6+Abistx6Mp6Gpq+2u/Riatwv3f3zgGdagceukVZdcxQIMbh3\n++dVocFCiUxljMPuI+GpXB/Gtg/6zzSuwM2Qt1gTx5CZzDBEt2pKxRdltjoGUZWB\nJBfETFkrnD+NkmET8ucWVFPcjzpC+wUCggEBALm+bV/ywLZP5yZ26GzRxMcUwsCM\nZqcWl/p+ETPh0lbkEzacQlZb+JWmbu7XTI0g1SsAFKV+l7z4c+7YasK81ApNyVX8\n8CgbhNCUa520oAEwimuT9dB+npTYcgvkJSxYhlr0YQBbXpbdwIfng3yEyW5VZVoZ\nrgEbpDlTj+XVGkK2uZznw6kdh0Or8zNrQZP0k+TSKk6wRU8fuDXd3fb9ZiDAV4SS\nLhkIii/lO+ihI5/ez829vHm37bRmsZtH6y+H1GGrFmk25nsFUMUyAXNYHOJY7huc\nQelIlj9YQNcO2djOGK1dp6BBaXdpgpteNtP+0DtGxvONy/o/ruUyrYgsWqE=\n-----END RSA PRIVATE KEY-----\n",
      "type": "string",
      "sensitive": true
    },
    "ssh_public_key": {
      "value": "ssh-rsa AAAAB3NzaC1yc2EAAAADAQABAAACAQDlV5cwtUD00l2vqj34PViUsq0AqtgIlrD2NtMketgFjN7Xk+9y8IHYucLE6fb/w0caPc6HWnSNLvO9pDvzLJL7EZl65NQp4SgkbOAdDSTrEeEGdW0iHy/g70ICqWNVU2Qr3XhI66g1Kz+y/hendVj4phYnHlcHPfENDxmpRdxDgjJGf11UYgPdqcdnserc5/qGA0NeiZ4f7rJ39vHspUAhAXaJ9Ipvvyrt63jxz6guLV2lLTplfr3sws1CmiuovGkrAz8razoj6kkPHNNtLF6p7ZmZE47EM82mOZZUYX8v/DMuWnuS0GSttpj1PR5zoxQNjPIv/gNgEfLLfCiXK6M4/HG4ppA14xLxXk3c2GbajXRSFvFuFcIPcq4kIIl/XYEbSDv3HjVIFU91Ox/S2h6u/MojwjAX0hjvCr5k9Xuzgs0gnN6jRbHXyAv8vxqAsrYrXIKcUKBN6Bo8quO4ww3OQKmZi3de6cgRmnfmzDl2+2hm4JxMrlPlrJZYBGR0qHALvdxqDrx70vO9GuWIZazici+nawfocKwRfq85ACEIBBFSW1eayjhdBnJYQBOwvFtXtPVXw62GVBFpbCF2GcCK7qilw94DcxeN3K0oB0l2Ze4khSv8ornmi29/TYGICfvDkDhZwc2KBeQVeY8UY9NJEAYX15s5LLJKNGhfVWzBUQ==\n",
      "type": "string"
    }
  },
  "resources": [
    {
      "mode": "data",
      "type": "aws_availability_zones",
      "name": "available",
      "provider": "provider[\"registry.terraform.io/hashicorp/aws\"]",
      "instances": [
        {
          "schema_version": 0,
          "attributes": {
            "all_availability_zones": null,
            "exclude_names": null,
            "exclude_zone_ids": null,
            "filter": null,
            "group_names": [
              "eu-central-1"
            ],
            "id": "eu-central-1",
            "names": [
              "eu-central-1a",
              "eu-central-1b",
              "eu-central-1c"
            ],
            "state": null,
            "zone_ids": [
              "euc1-az2",
              "euc1-az3",
              "euc1-az1"
            ]
          },
          "sensitive_attributes": []
        }
      ]
    },
    {
      "mode": "data",
      "type": "aws_eks_cluster",
      "name": "cluster",
      "provider": "provider[\"registry.terraform.io/hashicorp/aws\"]",
      "instances": [
        {
          "schema_version": 0,
          "attributes": {
            "arn": "arn:aws:eks:eu-central-1:513910674915:cluster/demo-playsdev-eks",
            "certificate_authority": [
              {
                "data": "LS0tLS1CRUdJTiBDRVJUSUZJQ0FURS0tLS0tCk1JSUM1ekNDQWMrZ0F3SUJBZ0lCQURBTkJna3Foa2lHOXcwQkFRc0ZBREFWTVJNd0VRWURWUVFERXdwcmRXSmwKY201bGRHVnpNQjRYRFRJeE1Ea3lOekEyTlRZeE1Gb1hEVE14TURreU5UQTJOVFl4TUZvd0ZURVRNQkVHQTFVRQpBeE1LYTNWaVpYSnVaWFJsY3pDQ0FTSXdEUVlKS29aSWh2Y05BUUVCQlFBRGdnRVBBRENDQVFvQ2dnRUJBTXc2CmhBVU9LYzJjcDlxRHIrQ1NCYkhESGszVUVZNG5nYzRKMFcwQ2wvekt0WlZhZVZzN1YwTllHYUUvTEg1VGdEdVgKUGM1R2JDWE5adHBoN0RMYkMrVUNSN3EyVlVoQTFPdDBKYWtiZUM3U21FK1ZrazZNSTNkRUxlaGhsZFZLNkNUZgpvN1B0dytiNWEydlF3akYvcVlwbyt2S1JPdkVGQTVONjBVWThBK1lEa1Y5cFdmbFlxT1lxSmtaUGFZc3JTVXk5CmxScVJGOWRLTDViNHN6RDZ0SUsxdmNqcU4vYmN2WjBtUEE5b1RkSXBjZnQyWGRIU1JneGlEdjczMzgvRkE1bG8KQ2cyMFNyWWkwTEFTeVBtY0RKdFA0dllKWVhkRzZnWkpabTQyMmk3VC9icXF5YlpKTEdGMm9ydDZieEdmQVRsQQpWNWZMcm0xRkkzT2hodUt4NHhFQ0F3RUFBYU5DTUVBd0RnWURWUjBQQVFIL0JBUURBZ0trTUE4R0ExVWRFd0VCCi93UUZNQU1CQWY4d0hRWURWUjBPQkJZRUZGSE1aUHVQdlE1OGtOQ3l6a25KWlhkZTFiOS9NQTBHQ1NxR1NJYjMKRFFFQkN3VUFBNElCQVFDY3dXZCtvQ2hCeG1UZ1JDS2UyVDFtOE4xZ25QbVJreEtqWSs4blcvOW5OTjNuUW1pdgpRMjFqcVY3NUJ3RGlOaTd4T2U0aVlaQVdGK2oxM0hMcFV2M2ppNXBIWUJ5WUJzelVmalV1STVYNTJ5RHJ1MU91CjEvSlBaQUFNTFdQWHpFRnA0N1AySGFTWU1nSWh1TUdhVTR1Wm9vL1VvcElVb0ZkZlZGckRadmYzL1RFTkJ4Q0EKc09hMXlVWGJxTk5tM25BM0p2citxeHN3dnpIYjRTQTNqWUZwYkFITW9UaEhOYlRlNjBqREY4TVJoNXZ6M1hhRgorYm9WUG5oUHZRalgvQytvaVZ1WkVxZUpKdnR0VkRhNm5rTUNsUmxVaDJhZXRnc3ZmMGRTREs2YjJlQ0pudG5uCmJzejFKNThrN3ROSVFuM052andQTEpka2x1Z2ZaRHJuc3RZMQotLS0tLUVORCBDRVJUSUZJQ0FURS0tLS0tCg=="
              }
            ],
            "created_at": "2021-09-27 06:49:23.402 +0000 UTC",
            "enabled_cluster_log_types": [],
            "endpoint": "https://A27750A62238877BB9A43EECE2C7F813.yl4.eu-central-1.eks.amazonaws.com",
            "id": "demo-playsdev-eks",
            "identity": [
              {
                "oidc": [
                  {
                    "issuer": "https://oidc.eks.eu-central-1.amazonaws.com/id/A27750A62238877BB9A43EECE2C7F813"
                  }
                ]
              }
            ],
            "kubernetes_network_config": [
              {
                "service_ipv4_cidr": "172.20.0.0/16"
              }
            ],
            "name": "demo-playsdev-eks",
            "platform_version": "eks.2",
            "role_arn": "arn:aws:iam::513910674915:role/demo-playsdev-eks20210927064854827600000001",
            "status": "ACTIVE",
            "tags": {
              "Environment": "training",
              "GithubOrg": "terraform-aws-modules",
              "GithubRepo": "terraform-aws-eks"
            },
            "version": "1.20",
            "vpc_config": [
              {
                "cluster_security_group_id": "sg-0ff7ec4ee82950d4e",
                "endpoint_private_access": false,
                "endpoint_public_access": true,
                "public_access_cidrs": [
                  "0.0.0.0/0"
                ],
                "security_group_ids": [
                  "sg-04a4befdc6abfc61c"
                ],
                "subnet_ids": [
                  "subnet-026c9d8f230b798f9",
                  "subnet-083f750cf3dffa649",
                  "subnet-0ec04039ab1b85f8f"
                ],
                "vpc_id": "vpc-072405c10923ee786"
              }
            ]
          },
          "sensitive_attributes": []
        }
      ]
    },
    {
      "mode": "data",
      "type": "aws_eks_cluster_auth",
      "name": "cluster",
      "provider": "provider[\"registry.terraform.io/hashicorp/aws\"]",
      "instances": [
        {
          "schema_version": 0,
          "attributes": {
            "id": "demo-playsdev-eks",
            "name": "demo-playsdev-eks",
            "token": "k8s-aws-v1.aHR0cHM6Ly9zdHMuYW1hem9uYXdzLmNvbS8_QWN0aW9uPUdldENhbGxlcklkZW50aXR5JlZlcnNpb249MjAxMS0wNi0xNSZYLUFtei1BbGdvcml0aG09QVdTNC1ITUFDLVNIQTI1NiZYLUFtei1DcmVkZW50aWFsPUFLSUFYUEozV1NYUllKTVE3U1ZCJTJGMjAyMTA5MjclMkZ1cy1lYXN0LTElMkZzdHMlMkZhd3M0X3JlcXVlc3QmWC1BbXotRGF0ZT0yMDIxMDkyN1QwNzAwMThaJlgtQW16LUV4cGlyZXM9MCZYLUFtei1TaWduZWRIZWFkZXJzPWhvc3QlM0J4LWs4cy1hd3MtaWQmWC1BbXotU2lnbmF0dXJlPTMxMTYyOTM3YWNlNDRiNWRlNjRkMjhjMTdiY2U5MWIyNjNkZDE1NzQxNTA2MWRhZjQyNGQ1ZDMzNzNmMjM4ZTI"
          },
          "sensitive_attributes": []
        }
      ]
    },
    {
      "mode": "managed",
      "type": "aws_db_instance",
      "name": "playsdev-db",
      "provider": "provider[\"registry.terraform.io/hashicorp/aws\"]",
      "instances": [
        {
          "schema_version": 1,
          "attributes": {
            "address": "terraform-20210927064904693300000008.cxbzdmish8xg.eu-central-1.rds.amazonaws.com",
            "allocated_storage": 10,
            "allow_major_version_upgrade": null,
            "apply_immediately": null,
            "arn": "arn:aws:rds:eu-central-1:513910674915:db:terraform-20210927064904693300000008",
            "auto_minor_version_upgrade": true,
            "availability_zone": "eu-central-1a",
            "backup_retention_period": 0,
            "backup_window": "22:42-23:12",
            "ca_cert_identifier": "rds-ca-2019",
            "character_set_name": "",
            "copy_tags_to_snapshot": false,
            "customer_owned_ip_enabled": false,
            "db_subnet_group_name": "playsdev-db-subnet",
            "delete_automated_backups": true,
            "deletion_protection": false,
            "domain": "",
            "domain_iam_role_name": "",
            "enabled_cloudwatch_logs_exports": null,
            "endpoint": "terraform-20210927064904693300000008.cxbzdmish8xg.eu-central-1.rds.amazonaws.com:3306",
            "engine": "mysql",
            "engine_version": "5.7",
            "engine_version_actual": "5.7.33",
            "final_snapshot_identifier": null,
            "hosted_zone_id": "Z1RLNUO7B9Q6NB",
            "iam_database_authentication_enabled": false,
            "id": "terraform-20210927064904693300000008",
            "identifier": "terraform-20210927064904693300000008",
            "identifier_prefix": null,
            "instance_class": "db.t2.micro",
            "iops": 0,
            "kms_key_id": "",
            "latest_restorable_time": "0001-01-01T00:00:00Z",
            "license_model": "general-public-license",
            "maintenance_window": "sun:21:31-sun:22:01",
            "max_allocated_storage": 0,
            "monitoring_interval": 0,
            "monitoring_role_arn": "",
            "multi_az": true,
            "name": "mydb",
            "nchar_character_set_name": "",
            "option_group_name": "default:mysql-5-7",
            "parameter_group_name": "default.mysql5.7",
            "password": "password",
            "performance_insights_enabled": false,
            "performance_insights_kms_key_id": "",
            "performance_insights_retention_period": 0,
            "port": 3306,
            "publicly_accessible": false,
            "replicas": [],
            "replicate_source_db": "",
            "resource_id": "db-UG67EBSS2NU2FH6P44VVEQRXYE",
            "restore_to_point_in_time": [],
            "s3_import": [],
            "security_group_names": null,
            "skip_final_snapshot": true,
            "snapshot_identifier": null,
            "status": "available",
            "storage_encrypted": false,
            "storage_type": "gp2",
            "tags": null,
            "tags_all": {},
            "timeouts": null,
            "timezone": "",
            "username": "root",
            "vpc_security_group_ids": [
              "sg-08acfee8f512385ea"
            ]
          },
          "sensitive_attributes": [],
          "private": "eyJlMmJmYjczMC1lY2FhLTExZTYtOGY4OC0zNDM2M2JjN2M0YzAiOnsiY3JlYXRlIjoyNDAwMDAwMDAwMDAwLCJkZWxldGUiOjM2MDAwMDAwMDAwMDAsInVwZGF0ZSI6NDgwMDAwMDAwMDAwMH0sInNjaGVtYV92ZXJzaW9uIjoiMSJ9",
          "dependencies": [
            "aws_db_subnet_group.playsdev-db-subnet",
            "aws_security_group.playsdev-sg",
            "aws_subnet.playsdev-private-subnet",
            "aws_subnet.playsdev-private-subnet-2",
            "aws_vpc.playsdev_vpc"
          ]
        }
      ]
    },
    {
      "mode": "managed",
      "type": "aws_db_subnet_group",
      "name": "playsdev-db-subnet",
      "provider": "provider[\"registry.terraform.io/hashicorp/aws\"]",
      "instances": [
        {
          "schema_version": 0,
          "attributes": {
            "arn": "arn:aws:rds:eu-central-1:513910674915:subgrp:playsdev-db-subnet",
            "description": "Managed by Terraform",
            "id": "playsdev-db-subnet",
            "name": "playsdev-db-subnet",
            "name_prefix": null,
            "subnet_ids": [
              "subnet-060c110796609efb2",
              "subnet-0a37f0de77bf6ea75"
            ],
            "tags": {
              "Name": "playsdev-db-subnet"
            },
            "tags_all": {
              "Name": "playsdev-db-subnet"
            }
          },
          "sensitive_attributes": [],
          "private": "bnVsbA==",
          "dependencies": [
            "aws_subnet.playsdev-private-subnet",
            "aws_subnet.playsdev-private-subnet-2",
            "aws_vpc.playsdev_vpc"
          ]
        }
      ]
    },
    {
      "mode": "managed",
      "type": "aws_ecr_repository",
      "name": "playsdev-ecr",
      "provider": "provider[\"registry.terraform.io/hashicorp/aws\"]",
      "instances": [
        {
          "schema_version": 0,
          "attributes": {
            "arn": "arn:aws:ecr:eu-central-1:513910674915:repository/playsdev-ecr",
            "encryption_configuration": [
              {
                "encryption_type": "AES256",
                "kms_key": ""
              }
            ],
            "id": "playsdev-ecr",
            "image_scanning_configuration": [
              {
                "scan_on_push": true
              }
            ],
            "image_tag_mutability": "MUTABLE",
            "name": "playsdev-ecr",
            "registry_id": "513910674915",
            "repository_url": "513910674915.dkr.ecr.eu-central-1.amazonaws.com/playsdev-ecr",
            "tags": null,
            "tags_all": {},
            "timeouts": null
          },
          "sensitive_attributes": [],
          "private": "eyJlMmJmYjczMC1lY2FhLTExZTYtOGY4OC0zNDM2M2JjN2M0YzAiOnsiZGVsZXRlIjoxMjAwMDAwMDAwMDAwfX0="
        }
      ]
    },
    {
      "mode": "managed",
      "type": "aws_eip",
      "name": "lb",
      "provider": "provider[\"registry.terraform.io/hashicorp/aws\"]",
      "instances": [
        {
          "schema_version": 0,
          "attributes": {
            "address": null,
            "allocation_id": null,
            "associate_with_private_ip": null,
            "association_id": "eipassoc-05af21f867ef8e871",
            "carrier_ip": "",
            "customer_owned_ip": "",
            "customer_owned_ipv4_pool": "",
            "domain": "vpc",
            "id": "eipalloc-4cb47041",
            "instance": "i-025b18e1faa96146a",
            "network_border_group": "eu-central-1",
            "network_interface": "eni-0436e999e616d3b5d",
            "private_dns": "ip-33-3-1-207.eu-central-1.compute.internal",
            "private_ip": "33.3.1.207",
            "public_dns": "ec2-3-70-73-18.eu-central-1.compute.amazonaws.com",
            "public_ip": "3.70.73.18",
            "public_ipv4_pool": "amazon",
            "tags": null,
            "tags_all": {},
            "timeouts": null,
            "vpc": true
          },
          "sensitive_attributes": [],
          "private": "eyJlMmJmYjczMC1lY2FhLTExZTYtOGY4OC0zNDM2M2JjN2M0YzAiOnsiZGVsZXRlIjoxODAwMDAwMDAwMDAsInJlYWQiOjkwMDAwMDAwMDAwMCwidXBkYXRlIjozMDAwMDAwMDAwMDB9fQ==",
          "dependencies": [
            "aws_instance.web",
            "aws_key_pair.generated_key",
            "aws_security_group.playsdev-sg",
            "aws_subnet.playsdev-public-subnet",
            "aws_vpc.playsdev_vpc",
            "tls_private_key.example"
          ]
        }
      ]
    },
    {
      "mode": "managed",
      "type": "aws_instance",
      "name": "web",
      "provider": "provider[\"registry.terraform.io/hashicorp/aws\"]",
      "instances": [
        {
          "schema_version": 1,
          "attributes": {
            "ami": "ami-05f7491af5eef733a",
            "arn": "arn:aws:ec2:eu-central-1:513910674915:instance/i-025b18e1faa96146a",
            "associate_public_ip_address": true,
            "availability_zone": "eu-central-1a",
            "capacity_reservation_specification": [
              {
                "capacity_reservation_preference": "open",
                "capacity_reservation_target": []
              }
            ],
            "cpu_core_count": 1,
            "cpu_threads_per_core": 1,
            "credit_specification": [
              {
                "cpu_credits": "standard"
              }
            ],
            "disable_api_termination": false,
            "ebs_block_device": [],
            "ebs_optimized": false,
            "enclave_options": [
              {
                "enabled": false
              }
            ],
            "ephemeral_block_device": [],
            "get_password_data": false,
            "hibernation": false,
            "host_id": null,
            "iam_instance_profile": "",
            "id": "i-025b18e1faa96146a",
            "instance_initiated_shutdown_behavior": "stop",
            "instance_state": "running",
            "instance_type": "t2.micro",
            "ipv6_address_count": 0,
            "ipv6_addresses": [],
            "key_name": "key",
            "launch_template": [],
            "metadata_options": [
              {
                "http_endpoint": "enabled",
                "http_put_response_hop_limit": 1,
                "http_tokens": "optional"
              }
            ],
            "monitoring": false,
            "network_interface": [],
            "outpost_arn": "",
            "password_data": "",
            "placement_group": "",
            "primary_network_interface_id": "eni-0436e999e616d3b5d",
            "private_dns": "ip-33-3-1-207.eu-central-1.compute.internal",
            "private_ip": "33.3.1.207",
            "public_dns": "",
            "public_ip": "3.68.167.111",
            "root_block_device": [
              {
                "delete_on_termination": true,
                "device_name": "/dev/sda1",
                "encrypted": false,
                "iops": 100,
                "kms_key_id": "",
                "tags": {},
                "throughput": 0,
                "volume_id": "vol-0fd7450750315a598",
                "volume_size": 8,
                "volume_type": "gp2"
              }
            ],
            "secondary_private_ips": [],
            "security_groups": [],
            "source_dest_check": true,
            "subnet_id": "subnet-0710bfe037a9c29df",
            "tags": {
              "Name": "HelloWorld"
            },
            "tags_all": {
              "Name": "HelloWorld"
            },
            "tenancy": "default",
            "timeouts": null,
            "user_data": null,
            "user_data_base64": null,
            "volume_tags": null,
            "vpc_security_group_ids": [
              "sg-08acfee8f512385ea"
            ]
          },
          "sensitive_attributes": [],
          "private": "eyJlMmJmYjczMC1lY2FhLTExZTYtOGY4OC0zNDM2M2JjN2M0YzAiOnsiY3JlYXRlIjo2MDAwMDAwMDAwMDAsImRlbGV0ZSI6MTIwMDAwMDAwMDAwMCwidXBkYXRlIjo2MDAwMDAwMDAwMDB9LCJzY2hlbWFfdmVyc2lvbiI6IjEifQ==",
          "dependencies": [
            "aws_key_pair.generated_key",
            "aws_security_group.playsdev-sg",
            "aws_subnet.playsdev-public-subnet",
            "aws_vpc.playsdev_vpc",
            "tls_private_key.example"
          ]
        }
      ]
    },
    {
      "mode": "managed",
      "type": "aws_internet_gateway",
      "name": "playsdev-ig",
      "provider": "provider[\"registry.terraform.io/hashicorp/aws\"]",
      "instances": [
        {
          "schema_version": 0,
          "attributes": {
            "arn": "arn:aws:ec2:eu-central-1:513910674915:internet-gateway/igw-05732f12981f1a505",
            "id": "igw-05732f12981f1a505",
            "owner_id": "513910674915",
            "tags": {
              "Name": "playsdev-ig"
            },
            "tags_all": {
              "Name": "playsdev-ig"
            },
            "vpc_id": "vpc-00c1d88bb37c2f05d"
          },
          "sensitive_attributes": [],
          "private": "bnVsbA==",
          "dependencies": [
            "aws_vpc.playsdev_vpc"
          ]
        }
      ]
    },
    {
      "mode": "managed",
      "type": "aws_key_pair",
      "name": "generated_key",
      "provider": "provider[\"registry.terraform.io/hashicorp/aws\"]",
      "instances": [
        {
          "schema_version": 1,
          "attributes": {
            "arn": "arn:aws:ec2:eu-central-1:513910674915:key-pair/key",
            "fingerprint": "cc:14:26:e4:62:bf:39:6d:0b:ee:86:22:58:c7:11:a5",
            "id": "key",
            "key_name": "key",
            "key_name_prefix": null,
            "key_pair_id": "key-06db41d6152ee198f",
            "public_key": "ssh-rsa AAAAB3NzaC1yc2EAAAADAQABAAACAQDlV5cwtUD00l2vqj34PViUsq0AqtgIlrD2NtMketgFjN7Xk+9y8IHYucLE6fb/w0caPc6HWnSNLvO9pDvzLJL7EZl65NQp4SgkbOAdDSTrEeEGdW0iHy/g70ICqWNVU2Qr3XhI66g1Kz+y/hendVj4phYnHlcHPfENDxmpRdxDgjJGf11UYgPdqcdnserc5/qGA0NeiZ4f7rJ39vHspUAhAXaJ9Ipvvyrt63jxz6guLV2lLTplfr3sws1CmiuovGkrAz8razoj6kkPHNNtLF6p7ZmZE47EM82mOZZUYX8v/DMuWnuS0GSttpj1PR5zoxQNjPIv/gNgEfLLfCiXK6M4/HG4ppA14xLxXk3c2GbajXRSFvFuFcIPcq4kIIl/XYEbSDv3HjVIFU91Ox/S2h6u/MojwjAX0hjvCr5k9Xuzgs0gnN6jRbHXyAv8vxqAsrYrXIKcUKBN6Bo8quO4ww3OQKmZi3de6cgRmnfmzDl2+2hm4JxMrlPlrJZYBGR0qHALvdxqDrx70vO9GuWIZazici+nawfocKwRfq85ACEIBBFSW1eayjhdBnJYQBOwvFtXtPVXw62GVBFpbCF2GcCK7qilw94DcxeN3K0oB0l2Ze4khSv8ornmi29/TYGICfvDkDhZwc2KBeQVeY8UY9NJEAYX15s5LLJKNGhfVWzBUQ==",
            "tags": null,
            "tags_all": {}
          },
          "sensitive_attributes": [],
          "private": "eyJzY2hlbWFfdmVyc2lvbiI6IjEifQ==",
          "dependencies": [
            "tls_private_key.example"
          ]
        }
      ]
    },
    {
      "mode": "managed",
      "type": "aws_lb",
      "name": "playsdev-alb",
      "provider": "provider[\"registry.terraform.io/hashicorp/aws\"]",
      "instances": [
        {
          "schema_version": 0,
          "attributes": {
            "access_logs": [
              {
                "bucket": "",
                "enabled": false,
                "prefix": ""
              }
            ],
            "arn": "arn:aws:elasticloadbalancing:eu-central-1:513910674915:loadbalancer/app/playsdev-alb/6612e351e278a519",
            "arn_suffix": "app/playsdev-alb/6612e351e278a519",
            "customer_owned_ipv4_pool": "",
            "dns_name": "playsdev-alb-1222046939.eu-central-1.elb.amazonaws.com",
            "drop_invalid_header_fields": false,
            "enable_cross_zone_load_balancing": null,
            "enable_deletion_protection": false,
            "enable_http2": true,
            "id": "arn:aws:elasticloadbalancing:eu-central-1:513910674915:loadbalancer/app/playsdev-alb/6612e351e278a519",
            "idle_timeout": 60,
            "internal": false,
            "ip_address_type": "ipv4",
            "load_balancer_type": "application",
            "name": "playsdev-alb",
            "name_prefix": null,
            "security_groups": [
              "sg-08acfee8f512385ea"
            ],
            "subnet_mapping": [
              {
                "allocation_id": "",
                "ipv6_address": "",
                "outpost_id": "",
                "private_ipv4_address": "",
                "subnet_id": "subnet-05343780704d989ad"
              },
              {
                "allocation_id": "",
                "ipv6_address": "",
                "outpost_id": "",
                "private_ipv4_address": "",
                "subnet_id": "subnet-0710bfe037a9c29df"
              }
            ],
            "subnets": [
              "subnet-05343780704d989ad",
              "subnet-0710bfe037a9c29df"
            ],
            "tags": {
              "Name": "playsdev-terraform-alb"
            },
            "tags_all": {
              "Name": "playsdev-terraform-alb"
            },
            "timeouts": null,
            "vpc_id": "vpc-00c1d88bb37c2f05d",
            "zone_id": "Z215JYRZR1TBD5"
          },
          "sensitive_attributes": [],
          "private": "eyJlMmJmYjczMC1lY2FhLTExZTYtOGY4OC0zNDM2M2JjN2M0YzAiOnsiY3JlYXRlIjo2MDAwMDAwMDAwMDAsImRlbGV0ZSI6NjAwMDAwMDAwMDAwLCJ1cGRhdGUiOjYwMDAwMDAwMDAwMH19",
          "dependencies": [
            "aws_security_group.playsdev-sg",
            "aws_subnet.playsdev-public-subnet",
            "aws_subnet.playsdev-public-subnet-2",
            "aws_vpc.playsdev_vpc"
          ]
        }
      ]
    },
    {
      "mode": "managed",
      "type": "aws_nat_gateway",
      "name": "example",
      "provider": "provider[\"registry.terraform.io/hashicorp/aws\"]",
      "instances": [
        {
          "schema_version": 0,
          "attributes": {
            "allocation_id": "",
            "connectivity_type": "private",
            "id": "nat-0965b06c13bb837a4",
            "network_interface_id": "eni-0f841a246bb20a2b1",
            "private_ip": "33.3.3.251",
            "public_ip": "",
            "subnet_id": "subnet-060c110796609efb2",
            "tags": null,
            "tags_all": {}
          },
          "sensitive_attributes": [],
          "private": "bnVsbA==",
          "dependencies": [
            "aws_subnet.playsdev-private-subnet",
            "aws_vpc.playsdev_vpc"
          ]
        }
      ]
    },
    {
      "mode": "managed",
      "type": "aws_route_table",
      "name": "playsdev-rt",
      "provider": "provider[\"registry.terraform.io/hashicorp/aws\"]",
      "instances": [
        {
          "schema_version": 0,
          "attributes": {
            "arn": "arn:aws:ec2:eu-central-1:513910674915:route-table/rtb-0e997d1029733c2cf",
            "id": "rtb-0e997d1029733c2cf",
            "owner_id": "513910674915",
            "propagating_vgws": [],
            "route": [
              {
                "carrier_gateway_id": "",
                "cidr_block": "0.0.0.0/0",
                "destination_prefix_list_id": "",
                "egress_only_gateway_id": "",
                "gateway_id": "igw-05732f12981f1a505",
                "instance_id": "",
                "ipv6_cidr_block": "",
                "local_gateway_id": "",
                "nat_gateway_id": "",
                "network_interface_id": "",
                "transit_gateway_id": "",
                "vpc_endpoint_id": "",
                "vpc_peering_connection_id": ""
              }
            ],
            "tags": {
              "Name": "playsdev-rt"
            },
            "tags_all": {
              "Name": "playsdev-rt"
            },
            "vpc_id": "vpc-00c1d88bb37c2f05d"
          },
          "sensitive_attributes": [],
          "private": "bnVsbA==",
          "dependencies": [
            "aws_internet_gateway.playsdev-ig",
            "aws_vpc.playsdev_vpc"
          ]
        }
      ]
    },
    {
      "mode": "managed",
      "type": "aws_security_group",
      "name": "all_worker_mgmt",
      "provider": "provider[\"registry.terraform.io/hashicorp/aws\"]",
      "instances": [
        {
          "schema_version": 1,
          "attributes": {
            "arn": "arn:aws:ec2:eu-central-1:513910674915:security-group/sg-08a535b0a64beb502",
            "description": "Managed by Terraform",
            "egress": [],
            "id": "sg-08a535b0a64beb502",
            "ingress": [
              {
                "cidr_blocks": [
                  "10.0.0.0/8",
                  "172.16.0.0/12",
                  "192.168.0.0/16"
                ],
                "description": "",
                "from_port": 22,
                "ipv6_cidr_blocks": [],
                "prefix_list_ids": [],
                "protocol": "tcp",
                "security_groups": [],
                "self": false,
                "to_port": 22
              }
            ],
            "name": "all_worker_management2021092706491070070000000a",
            "name_prefix": "all_worker_management",
            "owner_id": "513910674915",
            "revoke_rules_on_delete": false,
            "tags": null,
            "tags_all": {},
            "timeouts": null,
            "vpc_id": "vpc-072405c10923ee786"
          },
          "sensitive_attributes": [],
          "private": "eyJlMmJmYjczMC1lY2FhLTExZTYtOGY4OC0zNDM2M2JjN2M0YzAiOnsiY3JlYXRlIjo2MDAwMDAwMDAwMDAsImRlbGV0ZSI6OTAwMDAwMDAwMDAwfSwic2NoZW1hX3ZlcnNpb24iOiIxIn0=",
          "dependencies": [
            "module.vpc.aws_vpc.this"
          ]
        }
      ]
    },
    {
      "mode": "managed",
      "type": "aws_security_group",
      "name": "playsdev-sg",
      "provider": "provider[\"registry.terraform.io/hashicorp/aws\"]",
      "instances": [
        {
          "schema_version": 1,
          "attributes": {
            "arn": "arn:aws:ec2:eu-central-1:513910674915:security-group/sg-08acfee8f512385ea",
            "description": "Managed by Terraform",
            "egress": [
              {
                "cidr_blocks": [
                  "0.0.0.0/0"
                ],
                "description": "",
                "from_port": 0,
                "ipv6_cidr_blocks": [
                  "::/0"
                ],
                "prefix_list_ids": [],
                "protocol": "-1",
                "security_groups": [],
                "self": false,
                "to_port": 0
              }
            ],
            "id": "sg-08acfee8f512385ea",
            "ingress": [
              {
                "cidr_blocks": [
                  "0.0.0.0/0"
                ],
                "description": "",
                "from_port": 51820,
                "ipv6_cidr_blocks": [],
                "prefix_list_ids": [],
                "protocol": "udp",
                "security_groups": [],
                "self": false,
                "to_port": 51820
              },
              {
                "cidr_blocks": [
                  "0.0.0.0/0"
                ],
                "description": "HTTP from VPC",
                "from_port": 80,
                "ipv6_cidr_blocks": [],
                "prefix_list_ids": [],
                "protocol": "tcp",
                "security_groups": [],
                "self": false,
                "to_port": 80
              },
              {
                "cidr_blocks": [
                  "0.0.0.0/0"
                ],
                "description": "PING for VPC",
                "from_port": 8,
                "ipv6_cidr_blocks": [],
                "prefix_list_ids": [],
                "protocol": "icmp",
                "security_groups": [],
                "self": false,
                "to_port": -1
              },
              {
                "cidr_blocks": [
                  "0.0.0.0/0"
                ],
                "description": "RDS from VPC",
                "from_port": 3306,
                "ipv6_cidr_blocks": [],
                "prefix_list_ids": [],
                "protocol": "tcp",
                "security_groups": [],
                "self": false,
                "to_port": 3306
              },
              {
                "cidr_blocks": [
                  "0.0.0.0/0"
                ],
                "description": "SSH for VPC",
                "from_port": 22,
                "ipv6_cidr_blocks": [],
                "prefix_list_ids": [],
                "protocol": "tcp",
                "security_groups": [],
                "self": false,
                "to_port": 22
              },
              {
                "cidr_blocks": [
                  "33.3.0.0/16"
                ],
                "description": "",
                "from_port": 53,
                "ipv6_cidr_blocks": [],
                "prefix_list_ids": [],
                "protocol": "udp",
                "security_groups": [],
                "self": false,
                "to_port": 53
              }
            ],
            "name": "terraform-20210927064900543900000007",
            "name_prefix": "terraform-",
            "owner_id": "513910674915",
            "revoke_rules_on_delete": false,
            "tags": {
              "Name": "playsdev-sg"
            },
            "tags_all": {
              "Name": "playsdev-sg"
            },
            "timeouts": null,
            "vpc_id": "vpc-00c1d88bb37c2f05d"
          },
          "sensitive_attributes": [],
          "private": "eyJlMmJmYjczMC1lY2FhLTExZTYtOGY4OC0zNDM2M2JjN2M0YzAiOnsiY3JlYXRlIjo2MDAwMDAwMDAwMDAsImRlbGV0ZSI6OTAwMDAwMDAwMDAwfSwic2NoZW1hX3ZlcnNpb24iOiIxIn0=",
          "dependencies": [
            "aws_vpc.playsdev_vpc"
          ]
        }
      ]
    },
    {
      "mode": "managed",
      "type": "aws_security_group",
      "name": "worker_group_mgmt_one",
      "provider": "provider[\"registry.terraform.io/hashicorp/aws\"]",
      "instances": [
        {
          "schema_version": 1,
          "attributes": {
            "arn": "arn:aws:ec2:eu-central-1:513910674915:security-group/sg-09762146e8c30a149",
            "description": "Managed by Terraform",
            "egress": [],
            "id": "sg-09762146e8c30a149",
            "ingress": [
              {
                "cidr_blocks": [
                  "10.0.0.0/8"
                ],
                "description": "",
                "from_port": 22,
                "ipv6_cidr_blocks": [],
                "prefix_list_ids": [],
                "protocol": "tcp",
                "security_groups": [],
                "self": false,
                "to_port": 22
              }
            ],
            "name": "worker_group_mgmt_one2021092706491070440000000b",
            "name_prefix": "worker_group_mgmt_one",
            "owner_id": "513910674915",
            "revoke_rules_on_delete": false,
            "tags": null,
            "tags_all": {},
            "timeouts": null,
            "vpc_id": "vpc-072405c10923ee786"
          },
          "sensitive_attributes": [],
          "private": "eyJlMmJmYjczMC1lY2FhLTExZTYtOGY4OC0zNDM2M2JjN2M0YzAiOnsiY3JlYXRlIjo2MDAwMDAwMDAwMDAsImRlbGV0ZSI6OTAwMDAwMDAwMDAwfSwic2NoZW1hX3ZlcnNpb24iOiIxIn0=",
          "dependencies": [
            "module.vpc.aws_vpc.this"
          ],
          "create_before_destroy": true
        }
      ]
    },
    {
      "mode": "managed",
      "type": "aws_security_group",
      "name": "worker_group_mgmt_two",
      "provider": "provider[\"registry.terraform.io/hashicorp/aws\"]",
      "instances": [
        {
          "schema_version": 1,
          "attributes": {
            "arn": "arn:aws:ec2:eu-central-1:513910674915:security-group/sg-053d63ec8b6bd73ea",
            "description": "Managed by Terraform",
            "egress": [],
            "id": "sg-053d63ec8b6bd73ea",
            "ingress": [
              {
                "cidr_blocks": [
                  "192.168.0.0/16"
                ],
                "description": "",
                "from_port": 22,
                "ipv6_cidr_blocks": [],
                "prefix_list_ids": [],
                "protocol": "tcp",
                "security_groups": [],
                "self": false,
                "to_port": 22
              }
            ],
            "name": "worker_group_mgmt_two20210927064910700300000009",
            "name_prefix": "worker_group_mgmt_two",
            "owner_id": "513910674915",
            "revoke_rules_on_delete": false,
            "tags": null,
            "tags_all": {},
            "timeouts": null,
            "vpc_id": "vpc-072405c10923ee786"
          },
          "sensitive_attributes": [],
          "private": "eyJlMmJmYjczMC1lY2FhLTExZTYtOGY4OC0zNDM2M2JjN2M0YzAiOnsiY3JlYXRlIjo2MDAwMDAwMDAwMDAsImRlbGV0ZSI6OTAwMDAwMDAwMDAwfSwic2NoZW1hX3ZlcnNpb24iOiIxIn0=",
          "dependencies": [
            "module.vpc.aws_vpc.this"
          ],
          "create_before_destroy": true
        }
      ]
    },
    {
      "mode": "managed",
      "type": "aws_subnet",
      "name": "playsdev-private-subnet",
      "provider": "provider[\"registry.terraform.io/hashicorp/aws\"]",
      "instances": [
        {
          "schema_version": 1,
          "attributes": {
            "arn": "arn:aws:ec2:eu-central-1:513910674915:subnet/subnet-060c110796609efb2",
            "assign_ipv6_address_on_creation": false,
            "availability_zone": "eu-central-1a",
            "availability_zone_id": "euc1-az2",
            "cidr_block": "33.3.3.0/24",
            "customer_owned_ipv4_pool": "",
            "id": "subnet-060c110796609efb2",
            "ipv6_cidr_block": "",
            "ipv6_cidr_block_association_id": "",
            "map_customer_owned_ip_on_launch": false,
            "map_public_ip_on_launch": false,
            "outpost_arn": "",
            "owner_id": "513910674915",
            "tags": {
              "Name": "playsdev-subnet-private"
            },
            "tags_all": {
              "Name": "playsdev-subnet-private"
            },
            "timeouts": null,
            "vpc_id": "vpc-00c1d88bb37c2f05d"
          },
          "sensitive_attributes": [],
          "private": "eyJlMmJmYjczMC1lY2FhLTExZTYtOGY4OC0zNDM2M2JjN2M0YzAiOnsiY3JlYXRlIjo2MDAwMDAwMDAwMDAsImRlbGV0ZSI6MTIwMDAwMDAwMDAwMH0sInNjaGVtYV92ZXJzaW9uIjoiMSJ9",
          "dependencies": [
            "aws_vpc.playsdev_vpc"
          ]
        }
      ]
    },
    {
      "mode": "managed",
      "type": "aws_subnet",
      "name": "playsdev-private-subnet-2",
      "provider": "provider[\"registry.terraform.io/hashicorp/aws\"]",
      "instances": [
        {
          "schema_version": 1,
          "attributes": {
            "arn": "arn:aws:ec2:eu-central-1:513910674915:subnet/subnet-0a37f0de77bf6ea75",
            "assign_ipv6_address_on_creation": false,
            "availability_zone": "eu-central-1b",
            "availability_zone_id": "euc1-az3",
            "cidr_block": "33.3.4.0/24",
            "customer_owned_ipv4_pool": "",
            "id": "subnet-0a37f0de77bf6ea75",
            "ipv6_cidr_block": "",
            "ipv6_cidr_block_association_id": "",
            "map_customer_owned_ip_on_launch": false,
            "map_public_ip_on_launch": false,
            "outpost_arn": "",
            "owner_id": "513910674915",
            "tags": {
              "Name": "playsdev-subnet-private-2"
            },
            "tags_all": {
              "Name": "playsdev-subnet-private-2"
            },
            "timeouts": null,
            "vpc_id": "vpc-00c1d88bb37c2f05d"
          },
          "sensitive_attributes": [],
          "private": "eyJlMmJmYjczMC1lY2FhLTExZTYtOGY4OC0zNDM2M2JjN2M0YzAiOnsiY3JlYXRlIjo2MDAwMDAwMDAwMDAsImRlbGV0ZSI6MTIwMDAwMDAwMDAwMH0sInNjaGVtYV92ZXJzaW9uIjoiMSJ9",
          "dependencies": [
            "aws_vpc.playsdev_vpc"
          ]
        }
      ]
    },
    {
      "mode": "managed",
      "type": "aws_subnet",
      "name": "playsdev-public-subnet",
      "provider": "provider[\"registry.terraform.io/hashicorp/aws\"]",
      "instances": [
        {
          "schema_version": 1,
          "attributes": {
            "arn": "arn:aws:ec2:eu-central-1:513910674915:subnet/subnet-0710bfe037a9c29df",
            "assign_ipv6_address_on_creation": false,
            "availability_zone": "eu-central-1a",
            "availability_zone_id": "euc1-az2",
            "cidr_block": "33.3.1.0/24",
            "customer_owned_ipv4_pool": "",
            "id": "subnet-0710bfe037a9c29df",
            "ipv6_cidr_block": "",
            "ipv6_cidr_block_association_id": "",
            "map_customer_owned_ip_on_launch": false,
            "map_public_ip_on_launch": true,
            "outpost_arn": "",
            "owner_id": "513910674915",
            "tags": {
              "Name": "playsdev-subnet"
            },
            "tags_all": {
              "Name": "playsdev-subnet"
            },
            "timeouts": null,
            "vpc_id": "vpc-00c1d88bb37c2f05d"
          },
          "sensitive_attributes": [],
          "private": "eyJlMmJmYjczMC1lY2FhLTExZTYtOGY4OC0zNDM2M2JjN2M0YzAiOnsiY3JlYXRlIjo2MDAwMDAwMDAwMDAsImRlbGV0ZSI6MTIwMDAwMDAwMDAwMH0sInNjaGVtYV92ZXJzaW9uIjoiMSJ9",
          "dependencies": [
            "aws_vpc.playsdev_vpc"
          ]
        }
      ]
    },
    {
      "mode": "managed",
      "type": "aws_subnet",
      "name": "playsdev-public-subnet-2",
      "provider": "provider[\"registry.terraform.io/hashicorp/aws\"]",
      "instances": [
        {
          "schema_version": 1,
          "attributes": {
            "arn": "arn:aws:ec2:eu-central-1:513910674915:subnet/subnet-05343780704d989ad",
            "assign_ipv6_address_on_creation": false,
            "availability_zone": "eu-central-1b",
            "availability_zone_id": "euc1-az3",
            "cidr_block": "33.3.2.0/24",
            "customer_owned_ipv4_pool": "",
            "id": "subnet-05343780704d989ad",
            "ipv6_cidr_block": "",
            "ipv6_cidr_block_association_id": "",
            "map_customer_owned_ip_on_launch": false,
            "map_public_ip_on_launch": true,
            "outpost_arn": "",
            "owner_id": "513910674915",
            "tags": {
              "Name": "playsdev-subnet-public-2"
            },
            "tags_all": {
              "Name": "playsdev-subnet-public-2"
            },
            "timeouts": null,
            "vpc_id": "vpc-00c1d88bb37c2f05d"
          },
          "sensitive_attributes": [],
          "private": "eyJlMmJmYjczMC1lY2FhLTExZTYtOGY4OC0zNDM2M2JjN2M0YzAiOnsiY3JlYXRlIjo2MDAwMDAwMDAwMDAsImRlbGV0ZSI6MTIwMDAwMDAwMDAwMH0sInNjaGVtYV92ZXJzaW9uIjoiMSJ9",
          "dependencies": [
            "aws_vpc.playsdev_vpc"
          ]
        }
      ]
    },
    {
      "mode": "managed",
      "type": "aws_vpc",
      "name": "playsdev_vpc",
      "provider": "provider[\"registry.terraform.io/hashicorp/aws\"]",
      "instances": [
        {
          "schema_version": 1,
          "attributes": {
            "arn": "arn:aws:ec2:eu-central-1:513910674915:vpc/vpc-00c1d88bb37c2f05d",
            "assign_generated_ipv6_cidr_block": false,
            "cidr_block": "33.3.0.0/16",
            "default_network_acl_id": "acl-01b81eca0abc10ec5",
            "default_route_table_id": "rtb-0e628eb3c2270a46f",
            "default_security_group_id": "sg-0f35caf9fa396af91",
            "dhcp_options_id": "dopt-acf569c6",
            "enable_classiclink": null,
            "enable_classiclink_dns_support": null,
            "enable_dns_hostnames": false,
            "enable_dns_support": true,
            "id": "vpc-00c1d88bb37c2f05d",
            "instance_tenancy": "default",
            "ipv6_association_id": "",
            "ipv6_cidr_block": "",
            "main_route_table_id": "rtb-0e628eb3c2270a46f",
            "owner_id": "513910674915",
            "tags": {
              "Name": "playsdev-vpc"
            },
            "tags_all": {
              "Name": "playsdev-vpc"
            }
          },
          "sensitive_attributes": [],
          "private": "eyJzY2hlbWFfdmVyc2lvbiI6IjEifQ=="
        }
      ]
    },
    {
      "mode": "managed",
      "type": "random_string",
      "name": "suffix",
      "provider": "provider[\"registry.terraform.io/hashicorp/random\"]",
      "instances": [
        {
          "schema_version": 1,
          "attributes": {
            "id": "fOqPSho8",
            "keepers": null,
            "length": 8,
            "lower": true,
            "min_lower": 0,
            "min_numeric": 0,
            "min_special": 0,
            "min_upper": 0,
            "number": true,
            "override_special": null,
            "result": "fOqPSho8",
            "special": false,
            "upper": true
          },
          "sensitive_attributes": [],
          "private": "eyJzY2hlbWFfdmVyc2lvbiI6IjEifQ=="
        }
      ]
    },
    {
      "mode": "managed",
      "type": "tls_private_key",
      "name": "example",
      "provider": "provider[\"registry.terraform.io/hashicorp/tls\"]",
      "instances": [
        {
          "schema_version": 0,
          "attributes": {
            "algorithm": "RSA",
            "ecdsa_curve": "P224",
            "id": "86623624f2454c1a24bf5f8141edc975717090c0",
            "private_key_pem": "-----BEGIN RSA PRIVATE KEY-----\nMIIJKAIBAAKCAgEA5VeXMLVA9NJdr6o9+D1YlLKtAKrYCJaw9jbTJHrYBYze15Pv\ncvCB2LnCxOn2/8NHGj3Oh1p0jS7zvaQ78yyS+xGZeuTUKeEoJGzgHQ0k6xHhBnVt\nIh8v4O9CAqljVVNkK914SOuoNSs/sv4Xp3VY+KYWJx5XBz3xDQ8ZqUXcQ4IyRn9d\nVGID3anHZ7Hq3Of6hgNDXomeH+6yd/bx7KVAIQF2ifSKb78q7et48c+oLi1dpS06\nZX697MLNQporqLxpKwM/K2s6I+pJDxzTbSxeqe2ZmROOxDPNpjmWVGF/L/wzLlp7\nktBkrbaY9T0ec6MUDYzyL/4DYBHyy3wolyujOPxxuKaQNeMS8V5N3Nhm2o10Uhbx\nbhXCD3KuJCCJf12BG0g79x41SBVPdTsf0toervzKI8IwF9IY7wq+ZPV7s4LNIJze\no0Wx18gL/L8agLK2K1yCnFCgTegaPKrjuMMNzkCpmYt3XunIEZp35sw5dvtoZuCc\nTK5T5ayWWARkdKhwC73cag68e9LzvRrliGWs4nIvp2sH6HCsEX6vOQAhCAQRUltX\nmso4XQZyWEATsLxbV7T1V8OthlQRaWwhdhnAiu6opcPeA3MXjdytKAdJdmXuJIUr\n/KK55otvf02BiAn7w5A4WcHNigXkFXmPFGPTSRAGF9ebOSyySjRoX1VswVECAwEA\nAQKCAgAw2h+SeImFnOnn6VOZ9TdRNV40ri+mZLL9P2BqfOBXDlLJiPGQgjqmd6tN\nVqkOggI7TL8ZheMdz8qLstgyTGRiprUSwHuREC0E1UxH4+zhRcWxIoJEqnAAcfaV\nqo9GNaU40sw0fD4wVS4UapuPSCfTj01Yt9XB7SfTqEvHCuKIXstmyOqQdvBr3yZi\nqDtnIuLyeO94y8eq9aV+eFPAHNM0NKOTb0ut0gLK+0Wf/KPOcktoS+IMjJrYPAaN\nEVoLb1bXmrFyBj00OUumtHU05Cal+76kJM5cbMx5g/rJrprxFb+xOATqmQlZF3Qt\niP9bknlLCaLtJiaB6FDXl3LuAJWbvqE5on5bzqIJmv11hQTapYEUBEIfUAVm0GqM\nQPns10Ee2EkoYJtMzZpJ+FoJ7y6Qto31nyn9oNzAmb128O7RiO/4RZTU7NSXAhxY\nM7DMruGwFPvZjW9Pnz197xi93xPOrxSvmi21QtjsR7+Pf3IjZEI4uhLwibU/46fk\nv+Z5N187j85Jv/6Ar3mLxl7YAZAJKCoyI8Y/MWG8/r3vjLyZcOvdKT6ifKBjUKWQ\nB/uh0jE7eceIXrzsCkLuRngPUhntAkGGj1HeLjY52VpgisoXk9/Zg/BvYHbMycqn\nh8qs/w+d2YTgfiUZB0nl6dU3ruMZaraP6i1M7lVGHlYDZrhlIQKCAQEA+oq3g862\n+iuS4VMxRAJtC3UApGoGU8vZ8xIQnQG3pIWNntdbijWRWFtei1TdEXpQEns+Z+7T\nmRwPae3KObLHQjaICAAqzdlKNanopJ7xSDmnyvYDicqo3hhHFeE28mwVvZGz4oLD\n6I5lIo5Lo83eLd6Ud8NDdzIWncN9Xox5676zqsQoIGwx7J3OnLjPvw+LlxHqvHpv\nYZRMTL9qx9ZzzkD5z68viEuR5scYB80mRdVOo7mA6uzg277dcnq1mexHbB9fmIpf\npVtwgVrv2gsElIj5JEYK5iBQwECphMk8Dh6mY9m9SU2UBZxhe5o1uiRkzUoBgL9+\ntKkmjhAdTixV5wKCAQEA6lakWZ+jWQac5GxbbvBj7cHSKAl3j/7izASXVjtjD7j7\n9T1HVlC+Dom8RJ/vA1CarU2lS5dw6k9xClTF5Oc+2gOTWFVBbGAJtTzF6Ls5KMrf\nk618StpkqYddqIu7U5u/NSGakWKk+HTPz91xgw3M6ZpO4hsBWtJphYMKCYs7eTNF\nUGIrE5JwqruJ2tgaM75x2I+JqnAT1uNHm10hyuuML9ku7zNtQGe7s2J5CiSedGnp\nLViN0cKmN/AZFGHXWH1Itu/OS72bSxYwur+gY5+FEtYIiju0sOWg7rIcmQAYKkja\nG73ut3r89mWupGi9I4s8nfxLue9nOHjYw5wmgflYBwKCAQBF5Or7V3DOa9eHCrlk\nurSHDLYIKBfpyqXb3L9Lvc3olOWEWZoM/ZK1ro+6mQsvNAsgjMdFIWhgf2aBa7gN\nzqUuAJ6EdN98G9FLFUJ0om63cnYv9d/Y0fO4Odei7/hvOt35y6r+VvKmbwshz8ak\nROtlqoGKw6uPliafDolsFg5xSPtAeYakPOrUktWv/RLfv0t28qWkvRdThpaelowI\ngfg+ovvOB5ZgFIz4b7RxgLbbpn1QyZCAeWLliuKmbDs7XKI0NLBrkrbKH69MNv1Q\nu+AkO+4dQ3kI6Bz+9UsVYzpgygYrNvRKfdz8j7rWS5gPfNWuO6Ydr85+Qe4ilbZH\nN7EjAoIBABBTlQPBgYn0Uf4AJqamDPBFrrSnZDMeGQMJ1tllLdOsmbFOYaf73CH7\nKqjFU8uxU/V7EWcg1/cbLc8AdQErs09RLHTdC7/XORXtdARw9tyGtej+D0jPym+d\nRMM3aQe8NCgpfTFf5AqDaO8ciIoO7hXgcFqEcyW2vy9UH+DmWHBrSAr/q+yjKUJb\n6pDauYidXiUuavL6+Abistx6Mp6Gpq+2u/Riatwv3f3zgGdagceukVZdcxQIMbh3\n++dVocFCiUxljMPuI+GpXB/Gtg/6zzSuwM2Qt1gTx5CZzDBEt2pKxRdltjoGUZWB\nJBfETFkrnD+NkmET8ucWVFPcjzpC+wUCggEBALm+bV/ywLZP5yZ26GzRxMcUwsCM\nZqcWl/p+ETPh0lbkEzacQlZb+JWmbu7XTI0g1SsAFKV+l7z4c+7YasK81ApNyVX8\n8CgbhNCUa520oAEwimuT9dB+npTYcgvkJSxYhlr0YQBbXpbdwIfng3yEyW5VZVoZ\nrgEbpDlTj+XVGkK2uZznw6kdh0Or8zNrQZP0k+TSKk6wRU8fuDXd3fb9ZiDAV4SS\nLhkIii/lO+ihI5/ez829vHm37bRmsZtH6y+H1GGrFmk25nsFUMUyAXNYHOJY7huc\nQelIlj9YQNcO2djOGK1dp6BBaXdpgpteNtP+0DtGxvONy/o/ruUyrYgsWqE=\n-----END RSA PRIVATE KEY-----\n",
            "public_key_fingerprint_md5": "d0:bb:a9:fa:d4:6f:98:20:34:f4:49:1d:f6:c5:eb:57",
            "public_key_openssh": "ssh-rsa AAAAB3NzaC1yc2EAAAADAQABAAACAQDlV5cwtUD00l2vqj34PViUsq0AqtgIlrD2NtMketgFjN7Xk+9y8IHYucLE6fb/w0caPc6HWnSNLvO9pDvzLJL7EZl65NQp4SgkbOAdDSTrEeEGdW0iHy/g70ICqWNVU2Qr3XhI66g1Kz+y/hendVj4phYnHlcHPfENDxmpRdxDgjJGf11UYgPdqcdnserc5/qGA0NeiZ4f7rJ39vHspUAhAXaJ9Ipvvyrt63jxz6guLV2lLTplfr3sws1CmiuovGkrAz8razoj6kkPHNNtLF6p7ZmZE47EM82mOZZUYX8v/DMuWnuS0GSttpj1PR5zoxQNjPIv/gNgEfLLfCiXK6M4/HG4ppA14xLxXk3c2GbajXRSFvFuFcIPcq4kIIl/XYEbSDv3HjVIFU91Ox/S2h6u/MojwjAX0hjvCr5k9Xuzgs0gnN6jRbHXyAv8vxqAsrYrXIKcUKBN6Bo8quO4ww3OQKmZi3de6cgRmnfmzDl2+2hm4JxMrlPlrJZYBGR0qHALvdxqDrx70vO9GuWIZazici+nawfocKwRfq85ACEIBBFSW1eayjhdBnJYQBOwvFtXtPVXw62GVBFpbCF2GcCK7qilw94DcxeN3K0oB0l2Ze4khSv8ornmi29/TYGICfvDkDhZwc2KBeQVeY8UY9NJEAYX15s5LLJKNGhfVWzBUQ==\n",
            "public_key_pem": "-----BEGIN PUBLIC KEY-----\nMIICIjANBgkqhkiG9w0BAQEFAAOCAg8AMIICCgKCAgEA5VeXMLVA9NJdr6o9+D1Y\nlLKtAKrYCJaw9jbTJHrYBYze15PvcvCB2LnCxOn2/8NHGj3Oh1p0jS7zvaQ78yyS\n+xGZeuTUKeEoJGzgHQ0k6xHhBnVtIh8v4O9CAqljVVNkK914SOuoNSs/sv4Xp3VY\n+KYWJx5XBz3xDQ8ZqUXcQ4IyRn9dVGID3anHZ7Hq3Of6hgNDXomeH+6yd/bx7KVA\nIQF2ifSKb78q7et48c+oLi1dpS06ZX697MLNQporqLxpKwM/K2s6I+pJDxzTbSxe\nqe2ZmROOxDPNpjmWVGF/L/wzLlp7ktBkrbaY9T0ec6MUDYzyL/4DYBHyy3wolyuj\nOPxxuKaQNeMS8V5N3Nhm2o10UhbxbhXCD3KuJCCJf12BG0g79x41SBVPdTsf0toe\nrvzKI8IwF9IY7wq+ZPV7s4LNIJzeo0Wx18gL/L8agLK2K1yCnFCgTegaPKrjuMMN\nzkCpmYt3XunIEZp35sw5dvtoZuCcTK5T5ayWWARkdKhwC73cag68e9LzvRrliGWs\n4nIvp2sH6HCsEX6vOQAhCAQRUltXmso4XQZyWEATsLxbV7T1V8OthlQRaWwhdhnA\niu6opcPeA3MXjdytKAdJdmXuJIUr/KK55otvf02BiAn7w5A4WcHNigXkFXmPFGPT\nSRAGF9ebOSyySjRoX1VswVECAwEAAQ==\n-----END PUBLIC KEY-----\n",
            "rsa_bits": 4096
          },
          "sensitive_attributes": [],
          "private": "bnVsbA=="
        }
      ]
    },
    {
      "module": "module.eks",
      "mode": "data",
      "type": "aws_ami",
      "name": "eks_worker",
      "provider": "provider[\"registry.terraform.io/hashicorp/aws\"]",
      "instances": [
        {
          "index_key": 0,
          "schema_version": 0,
          "attributes": {
            "architecture": "x86_64",
            "arn": "arn:aws:ec2:eu-central-1::image/ami-0acca3abab3b7928a",
            "block_device_mappings": [
              {
                "device_name": "/dev/xvda",
                "ebs": {
                  "delete_on_termination": "true",
                  "encrypted": "false",
                  "iops": "0",
                  "snapshot_id": "snap-06b099fae24486fa7",
                  "throughput": "0",
                  "volume_size": "20",
                  "volume_type": "gp2"
                },
                "no_device": "",
                "virtual_name": ""
              }
            ],
            "creation_date": "2021-09-14T22:00:24.000Z",
            "description": "EKS Kubernetes Worker AMI with AmazonLinux2 image, (k8s: 1.20.7, docker: 19.03.13ce-1.amzn2, containerd: 1.4.6-2.amzn2)",
            "ena_support": true,
            "executable_users": null,
            "filter": [
              {
                "name": "name",
                "values": [
                  "amazon-eks-node-1.20-v*"
                ]
              }
            ],
            "hypervisor": "xen",
            "id": "ami-0acca3abab3b7928a",
            "image_id": "ami-0acca3abab3b7928a",
            "image_location": "amazon/amazon-eks-node-1.20-v20210914",
            "image_owner_alias": "amazon",
            "image_type": "machine",
            "kernel_id": null,
            "most_recent": true,
            "name": "amazon-eks-node-1.20-v20210914",
            "name_regex": null,
            "owner_id": "602401143452",
            "owners": [
              "amazon"
            ],
            "platform": null,
            "platform_details": "Linux/UNIX",
            "product_codes": [],
            "public": true,
            "ramdisk_id": null,
            "root_device_name": "/dev/xvda",
            "root_device_type": "ebs",
            "root_snapshot_id": "snap-06b099fae24486fa7",
            "sriov_net_support": "simple",
            "state": "available",
            "state_reason": {
              "code": "UNSET",
              "message": "UNSET"
            },
            "tags": {},
            "usage_operation": "RunInstances",
            "virtualization_type": "hvm"
          },
          "sensitive_attributes": []
        }
      ]
    },
    {
      "module": "module.eks",
      "mode": "data",
      "type": "aws_caller_identity",
      "name": "current",
      "provider": "provider[\"registry.terraform.io/hashicorp/aws\"]",
      "instances": [
        {
          "schema_version": 0,
          "attributes": {
            "account_id": "513910674915",
            "arn": "arn:aws:iam::513910674915:user/terminator",
            "id": "513910674915",
            "user_id": "AIDAXPJ3WSXR4IVUQQBFY"
          },
          "sensitive_attributes": []
        }
      ]
    },
    {
      "module": "module.eks",
      "mode": "data",
      "type": "aws_iam_policy_document",
      "name": "cluster_assume_role_policy",
      "provider": "provider[\"registry.terraform.io/hashicorp/aws\"]",
      "instances": [
        {
          "schema_version": 0,
          "attributes": {
            "id": "2764486067",
            "json": "{\n  \"Version\": \"2012-10-17\",\n  \"Statement\": [\n    {\n      \"Sid\": \"EKSClusterAssumeRole\",\n      \"Effect\": \"Allow\",\n      \"Action\": \"sts:AssumeRole\",\n      \"Principal\": {\n        \"Service\": \"eks.amazonaws.com\"\n      }\n    }\n  ]\n}",
            "override_json": null,
            "override_policy_documents": null,
            "policy_id": null,
            "source_json": null,
            "source_policy_documents": null,
            "statement": [
              {
                "actions": [
                  "sts:AssumeRole"
                ],
                "condition": [],
                "effect": "Allow",
                "not_actions": [],
                "not_principals": [],
                "not_resources": [],
                "principals": [
                  {
                    "identifiers": [
                      "eks.amazonaws.com"
                    ],
                    "type": "Service"
                  }
                ],
                "resources": [],
                "sid": "EKSClusterAssumeRole"
              }
            ],
            "version": "2012-10-17"
          },
          "sensitive_attributes": []
        }
      ]
    },
    {
      "module": "module.eks",
      "mode": "data",
      "type": "aws_iam_policy_document",
      "name": "cluster_elb_sl_role_creation",
      "provider": "provider[\"registry.terraform.io/hashicorp/aws\"]",
      "instances": [
        {
          "index_key": 0,
          "schema_version": 0,
          "attributes": {
            "id": "3709839417",
            "json": "{\n  \"Version\": \"2012-10-17\",\n  \"Statement\": [\n    {\n      \"Sid\": \"\",\n      \"Effect\": \"Allow\",\n      \"Action\": [\n        \"ec2:DescribeInternetGateways\",\n        \"ec2:DescribeAddresses\",\n        \"ec2:DescribeAccountAttributes\"\n      ],\n      \"Resource\": \"*\"\n    }\n  ]\n}",
            "override_json": null,
            "override_policy_documents": null,
            "policy_id": null,
            "source_json": null,
            "source_policy_documents": null,
            "statement": [
              {
                "actions": [
                  "ec2:DescribeAccountAttributes",
                  "ec2:DescribeAddresses",
                  "ec2:DescribeInternetGateways"
                ],
                "condition": [],
                "effect": "Allow",
                "not_actions": [],
                "not_principals": [],
                "not_resources": [],
                "principals": [],
                "resources": [
                  "*"
                ],
                "sid": ""
              }
            ],
            "version": "2012-10-17"
          },
          "sensitive_attributes": []
        }
      ]
    },
    {
      "module": "module.eks",
      "mode": "data",
      "type": "aws_iam_policy_document",
      "name": "workers_assume_role_policy",
      "provider": "provider[\"registry.terraform.io/hashicorp/aws\"]",
      "instances": [
        {
          "schema_version": 0,
          "attributes": {
            "id": "3778018924",
            "json": "{\n  \"Version\": \"2012-10-17\",\n  \"Statement\": [\n    {\n      \"Sid\": \"EKSWorkerAssumeRole\",\n      \"Effect\": \"Allow\",\n      \"Action\": \"sts:AssumeRole\",\n      \"Principal\": {\n        \"Service\": \"ec2.amazonaws.com\"\n      }\n    }\n  ]\n}",
            "override_json": null,
            "override_policy_documents": null,
            "policy_id": null,
            "source_json": null,
            "source_policy_documents": null,
            "statement": [
              {
                "actions": [
                  "sts:AssumeRole"
                ],
                "condition": [],
                "effect": "Allow",
                "not_actions": [],
                "not_principals": [],
                "not_resources": [],
                "principals": [
                  {
                    "identifiers": [
                      "ec2.amazonaws.com"
                    ],
                    "type": "Service"
                  }
                ],
                "resources": [],
                "sid": "EKSWorkerAssumeRole"
              }
            ],
            "version": "2012-10-17"
          },
          "sensitive_attributes": []
        }
      ]
    },
    {
      "module": "module.eks",
      "mode": "data",
      "type": "aws_partition",
      "name": "current",
      "provider": "provider[\"registry.terraform.io/hashicorp/aws\"]",
      "instances": [
        {
          "schema_version": 0,
          "attributes": {
            "dns_suffix": "amazonaws.com",
            "id": "aws",
            "partition": "aws",
            "reverse_dns_prefix": "com.amazonaws"
          },
          "sensitive_attributes": []
        }
      ]
    },
    {
      "module": "module.eks",
      "mode": "data",
      "type": "http",
      "name": "wait_for_cluster",
      "provider": "provider[\"registry.terraform.io/terraform-aws-modules/http\"]",
      "instances": [
        {
          "index_key": 0,
          "schema_version": 0,
          "attributes": {
            "body": "ok",
            "ca_certificate": "-----BEGIN CERTIFICATE-----\nMIIC5zCCAc+gAwIBAgIBADANBgkqhkiG9w0BAQsFADAVMRMwEQYDVQQDEwprdWJl\ncm5ldGVzMB4XDTIxMDkyNzA2NTYxMFoXDTMxMDkyNTA2NTYxMFowFTETMBEGA1UE\nAxMKa3ViZXJuZXRlczCCASIwDQYJKoZIhvcNAQEBBQADggEPADCCAQoCggEBAMw6\nhAUOKc2cp9qDr+CSBbHDHk3UEY4ngc4J0W0Cl/zKtZVaeVs7V0NYGaE/LH5TgDuX\nPc5GbCXNZtph7DLbC+UCR7q2VUhA1Ot0JakbeC7SmE+Vkk6MI3dELehhldVK6CTf\no7Ptw+b5a2vQwjF/qYpo+vKROvEFA5N60UY8A+YDkV9pWflYqOYqJkZPaYsrSUy9\nlRqRF9dKL5b4szD6tIK1vcjqN/bcvZ0mPA9oTdIpcft2XdHSRgxiDv7338/FA5lo\nCg20SrYi0LASyPmcDJtP4vYJYXdG6gZJZm422i7T/bqqybZJLGF2ort6bxGfATlA\nV5fLrm1FI3OhhuKx4xECAwEAAaNCMEAwDgYDVR0PAQH/BAQDAgKkMA8GA1UdEwEB\n/wQFMAMBAf8wHQYDVR0OBBYEFFHMZPuPvQ58kNCyzknJZXde1b9/MA0GCSqGSIb3\nDQEBCwUAA4IBAQCcwWd+oChBxmTgRCKe2T1m8N1gnPmRkxKjY+8nW/9nNN3nQmiv\nQ21jqV75BwDiNi7xOe4iYZAWF+j13HLpUv3ji5pHYByYBszUfjUuI5X52yDru1Ou\n1/JPZAAMLWPXzEFp47P2HaSYMgIhuMGaU4uZoo/UopIUoFdfVFrDZvf3/TENBxCA\nsOa1yUXbqNNm3nA3Jvr+qxswvzHb4SA3jYFpbAHMoThHNbTe60jDF8MRh5vz3XaF\n+boVPnhPvQjX/C+oiVuZEqeJJvttVDa6nkMClRlUh2aetgsvf0dSDK6b2eCJntnn\nbsz1J58k7tNIQn3NvjwPLJdklugfZDrnstY1\n-----END CERTIFICATE-----\n",
            "id": "https://A27750A62238877BB9A43EECE2C7F813.yl4.eu-central-1.eks.amazonaws.com/healthz",
            "insecure": false,
            "request_headers": null,
            "response_headers": {
              "Cache-Control": "no-cache, private",
              "Content-Length": "2",
              "Content-Type": "text/plain; charset=utf-8",
              "Date": "Mon, 27 Sep 2021 07:00:18 GMT",
              "X-Content-Type-Options": "nosniff",
              "X-Kubernetes-Pf-Flowschema-Uid": "22274274-e6f0-4d9f-bf3b-9178861286aa",
              "X-Kubernetes-Pf-Prioritylevel-Uid": "5ebcec0c-7cc4-4285-8086-489920ab1fe9"
            },
            "timeout": 300,
            "url": "https://A27750A62238877BB9A43EECE2C7F813.yl4.eu-central-1.eks.amazonaws.com/healthz"
          },
          "sensitive_attributes": []
        }
      ]
    },
    {
      "module": "module.eks",
      "mode": "managed",
      "type": "aws_autoscaling_group",
      "name": "workers",
      "provider": "provider[\"registry.terraform.io/hashicorp/aws\"]",
      "instances": [
        {
          "index_key": 0,
          "schema_version": 0,
          "attributes": {
            "arn": "arn:aws:autoscaling:eu-central-1:513910674915:autoScalingGroup:6509c42c-9f69-4aa8-a281-a2fbb5889054:autoScalingGroupName/demo-playsdev-eks-worker-group-120210927070036338700000017",
            "availability_zones": [
              "eu-central-1a",
              "eu-central-1b",
              "eu-central-1c"
            ],
            "capacity_rebalance": false,
            "default_cooldown": 300,
            "desired_capacity": 2,
            "enabled_metrics": null,
            "force_delete": false,
            "force_delete_warm_pool": false,
            "health_check_grace_period": 300,
            "health_check_type": "EC2",
            "id": "demo-playsdev-eks-worker-group-120210927070036338700000017",
            "initial_lifecycle_hook": [],
            "instance_refresh": [],
            "launch_configuration": "demo-playsdev-eks-worker-group-120210927070024847000000015",
            "launch_template": [],
            "load_balancers": null,
            "max_instance_lifetime": 0,
            "max_size": 3,
            "metrics_granularity": "1Minute",
            "min_elb_capacity": null,
            "min_size": 1,
            "mixed_instances_policy": [],
            "name": "demo-playsdev-eks-worker-group-120210927070036338700000017",
            "name_prefix": "demo-playsdev-eks-worker-group-1",
            "placement_group": "",
            "protect_from_scale_in": false,
            "service_linked_role_arn": "arn:aws:iam::513910674915:role/aws-service-role/autoscaling.amazonaws.com/AWSServiceRoleForAutoScaling",
            "suspended_processes": [
              "AZRebalance"
            ],
            "tag": [
              {
                "key": "Environment",
                "propagate_at_launch": true,
                "value": "training"
              },
              {
                "key": "GithubOrg",
                "propagate_at_launch": true,
                "value": "terraform-aws-modules"
              },
              {
                "key": "GithubRepo",
                "propagate_at_launch": true,
                "value": "terraform-aws-eks"
              },
              {
                "key": "Name",
                "propagate_at_launch": true,
                "value": "demo-playsdev-eks-worker-group-1-eks_asg"
              },
              {
                "key": "k8s.io/cluster/demo-playsdev-eks",
                "propagate_at_launch": true,
                "value": "owned"
              },
              {
                "key": "kubernetes.io/cluster/demo-playsdev-eks",
                "propagate_at_launch": true,
                "value": "owned"
              }
            ],
            "tags": null,
            "target_group_arns": null,
            "termination_policies": [],
            "timeouts": null,
            "vpc_zone_identifier": [
              "subnet-026c9d8f230b798f9",
              "subnet-083f750cf3dffa649",
              "subnet-0ec04039ab1b85f8f"
            ],
            "wait_for_capacity_timeout": "10m",
            "wait_for_elb_capacity": null,
            "warm_pool": []
          },
          "sensitive_attributes": [],
          "private": "eyJlMmJmYjczMC1lY2FhLTExZTYtOGY4OC0zNDM2M2JjN2M0YzAiOnsiZGVsZXRlIjo2MDAwMDAwMDAwMDB9fQ==",
          "dependencies": [
            "aws_security_group.worker_group_mgmt_one",
            "aws_security_group.worker_group_mgmt_two",
            "data.aws_availability_zones.available",
            "module.eks.aws_cloudwatch_log_group.this",
            "module.eks.aws_eks_cluster.this",
            "module.eks.aws_iam_instance_profile.workers",
            "module.eks.aws_iam_role.cluster",
            "module.eks.aws_iam_role.workers",
            "module.eks.aws_iam_role_policy_attachment.cluster_AmazonEKSClusterPolicy",
            "module.eks.aws_iam_role_policy_attachment.cluster_AmazonEKSServicePolicy",
            "module.eks.aws_iam_role_policy_attachment.cluster_AmazonEKSVPCResourceControllerPolicy",
            "module.eks.aws_iam_role_policy_attachment.workers_AmazonEC2ContainerRegistryReadOnly",
            "module.eks.aws_iam_role_policy_attachment.workers_AmazonEKSWorkerNodePolicy",
            "module.eks.aws_iam_role_policy_attachment.workers_AmazonEKS_CNI_Policy",
            "module.eks.aws_iam_role_policy_attachment.workers_additional_policies",
            "module.eks.aws_launch_configuration.workers",
            "module.eks.aws_security_group.cluster",
            "module.eks.aws_security_group.workers",
            "module.eks.aws_security_group_rule.cluster_egress_internet",
            "module.eks.aws_security_group_rule.cluster_https_worker_ingress",
            "module.eks.aws_security_group_rule.cluster_primary_ingress_workers",
            "module.eks.aws_security_group_rule.workers_egress_internet",
            "module.eks.aws_security_group_rule.workers_ingress_cluster",
            "module.eks.aws_security_group_rule.workers_ingress_cluster_https",
            "module.eks.aws_security_group_rule.workers_ingress_cluster_kubelet",
            "module.eks.aws_security_group_rule.workers_ingress_cluster_primary",
            "module.eks.aws_security_group_rule.workers_ingress_self",
            "module.eks.data.aws_ami.eks_worker",
            "module.eks.data.aws_ami.eks_worker_windows",
            "module.eks.data.aws_iam_instance_profile.custom_worker_group_iam_instance_profile",
            "module.eks.data.aws_iam_policy_document.cluster_assume_role_policy",
            "module.eks.data.aws_iam_policy_document.workers_assume_role_policy",
            "module.eks.data.aws_iam_role.custom_cluster_iam_role",
            "module.eks.data.aws_partition.current",
            "module.vpc.aws_subnet.private",
            "module.vpc.aws_vpc.this",
            "module.vpc.aws_vpc_ipv4_cidr_block_association.this"
          ],
          "create_before_destroy": true
        },
        {
          "index_key": 1,
          "schema_version": 0,
          "attributes": {
            "arn": "arn:aws:autoscaling:eu-central-1:513910674915:autoScalingGroup:c82ad58f-ddb8-4bcb-98ca-246f1d14a4ca:autoScalingGroupName/demo-playsdev-eks-worker-group-220210927070036335200000016",
            "availability_zones": [
              "eu-central-1a",
              "eu-central-1b",
              "eu-central-1c"
            ],
            "capacity_rebalance": false,
            "default_cooldown": 300,
            "desired_capacity": 1,
            "enabled_metrics": null,
            "force_delete": false,
            "force_delete_warm_pool": false,
            "health_check_grace_period": 300,
            "health_check_type": "EC2",
            "id": "demo-playsdev-eks-worker-group-220210927070036335200000016",
            "initial_lifecycle_hook": [],
            "instance_refresh": [],
            "launch_configuration": "demo-playsdev-eks-worker-group-220210927070024843100000014",
            "launch_template": [],
            "load_balancers": null,
            "max_instance_lifetime": 0,
            "max_size": 3,
            "metrics_granularity": "1Minute",
            "min_elb_capacity": null,
            "min_size": 1,
            "mixed_instances_policy": [],
            "name": "demo-playsdev-eks-worker-group-220210927070036335200000016",
            "name_prefix": "demo-playsdev-eks-worker-group-2",
            "placement_group": "",
            "protect_from_scale_in": false,
            "service_linked_role_arn": "arn:aws:iam::513910674915:role/aws-service-role/autoscaling.amazonaws.com/AWSServiceRoleForAutoScaling",
            "suspended_processes": [
              "AZRebalance"
            ],
            "tag": [
              {
                "key": "Environment",
                "propagate_at_launch": true,
                "value": "training"
              },
              {
                "key": "GithubOrg",
                "propagate_at_launch": true,
                "value": "terraform-aws-modules"
              },
              {
                "key": "GithubRepo",
                "propagate_at_launch": true,
                "value": "terraform-aws-eks"
              },
              {
                "key": "Name",
                "propagate_at_launch": true,
                "value": "demo-playsdev-eks-worker-group-2-eks_asg"
              },
              {
                "key": "k8s.io/cluster/demo-playsdev-eks",
                "propagate_at_launch": true,
                "value": "owned"
              },
              {
                "key": "kubernetes.io/cluster/demo-playsdev-eks",
                "propagate_at_launch": true,
                "value": "owned"
              }
            ],
            "tags": null,
            "target_group_arns": null,
            "termination_policies": [],
            "timeouts": null,
            "vpc_zone_identifier": [
              "subnet-026c9d8f230b798f9",
              "subnet-083f750cf3dffa649",
              "subnet-0ec04039ab1b85f8f"
            ],
            "wait_for_capacity_timeout": "10m",
            "wait_for_elb_capacity": null,
            "warm_pool": []
          },
          "sensitive_attributes": [],
          "private": "eyJlMmJmYjczMC1lY2FhLTExZTYtOGY4OC0zNDM2M2JjN2M0YzAiOnsiZGVsZXRlIjo2MDAwMDAwMDAwMDB9fQ==",
          "dependencies": [
            "aws_security_group.worker_group_mgmt_one",
            "aws_security_group.worker_group_mgmt_two",
            "data.aws_availability_zones.available",
            "module.eks.aws_cloudwatch_log_group.this",
            "module.eks.aws_eks_cluster.this",
            "module.eks.aws_iam_instance_profile.workers",
            "module.eks.aws_iam_role.cluster",
            "module.eks.aws_iam_role.workers",
            "module.eks.aws_iam_role_policy_attachment.cluster_AmazonEKSClusterPolicy",
            "module.eks.aws_iam_role_policy_attachment.cluster_AmazonEKSServicePolicy",
            "module.eks.aws_iam_role_policy_attachment.cluster_AmazonEKSVPCResourceControllerPolicy",
            "module.eks.aws_iam_role_policy_attachment.workers_AmazonEC2ContainerRegistryReadOnly",
            "module.eks.aws_iam_role_policy_attachment.workers_AmazonEKSWorkerNodePolicy",
            "module.eks.aws_iam_role_policy_attachment.workers_AmazonEKS_CNI_Policy",
            "module.eks.aws_iam_role_policy_attachment.workers_additional_policies",
            "module.eks.aws_launch_configuration.workers",
            "module.eks.aws_security_group.cluster",
            "module.eks.aws_security_group.workers",
            "module.eks.aws_security_group_rule.cluster_egress_internet",
            "module.eks.aws_security_group_rule.cluster_https_worker_ingress",
            "module.eks.aws_security_group_rule.cluster_primary_ingress_workers",
            "module.eks.aws_security_group_rule.workers_egress_internet",
            "module.eks.aws_security_group_rule.workers_ingress_cluster",
            "module.eks.aws_security_group_rule.workers_ingress_cluster_https",
            "module.eks.aws_security_group_rule.workers_ingress_cluster_kubelet",
            "module.eks.aws_security_group_rule.workers_ingress_cluster_primary",
            "module.eks.aws_security_group_rule.workers_ingress_self",
            "module.eks.data.aws_ami.eks_worker",
            "module.eks.data.aws_ami.eks_worker_windows",
            "module.eks.data.aws_iam_instance_profile.custom_worker_group_iam_instance_profile",
            "module.eks.data.aws_iam_policy_document.cluster_assume_role_policy",
            "module.eks.data.aws_iam_policy_document.workers_assume_role_policy",
            "module.eks.data.aws_iam_role.custom_cluster_iam_role",
            "module.eks.data.aws_partition.current",
            "module.vpc.aws_subnet.private",
            "module.vpc.aws_vpc.this",
            "module.vpc.aws_vpc_ipv4_cidr_block_association.this"
          ],
          "create_before_destroy": true
        }
      ]
    },
    {
      "module": "module.eks",
      "mode": "managed",
      "type": "aws_eks_cluster",
      "name": "this",
      "provider": "provider[\"registry.terraform.io/hashicorp/aws\"]",
      "instances": [
        {
          "index_key": 0,
          "schema_version": 0,
          "attributes": {
            "arn": "arn:aws:eks:eu-central-1:513910674915:cluster/demo-playsdev-eks",
            "certificate_authority": [
              {
                "data": "LS0tLS1CRUdJTiBDRVJUSUZJQ0FURS0tLS0tCk1JSUM1ekNDQWMrZ0F3SUJBZ0lCQURBTkJna3Foa2lHOXcwQkFRc0ZBREFWTVJNd0VRWURWUVFERXdwcmRXSmwKY201bGRHVnpNQjRYRFRJeE1Ea3lOekEyTlRZeE1Gb1hEVE14TURreU5UQTJOVFl4TUZvd0ZURVRNQkVHQTFVRQpBeE1LYTNWaVpYSnVaWFJsY3pDQ0FTSXdEUVlKS29aSWh2Y05BUUVCQlFBRGdnRVBBRENDQVFvQ2dnRUJBTXc2CmhBVU9LYzJjcDlxRHIrQ1NCYkhESGszVUVZNG5nYzRKMFcwQ2wvekt0WlZhZVZzN1YwTllHYUUvTEg1VGdEdVgKUGM1R2JDWE5adHBoN0RMYkMrVUNSN3EyVlVoQTFPdDBKYWtiZUM3U21FK1ZrazZNSTNkRUxlaGhsZFZLNkNUZgpvN1B0dytiNWEydlF3akYvcVlwbyt2S1JPdkVGQTVONjBVWThBK1lEa1Y5cFdmbFlxT1lxSmtaUGFZc3JTVXk5CmxScVJGOWRLTDViNHN6RDZ0SUsxdmNqcU4vYmN2WjBtUEE5b1RkSXBjZnQyWGRIU1JneGlEdjczMzgvRkE1bG8KQ2cyMFNyWWkwTEFTeVBtY0RKdFA0dllKWVhkRzZnWkpabTQyMmk3VC9icXF5YlpKTEdGMm9ydDZieEdmQVRsQQpWNWZMcm0xRkkzT2hodUt4NHhFQ0F3RUFBYU5DTUVBd0RnWURWUjBQQVFIL0JBUURBZ0trTUE4R0ExVWRFd0VCCi93UUZNQU1CQWY4d0hRWURWUjBPQkJZRUZGSE1aUHVQdlE1OGtOQ3l6a25KWlhkZTFiOS9NQTBHQ1NxR1NJYjMKRFFFQkN3VUFBNElCQVFDY3dXZCtvQ2hCeG1UZ1JDS2UyVDFtOE4xZ25QbVJreEtqWSs4blcvOW5OTjNuUW1pdgpRMjFqcVY3NUJ3RGlOaTd4T2U0aVlaQVdGK2oxM0hMcFV2M2ppNXBIWUJ5WUJzelVmalV1STVYNTJ5RHJ1MU91CjEvSlBaQUFNTFdQWHpFRnA0N1AySGFTWU1nSWh1TUdhVTR1Wm9vL1VvcElVb0ZkZlZGckRadmYzL1RFTkJ4Q0EKc09hMXlVWGJxTk5tM25BM0p2citxeHN3dnpIYjRTQTNqWUZwYkFITW9UaEhOYlRlNjBqREY4TVJoNXZ6M1hhRgorYm9WUG5oUHZRalgvQytvaVZ1WkVxZUpKdnR0VkRhNm5rTUNsUmxVaDJhZXRnc3ZmMGRTREs2YjJlQ0pudG5uCmJzejFKNThrN3ROSVFuM052andQTEpka2x1Z2ZaRHJuc3RZMQotLS0tLUVORCBDRVJUSUZJQ0FURS0tLS0tCg=="
              }
            ],
            "created_at": "2021-09-27 06:49:23.402 +0000 UTC",
            "enabled_cluster_log_types": null,
            "encryption_config": [],
            "endpoint": "https://A27750A62238877BB9A43EECE2C7F813.yl4.eu-central-1.eks.amazonaws.com",
            "id": "demo-playsdev-eks",
            "identity": [
              {
                "oidc": [
                  {
                    "issuer": "https://oidc.eks.eu-central-1.amazonaws.com/id/A27750A62238877BB9A43EECE2C7F813"
                  }
                ]
              }
            ],
            "kubernetes_network_config": [
              {
                "service_ipv4_cidr": "172.20.0.0/16"
              }
            ],
            "name": "demo-playsdev-eks",
            "platform_version": "eks.2",
            "role_arn": "arn:aws:iam::513910674915:role/demo-playsdev-eks20210927064854827600000001",
            "status": "ACTIVE",
            "tags": {
              "Environment": "training",
              "GithubOrg": "terraform-aws-modules",
              "GithubRepo": "terraform-aws-eks"
            },
            "tags_all": {
              "Environment": "training",
              "GithubOrg": "terraform-aws-modules",
              "GithubRepo": "terraform-aws-eks"
            },
            "timeouts": {
              "create": "30m",
              "delete": "15m",
              "update": "60m"
            },
            "version": "1.20",
            "vpc_config": [
              {
                "cluster_security_group_id": "sg-0ff7ec4ee82950d4e",
                "endpoint_private_access": false,
                "endpoint_public_access": true,
                "public_access_cidrs": [
                  "0.0.0.0/0"
                ],
                "security_group_ids": [
                  "sg-04a4befdc6abfc61c"
                ],
                "subnet_ids": [
                  "subnet-026c9d8f230b798f9",
                  "subnet-083f750cf3dffa649",
                  "subnet-0ec04039ab1b85f8f"
                ],
                "vpc_id": "vpc-072405c10923ee786"
              }
            ]
          },
          "sensitive_attributes": [],
          "private": "eyJlMmJmYjczMC1lY2FhLTExZTYtOGY4OC0zNDM2M2JjN2M0YzAiOnsiY3JlYXRlIjoxODAwMDAwMDAwMDAwLCJkZWxldGUiOjkwMDAwMDAwMDAwMCwidXBkYXRlIjozNjAwMDAwMDAwMDAwfX0=",
          "dependencies": [
            "data.aws_availability_zones.available",
            "module.eks.aws_cloudwatch_log_group.this",
            "module.eks.aws_iam_role.cluster",
            "module.eks.aws_iam_role_policy_attachment.cluster_AmazonEKSClusterPolicy",
            "module.eks.aws_iam_role_policy_attachment.cluster_AmazonEKSServicePolicy",
            "module.eks.aws_iam_role_policy_attachment.cluster_AmazonEKSVPCResourceControllerPolicy",
            "module.eks.aws_security_group.cluster",
            "module.eks.aws_security_group.workers",
            "module.eks.aws_security_group_rule.cluster_egress_internet",
            "module.eks.aws_security_group_rule.cluster_https_worker_ingress",
            "module.eks.data.aws_iam_policy_document.cluster_assume_role_policy",
            "module.eks.data.aws_iam_role.custom_cluster_iam_role",
            "module.eks.data.aws_partition.current",
            "module.vpc.aws_subnet.private",
            "module.vpc.aws_vpc.this",
            "module.vpc.aws_vpc_ipv4_cidr_block_association.this"
          ],
          "create_before_destroy": true
        }
      ]
    },
    {
      "module": "module.eks",
      "mode": "managed",
      "type": "aws_iam_instance_profile",
      "name": "workers",
      "provider": "provider[\"registry.terraform.io/hashicorp/aws\"]",
      "instances": [
        {
          "index_key": 0,
          "schema_version": 0,
          "attributes": {
            "arn": "arn:aws:iam::513910674915:instance-profile/demo-playsdev-eks2021092707002129880000000f",
            "create_date": "2021-09-27T07:00:22Z",
            "id": "demo-playsdev-eks2021092707002129880000000f",
            "name": "demo-playsdev-eks2021092707002129880000000f",
            "name_prefix": "demo-playsdev-eks",
            "path": "/",
            "role": "demo-playsdev-eks2021092707001763530000000e",
            "tags": {
              "Environment": "training",
              "GithubOrg": "terraform-aws-modules",
              "GithubRepo": "terraform-aws-eks"
            },
            "tags_all": {
              "Environment": "training",
              "GithubOrg": "terraform-aws-modules",
              "GithubRepo": "terraform-aws-eks"
            },
            "unique_id": "AIPAXPJ3WSXR2SJOW6ZDM"
          },
          "sensitive_attributes": [],
          "private": "bnVsbA==",
          "dependencies": [
            "aws_security_group.worker_group_mgmt_one",
            "aws_security_group.worker_group_mgmt_two",
            "data.aws_availability_zones.available",
            "module.eks.aws_cloudwatch_log_group.this",
            "module.eks.aws_eks_cluster.this",
            "module.eks.aws_iam_role.cluster",
            "module.eks.aws_iam_role.workers",
            "module.eks.aws_iam_role_policy_attachment.cluster_AmazonEKSClusterPolicy",
            "module.eks.aws_iam_role_policy_attachment.cluster_AmazonEKSServicePolicy",
            "module.eks.aws_iam_role_policy_attachment.cluster_AmazonEKSVPCResourceControllerPolicy",
            "module.eks.aws_security_group.cluster",
            "module.eks.aws_security_group.workers",
            "module.eks.aws_security_group_rule.cluster_egress_internet",
            "module.eks.aws_security_group_rule.cluster_https_worker_ingress",
            "module.eks.data.aws_iam_policy_document.cluster_assume_role_policy",
            "module.eks.data.aws_iam_policy_document.workers_assume_role_policy",
            "module.eks.data.aws_iam_role.custom_cluster_iam_role",
            "module.eks.data.aws_partition.current",
            "module.vpc.aws_subnet.private",
            "module.vpc.aws_vpc.this",
            "module.vpc.aws_vpc_ipv4_cidr_block_association.this"
          ],
          "create_before_destroy": true
        },
        {
          "index_key": 1,
          "schema_version": 0,
          "attributes": {
            "arn": "arn:aws:iam::513910674915:instance-profile/demo-playsdev-eks20210927070021298800000010",
            "create_date": "2021-09-27T07:00:22Z",
            "id": "demo-playsdev-eks20210927070021298800000010",
            "name": "demo-playsdev-eks20210927070021298800000010",
            "name_prefix": "demo-playsdev-eks",
            "path": "/",
            "role": "demo-playsdev-eks2021092707001763530000000e",
            "tags": {
              "Environment": "training",
              "GithubOrg": "terraform-aws-modules",
              "GithubRepo": "terraform-aws-eks"
            },
            "tags_all": {
              "Environment": "training",
              "GithubOrg": "terraform-aws-modules",
              "GithubRepo": "terraform-aws-eks"
            },
            "unique_id": "AIPAXPJ3WSXR5VXGUGNWP"
          },
          "sensitive_attributes": [],
          "private": "bnVsbA==",
          "dependencies": [
            "aws_security_group.worker_group_mgmt_one",
            "aws_security_group.worker_group_mgmt_two",
            "data.aws_availability_zones.available",
            "module.eks.aws_cloudwatch_log_group.this",
            "module.eks.aws_eks_cluster.this",
            "module.eks.aws_iam_role.cluster",
            "module.eks.aws_iam_role.workers",
            "module.eks.aws_iam_role_policy_attachment.cluster_AmazonEKSClusterPolicy",
            "module.eks.aws_iam_role_policy_attachment.cluster_AmazonEKSServicePolicy",
            "module.eks.aws_iam_role_policy_attachment.cluster_AmazonEKSVPCResourceControllerPolicy",
            "module.eks.aws_security_group.cluster",
            "module.eks.aws_security_group.workers",
            "module.eks.aws_security_group_rule.cluster_egress_internet",
            "module.eks.aws_security_group_rule.cluster_https_worker_ingress",
            "module.eks.data.aws_iam_policy_document.cluster_assume_role_policy",
            "module.eks.data.aws_iam_policy_document.workers_assume_role_policy",
            "module.eks.data.aws_iam_role.custom_cluster_iam_role",
            "module.eks.data.aws_partition.current",
            "module.vpc.aws_subnet.private",
            "module.vpc.aws_vpc.this",
            "module.vpc.aws_vpc_ipv4_cidr_block_association.this"
          ],
          "create_before_destroy": true
        }
      ]
    },
    {
      "module": "module.eks",
      "mode": "managed",
      "type": "aws_iam_policy",
      "name": "cluster_elb_sl_role_creation",
      "provider": "provider[\"registry.terraform.io/hashicorp/aws\"]",
      "instances": [
        {
          "index_key": 0,
          "schema_version": 0,
          "attributes": {
            "arn": "arn:aws:iam::513910674915:policy/demo-playsdev-eks-elb-sl-role-creation20210927064854840600000002",
            "description": "Permissions for EKS to create AWSServiceRoleForElasticLoadBalancing service-linked role",
            "id": "arn:aws:iam::513910674915:policy/demo-playsdev-eks-elb-sl-role-creation20210927064854840600000002",
            "name": "demo-playsdev-eks-elb-sl-role-creation20210927064854840600000002",
            "name_prefix": "demo-playsdev-eks-elb-sl-role-creation",
            "path": "/",
            "policy": "{\n  \"Version\": \"2012-10-17\",\n  \"Statement\": [\n    {\n      \"Sid\": \"\",\n      \"Effect\": \"Allow\",\n      \"Action\": [\n        \"ec2:DescribeInternetGateways\",\n        \"ec2:DescribeAddresses\",\n        \"ec2:DescribeAccountAttributes\"\n      ],\n      \"Resource\": \"*\"\n    }\n  ]\n}",
            "policy_id": "ANPAXPJ3WSXRWQ264KLSP",
            "tags": {
              "Environment": "training",
              "GithubOrg": "terraform-aws-modules",
              "GithubRepo": "terraform-aws-eks"
            },
            "tags_all": {
              "Environment": "training",
              "GithubOrg": "terraform-aws-modules",
              "GithubRepo": "terraform-aws-eks"
            }
          },
          "sensitive_attributes": [],
          "private": "bnVsbA==",
          "dependencies": [
            "module.eks.data.aws_iam_policy_document.cluster_elb_sl_role_creation"
          ]
        }
      ]
    },
    {
      "module": "module.eks",
      "mode": "managed",
      "type": "aws_iam_role",
      "name": "cluster",
      "provider": "provider[\"registry.terraform.io/hashicorp/aws\"]",
      "instances": [
        {
          "index_key": 0,
          "schema_version": 0,
          "attributes": {
            "arn": "arn:aws:iam::513910674915:role/demo-playsdev-eks20210927064854827600000001",
            "assume_role_policy": "{\"Version\":\"2012-10-17\",\"Statement\":[{\"Sid\":\"EKSClusterAssumeRole\",\"Effect\":\"Allow\",\"Principal\":{\"Service\":\"eks.amazonaws.com\"},\"Action\":\"sts:AssumeRole\"}]}",
            "create_date": "2021-09-27T06:48:55Z",
            "description": "",
            "force_detach_policies": true,
            "id": "demo-playsdev-eks20210927064854827600000001",
            "inline_policy": [
              {
                "name": "",
                "policy": ""
              }
            ],
            "managed_policy_arns": [],
            "max_session_duration": 3600,
            "name": "demo-playsdev-eks20210927064854827600000001",
            "name_prefix": "demo-playsdev-eks",
            "path": "/",
            "permissions_boundary": null,
            "tags": {
              "Environment": "training",
              "GithubOrg": "terraform-aws-modules",
              "GithubRepo": "terraform-aws-eks"
            },
            "tags_all": {
              "Environment": "training",
              "GithubOrg": "terraform-aws-modules",
              "GithubRepo": "terraform-aws-eks"
            },
            "unique_id": "AROAXPJ3WSXRY5PTHWNHU"
          },
          "sensitive_attributes": [],
          "private": "bnVsbA==",
          "dependencies": [
            "module.eks.data.aws_iam_policy_document.cluster_assume_role_policy"
          ],
          "create_before_destroy": true
        }
      ]
    },
    {
      "module": "module.eks",
      "mode": "managed",
      "type": "aws_iam_role",
      "name": "workers",
      "provider": "provider[\"registry.terraform.io/hashicorp/aws\"]",
      "instances": [
        {
          "index_key": 0,
          "schema_version": 0,
          "attributes": {
            "arn": "arn:aws:iam::513910674915:role/demo-playsdev-eks2021092707001763530000000e",
            "assume_role_policy": "{\"Version\":\"2012-10-17\",\"Statement\":[{\"Sid\":\"EKSWorkerAssumeRole\",\"Effect\":\"Allow\",\"Principal\":{\"Service\":\"ec2.amazonaws.com\"},\"Action\":\"sts:AssumeRole\"}]}",
            "create_date": "2021-09-27T07:00:18Z",
            "description": "",
            "force_detach_policies": true,
            "id": "demo-playsdev-eks2021092707001763530000000e",
            "inline_policy": [
              {
                "name": "",
                "policy": ""
              }
            ],
            "managed_policy_arns": [],
            "max_session_duration": 3600,
            "name": "demo-playsdev-eks2021092707001763530000000e",
            "name_prefix": "demo-playsdev-eks",
            "path": "/",
            "permissions_boundary": null,
            "tags": {
              "Environment": "training",
              "GithubOrg": "terraform-aws-modules",
              "GithubRepo": "terraform-aws-eks"
            },
            "tags_all": {
              "Environment": "training",
              "GithubOrg": "terraform-aws-modules",
              "GithubRepo": "terraform-aws-eks"
            },
            "unique_id": "AROAXPJ3WSXR3D25FQNAM"
          },
          "sensitive_attributes": [],
          "private": "bnVsbA==",
          "dependencies": [
            "data.aws_availability_zones.available",
            "module.eks.aws_cloudwatch_log_group.this",
            "module.eks.aws_eks_cluster.this",
            "module.eks.aws_iam_role.cluster",
            "module.eks.aws_iam_role_policy_attachment.cluster_AmazonEKSClusterPolicy",
            "module.eks.aws_iam_role_policy_attachment.cluster_AmazonEKSServicePolicy",
            "module.eks.aws_iam_role_policy_attachment.cluster_AmazonEKSVPCResourceControllerPolicy",
            "module.eks.aws_security_group.cluster",
            "module.eks.aws_security_group.workers",
            "module.eks.aws_security_group_rule.cluster_egress_internet",
            "module.eks.aws_security_group_rule.cluster_https_worker_ingress",
            "module.eks.data.aws_iam_policy_document.cluster_assume_role_policy",
            "module.eks.data.aws_iam_policy_document.workers_assume_role_policy",
            "module.eks.data.aws_iam_role.custom_cluster_iam_role",
            "module.eks.data.aws_partition.current",
            "module.vpc.aws_subnet.private",
            "module.vpc.aws_vpc.this",
            "module.vpc.aws_vpc_ipv4_cidr_block_association.this"
          ],
          "create_before_destroy": true
        }
      ]
    },
    {
      "module": "module.eks",
      "mode": "managed",
      "type": "aws_iam_role_policy_attachment",
      "name": "cluster_AmazonEKSClusterPolicy",
      "provider": "provider[\"registry.terraform.io/hashicorp/aws\"]",
      "instances": [
        {
          "index_key": 0,
          "schema_version": 0,
          "attributes": {
            "id": "demo-playsdev-eks20210927064854827600000001-20210927064859634900000005",
            "policy_arn": "arn:aws:iam::aws:policy/AmazonEKSClusterPolicy",
            "role": "demo-playsdev-eks20210927064854827600000001"
          },
          "sensitive_attributes": [],
          "private": "bnVsbA==",
          "dependencies": [
            "module.eks.aws_iam_role.cluster",
            "module.eks.data.aws_iam_policy_document.cluster_assume_role_policy",
            "module.eks.data.aws_partition.current"
          ],
          "create_before_destroy": true
        }
      ]
    },
    {
      "module": "module.eks",
      "mode": "managed",
      "type": "aws_iam_role_policy_attachment",
      "name": "cluster_AmazonEKSServicePolicy",
      "provider": "provider[\"registry.terraform.io/hashicorp/aws\"]",
      "instances": [
        {
          "index_key": 0,
          "schema_version": 0,
          "attributes": {
            "id": "demo-playsdev-eks20210927064854827600000001-20210927064859605000000004",
            "policy_arn": "arn:aws:iam::aws:policy/AmazonEKSServicePolicy",
            "role": "demo-playsdev-eks20210927064854827600000001"
          },
          "sensitive_attributes": [],
          "private": "bnVsbA==",
          "dependencies": [
            "module.eks.aws_iam_role.cluster",
            "module.eks.data.aws_iam_policy_document.cluster_assume_role_policy",
            "module.eks.data.aws_partition.current"
          ],
          "create_before_destroy": true
        }
      ]
    },
    {
      "module": "module.eks",
      "mode": "managed",
      "type": "aws_iam_role_policy_attachment",
      "name": "cluster_AmazonEKSVPCResourceControllerPolicy",
      "provider": "provider[\"registry.terraform.io/hashicorp/aws\"]",
      "instances": [
        {
          "index_key": 0,
          "schema_version": 0,
          "attributes": {
            "id": "demo-playsdev-eks20210927064854827600000001-20210927064859752800000006",
            "policy_arn": "arn:aws:iam::aws:policy/AmazonEKSVPCResourceController",
            "role": "demo-playsdev-eks20210927064854827600000001"
          },
          "sensitive_attributes": [],
          "private": "bnVsbA==",
          "dependencies": [
            "module.eks.aws_iam_role.cluster",
            "module.eks.data.aws_iam_policy_document.cluster_assume_role_policy",
            "module.eks.data.aws_partition.current"
          ],
          "create_before_destroy": true
        }
      ]
    },
    {
      "module": "module.eks",
      "mode": "managed",
      "type": "aws_iam_role_policy_attachment",
      "name": "cluster_elb_sl_role_creation",
      "provider": "provider[\"registry.terraform.io/hashicorp/aws\"]",
      "instances": [
        {
          "index_key": 0,
          "schema_version": 0,
          "attributes": {
            "id": "demo-playsdev-eks20210927064854827600000001-20210927064859551200000003",
            "policy_arn": "arn:aws:iam::513910674915:policy/demo-playsdev-eks-elb-sl-role-creation20210927064854840600000002",
            "role": "demo-playsdev-eks20210927064854827600000001"
          },
          "sensitive_attributes": [],
          "private": "bnVsbA==",
          "dependencies": [
            "module.eks.aws_iam_policy.cluster_elb_sl_role_creation",
            "module.eks.aws_iam_role.cluster",
            "module.eks.data.aws_iam_policy_document.cluster_assume_role_policy",
            "module.eks.data.aws_iam_policy_document.cluster_elb_sl_role_creation"
          ]
        }
      ]
    },
    {
      "module": "module.eks",
      "mode": "managed",
      "type": "aws_iam_role_policy_attachment",
      "name": "workers_AmazonEC2ContainerRegistryReadOnly",
      "provider": "provider[\"registry.terraform.io/hashicorp/aws\"]",
      "instances": [
        {
          "index_key": 0,
          "schema_version": 0,
          "attributes": {
            "id": "demo-playsdev-eks2021092707001763530000000e-20210927070022209900000013",
            "policy_arn": "arn:aws:iam::aws:policy/AmazonEC2ContainerRegistryReadOnly",
            "role": "demo-playsdev-eks2021092707001763530000000e"
          },
          "sensitive_attributes": [],
          "private": "bnVsbA==",
          "dependencies": [
            "data.aws_availability_zones.available",
            "module.eks.aws_cloudwatch_log_group.this",
            "module.eks.aws_eks_cluster.this",
            "module.eks.aws_iam_role.cluster",
            "module.eks.aws_iam_role.workers",
            "module.eks.aws_iam_role_policy_attachment.cluster_AmazonEKSClusterPolicy",
            "module.eks.aws_iam_role_policy_attachment.cluster_AmazonEKSServicePolicy",
            "module.eks.aws_iam_role_policy_attachment.cluster_AmazonEKSVPCResourceControllerPolicy",
            "module.eks.aws_security_group.cluster",
            "module.eks.aws_security_group.workers",
            "module.eks.aws_security_group_rule.cluster_egress_internet",
            "module.eks.aws_security_group_rule.cluster_https_worker_ingress",
            "module.eks.data.aws_iam_policy_document.cluster_assume_role_policy",
            "module.eks.data.aws_iam_policy_document.workers_assume_role_policy",
            "module.eks.data.aws_iam_role.custom_cluster_iam_role",
            "module.eks.data.aws_partition.current",
            "module.vpc.aws_subnet.private",
            "module.vpc.aws_vpc.this",
            "module.vpc.aws_vpc_ipv4_cidr_block_association.this"
          ],
          "create_before_destroy": true
        }
      ]
    },
    {
      "module": "module.eks",
      "mode": "managed",
      "type": "aws_iam_role_policy_attachment",
      "name": "workers_AmazonEKSWorkerNodePolicy",
      "provider": "provider[\"registry.terraform.io/hashicorp/aws\"]",
      "instances": [
        {
          "index_key": 0,
          "schema_version": 0,
          "attributes": {
            "id": "demo-playsdev-eks2021092707001763530000000e-20210927070022169200000011",
            "policy_arn": "arn:aws:iam::aws:policy/AmazonEKSWorkerNodePolicy",
            "role": "demo-playsdev-eks2021092707001763530000000e"
          },
          "sensitive_attributes": [],
          "private": "bnVsbA==",
          "dependencies": [
            "data.aws_availability_zones.available",
            "module.eks.aws_cloudwatch_log_group.this",
            "module.eks.aws_eks_cluster.this",
            "module.eks.aws_iam_role.cluster",
            "module.eks.aws_iam_role.workers",
            "module.eks.aws_iam_role_policy_attachment.cluster_AmazonEKSClusterPolicy",
            "module.eks.aws_iam_role_policy_attachment.cluster_AmazonEKSServicePolicy",
            "module.eks.aws_iam_role_policy_attachment.cluster_AmazonEKSVPCResourceControllerPolicy",
            "module.eks.aws_security_group.cluster",
            "module.eks.aws_security_group.workers",
            "module.eks.aws_security_group_rule.cluster_egress_internet",
            "module.eks.aws_security_group_rule.cluster_https_worker_ingress",
            "module.eks.data.aws_iam_policy_document.cluster_assume_role_policy",
            "module.eks.data.aws_iam_policy_document.workers_assume_role_policy",
            "module.eks.data.aws_iam_role.custom_cluster_iam_role",
            "module.eks.data.aws_partition.current",
            "module.vpc.aws_subnet.private",
            "module.vpc.aws_vpc.this",
            "module.vpc.aws_vpc_ipv4_cidr_block_association.this"
          ],
          "create_before_destroy": true
        }
      ]
    },
    {
      "module": "module.eks",
      "mode": "managed",
      "type": "aws_iam_role_policy_attachment",
      "name": "workers_AmazonEKS_CNI_Policy",
      "provider": "provider[\"registry.terraform.io/hashicorp/aws\"]",
      "instances": [
        {
          "index_key": 0,
          "schema_version": 0,
          "attributes": {
            "id": "demo-playsdev-eks2021092707001763530000000e-20210927070022192100000012",
            "policy_arn": "arn:aws:iam::aws:policy/AmazonEKS_CNI_Policy",
            "role": "demo-playsdev-eks2021092707001763530000000e"
          },
          "sensitive_attributes": [],
          "private": "bnVsbA==",
          "dependencies": [
            "data.aws_availability_zones.available",
            "module.eks.aws_cloudwatch_log_group.this",
            "module.eks.aws_eks_cluster.this",
            "module.eks.aws_iam_role.cluster",
            "module.eks.aws_iam_role.workers",
            "module.eks.aws_iam_role_policy_attachment.cluster_AmazonEKSClusterPolicy",
            "module.eks.aws_iam_role_policy_attachment.cluster_AmazonEKSServicePolicy",
            "module.eks.aws_iam_role_policy_attachment.cluster_AmazonEKSVPCResourceControllerPolicy",
            "module.eks.aws_security_group.cluster",
            "module.eks.aws_security_group.workers",
            "module.eks.aws_security_group_rule.cluster_egress_internet",
            "module.eks.aws_security_group_rule.cluster_https_worker_ingress",
            "module.eks.data.aws_iam_policy_document.cluster_assume_role_policy",
            "module.eks.data.aws_iam_policy_document.workers_assume_role_policy",
            "module.eks.data.aws_iam_role.custom_cluster_iam_role",
            "module.eks.data.aws_partition.current",
            "module.vpc.aws_subnet.private",
            "module.vpc.aws_vpc.this",
            "module.vpc.aws_vpc_ipv4_cidr_block_association.this"
          ],
          "create_before_destroy": true
        }
      ]
    },
    {
      "module": "module.eks",
      "mode": "managed",
      "type": "aws_launch_configuration",
      "name": "workers",
      "provider": "provider[\"registry.terraform.io/hashicorp/aws\"]",
      "instances": [
        {
          "index_key": 0,
          "schema_version": 0,
          "attributes": {
            "arn": "arn:aws:autoscaling:eu-central-1:513910674915:launchConfiguration:f1662918-b00f-46d5-ae9f-119e25074692:launchConfigurationName/demo-playsdev-eks-worker-group-120210927070024847000000015",
            "associate_public_ip_address": false,
            "ebs_block_device": [],
            "ebs_optimized": false,
            "enable_monitoring": true,
            "ephemeral_block_device": [],
            "iam_instance_profile": "demo-playsdev-eks2021092707002129880000000f",
            "id": "demo-playsdev-eks-worker-group-120210927070024847000000015",
            "image_id": "ami-0acca3abab3b7928a",
            "instance_type": "t2.small",
            "key_name": "",
            "metadata_options": [
              {
                "http_endpoint": "enabled",
                "http_put_response_hop_limit": 1,
                "http_tokens": "optional"
              }
            ],
            "name": "demo-playsdev-eks-worker-group-120210927070024847000000015",
            "name_prefix": "demo-playsdev-eks-worker-group-1",
            "placement_tenancy": "",
            "root_block_device": [
              {
                "delete_on_termination": true,
                "encrypted": false,
                "iops": 0,
                "throughput": 0,
                "volume_size": 100,
                "volume_type": "gp2"
              }
            ],
            "security_groups": [
              "sg-09762146e8c30a149",
              "sg-09d24d14084870607"
            ],
            "spot_price": "",
            "user_data": null,
            "user_data_base64": "IyEvYmluL2Jhc2ggLWUKCiMgQWxsb3cgdXNlciBzdXBwbGllZCBwcmUgdXNlcmRhdGEgY29kZQoKCiMgQm9vdHN0cmFwIGFuZCBqb2luIHRoZSBjbHVzdGVyCi9ldGMvZWtzL2Jvb3RzdHJhcC5zaCAtLWI2NC1jbHVzdGVyLWNhICdMUzB0TFMxQ1JVZEpUaUJEUlZKVVNVWkpRMEZVUlMwdExTMHRDazFKU1VNMWVrTkRRV01yWjBGM1NVSkJaMGxDUVVSQlRrSm5hM0ZvYTJsSE9YY3dRa0ZSYzBaQlJFRldUVkpOZDBWUldVUldVVkZFUlhkd2NtUlhTbXdLWTIwMWJHUkhWbnBOUWpSWVJGUkplRTFFYTNsT2VrRXlUbFJaZUUxR2IxaEVWRTE0VFVScmVVNVVRVEpPVkZsNFRVWnZkMFpVUlZSTlFrVkhRVEZWUlFwQmVFMUxZVE5XYVZwWVNuVmFXRkpzWTNwRFEwRlRTWGRFVVZsS1MyOWFTV2gyWTA1QlVVVkNRbEZCUkdkblJWQkJSRU5EUVZGdlEyZG5SVUpCVFhjMkNtaEJWVTlMWXpKamNEbHhSSElyUTFOQ1lraEVTR3N6VlVWWk5HNW5ZelJLTUZjd1Eyd3Zla3QwV2xaaFpWWnpOMVl3VGxsSFlVVXZURWcxVkdkRWRWZ0tVR00xUjJKRFdFNWFkSEJvTjBSTVlrTXJWVU5TTjNFeVZsVm9RVEZQZERCS1lXdGlaVU0zVTIxRksxWnJhelpOU1ROa1JVeGxhR2hzWkZaTE5rTlVaZ3B2TjFCMGR5dGlOV0V5ZGxGM2FrWXZjVmx3Ynl0MlMxSlBka1ZHUVRWT05qQlZXVGhCSzFsRWExWTVjRmRtYkZseFQxbHhTbXRhVUdGWmMzSlRWWGs1Q214U2NWSkdPV1JMVERWaU5ITjZSRFowU1VzeGRtTnFjVTR2WW1OMldqQnRVRUU1YjFSa1NYQmpablF5V0dSSVUxSm5lR2xFZGpjek16Z3ZSa0UxYkc4S1EyY3lNRk55V1drd1RFRlRlVkJ0WTBSS2RGQTBkbGxLV1Zoa1J6Wm5Xa3BhYlRReU1tazNWQzlpY1hGNVlscEtURWRHTW05eWREWmllRWRtUVZSc1FRcFdOV1pNY20weFJra3pUMmhvZFV0NE5IaEZRMEYzUlVGQllVNURUVVZCZDBSbldVUldVakJRUVZGSUwwSkJVVVJCWjB0clRVRTRSMEV4VldSRmQwVkNDaTkzVVVaTlFVMUNRV1k0ZDBoUldVUldVakJQUWtKWlJVWkdTRTFhVUhWUWRsRTFPR3RPUTNsNmEyNUtXbGhrWlRGaU9TOU5RVEJIUTFOeFIxTkpZak1LUkZGRlFrTjNWVUZCTkVsQ1FWRkRZM2RYWkN0dlEyaENlRzFVWjFKRFMyVXlWREZ0T0U0eFoyNVFiVkpyZUV0cVdTczRibGN2T1c1T1RqTnVVVzFwZGdwUk1qRnFjVlkzTlVKM1JHbE9hVGQ0VDJVMGFWbGFRVmRHSzJveE0waE1jRlYyTTJwcE5YQklXVUo1V1VKemVsVm1hbFYxU1RWWU5USjVSSEoxTVU5MUNqRXZTbEJhUVVGTlRGZFFXSHBGUm5BME4xQXlTR0ZUV1UxblNXaDFUVWRoVlRSMVdtOXZMMVZ2Y0VsVmIwWmtabFpHY2tSYWRtWXpMMVJGVGtKNFEwRUtjMDloTVhsVldHSnhUazV0TTI1Qk0wcDJjaXR4ZUhOM2RucElZalJUUVROcVdVWndZa0ZJVFc5VWFFaE9ZbFJsTmpCcVJFWTRUVkpvTlhaNk0xaGhSZ29yWW05V1VHNW9VSFpSYWxndlF5dHZhVloxV2tWeFpVcEtkblIwVmtSaE5tNXJUVU5zVW14VmFESmhaWFJuYzNabU1HUlRSRXMyWWpKbFEwcHVkRzV1Q21KemVqRktOVGhyTjNST1NWRnVNMDUyYW5kUVRFcGthMngxWjJaYVJISnVjM1JaTVFvdExTMHRMVVZPUkNCRFJWSlVTVVpKUTBGVVJTMHRMUzB0Q2c9PScgLS1hcGlzZXJ2ZXItZW5kcG9pbnQgJ2h0dHBzOi8vQTI3NzUwQTYyMjM4ODc3QkI5QTQzRUVDRTJDN0Y4MTMueWw0LmV1LWNlbnRyYWwtMS5la3MuYW1hem9uYXdzLmNvbScgIC0ta3ViZWxldC1leHRyYS1hcmdzICIiICdkZW1vLXBsYXlzZGV2LWVrcycKCiMgQWxsb3cgdXNlciBzdXBwbGllZCB1c2VyZGF0YSBjb2RlCmVjaG8gZm9vIGJhcgo=",
            "vpc_classic_link_id": "",
            "vpc_classic_link_security_groups": null
          },
          "sensitive_attributes": [],
          "private": "bnVsbA==",
          "dependencies": [
            "aws_security_group.worker_group_mgmt_one",
            "aws_security_group.worker_group_mgmt_two",
            "data.aws_availability_zones.available",
            "module.eks.aws_cloudwatch_log_group.this",
            "module.eks.aws_eks_cluster.this",
            "module.eks.aws_iam_instance_profile.workers",
            "module.eks.aws_iam_role.cluster",
            "module.eks.aws_iam_role.workers",
            "module.eks.aws_iam_role_policy_attachment.cluster_AmazonEKSClusterPolicy",
            "module.eks.aws_iam_role_policy_attachment.cluster_AmazonEKSServicePolicy",
            "module.eks.aws_iam_role_policy_attachment.cluster_AmazonEKSVPCResourceControllerPolicy",
            "module.eks.aws_iam_role_policy_attachment.workers_AmazonEC2ContainerRegistryReadOnly",
            "module.eks.aws_iam_role_policy_attachment.workers_AmazonEKSWorkerNodePolicy",
            "module.eks.aws_iam_role_policy_attachment.workers_AmazonEKS_CNI_Policy",
            "module.eks.aws_iam_role_policy_attachment.workers_additional_policies",
            "module.eks.aws_security_group.cluster",
            "module.eks.aws_security_group.workers",
            "module.eks.aws_security_group_rule.cluster_egress_internet",
            "module.eks.aws_security_group_rule.cluster_https_worker_ingress",
            "module.eks.aws_security_group_rule.cluster_primary_ingress_workers",
            "module.eks.aws_security_group_rule.workers_egress_internet",
            "module.eks.aws_security_group_rule.workers_ingress_cluster",
            "module.eks.aws_security_group_rule.workers_ingress_cluster_https",
            "module.eks.aws_security_group_rule.workers_ingress_cluster_kubelet",
            "module.eks.aws_security_group_rule.workers_ingress_cluster_primary",
            "module.eks.aws_security_group_rule.workers_ingress_self",
            "module.eks.data.aws_ami.eks_worker",
            "module.eks.data.aws_ami.eks_worker_windows",
            "module.eks.data.aws_iam_instance_profile.custom_worker_group_iam_instance_profile",
            "module.eks.data.aws_iam_policy_document.cluster_assume_role_policy",
            "module.eks.data.aws_iam_policy_document.workers_assume_role_policy",
            "module.eks.data.aws_iam_role.custom_cluster_iam_role",
            "module.eks.data.aws_partition.current",
            "module.vpc.aws_subnet.private",
            "module.vpc.aws_vpc.this",
            "module.vpc.aws_vpc_ipv4_cidr_block_association.this"
          ],
          "create_before_destroy": true
        },
        {
          "index_key": 1,
          "schema_version": 0,
          "attributes": {
            "arn": "arn:aws:autoscaling:eu-central-1:513910674915:launchConfiguration:18c91a29-4817-4d29-a52a-9ec390617120:launchConfigurationName/demo-playsdev-eks-worker-group-220210927070024843100000014",
            "associate_public_ip_address": false,
            "ebs_block_device": [],
            "ebs_optimized": false,
            "enable_monitoring": true,
            "ephemeral_block_device": [],
            "iam_instance_profile": "demo-playsdev-eks20210927070021298800000010",
            "id": "demo-playsdev-eks-worker-group-220210927070024843100000014",
            "image_id": "ami-0acca3abab3b7928a",
            "instance_type": "t2.medium",
            "key_name": "",
            "metadata_options": [
              {
                "http_endpoint": "enabled",
                "http_put_response_hop_limit": 1,
                "http_tokens": "optional"
              }
            ],
            "name": "demo-playsdev-eks-worker-group-220210927070024843100000014",
            "name_prefix": "demo-playsdev-eks-worker-group-2",
            "placement_tenancy": "",
            "root_block_device": [
              {
                "delete_on_termination": true,
                "encrypted": false,
                "iops": 0,
                "throughput": 0,
                "volume_size": 100,
                "volume_type": "gp2"
              }
            ],
            "security_groups": [
              "sg-053d63ec8b6bd73ea",
              "sg-09d24d14084870607"
            ],
            "spot_price": "",
            "user_data": null,
            "user_data_base64": "IyEvYmluL2Jhc2ggLWUKCiMgQWxsb3cgdXNlciBzdXBwbGllZCBwcmUgdXNlcmRhdGEgY29kZQoKCiMgQm9vdHN0cmFwIGFuZCBqb2luIHRoZSBjbHVzdGVyCi9ldGMvZWtzL2Jvb3RzdHJhcC5zaCAtLWI2NC1jbHVzdGVyLWNhICdMUzB0TFMxQ1JVZEpUaUJEUlZKVVNVWkpRMEZVUlMwdExTMHRDazFKU1VNMWVrTkRRV01yWjBGM1NVSkJaMGxDUVVSQlRrSm5hM0ZvYTJsSE9YY3dRa0ZSYzBaQlJFRldUVkpOZDBWUldVUldVVkZFUlhkd2NtUlhTbXdLWTIwMWJHUkhWbnBOUWpSWVJGUkplRTFFYTNsT2VrRXlUbFJaZUUxR2IxaEVWRTE0VFVScmVVNVVRVEpPVkZsNFRVWnZkMFpVUlZSTlFrVkhRVEZWUlFwQmVFMUxZVE5XYVZwWVNuVmFXRkpzWTNwRFEwRlRTWGRFVVZsS1MyOWFTV2gyWTA1QlVVVkNRbEZCUkdkblJWQkJSRU5EUVZGdlEyZG5SVUpCVFhjMkNtaEJWVTlMWXpKamNEbHhSSElyUTFOQ1lraEVTR3N6VlVWWk5HNW5ZelJLTUZjd1Eyd3Zla3QwV2xaaFpWWnpOMVl3VGxsSFlVVXZURWcxVkdkRWRWZ0tVR00xUjJKRFdFNWFkSEJvTjBSTVlrTXJWVU5TTjNFeVZsVm9RVEZQZERCS1lXdGlaVU0zVTIxRksxWnJhelpOU1ROa1JVeGxhR2hzWkZaTE5rTlVaZ3B2TjFCMGR5dGlOV0V5ZGxGM2FrWXZjVmx3Ynl0MlMxSlBka1ZHUVRWT05qQlZXVGhCSzFsRWExWTVjRmRtYkZseFQxbHhTbXRhVUdGWmMzSlRWWGs1Q214U2NWSkdPV1JMVERWaU5ITjZSRFowU1VzeGRtTnFjVTR2WW1OMldqQnRVRUU1YjFSa1NYQmpablF5V0dSSVUxSm5lR2xFZGpjek16Z3ZSa0UxYkc4S1EyY3lNRk55V1drd1RFRlRlVkJ0WTBSS2RGQTBkbGxLV1Zoa1J6Wm5Xa3BhYlRReU1tazNWQzlpY1hGNVlscEtURWRHTW05eWREWmllRWRtUVZSc1FRcFdOV1pNY20weFJra3pUMmhvZFV0NE5IaEZRMEYzUlVGQllVNURUVVZCZDBSbldVUldVakJRUVZGSUwwSkJVVVJCWjB0clRVRTRSMEV4VldSRmQwVkNDaTkzVVVaTlFVMUNRV1k0ZDBoUldVUldVakJQUWtKWlJVWkdTRTFhVUhWUWRsRTFPR3RPUTNsNmEyNUtXbGhrWlRGaU9TOU5RVEJIUTFOeFIxTkpZak1LUkZGRlFrTjNWVUZCTkVsQ1FWRkRZM2RYWkN0dlEyaENlRzFVWjFKRFMyVXlWREZ0T0U0eFoyNVFiVkpyZUV0cVdTczRibGN2T1c1T1RqTnVVVzFwZGdwUk1qRnFjVlkzTlVKM1JHbE9hVGQ0VDJVMGFWbGFRVmRHSzJveE0waE1jRlYyTTJwcE5YQklXVUo1V1VKemVsVm1hbFYxU1RWWU5USjVSSEoxTVU5MUNqRXZTbEJhUVVGTlRGZFFXSHBGUm5BME4xQXlTR0ZUV1UxblNXaDFUVWRoVlRSMVdtOXZMMVZ2Y0VsVmIwWmtabFpHY2tSYWRtWXpMMVJGVGtKNFEwRUtjMDloTVhsVldHSnhUazV0TTI1Qk0wcDJjaXR4ZUhOM2RucElZalJUUVROcVdVWndZa0ZJVFc5VWFFaE9ZbFJsTmpCcVJFWTRUVkpvTlhaNk0xaGhSZ29yWW05V1VHNW9VSFpSYWxndlF5dHZhVloxV2tWeFpVcEtkblIwVmtSaE5tNXJUVU5zVW14VmFESmhaWFJuYzNabU1HUlRSRXMyWWpKbFEwcHVkRzV1Q21KemVqRktOVGhyTjNST1NWRnVNMDUyYW5kUVRFcGthMngxWjJaYVJISnVjM1JaTVFvdExTMHRMVVZPUkNCRFJWSlVTVVpKUTBGVVJTMHRMUzB0Q2c9PScgLS1hcGlzZXJ2ZXItZW5kcG9pbnQgJ2h0dHBzOi8vQTI3NzUwQTYyMjM4ODc3QkI5QTQzRUVDRTJDN0Y4MTMueWw0LmV1LWNlbnRyYWwtMS5la3MuYW1hem9uYXdzLmNvbScgIC0ta3ViZWxldC1leHRyYS1hcmdzICIiICdkZW1vLXBsYXlzZGV2LWVrcycKCiMgQWxsb3cgdXNlciBzdXBwbGllZCB1c2VyZGF0YSBjb2RlCmVjaG8gZm9vIGJhcgo=",
            "vpc_classic_link_id": "",
            "vpc_classic_link_security_groups": null
          },
          "sensitive_attributes": [],
          "private": "bnVsbA==",
          "dependencies": [
            "aws_security_group.worker_group_mgmt_one",
            "aws_security_group.worker_group_mgmt_two",
            "data.aws_availability_zones.available",
            "module.eks.aws_cloudwatch_log_group.this",
            "module.eks.aws_eks_cluster.this",
            "module.eks.aws_iam_instance_profile.workers",
            "module.eks.aws_iam_role.cluster",
            "module.eks.aws_iam_role.workers",
            "module.eks.aws_iam_role_policy_attachment.cluster_AmazonEKSClusterPolicy",
            "module.eks.aws_iam_role_policy_attachment.cluster_AmazonEKSServicePolicy",
            "module.eks.aws_iam_role_policy_attachment.cluster_AmazonEKSVPCResourceControllerPolicy",
            "module.eks.aws_iam_role_policy_attachment.workers_AmazonEC2ContainerRegistryReadOnly",
            "module.eks.aws_iam_role_policy_attachment.workers_AmazonEKSWorkerNodePolicy",
            "module.eks.aws_iam_role_policy_attachment.workers_AmazonEKS_CNI_Policy",
            "module.eks.aws_iam_role_policy_attachment.workers_additional_policies",
            "module.eks.aws_security_group.cluster",
            "module.eks.aws_security_group.workers",
            "module.eks.aws_security_group_rule.cluster_egress_internet",
            "module.eks.aws_security_group_rule.cluster_https_worker_ingress",
            "module.eks.aws_security_group_rule.cluster_primary_ingress_workers",
            "module.eks.aws_security_group_rule.workers_egress_internet",
            "module.eks.aws_security_group_rule.workers_ingress_cluster",
            "module.eks.aws_security_group_rule.workers_ingress_cluster_https",
            "module.eks.aws_security_group_rule.workers_ingress_cluster_kubelet",
            "module.eks.aws_security_group_rule.workers_ingress_cluster_primary",
            "module.eks.aws_security_group_rule.workers_ingress_self",
            "module.eks.data.aws_ami.eks_worker",
            "module.eks.data.aws_ami.eks_worker_windows",
            "module.eks.data.aws_iam_instance_profile.custom_worker_group_iam_instance_profile",
            "module.eks.data.aws_iam_policy_document.cluster_assume_role_policy",
            "module.eks.data.aws_iam_policy_document.workers_assume_role_policy",
            "module.eks.data.aws_iam_role.custom_cluster_iam_role",
            "module.eks.data.aws_partition.current",
            "module.vpc.aws_subnet.private",
            "module.vpc.aws_vpc.this",
            "module.vpc.aws_vpc_ipv4_cidr_block_association.this"
          ],
          "create_before_destroy": true
        }
      ]
    },
    {
      "module": "module.eks",
      "mode": "managed",
      "type": "aws_security_group",
      "name": "cluster",
      "provider": "provider[\"registry.terraform.io/hashicorp/aws\"]",
      "instances": [
        {
          "index_key": 0,
          "schema_version": 1,
          "attributes": {
            "arn": "arn:aws:ec2:eu-central-1:513910674915:security-group/sg-04a4befdc6abfc61c",
            "description": "EKS cluster security group.",
            "egress": [],
            "id": "sg-04a4befdc6abfc61c",
            "ingress": [],
            "name": "demo-playsdev-eks2021092706491390050000000c",
            "name_prefix": "demo-playsdev-eks",
            "owner_id": "513910674915",
            "revoke_rules_on_delete": false,
            "tags": {
              "Environment": "training",
              "GithubOrg": "terraform-aws-modules",
              "GithubRepo": "terraform-aws-eks",
              "Name": "demo-playsdev-eks-eks_cluster_sg"
            },
            "tags_all": {
              "Environment": "training",
              "GithubOrg": "terraform-aws-modules",
              "GithubRepo": "terraform-aws-eks",
              "Name": "demo-playsdev-eks-eks_cluster_sg"
            },
            "timeouts": null,
            "vpc_id": "vpc-072405c10923ee786"
          },
          "sensitive_attributes": [],
          "private": "eyJlMmJmYjczMC1lY2FhLTExZTYtOGY4OC0zNDM2M2JjN2M0YzAiOnsiY3JlYXRlIjo2MDAwMDAwMDAwMDAsImRlbGV0ZSI6OTAwMDAwMDAwMDAwfSwic2NoZW1hX3ZlcnNpb24iOiIxIn0=",
          "dependencies": [
            "module.vpc.aws_vpc.this"
          ],
          "create_before_destroy": true
        }
      ]
    },
    {
      "module": "module.eks",
      "mode": "managed",
      "type": "aws_security_group",
      "name": "workers",
      "provider": "provider[\"registry.terraform.io/hashicorp/aws\"]",
      "instances": [
        {
          "index_key": 0,
          "schema_version": 1,
          "attributes": {
            "arn": "arn:aws:ec2:eu-central-1:513910674915:security-group/sg-09d24d14084870607",
            "description": "Security group for all nodes in the cluster.",
            "egress": [],
            "id": "sg-09d24d14084870607",
            "ingress": [],
            "name": "demo-playsdev-eks2021092706491422330000000d",
            "name_prefix": "demo-playsdev-eks",
            "owner_id": "513910674915",
            "revoke_rules_on_delete": false,
            "tags": {
              "Environment": "training",
              "GithubOrg": "terraform-aws-modules",
              "GithubRepo": "terraform-aws-eks",
              "Name": "demo-playsdev-eks-eks_worker_sg",
              "kubernetes.io/cluster/demo-playsdev-eks": "owned"
            },
            "tags_all": {
              "Environment": "training",
              "GithubOrg": "terraform-aws-modules",
              "GithubRepo": "terraform-aws-eks",
              "Name": "demo-playsdev-eks-eks_worker_sg",
              "kubernetes.io/cluster/demo-playsdev-eks": "owned"
            },
            "timeouts": null,
            "vpc_id": "vpc-072405c10923ee786"
          },
          "sensitive_attributes": [],
          "private": "eyJlMmJmYjczMC1lY2FhLTExZTYtOGY4OC0zNDM2M2JjN2M0YzAiOnsiY3JlYXRlIjo2MDAwMDAwMDAwMDAsImRlbGV0ZSI6OTAwMDAwMDAwMDAwfSwic2NoZW1hX3ZlcnNpb24iOiIxIn0=",
          "dependencies": [
            "module.vpc.aws_vpc.this"
          ],
          "create_before_destroy": true
        }
      ]
    },
    {
      "module": "module.eks",
      "mode": "managed",
      "type": "aws_security_group_rule",
      "name": "cluster_egress_internet",
      "provider": "provider[\"registry.terraform.io/hashicorp/aws\"]",
      "instances": [
        {
          "index_key": 0,
          "schema_version": 2,
          "attributes": {
            "cidr_blocks": [
              "0.0.0.0/0"
            ],
            "description": "Allow cluster egress access to the Internet.",
            "from_port": 0,
            "id": "sgrule-885820585",
            "ipv6_cidr_blocks": null,
            "prefix_list_ids": null,
            "protocol": "-1",
            "security_group_id": "sg-04a4befdc6abfc61c",
            "self": false,
            "source_security_group_id": null,
            "to_port": 0,
            "type": "egress"
          },
          "sensitive_attributes": [],
          "private": "eyJzY2hlbWFfdmVyc2lvbiI6IjIifQ==",
          "dependencies": [
            "module.eks.aws_security_group.cluster",
            "module.vpc.aws_vpc.this"
          ],
          "create_before_destroy": true
        }
      ]
    },
    {
      "module": "module.eks",
      "mode": "managed",
      "type": "aws_security_group_rule",
      "name": "cluster_https_worker_ingress",
      "provider": "provider[\"registry.terraform.io/hashicorp/aws\"]",
      "instances": [
        {
          "index_key": 0,
          "schema_version": 2,
          "attributes": {
            "cidr_blocks": null,
            "description": "Allow pods to communicate with the EKS cluster API.",
            "from_port": 443,
            "id": "sgrule-2778629616",
            "ipv6_cidr_blocks": null,
            "prefix_list_ids": null,
            "protocol": "tcp",
            "security_group_id": "sg-04a4befdc6abfc61c",
            "self": false,
            "source_security_group_id": "sg-09d24d14084870607",
            "to_port": 443,
            "type": "ingress"
          },
          "sensitive_attributes": [],
          "private": "eyJzY2hlbWFfdmVyc2lvbiI6IjIifQ==",
          "dependencies": [
            "module.eks.aws_security_group.cluster",
            "module.eks.aws_security_group.workers",
            "module.vpc.aws_vpc.this"
          ],
          "create_before_destroy": true
        }
      ]
    },
    {
      "module": "module.eks",
      "mode": "managed",
      "type": "aws_security_group_rule",
      "name": "workers_egress_internet",
      "provider": "provider[\"registry.terraform.io/hashicorp/aws\"]",
      "instances": [
        {
          "index_key": 0,
          "schema_version": 2,
          "attributes": {
            "cidr_blocks": [
              "0.0.0.0/0"
            ],
            "description": "Allow nodes all egress to the Internet.",
            "from_port": 0,
            "id": "sgrule-1920461031",
            "ipv6_cidr_blocks": null,
            "prefix_list_ids": null,
            "protocol": "-1",
            "security_group_id": "sg-09d24d14084870607",
            "self": false,
            "source_security_group_id": null,
            "to_port": 0,
            "type": "egress"
          },
          "sensitive_attributes": [],
          "private": "eyJzY2hlbWFfdmVyc2lvbiI6IjIifQ==",
          "dependencies": [
            "module.eks.aws_security_group.workers",
            "module.vpc.aws_vpc.this"
          ],
          "create_before_destroy": true
        }
      ]
    },
    {
      "module": "module.eks",
      "mode": "managed",
      "type": "aws_security_group_rule",
      "name": "workers_ingress_cluster",
      "provider": "provider[\"registry.terraform.io/hashicorp/aws\"]",
      "instances": [
        {
          "index_key": 0,
          "schema_version": 2,
          "attributes": {
            "cidr_blocks": null,
            "description": "Allow workers pods to receive communication from the cluster control plane.",
            "from_port": 1025,
            "id": "sgrule-3460288938",
            "ipv6_cidr_blocks": null,
            "prefix_list_ids": null,
            "protocol": "tcp",
            "security_group_id": "sg-09d24d14084870607",
            "self": false,
            "source_security_group_id": "sg-04a4befdc6abfc61c",
            "to_port": 65535,
            "type": "ingress"
          },
          "sensitive_attributes": [],
          "private": "eyJzY2hlbWFfdmVyc2lvbiI6IjIifQ==",
          "dependencies": [
            "module.eks.aws_security_group.cluster",
            "module.eks.aws_security_group.workers",
            "module.vpc.aws_vpc.this"
          ],
          "create_before_destroy": true
        }
      ]
    },
    {
      "module": "module.eks",
      "mode": "managed",
      "type": "aws_security_group_rule",
      "name": "workers_ingress_cluster_https",
      "provider": "provider[\"registry.terraform.io/hashicorp/aws\"]",
      "instances": [
        {
          "index_key": 0,
          "schema_version": 2,
          "attributes": {
            "cidr_blocks": null,
            "description": "Allow pods running extension API servers on port 443 to receive communication from cluster control plane.",
            "from_port": 443,
            "id": "sgrule-1419942022",
            "ipv6_cidr_blocks": null,
            "prefix_list_ids": null,
            "protocol": "tcp",
            "security_group_id": "sg-09d24d14084870607",
            "self": false,
            "source_security_group_id": "sg-04a4befdc6abfc61c",
            "to_port": 443,
            "type": "ingress"
          },
          "sensitive_attributes": [],
          "private": "eyJzY2hlbWFfdmVyc2lvbiI6IjIifQ==",
          "dependencies": [
            "module.eks.aws_security_group.cluster",
            "module.eks.aws_security_group.workers",
            "module.vpc.aws_vpc.this"
          ],
          "create_before_destroy": true
        }
      ]
    },
    {
      "module": "module.eks",
      "mode": "managed",
      "type": "aws_security_group_rule",
      "name": "workers_ingress_self",
      "provider": "provider[\"registry.terraform.io/hashicorp/aws\"]",
      "instances": [
        {
          "index_key": 0,
          "schema_version": 2,
          "attributes": {
            "cidr_blocks": null,
            "description": "Allow node to communicate with each other.",
            "from_port": 0,
            "id": "sgrule-3421865367",
            "ipv6_cidr_blocks": null,
            "prefix_list_ids": null,
            "protocol": "-1",
            "security_group_id": "sg-09d24d14084870607",
            "self": false,
            "source_security_group_id": "sg-09d24d14084870607",
            "to_port": 65535,
            "type": "ingress"
          },
          "sensitive_attributes": [],
          "private": "eyJzY2hlbWFfdmVyc2lvbiI6IjIifQ==",
          "dependencies": [
            "module.eks.aws_security_group.workers",
            "module.vpc.aws_vpc.this"
          ],
          "create_before_destroy": true
        }
      ]
    },
    {
      "module": "module.eks",
      "mode": "managed",
      "type": "kubernetes_config_map",
      "name": "aws_auth",
      "provider": "provider[\"registry.terraform.io/hashicorp/kubernetes\"]",
      "instances": [
        {
          "index_key": 0,
          "schema_version": 0,
          "attributes": {
            "binary_data": null,
            "data": {
              "mapAccounts": "[]\n",
              "mapRoles": "- \"groups\":\n  - \"system:bootstrappers\"\n  - \"system:nodes\"\n  \"rolearn\": \"arn:aws:iam::513910674915:role/demo-playsdev-eks2021092707001763530000000e\"\n  \"username\": \"system:node:{{EC2PrivateDNSName}}\"\n",
              "mapUsers": "[]\n"
            },
            "id": "kube-system/aws-auth",
            "metadata": [
              {
                "annotations": null,
                "generate_name": "",
                "generation": 0,
                "labels": {
                  "app.kubernetes.io/managed-by": "Terraform",
                  "terraform.io/module": "terraform-aws-modules.eks.aws"
                },
                "name": "aws-auth",
                "namespace": "kube-system",
                "resource_version": "631",
                "uid": "f7b07ad2-ed58-438d-b5e5-19152afde278"
              }
            ]
          },
          "sensitive_attributes": [],
          "private": "bnVsbA==",
          "dependencies": [
            "aws_security_group.worker_group_mgmt_one",
            "aws_security_group.worker_group_mgmt_two",
            "data.aws_availability_zones.available",
            "data.aws_eks_cluster.cluster",
            "data.aws_eks_cluster_auth.cluster",
            "module.eks.aws_cloudwatch_log_group.this",
            "module.eks.aws_eks_cluster.this",
            "module.eks.aws_iam_instance_profile.workers",
            "module.eks.aws_iam_instance_profile.workers_launch_template",
            "module.eks.aws_iam_role.cluster",
            "module.eks.aws_iam_role.workers",
            "module.eks.aws_iam_role_policy_attachment.cluster_AmazonEKSClusterPolicy",
            "module.eks.aws_iam_role_policy_attachment.cluster_AmazonEKSServicePolicy",
            "module.eks.aws_iam_role_policy_attachment.cluster_AmazonEKSVPCResourceControllerPolicy",
            "module.eks.aws_security_group.cluster",
            "module.eks.aws_security_group.workers",
            "module.eks.aws_security_group_rule.cluster_egress_internet",
            "module.eks.aws_security_group_rule.cluster_https_worker_ingress",
            "module.eks.aws_security_group_rule.cluster_private_access_cidrs_source",
            "module.eks.aws_security_group_rule.cluster_private_access_sg_source",
            "module.eks.data.aws_ami.eks_worker",
            "module.eks.data.aws_ami.eks_worker_windows",
            "module.eks.data.aws_caller_identity.current",
            "module.eks.data.aws_iam_instance_profile.custom_worker_group_iam_instance_profile",
            "module.eks.data.aws_iam_instance_profile.custom_worker_group_launch_template_iam_instance_profile",
            "module.eks.data.aws_iam_policy_document.cluster_assume_role_policy",
            "module.eks.data.aws_iam_policy_document.workers_assume_role_policy",
            "module.eks.data.aws_iam_role.custom_cluster_iam_role",
            "module.eks.data.aws_partition.current",
            "module.eks.data.http.wait_for_cluster",
            "module.eks.module.fargate.aws_iam_role.eks_fargate_pod",
            "module.eks.module.fargate.data.aws_iam_role.custom_fargate_iam_role",
            "module.vpc.aws_subnet.private",
            "module.vpc.aws_vpc.this",
            "module.vpc.aws_vpc_ipv4_cidr_block_association.this"
          ]
        }
      ]
    },
    {
      "module": "module.eks",
      "mode": "managed",
      "type": "local_file",
      "name": "kubeconfig",
      "provider": "provider[\"registry.terraform.io/hashicorp/local\"]",
      "instances": [
        {
          "index_key": 0,
          "schema_version": 0,
          "attributes": {
            "content": "apiVersion: v1\npreferences: {}\nkind: Config\n\nclusters:\n- cluster:\n    server: https://A27750A62238877BB9A43EECE2C7F813.yl4.eu-central-1.eks.amazonaws.com\n    certificate-authority-data: LS0tLS1CRUdJTiBDRVJUSUZJQ0FURS0tLS0tCk1JSUM1ekNDQWMrZ0F3SUJBZ0lCQURBTkJna3Foa2lHOXcwQkFRc0ZBREFWTVJNd0VRWURWUVFERXdwcmRXSmwKY201bGRHVnpNQjRYRFRJeE1Ea3lOekEyTlRZeE1Gb1hEVE14TURreU5UQTJOVFl4TUZvd0ZURVRNQkVHQTFVRQpBeE1LYTNWaVpYSnVaWFJsY3pDQ0FTSXdEUVlKS29aSWh2Y05BUUVCQlFBRGdnRVBBRENDQVFvQ2dnRUJBTXc2CmhBVU9LYzJjcDlxRHIrQ1NCYkhESGszVUVZNG5nYzRKMFcwQ2wvekt0WlZhZVZzN1YwTllHYUUvTEg1VGdEdVgKUGM1R2JDWE5adHBoN0RMYkMrVUNSN3EyVlVoQTFPdDBKYWtiZUM3U21FK1ZrazZNSTNkRUxlaGhsZFZLNkNUZgpvN1B0dytiNWEydlF3akYvcVlwbyt2S1JPdkVGQTVONjBVWThBK1lEa1Y5cFdmbFlxT1lxSmtaUGFZc3JTVXk5CmxScVJGOWRLTDViNHN6RDZ0SUsxdmNqcU4vYmN2WjBtUEE5b1RkSXBjZnQyWGRIU1JneGlEdjczMzgvRkE1bG8KQ2cyMFNyWWkwTEFTeVBtY0RKdFA0dllKWVhkRzZnWkpabTQyMmk3VC9icXF5YlpKTEdGMm9ydDZieEdmQVRsQQpWNWZMcm0xRkkzT2hodUt4NHhFQ0F3RUFBYU5DTUVBd0RnWURWUjBQQVFIL0JBUURBZ0trTUE4R0ExVWRFd0VCCi93UUZNQU1CQWY4d0hRWURWUjBPQkJZRUZGSE1aUHVQdlE1OGtOQ3l6a25KWlhkZTFiOS9NQTBHQ1NxR1NJYjMKRFFFQkN3VUFBNElCQVFDY3dXZCtvQ2hCeG1UZ1JDS2UyVDFtOE4xZ25QbVJreEtqWSs4blcvOW5OTjNuUW1pdgpRMjFqcVY3NUJ3RGlOaTd4T2U0aVlaQVdGK2oxM0hMcFV2M2ppNXBIWUJ5WUJzelVmalV1STVYNTJ5RHJ1MU91CjEvSlBaQUFNTFdQWHpFRnA0N1AySGFTWU1nSWh1TUdhVTR1Wm9vL1VvcElVb0ZkZlZGckRadmYzL1RFTkJ4Q0EKc09hMXlVWGJxTk5tM25BM0p2citxeHN3dnpIYjRTQTNqWUZwYkFITW9UaEhOYlRlNjBqREY4TVJoNXZ6M1hhRgorYm9WUG5oUHZRalgvQytvaVZ1WkVxZUpKdnR0VkRhNm5rTUNsUmxVaDJhZXRnc3ZmMGRTREs2YjJlQ0pudG5uCmJzejFKNThrN3ROSVFuM052andQTEpka2x1Z2ZaRHJuc3RZMQotLS0tLUVORCBDRVJUSUZJQ0FURS0tLS0tCg==\n  name: eks_demo-playsdev-eks\n\ncontexts:\n- context:\n    cluster: eks_demo-playsdev-eks\n    user: eks_demo-playsdev-eks\n  name: eks_demo-playsdev-eks\n\ncurrent-context: eks_demo-playsdev-eks\n\nusers:\n- name: eks_demo-playsdev-eks\n  user:\n    exec:\n      apiVersion: client.authentication.k8s.io/v1alpha1\n      command: aws-iam-authenticator\n      args:\n        - \"token\"\n        - \"-i\"\n        - \"demo-playsdev-eks\"\n",
            "content_base64": null,
            "directory_permission": "0755",
            "file_permission": "0600",
            "filename": "./kubeconfig_demo-playsdev-eks",
            "id": "fe2fb262973a9dcf5167b562f18dd8787512446a",
            "sensitive_content": null,
            "source": null
          },
          "sensitive_attributes": [],
          "private": "bnVsbA==",
          "dependencies": [
            "data.aws_availability_zones.available",
            "module.eks.aws_cloudwatch_log_group.this",
            "module.eks.aws_eks_cluster.this",
            "module.eks.aws_iam_role.cluster",
            "module.eks.aws_iam_role_policy_attachment.cluster_AmazonEKSClusterPolicy",
            "module.eks.aws_iam_role_policy_attachment.cluster_AmazonEKSServicePolicy",
            "module.eks.aws_iam_role_policy_attachment.cluster_AmazonEKSVPCResourceControllerPolicy",
            "module.eks.aws_security_group.cluster",
            "module.eks.aws_security_group.workers",
            "module.eks.aws_security_group_rule.cluster_egress_internet",
            "module.eks.aws_security_group_rule.cluster_https_worker_ingress",
            "module.eks.data.aws_iam_policy_document.cluster_assume_role_policy",
            "module.eks.data.aws_iam_role.custom_cluster_iam_role",
            "module.eks.data.aws_partition.current",
            "module.vpc.aws_subnet.private",
            "module.vpc.aws_vpc.this",
            "module.vpc.aws_vpc_ipv4_cidr_block_association.this"
          ]
        }
      ]
    },
    {
      "module": "module.eks.module.fargate",
      "mode": "data",
      "type": "aws_partition",
      "name": "current",
      "provider": "provider[\"registry.terraform.io/hashicorp/aws\"]",
      "instances": [
        {
          "schema_version": 0,
          "attributes": {
            "dns_suffix": "amazonaws.com",
            "id": "aws",
            "partition": "aws",
            "reverse_dns_prefix": "com.amazonaws"
          },
          "sensitive_attributes": []
        }
      ]
    },
    {
      "module": "module.vpc",
      "mode": "managed",
      "type": "aws_eip",
      "name": "nat",
      "provider": "provider[\"registry.terraform.io/hashicorp/aws\"]",
      "instances": [
        {
          "index_key": 0,
          "schema_version": 0,
          "attributes": {
            "address": null,
            "allocation_id": null,
            "associate_with_private_ip": null,
            "association_id": "",
            "carrier_ip": "",
            "customer_owned_ip": "",
            "customer_owned_ipv4_pool": "",
            "domain": "vpc",
            "id": "eipalloc-1abc7817",
            "instance": "",
            "network_border_group": "eu-central-1",
            "network_interface": "",
            "private_dns": null,
            "private_ip": "",
            "public_dns": "ec2-35-157-127-6.eu-central-1.compute.amazonaws.com",
            "public_ip": "35.157.127.6",
            "public_ipv4_pool": "amazon",
            "tags": {
              "Name": "education-vpc-eu-central-1a",
              "kubernetes.io/cluster/demo-playsdev-eks": "shared"
            },
            "tags_all": {
              "Name": "education-vpc-eu-central-1a",
              "kubernetes.io/cluster/demo-playsdev-eks": "shared"
            },
            "timeouts": null,
            "vpc": true
          },
          "sensitive_attributes": [],
          "private": "eyJlMmJmYjczMC1lY2FhLTExZTYtOGY4OC0zNDM2M2JjN2M0YzAiOnsiZGVsZXRlIjoxODAwMDAwMDAwMDAsInJlYWQiOjkwMDAwMDAwMDAwMCwidXBkYXRlIjozMDAwMDAwMDAwMDB9fQ==",
          "dependencies": [
            "data.aws_availability_zones.available"
          ]
        }
      ]
    },
    {
      "module": "module.vpc",
      "mode": "managed",
      "type": "aws_internet_gateway",
      "name": "this",
      "provider": "provider[\"registry.terraform.io/hashicorp/aws\"]",
      "instances": [
        {
          "index_key": 0,
          "schema_version": 0,
          "attributes": {
            "arn": "arn:aws:ec2:eu-central-1:513910674915:internet-gateway/igw-06095905981e68023",
            "id": "igw-06095905981e68023",
            "owner_id": "513910674915",
            "tags": {
              "Name": "education-vpc",
              "kubernetes.io/cluster/demo-playsdev-eks": "shared"
            },
            "tags_all": {
              "Name": "education-vpc",
              "kubernetes.io/cluster/demo-playsdev-eks": "shared"
            },
            "vpc_id": "vpc-072405c10923ee786"
          },
          "sensitive_attributes": [],
          "private": "bnVsbA==",
          "dependencies": [
            "module.vpc.aws_vpc.this",
            "module.vpc.aws_vpc_ipv4_cidr_block_association.this"
          ]
        }
      ]
    },
    {
      "module": "module.vpc",
      "mode": "managed",
      "type": "aws_nat_gateway",
      "name": "this",
      "provider": "provider[\"registry.terraform.io/hashicorp/aws\"]",
      "instances": [
        {
          "index_key": 0,
          "schema_version": 0,
          "attributes": {
            "allocation_id": "eipalloc-1abc7817",
            "connectivity_type": "public",
            "id": "nat-04b22e2528e87edd2",
            "network_interface_id": "eni-0d4232c5b1b5ede04",
            "private_ip": "10.1.4.68",
            "public_ip": "35.157.127.6",
            "subnet_id": "subnet-00830da4a032869e3",
            "tags": {
              "Name": "education-vpc-eu-central-1a",
              "kubernetes.io/cluster/demo-playsdev-eks": "shared"
            },
            "tags_all": {
              "Name": "education-vpc-eu-central-1a",
              "kubernetes.io/cluster/demo-playsdev-eks": "shared"
            }
          },
          "sensitive_attributes": [],
          "private": "bnVsbA==",
          "dependencies": [
            "data.aws_availability_zones.available",
            "module.vpc.aws_eip.nat",
            "module.vpc.aws_internet_gateway.this",
            "module.vpc.aws_subnet.public",
            "module.vpc.aws_vpc.this",
            "module.vpc.aws_vpc_ipv4_cidr_block_association.this"
          ]
        }
      ]
    },
    {
      "module": "module.vpc",
      "mode": "managed",
      "type": "aws_route",
      "name": "private_nat_gateway",
      "provider": "provider[\"registry.terraform.io/hashicorp/aws\"]",
      "instances": [
        {
          "index_key": 0,
          "schema_version": 0,
          "attributes": {
            "carrier_gateway_id": "",
            "destination_cidr_block": "0.0.0.0/0",
            "destination_ipv6_cidr_block": "",
            "destination_prefix_list_id": "",
            "egress_only_gateway_id": "",
            "gateway_id": "",
            "id": "r-rtb-0cfbead05b3fecc191080289494",
            "instance_id": "",
            "instance_owner_id": "",
            "local_gateway_id": "",
            "nat_gateway_id": "nat-04b22e2528e87edd2",
            "network_interface_id": "",
            "origin": "CreateRoute",
            "route_table_id": "rtb-0cfbead05b3fecc19",
            "state": "active",
            "timeouts": {
              "create": "5m",
              "delete": null
            },
            "transit_gateway_id": "",
            "vpc_endpoint_id": "",
            "vpc_peering_connection_id": ""
          },
          "sensitive_attributes": [],
          "private": "eyJlMmJmYjczMC1lY2FhLTExZTYtOGY4OC0zNDM2M2JjN2M0YzAiOnsiY3JlYXRlIjozMDAwMDAwMDAwMDAsImRlbGV0ZSI6MzAwMDAwMDAwMDAwfX0=",
          "dependencies": [
            "data.aws_availability_zones.available",
            "module.vpc.aws_eip.nat",
            "module.vpc.aws_internet_gateway.this",
            "module.vpc.aws_nat_gateway.this",
            "module.vpc.aws_route_table.private",
            "module.vpc.aws_subnet.public",
            "module.vpc.aws_vpc.this",
            "module.vpc.aws_vpc_ipv4_cidr_block_association.this"
          ]
        }
      ]
    },
    {
      "module": "module.vpc",
      "mode": "managed",
      "type": "aws_route",
      "name": "public_internet_gateway",
      "provider": "provider[\"registry.terraform.io/hashicorp/aws\"]",
      "instances": [
        {
          "index_key": 0,
          "schema_version": 0,
          "attributes": {
            "carrier_gateway_id": "",
            "destination_cidr_block": "0.0.0.0/0",
            "destination_ipv6_cidr_block": "",
            "destination_prefix_list_id": "",
            "egress_only_gateway_id": "",
            "gateway_id": "igw-06095905981e68023",
            "id": "r-rtb-0141115c3be5e243d1080289494",
            "instance_id": "",
            "instance_owner_id": "",
            "local_gateway_id": "",
            "nat_gateway_id": "",
            "network_interface_id": "",
            "origin": "CreateRoute",
            "route_table_id": "rtb-0141115c3be5e243d",
            "state": "active",
            "timeouts": {
              "create": "5m",
              "delete": null
            },
            "transit_gateway_id": "",
            "vpc_endpoint_id": "",
            "vpc_peering_connection_id": ""
          },
          "sensitive_attributes": [],
          "private": "eyJlMmJmYjczMC1lY2FhLTExZTYtOGY4OC0zNDM2M2JjN2M0YzAiOnsiY3JlYXRlIjozMDAwMDAwMDAwMDAsImRlbGV0ZSI6MzAwMDAwMDAwMDAwfX0=",
          "dependencies": [
            "module.vpc.aws_internet_gateway.this",
            "module.vpc.aws_route_table.public",
            "module.vpc.aws_vpc.this",
            "module.vpc.aws_vpc_ipv4_cidr_block_association.this"
          ]
        }
      ]
    },
    {
      "module": "module.vpc",
      "mode": "managed",
      "type": "aws_route_table",
      "name": "private",
      "provider": "provider[\"registry.terraform.io/hashicorp/aws\"]",
      "instances": [
        {
          "index_key": 0,
          "schema_version": 0,
          "attributes": {
            "arn": "arn:aws:ec2:eu-central-1:513910674915:route-table/rtb-0cfbead05b3fecc19",
            "id": "rtb-0cfbead05b3fecc19",
            "owner_id": "513910674915",
            "propagating_vgws": [],
            "route": [],
            "tags": {
              "Name": "education-vpc-private",
              "kubernetes.io/cluster/demo-playsdev-eks": "shared"
            },
            "tags_all": {
              "Name": "education-vpc-private",
              "kubernetes.io/cluster/demo-playsdev-eks": "shared"
            },
            "vpc_id": "vpc-072405c10923ee786"
          },
          "sensitive_attributes": [],
          "private": "bnVsbA==",
          "dependencies": [
            "data.aws_availability_zones.available",
            "module.vpc.aws_vpc.this",
            "module.vpc.aws_vpc_ipv4_cidr_block_association.this"
          ]
        }
      ]
    },
    {
      "module": "module.vpc",
      "mode": "managed",
      "type": "aws_route_table",
      "name": "public",
      "provider": "provider[\"registry.terraform.io/hashicorp/aws\"]",
      "instances": [
        {
          "index_key": 0,
          "schema_version": 0,
          "attributes": {
            "arn": "arn:aws:ec2:eu-central-1:513910674915:route-table/rtb-0141115c3be5e243d",
            "id": "rtb-0141115c3be5e243d",
            "owner_id": "513910674915",
            "propagating_vgws": [],
            "route": [],
            "tags": {
              "Name": "education-vpc-public",
              "kubernetes.io/cluster/demo-playsdev-eks": "shared"
            },
            "tags_all": {
              "Name": "education-vpc-public",
              "kubernetes.io/cluster/demo-playsdev-eks": "shared"
            },
            "vpc_id": "vpc-072405c10923ee786"
          },
          "sensitive_attributes": [],
          "private": "bnVsbA==",
          "dependencies": [
            "module.vpc.aws_vpc.this",
            "module.vpc.aws_vpc_ipv4_cidr_block_association.this"
          ]
        }
      ]
    },
    {
      "module": "module.vpc",
      "mode": "managed",
      "type": "aws_route_table_association",
      "name": "private",
      "provider": "provider[\"registry.terraform.io/hashicorp/aws\"]",
      "instances": [
        {
          "index_key": 0,
          "schema_version": 0,
          "attributes": {
            "gateway_id": "",
            "id": "rtbassoc-04430201aad587e5e",
            "route_table_id": "rtb-0cfbead05b3fecc19",
            "subnet_id": "subnet-0ec04039ab1b85f8f"
          },
          "sensitive_attributes": [],
          "private": "bnVsbA==",
          "dependencies": [
            "data.aws_availability_zones.available",
            "module.vpc.aws_route_table.private",
            "module.vpc.aws_subnet.private",
            "module.vpc.aws_vpc.this",
            "module.vpc.aws_vpc_ipv4_cidr_block_association.this"
          ]
        },
        {
          "index_key": 1,
          "schema_version": 0,
          "attributes": {
            "gateway_id": "",
            "id": "rtbassoc-038cadb53d62962d8",
            "route_table_id": "rtb-0cfbead05b3fecc19",
            "subnet_id": "subnet-083f750cf3dffa649"
          },
          "sensitive_attributes": [],
          "private": "bnVsbA==",
          "dependencies": [
            "data.aws_availability_zones.available",
            "module.vpc.aws_route_table.private",
            "module.vpc.aws_subnet.private",
            "module.vpc.aws_vpc.this",
            "module.vpc.aws_vpc_ipv4_cidr_block_association.this"
          ]
        },
        {
          "index_key": 2,
          "schema_version": 0,
          "attributes": {
            "gateway_id": "",
            "id": "rtbassoc-0a3f795b158b0b98f",
            "route_table_id": "rtb-0cfbead05b3fecc19",
            "subnet_id": "subnet-026c9d8f230b798f9"
          },
          "sensitive_attributes": [],
          "private": "bnVsbA==",
          "dependencies": [
            "data.aws_availability_zones.available",
            "module.vpc.aws_route_table.private",
            "module.vpc.aws_subnet.private",
            "module.vpc.aws_vpc.this",
            "module.vpc.aws_vpc_ipv4_cidr_block_association.this"
          ]
        }
      ]
    },
    {
      "module": "module.vpc",
      "mode": "managed",
      "type": "aws_route_table_association",
      "name": "public",
      "provider": "provider[\"registry.terraform.io/hashicorp/aws\"]",
      "instances": [
        {
          "index_key": 0,
          "schema_version": 0,
          "attributes": {
            "gateway_id": "",
            "id": "rtbassoc-0bc2398af8274991b",
            "route_table_id": "rtb-0141115c3be5e243d",
            "subnet_id": "subnet-00830da4a032869e3"
          },
          "sensitive_attributes": [],
          "private": "bnVsbA==",
          "dependencies": [
            "data.aws_availability_zones.available",
            "module.vpc.aws_route_table.public",
            "module.vpc.aws_subnet.public",
            "module.vpc.aws_vpc.this",
            "module.vpc.aws_vpc_ipv4_cidr_block_association.this"
          ]
        },
        {
          "index_key": 1,
          "schema_version": 0,
          "attributes": {
            "gateway_id": "",
            "id": "rtbassoc-01a379f64837a3117",
            "route_table_id": "rtb-0141115c3be5e243d",
            "subnet_id": "subnet-0d8e001f1e9a97c4c"
          },
          "sensitive_attributes": [],
          "private": "bnVsbA==",
          "dependencies": [
            "data.aws_availability_zones.available",
            "module.vpc.aws_route_table.public",
            "module.vpc.aws_subnet.public",
            "module.vpc.aws_vpc.this",
            "module.vpc.aws_vpc_ipv4_cidr_block_association.this"
          ]
        },
        {
          "index_key": 2,
          "schema_version": 0,
          "attributes": {
            "gateway_id": "",
            "id": "rtbassoc-0ba6d28a19b00c8f5",
            "route_table_id": "rtb-0141115c3be5e243d",
            "subnet_id": "subnet-03f26167f5469f1a7"
          },
          "sensitive_attributes": [],
          "private": "bnVsbA==",
          "dependencies": [
            "data.aws_availability_zones.available",
            "module.vpc.aws_route_table.public",
            "module.vpc.aws_subnet.public",
            "module.vpc.aws_vpc.this",
            "module.vpc.aws_vpc_ipv4_cidr_block_association.this"
          ]
        }
      ]
    },
    {
      "module": "module.vpc",
      "mode": "managed",
      "type": "aws_subnet",
      "name": "private",
      "provider": "provider[\"registry.terraform.io/hashicorp/aws\"]",
      "instances": [
        {
          "index_key": 0,
          "schema_version": 1,
          "attributes": {
            "arn": "arn:aws:ec2:eu-central-1:513910674915:subnet/subnet-0ec04039ab1b85f8f",
            "assign_ipv6_address_on_creation": false,
            "availability_zone": "eu-central-1a",
            "availability_zone_id": "euc1-az2",
            "cidr_block": "10.1.1.0/24",
            "customer_owned_ipv4_pool": "",
            "id": "subnet-0ec04039ab1b85f8f",
            "ipv6_cidr_block": "",
            "ipv6_cidr_block_association_id": "",
            "map_customer_owned_ip_on_launch": false,
            "map_public_ip_on_launch": false,
            "outpost_arn": "",
            "owner_id": "513910674915",
            "tags": {
              "Name": "education-vpc-private-eu-central-1a",
              "kubernetes.io/cluster/demo-playsdev-eks": "shared",
              "kubernetes.io/role/internal-elb": "1"
            },
            "tags_all": {
              "Name": "education-vpc-private-eu-central-1a",
              "kubernetes.io/cluster/demo-playsdev-eks": "shared",
              "kubernetes.io/role/internal-elb": "1"
            },
            "timeouts": null,
            "vpc_id": "vpc-072405c10923ee786"
          },
          "sensitive_attributes": [],
          "private": "eyJlMmJmYjczMC1lY2FhLTExZTYtOGY4OC0zNDM2M2JjN2M0YzAiOnsiY3JlYXRlIjo2MDAwMDAwMDAwMDAsImRlbGV0ZSI6MTIwMDAwMDAwMDAwMH0sInNjaGVtYV92ZXJzaW9uIjoiMSJ9",
          "dependencies": [
            "data.aws_availability_zones.available",
            "module.vpc.aws_vpc.this",
            "module.vpc.aws_vpc_ipv4_cidr_block_association.this"
          ],
          "create_before_destroy": true
        },
        {
          "index_key": 1,
          "schema_version": 1,
          "attributes": {
            "arn": "arn:aws:ec2:eu-central-1:513910674915:subnet/subnet-083f750cf3dffa649",
            "assign_ipv6_address_on_creation": false,
            "availability_zone": "eu-central-1b",
            "availability_zone_id": "euc1-az3",
            "cidr_block": "10.1.2.0/24",
            "customer_owned_ipv4_pool": "",
            "id": "subnet-083f750cf3dffa649",
            "ipv6_cidr_block": "",
            "ipv6_cidr_block_association_id": "",
            "map_customer_owned_ip_on_launch": false,
            "map_public_ip_on_launch": false,
            "outpost_arn": "",
            "owner_id": "513910674915",
            "tags": {
              "Name": "education-vpc-private-eu-central-1b",
              "kubernetes.io/cluster/demo-playsdev-eks": "shared",
              "kubernetes.io/role/internal-elb": "1"
            },
            "tags_all": {
              "Name": "education-vpc-private-eu-central-1b",
              "kubernetes.io/cluster/demo-playsdev-eks": "shared",
              "kubernetes.io/role/internal-elb": "1"
            },
            "timeouts": null,
            "vpc_id": "vpc-072405c10923ee786"
          },
          "sensitive_attributes": [],
          "private": "eyJlMmJmYjczMC1lY2FhLTExZTYtOGY4OC0zNDM2M2JjN2M0YzAiOnsiY3JlYXRlIjo2MDAwMDAwMDAwMDAsImRlbGV0ZSI6MTIwMDAwMDAwMDAwMH0sInNjaGVtYV92ZXJzaW9uIjoiMSJ9",
          "dependencies": [
            "data.aws_availability_zones.available",
            "module.vpc.aws_vpc.this",
            "module.vpc.aws_vpc_ipv4_cidr_block_association.this"
          ],
          "create_before_destroy": true
        },
        {
          "index_key": 2,
          "schema_version": 1,
          "attributes": {
            "arn": "arn:aws:ec2:eu-central-1:513910674915:subnet/subnet-026c9d8f230b798f9",
            "assign_ipv6_address_on_creation": false,
            "availability_zone": "eu-central-1c",
            "availability_zone_id": "euc1-az1",
            "cidr_block": "10.1.3.0/24",
            "customer_owned_ipv4_pool": "",
            "id": "subnet-026c9d8f230b798f9",
            "ipv6_cidr_block": "",
            "ipv6_cidr_block_association_id": "",
            "map_customer_owned_ip_on_launch": false,
            "map_public_ip_on_launch": false,
            "outpost_arn": "",
            "owner_id": "513910674915",
            "tags": {
              "Name": "education-vpc-private-eu-central-1c",
              "kubernetes.io/cluster/demo-playsdev-eks": "shared",
              "kubernetes.io/role/internal-elb": "1"
            },
            "tags_all": {
              "Name": "education-vpc-private-eu-central-1c",
              "kubernetes.io/cluster/demo-playsdev-eks": "shared",
              "kubernetes.io/role/internal-elb": "1"
            },
            "timeouts": null,
            "vpc_id": "vpc-072405c10923ee786"
          },
          "sensitive_attributes": [],
          "private": "eyJlMmJmYjczMC1lY2FhLTExZTYtOGY4OC0zNDM2M2JjN2M0YzAiOnsiY3JlYXRlIjo2MDAwMDAwMDAwMDAsImRlbGV0ZSI6MTIwMDAwMDAwMDAwMH0sInNjaGVtYV92ZXJzaW9uIjoiMSJ9",
          "dependencies": [
            "data.aws_availability_zones.available",
            "module.vpc.aws_vpc.this",
            "module.vpc.aws_vpc_ipv4_cidr_block_association.this"
          ],
          "create_before_destroy": true
        }
      ]
    },
    {
      "module": "module.vpc",
      "mode": "managed",
      "type": "aws_subnet",
      "name": "public",
      "provider": "provider[\"registry.terraform.io/hashicorp/aws\"]",
      "instances": [
        {
          "index_key": 0,
          "schema_version": 1,
          "attributes": {
            "arn": "arn:aws:ec2:eu-central-1:513910674915:subnet/subnet-00830da4a032869e3",
            "assign_ipv6_address_on_creation": false,
            "availability_zone": "eu-central-1a",
            "availability_zone_id": "euc1-az2",
            "cidr_block": "10.1.4.0/24",
            "customer_owned_ipv4_pool": "",
            "id": "subnet-00830da4a032869e3",
            "ipv6_cidr_block": "",
            "ipv6_cidr_block_association_id": "",
            "map_customer_owned_ip_on_launch": false,
            "map_public_ip_on_launch": true,
            "outpost_arn": "",
            "owner_id": "513910674915",
            "tags": {
              "Name": "education-vpc-public-eu-central-1a",
              "kubernetes.io/cluster/demo-playsdev-eks": "shared",
              "kubernetes.io/role/elb": "1"
            },
            "tags_all": {
              "Name": "education-vpc-public-eu-central-1a",
              "kubernetes.io/cluster/demo-playsdev-eks": "shared",
              "kubernetes.io/role/elb": "1"
            },
            "timeouts": null,
            "vpc_id": "vpc-072405c10923ee786"
          },
          "sensitive_attributes": [],
          "private": "eyJlMmJmYjczMC1lY2FhLTExZTYtOGY4OC0zNDM2M2JjN2M0YzAiOnsiY3JlYXRlIjo2MDAwMDAwMDAwMDAsImRlbGV0ZSI6MTIwMDAwMDAwMDAwMH0sInNjaGVtYV92ZXJzaW9uIjoiMSJ9",
          "dependencies": [
            "data.aws_availability_zones.available",
            "module.vpc.aws_vpc.this",
            "module.vpc.aws_vpc_ipv4_cidr_block_association.this"
          ]
        },
        {
          "index_key": 1,
          "schema_version": 1,
          "attributes": {
            "arn": "arn:aws:ec2:eu-central-1:513910674915:subnet/subnet-0d8e001f1e9a97c4c",
            "assign_ipv6_address_on_creation": false,
            "availability_zone": "eu-central-1b",
            "availability_zone_id": "euc1-az3",
            "cidr_block": "10.1.5.0/24",
            "customer_owned_ipv4_pool": "",
            "id": "subnet-0d8e001f1e9a97c4c",
            "ipv6_cidr_block": "",
            "ipv6_cidr_block_association_id": "",
            "map_customer_owned_ip_on_launch": false,
            "map_public_ip_on_launch": true,
            "outpost_arn": "",
            "owner_id": "513910674915",
            "tags": {
              "Name": "education-vpc-public-eu-central-1b",
              "kubernetes.io/cluster/demo-playsdev-eks": "shared",
              "kubernetes.io/role/elb": "1"
            },
            "tags_all": {
              "Name": "education-vpc-public-eu-central-1b",
              "kubernetes.io/cluster/demo-playsdev-eks": "shared",
              "kubernetes.io/role/elb": "1"
            },
            "timeouts": null,
            "vpc_id": "vpc-072405c10923ee786"
          },
          "sensitive_attributes": [],
          "private": "eyJlMmJmYjczMC1lY2FhLTExZTYtOGY4OC0zNDM2M2JjN2M0YzAiOnsiY3JlYXRlIjo2MDAwMDAwMDAwMDAsImRlbGV0ZSI6MTIwMDAwMDAwMDAwMH0sInNjaGVtYV92ZXJzaW9uIjoiMSJ9",
          "dependencies": [
            "data.aws_availability_zones.available",
            "module.vpc.aws_vpc.this",
            "module.vpc.aws_vpc_ipv4_cidr_block_association.this"
          ]
        },
        {
          "index_key": 2,
          "schema_version": 1,
          "attributes": {
            "arn": "arn:aws:ec2:eu-central-1:513910674915:subnet/subnet-03f26167f5469f1a7",
            "assign_ipv6_address_on_creation": false,
            "availability_zone": "eu-central-1c",
            "availability_zone_id": "euc1-az1",
            "cidr_block": "10.1.6.0/24",
            "customer_owned_ipv4_pool": "",
            "id": "subnet-03f26167f5469f1a7",
            "ipv6_cidr_block": "",
            "ipv6_cidr_block_association_id": "",
            "map_customer_owned_ip_on_launch": false,
            "map_public_ip_on_launch": true,
            "outpost_arn": "",
            "owner_id": "513910674915",
            "tags": {
              "Name": "education-vpc-public-eu-central-1c",
              "kubernetes.io/cluster/demo-playsdev-eks": "shared",
              "kubernetes.io/role/elb": "1"
            },
            "tags_all": {
              "Name": "education-vpc-public-eu-central-1c",
              "kubernetes.io/cluster/demo-playsdev-eks": "shared",
              "kubernetes.io/role/elb": "1"
            },
            "timeouts": null,
            "vpc_id": "vpc-072405c10923ee786"
          },
          "sensitive_attributes": [],
          "private": "eyJlMmJmYjczMC1lY2FhLTExZTYtOGY4OC0zNDM2M2JjN2M0YzAiOnsiY3JlYXRlIjo2MDAwMDAwMDAwMDAsImRlbGV0ZSI6MTIwMDAwMDAwMDAwMH0sInNjaGVtYV92ZXJzaW9uIjoiMSJ9",
          "dependencies": [
            "data.aws_availability_zones.available",
            "module.vpc.aws_vpc.this",
            "module.vpc.aws_vpc_ipv4_cidr_block_association.this"
          ]
        }
      ]
    },
    {
      "module": "module.vpc",
      "mode": "managed",
      "type": "aws_vpc",
      "name": "this",
      "provider": "provider[\"registry.terraform.io/hashicorp/aws\"]",
      "instances": [
        {
          "index_key": 0,
          "schema_version": 1,
          "attributes": {
            "arn": "arn:aws:ec2:eu-central-1:513910674915:vpc/vpc-072405c10923ee786",
            "assign_generated_ipv6_cidr_block": false,
            "cidr_block": "10.1.0.0/16",
            "default_network_acl_id": "acl-052accbdf62a17d99",
            "default_route_table_id": "rtb-03f5fce3ae5542657",
            "default_security_group_id": "sg-0787d54d4415b15d8",
            "dhcp_options_id": "dopt-acf569c6",
            "enable_classiclink": null,
            "enable_classiclink_dns_support": null,
            "enable_dns_hostnames": true,
            "enable_dns_support": true,
            "id": "vpc-072405c10923ee786",
            "instance_tenancy": "default",
            "ipv6_association_id": "",
            "ipv6_cidr_block": "",
            "main_route_table_id": "rtb-03f5fce3ae5542657",
            "owner_id": "513910674915",
            "tags": {
              "Name": "education-vpc",
              "kubernetes.io/cluster/demo-playsdev-eks": "shared"
            },
            "tags_all": {
              "Name": "education-vpc",
              "kubernetes.io/cluster/demo-playsdev-eks": "shared"
            }
          },
          "sensitive_attributes": [],
          "private": "eyJzY2hlbWFfdmVyc2lvbiI6IjEifQ==",
          "create_before_destroy": true
        }
      ]
    }
  ]
}
