{
  "version": 4,
  "terraform_version": "1.0.5",
  "serial": 376,
  "lineage": "2088d388-f481-5e4f-487a-5f33dbf46860",
  "outputs": {
    "cluster_endpoint": {
      "value": "https://9CF2CA4A9D704CDE541DAD7562768142.gr7.eu-central-1.eks.amazonaws.com",
      "type": "string"
    },
    "cluster_id": {
      "value": "demo-playsdev-eks",
      "type": "string"
    },
    "cluster_name": {
      "value": "demo-playsdev-eks",
      "type": "string"
    },
    "cluster_security_group_id": {
      "value": "sg-0c7ebd965f5d5515b",
      "type": "string"
    },
    "config_map_aws_auth": {
      "value": [
        {
          "binary_data": null,
          "data": {
            "mapAccounts": "[]\n",
            "mapRoles": "- \"groups\":\n  - \"system:bootstrappers\"\n  - \"system:nodes\"\n  \"rolearn\": \"arn:aws:iam::513910674915:role/demo-playsdev-eks2021092717122854240000000e\"\n  \"username\": \"system:node:{{EC2PrivateDNSName}}\"\n",
            "mapUsers": "[]\n"
          },
          "id": "kube-system/aws-auth",
          "metadata": [
            {
              "annotations": null,
              "generate_name": "",
              "generation": 0,
              "labels": {
                "app.kubernetes.io/managed-by": "Terraform",
                "terraform.io/module": "terraform-aws-modules.eks.aws"
              },
              "name": "aws-auth",
              "namespace": "kube-system",
              "resource_version": "815",
              "uid": "2a1fe9ec-5aed-45eb-97d2-a0250f2d955b"
            }
          ]
        }
      ],
      "type": [
        "tuple",
        [
          [
            "object",
            {
              "binary_data": [
                "map",
                "string"
              ],
              "data": [
                "map",
                "string"
              ],
              "id": "string",
              "metadata": [
                "list",
                [
                  "object",
                  {
                    "annotations": [
                      "map",
                      "string"
                    ],
                    "generate_name": "string",
                    "generation": "number",
                    "labels": [
                      "map",
                      "string"
                    ],
                    "name": "string",
                    "namespace": "string",
                    "resource_version": "string",
                    "uid": "string"
                  }
                ]
              ]
            }
          ]
        ]
      ]
    },
    "kubectl_config": {
      "value": "apiVersion: v1\npreferences: {}\nkind: Config\n\nclusters:\n- cluster:\n    server: https://9CF2CA4A9D704CDE541DAD7562768142.gr7.eu-central-1.eks.amazonaws.com\n    certificate-authority-data: LS0tLS1CRUdJTiBDRVJUSUZJQ0FURS0tLS0tCk1JSUM1ekNDQWMrZ0F3SUJBZ0lCQURBTkJna3Foa2lHOXcwQkFRc0ZBREFWTVJNd0VRWURWUVFERXdwcmRXSmwKY201bGRHVnpNQjRYRFRJeE1Ea3lOekUzTURZeU5Gb1hEVE14TURreU5URTNNRFl5TkZvd0ZURVRNQkVHQTFVRQpBeE1LYTNWaVpYSnVaWFJsY3pDQ0FTSXdEUVlKS29aSWh2Y05BUUVCQlFBRGdnRVBBRENDQVFvQ2dnRUJBTUQrCnJHdGpnVUhUZmdlMnUxUG9Fd3BOTmxmd01Kd2RQL3dzSUZ0N2ZTTHRBM2IwaEg4MlNHWG04aml1aTlnMWRoSVUKMTBTaUp2T3Q0cVh0TmFvdWRmVDVJdE8zVkxxMnB1ckZkL2lzbE5TQXA3ZHNnNjVtZVcxdlQyWTJ6Uis3ZUR3UwpXWjBNRXV0TEZ0b2tjOTZlby9KbktjTXFKamhxRHZiZUpCSlgwS0JIa3lPbXA4MGFRcFNsTW51V3IyakwzeXdICk1pU0F2WmF3Y0QvaFljeUE4K2hYNGFBd1hnQWRjaHVOTTMxQ0xxQlJHMDd5dXNlMnBlSXY4a0x1NWpXamg4SEUKc1FMSmR2OXZCMDJBdmFSdFlMUElkSGJHZnpKNGxKT0h0elVvRUFjNDA0aCtRWTc0VDlKRlhYanhJNnY1ZTRvbgpHcERRMTJCSWFyc2taQ0ZDLzdzQ0F3RUFBYU5DTUVBd0RnWURWUjBQQVFIL0JBUURBZ0trTUE4R0ExVWRFd0VCCi93UUZNQU1CQWY4d0hRWURWUjBPQkJZRUZBR3didUpaUWhVLzAxV0NoR0RBakVMbTVxcHpNQTBHQ1NxR1NJYjMKRFFFQkN3VUFBNElCQVFDK2hxSnZ6MGluYXRzN1lPS0lSK2RTVk1wOGFPOTY2dXE0UDZBWG9PTERrbEVPVG4yMQp1dEdOVVdSRGR3eFhabGU1VWVjbU1PTzRZb042d3JaS1dPQk85elBoVW9QSGg0OXJ1TXRBYlhFN2lnUW50WE02CkpLcm9aYzQ0MVppcmk5dm5jdjlITFQ3UGJPeDFkOENKZU9pL3d3U09YWDZzaG9VYmQ0eWZ3ZG45TklBaVRKaC8KeFgwcDFvdmVNaUdvcFVpSW15UnBrWElaaThwYWphTWRNQXdZa0J1aTdGRDJHYWM0aU9UY3JYaEhyS01GUXFtVQovME00cUw1cDVCNDZORkJ3QUtjcjJySUFUSEc2aTdRa2wrOTdvdnJGS3FWM0M1ODZGc1h3RExzOGZEVUR6WTMvClBnc1NDalhhaDJZSFNNVVJvTW1GT3dNc0ZVQzlmTnpmYkNaTgotLS0tLUVORCBDRVJUSUZJQ0FURS0tLS0tCg==\n  name: eks_demo-playsdev-eks\n\ncontexts:\n- context:\n    cluster: eks_demo-playsdev-eks\n    user: eks_demo-playsdev-eks\n  name: eks_demo-playsdev-eks\n\ncurrent-context: eks_demo-playsdev-eks\n\nusers:\n- name: eks_demo-playsdev-eks\n  user:\n    exec:\n      apiVersion: client.authentication.k8s.io/v1alpha1\n      command: aws-iam-authenticator\n      args:\n        - \"token\"\n        - \"-i\"\n        - \"demo-playsdev-eks\"\n",
      "type": "string"
    },
    "region": {
      "value": "eu-central-1",
      "type": "string"
    },
    "ssh_private_key": {
      "value": "-----BEGIN RSA PRIVATE KEY-----\nMIIJKQIBAAKCAgEA59Ic5FyatevZS7EfJUgw7h/es/hFcyFP29TyOWVRXTxwW+ec\n596INbg+03/ZkHnZBgYRZLfyRZqLNhG5rbJaM+QEfRDJ30QynI1NgAY5XvgcAFQW\nXb/YUSwiq875wD0NhpPWdEUmm6ajB8YRFUeGIRqg3kNG7GWci/nBlmG1DffphegH\nS5vmKjla3ZeyZziBnxGWcnVgRrzwCgQqOnE8SG1kpLZf6a2Hsp5DFNnHWaBA4r4R\nHuit/HILpOqZcHN/jjEErO18TNk57+56el73OHiev+aRcK8z6FSA9sESd20pR8tV\nm4V+VpQaY/yS7FBaqBEDl6D9gejmHDiwlxTS3YxWwP0/fsrqLQEXvllgoA4epcRp\nnLMavO1btzcNz3zqL8SHDsUoDNIvNHoD+T+qhLzuA/URPF/IvBLu4YqLFVdWUlBX\nTLbFcMZWUPCYcOnQpYoafNZi94vwphclssiWa2/ey4T6ddEovCjeZaQWwbCPpneF\nVVQpBAHCXvLzo8gPDbCDfriiqm+n1oEchON3dkpGpnIgXTIBF343IFMaT2uIVeYP\nwoypbd8KHGj3nBcpBMjIU2erxqPWiaIRD/alaPGABO37YJaZDK7mKBSQEnKZ9qpb\n94E+ALdceRtk7juYm7Ajw9oDiWq/QRpr1NxmLmUZODdM4YwL1ocye5TkHNECAwEA\nAQKCAgARowCjtw/mK01a3tzZv0ZJt47/7jGKcsxakzbievzXtRNvSo27bki6nYva\nF237+eky9h84pG4AMaPJt0uDFYCbVgupYC+bltqq4m01AkQ3H3Ux6TPSahgRBOSW\nYabKo1p2FKVKL0CisujQXJdMISbpOddnUYMB1TE1zQiXYlOd/nB7yY1UiUXXjImH\nNlVSWRAzg+kISDnM5+7zNCHqVFcbw4bWqTFe297pDfVYjsEF5pVJKuCuk1E5VYvh\nPh/yWDcqIDyU03STfCtWP7R9vt/cIgEh5G7IPewbDuLI4yN+hoWPer7GmD9mYton\nJT4gUHS1OKYnUQ44Zfmrx/xXYjQwlbrdnoxg8CkHqdY1kEdrDrAbLuYQeKWucN/a\n215Pac4pO5TN/9vdF80S+qQbgcrA0IUItwwEh9arDIoaAjA6k3OV4Yr2X+gIFQ83\nvlzdM7Nd7V+L6dg2flamOm3bxY3lVD8Dnn0qSWIGQlZfU3LiIjzp4SM/xkls1rqY\n4h6n53IDcqu0Uv6mK743sW63i4t3OaKAEHwthlvfWMZWZvG2OlCghFryJ2j287NH\n4iRPMTfOTfhOS6KMBTSNQQhWkKRH8nHyPPJmXrwXZgY2yny2J0NePHqsgXNtzyxu\nES+uNSnHHolObpUBPDut+fl/gnrreBXlg4ymmZTYkTXs3H9RYQKCAQEA7hwQlRYr\nGU5aqXsroYGS5yA2yv1QxL81yMfTXFeAE+MPeu67/JUKzXQFT+lPpd6HLzdZnslh\n8ohCHWxguP0tF581fk6uhr9SfjklE07NqlaOFpjcmKUjHwjaNtOA74cH0f35mi/K\n9+MgEA8eD4BVJB2VXeKQOkcL0T0zgWpITS7CyApZum1aJCjD8PVG1VWrT39h6aAZ\nDBj1Dx3Nt86zYfwrh3UAEkk7Dd7w2H/PyzE6PoB4os+lKgSUXTztA3o10b3AiQvc\nONflFm+SyLqOA2K3RBZo9x/4FrAHdmQyDirlNUWAmPx6awpICudsiS/YDKAwtAJo\nn7tx9U+XFCKG/QKCAQEA+T0VlYym8hkcBwIpcD9oBnwhMDGxwrUeRTeWd8Oek4/0\njkqB/FX2bpfsH8eUqF13r7X8YVVTtUbmcA9CeOw84TwGRiFEZOMaOIqYUu+0rQPq\n2MiEV2gryMCKaK+HAYk73o3AsPA2EJrBjy0M9Hyrvx6TaHEgAN43BsFdUBWGS6Tk\nsunyb1HnU//fInZC+IQGe1t2FKg2DWU5GD3RqwAtPG/H8ciIPGXT5k9ws+Kgk31p\ngw+rvbsvjoidmFWlalh0ZWLwJQf949c5w+uAnrp6RQkqqhn3etH68HMUoR0boi9d\n8noyAhvp3XcKo0/BWzMoFafgG/qS5CCisWLWab63ZQKCAQEAoYz3D0AAM+Y+ivjf\nrG+ObTQlGOpvz11wL26sj91qL5QB38V0VDYHI0hRhltkx8RIcheavaoiw3wBZ5ct\ntLVJz9ocYDsgHJpYbP12kzgHQEgDlX9XRFXek2LdMw+jTmCORMKNhDhi/HbkPSEU\noy3OFnff7NgYRQIJGYjtliO3NG7ChxjGsj8ZRqlF8Alqarn6RjDGDM2r0NJqCjyN\nY+VhPdzq57fROZbn80xMmod1Q4Z93wQpVUWO6Qg8ZVo98PsM4uZcaF9cplCMxQEk\nVP6F9fQXJaISy4CsQTBjj8cBUy11YARs8N90a4WJRaSothd4/W/+O1PbCm0SL381\noNqgPQKCAQEA57XiWyZoDqtJYzqfS7um+mBsemG44UuA2NjVCoLS6lzq/15FelJw\nyGB1JRZnHh/HJZQLDnJFYEKJ+aQ2KDV4Y+1p58kFzMVVmzs+Ydx4HGGH9AJ3BsvR\n6NEX3DtTSBpNjpo6ikTH/qfhSzqW0LUW9pd2c6K4HhZ5Ec6y8cERGUIzXCIjQVrj\ntTQsPd20ZVZYsFZXcNzxY4K3kdHnGxMO+yDwwdes0HnahkNUg+gtYPE3JqFrCPj9\nPYXE/dqh7jxN+fQBTmwfnbJ6Aarv6KF1Crl68KkzavvMT76tbxuglSd0L/lqhItu\n4HXLbgi3uhHVMkzgDSLnbS7qEf/RVn34AQKCAQAb/7KT06PjaKjOdpQ61rc1hklQ\ndqgwWKICQgt2rsh70lNVln02U7nybI8ZWi4GV8jCXbcIBYpP13NC6B0UV1sK3eoU\ngQ+I4ouKWW8TwGBjURIGppIQn0b8p6nSid9FUZ8E5i02450iA2otoL/JJojOAFY9\ne2tnqVUGXIcluTevotv5H/RkTJUnnqYDoXcoD7vdSsIrtabuab/xg1W1F8UZpO4U\nF+FXjkA7IiVQ5PWVNBw6TT+/q+d/JZgZMsqEnRK7QxPZTjaJGD0oBf5TieSE7rBp\nAYx6OtEdzw2lmAZZbb+GfCE0tLnTgaYYjFUymfawqd4nrr/6+ZeddJ8biekI\n-----END RSA PRIVATE KEY-----\n",
      "type": "string",
      "sensitive": true
    },
    "ssh_public_key": {
      "value": "ssh-rsa AAAAB3NzaC1yc2EAAAADAQABAAACAQDn0hzkXJq169lLsR8lSDDuH96z+EVzIU/b1PI5ZVFdPHBb55zn3og1uD7Tf9mQedkGBhFkt/JFmos2Ebmtsloz5AR9EMnfRDKcjU2ABjle+BwAVBZdv9hRLCKrzvnAPQ2Gk9Z0RSabpqMHxhEVR4YhGqDeQ0bsZZyL+cGWYbUN9+mF6AdLm+YqOVrdl7JnOIGfEZZydWBGvPAKBCo6cTxIbWSktl/prYeynkMU2cdZoEDivhEe6K38cguk6plwc3+OMQSs7XxM2Tnv7np6Xvc4eJ6/5pFwrzPoVID2wRJ3bSlHy1WbhX5WlBpj/JLsUFqoEQOXoP2B6OYcOLCXFNLdjFbA/T9+yuotARe+WWCgDh6lxGmcsxq87Vu3Nw3PfOovxIcOxSgM0i80egP5P6qEvO4D9RE8X8i8Eu7hiosVV1ZSUFdMtsVwxlZQ8Jhw6dClihp81mL3i/CmFyWyyJZrb97LhPp10Si8KN5lpBbBsI+md4VVVCkEAcJe8vOjyA8NsIN+uKKqb6fWgRyE43d2SkamciBdMgEXfjcgUxpPa4hV5g/CjKlt3wocaPecFykEyMhTZ6vGo9aJohEP9qVo8YAE7ftglpkMruYoFJAScpn2qlv3gT4At1x5G2TuO5ibsCPD2gOJar9BGmvU3GYuZRk4N0zhjAvWhzJ7lOQc0Q==\n",
      "type": "string"
    }
  },
  "resources": [
    {
      "mode": "data",
      "type": "aws_availability_zones",
      "name": "available",
      "provider": "provider[\"registry.terraform.io/hashicorp/aws\"]",
      "instances": [
        {
          "schema_version": 0,
          "attributes": {
            "all_availability_zones": null,
            "exclude_names": null,
            "exclude_zone_ids": null,
            "filter": null,
            "group_names": [
              "eu-central-1"
            ],
            "id": "eu-central-1",
            "names": [
              "eu-central-1a",
              "eu-central-1b",
              "eu-central-1c"
            ],
            "state": null,
            "zone_ids": [
              "euc1-az2",
              "euc1-az3",
              "euc1-az1"
            ]
          },
          "sensitive_attributes": []
        }
      ]
    },
    {
      "mode": "data",
      "type": "aws_eks_cluster",
      "name": "cluster",
      "provider": "provider[\"registry.terraform.io/hashicorp/aws\"]",
      "instances": [
        {
          "schema_version": 0,
          "attributes": {
            "arn": "arn:aws:eks:eu-central-1:513910674915:cluster/demo-playsdev-eks",
            "certificate_authority": [
              {
                "data": "LS0tLS1CRUdJTiBDRVJUSUZJQ0FURS0tLS0tCk1JSUM1ekNDQWMrZ0F3SUJBZ0lCQURBTkJna3Foa2lHOXcwQkFRc0ZBREFWTVJNd0VRWURWUVFERXdwcmRXSmwKY201bGRHVnpNQjRYRFRJeE1Ea3lOekUzTURZeU5Gb1hEVE14TURreU5URTNNRFl5TkZvd0ZURVRNQkVHQTFVRQpBeE1LYTNWaVpYSnVaWFJsY3pDQ0FTSXdEUVlKS29aSWh2Y05BUUVCQlFBRGdnRVBBRENDQVFvQ2dnRUJBTUQrCnJHdGpnVUhUZmdlMnUxUG9Fd3BOTmxmd01Kd2RQL3dzSUZ0N2ZTTHRBM2IwaEg4MlNHWG04aml1aTlnMWRoSVUKMTBTaUp2T3Q0cVh0TmFvdWRmVDVJdE8zVkxxMnB1ckZkL2lzbE5TQXA3ZHNnNjVtZVcxdlQyWTJ6Uis3ZUR3UwpXWjBNRXV0TEZ0b2tjOTZlby9KbktjTXFKamhxRHZiZUpCSlgwS0JIa3lPbXA4MGFRcFNsTW51V3IyakwzeXdICk1pU0F2WmF3Y0QvaFljeUE4K2hYNGFBd1hnQWRjaHVOTTMxQ0xxQlJHMDd5dXNlMnBlSXY4a0x1NWpXamg4SEUKc1FMSmR2OXZCMDJBdmFSdFlMUElkSGJHZnpKNGxKT0h0elVvRUFjNDA0aCtRWTc0VDlKRlhYanhJNnY1ZTRvbgpHcERRMTJCSWFyc2taQ0ZDLzdzQ0F3RUFBYU5DTUVBd0RnWURWUjBQQVFIL0JBUURBZ0trTUE4R0ExVWRFd0VCCi93UUZNQU1CQWY4d0hRWURWUjBPQkJZRUZBR3didUpaUWhVLzAxV0NoR0RBakVMbTVxcHpNQTBHQ1NxR1NJYjMKRFFFQkN3VUFBNElCQVFDK2hxSnZ6MGluYXRzN1lPS0lSK2RTVk1wOGFPOTY2dXE0UDZBWG9PTERrbEVPVG4yMQp1dEdOVVdSRGR3eFhabGU1VWVjbU1PTzRZb042d3JaS1dPQk85elBoVW9QSGg0OXJ1TXRBYlhFN2lnUW50WE02CkpLcm9aYzQ0MVppcmk5dm5jdjlITFQ3UGJPeDFkOENKZU9pL3d3U09YWDZzaG9VYmQ0eWZ3ZG45TklBaVRKaC8KeFgwcDFvdmVNaUdvcFVpSW15UnBrWElaaThwYWphTWRNQXdZa0J1aTdGRDJHYWM0aU9UY3JYaEhyS01GUXFtVQovME00cUw1cDVCNDZORkJ3QUtjcjJySUFUSEc2aTdRa2wrOTdvdnJGS3FWM0M1ODZGc1h3RExzOGZEVUR6WTMvClBnc1NDalhhaDJZSFNNVVJvTW1GT3dNc0ZVQzlmTnpmYkNaTgotLS0tLUVORCBDRVJUSUZJQ0FURS0tLS0tCg=="
              }
            ],
            "created_at": "2021-09-27 16:59:26.652 +0000 UTC",
            "enabled_cluster_log_types": [],
            "endpoint": "https://9CF2CA4A9D704CDE541DAD7562768142.gr7.eu-central-1.eks.amazonaws.com",
            "id": "demo-playsdev-eks",
            "identity": [
              {
                "oidc": [
                  {
                    "issuer": "https://oidc.eks.eu-central-1.amazonaws.com/id/9CF2CA4A9D704CDE541DAD7562768142"
                  }
                ]
              }
            ],
            "kubernetes_network_config": [
              {
                "service_ipv4_cidr": "172.20.0.0/16"
              }
            ],
            "name": "demo-playsdev-eks",
            "platform_version": "eks.2",
            "role_arn": "arn:aws:iam::513910674915:role/demo-playsdev-eks20210927165854476000000002",
            "status": "ACTIVE",
            "tags": {
              "Environment": "training",
              "GithubOrg": "terraform-aws-modules",
              "GithubRepo": "terraform-aws-eks"
            },
            "version": "1.20",
            "vpc_config": [
              {
                "cluster_security_group_id": "sg-009adad73b9f582e5",
                "endpoint_private_access": false,
                "endpoint_public_access": true,
                "public_access_cidrs": [
                  "0.0.0.0/0"
                ],
                "security_group_ids": [
                  "sg-0c7ebd965f5d5515b"
                ],
                "subnet_ids": [
                  "subnet-00a435ad62ed36b0f",
                  "subnet-034de80555dcfb78f",
                  "subnet-0b2c9db8b7404d79c"
                ],
                "vpc_id": "vpc-0607b9bb27e528223"
              }
            ]
          },
          "sensitive_attributes": []
        }
      ]
    },
    {
      "mode": "data",
      "type": "aws_eks_cluster_auth",
      "name": "cluster",
      "provider": "provider[\"registry.terraform.io/hashicorp/aws\"]",
      "instances": [
        {
          "schema_version": 0,
          "attributes": {
            "id": "demo-playsdev-eks",
            "name": "demo-playsdev-eks",
            "token": "k8s-aws-v1.aHR0cHM6Ly9zdHMuYW1hem9uYXdzLmNvbS8_QWN0aW9uPUdldENhbGxlcklkZW50aXR5JlZlcnNpb249MjAxMS0wNi0xNSZYLUFtei1BbGdvcml0aG09QVdTNC1ITUFDLVNIQTI1NiZYLUFtei1DcmVkZW50aWFsPUFLSUFYUEozV1NYUlpYVklKSk9ZJTJGMjAyMTA5MjclMkZ1cy1lYXN0LTElMkZzdHMlMkZhd3M0X3JlcXVlc3QmWC1BbXotRGF0ZT0yMDIxMDkyN1QxNzEyMjlaJlgtQW16LUV4cGlyZXM9MCZYLUFtei1TaWduZWRIZWFkZXJzPWhvc3QlM0J4LWs4cy1hd3MtaWQmWC1BbXotU2lnbmF0dXJlPTYwYzgyMzBmZDI4NmFiZTU1MGI0MGFjMmNhYTQxMjIyYzFkZjY4ODQ3MDc2YjQ5ZDUwNzAyMGU2ODk4MzgxMzg"
          },
          "sensitive_attributes": []
        }
      ]
    },
    {
      "mode": "managed",
      "type": "aws_db_instance",
      "name": "playsdev-db",
      "provider": "provider[\"registry.terraform.io/hashicorp/aws\"]",
      "instances": [
        {
          "schema_version": 1,
          "attributes": {
            "address": "terraform-20210927165905271800000008.cxbzdmish8xg.eu-central-1.rds.amazonaws.com",
            "allocated_storage": 10,
            "allow_major_version_upgrade": null,
            "apply_immediately": null,
            "arn": "arn:aws:rds:eu-central-1:513910674915:db:terraform-20210927165905271800000008",
            "auto_minor_version_upgrade": true,
            "availability_zone": "eu-central-1b",
            "backup_retention_period": 0,
            "backup_window": "02:24-02:54",
            "ca_cert_identifier": "rds-ca-2019",
            "character_set_name": "",
            "copy_tags_to_snapshot": false,
            "customer_owned_ip_enabled": false,
            "db_subnet_group_name": "playsdev-db-subnet",
            "delete_automated_backups": true,
            "deletion_protection": false,
            "domain": "",
            "domain_iam_role_name": "",
            "enabled_cloudwatch_logs_exports": null,
            "endpoint": "terraform-20210927165905271800000008.cxbzdmish8xg.eu-central-1.rds.amazonaws.com:3306",
            "engine": "mysql",
            "engine_version": "5.7",
            "engine_version_actual": "5.7.33",
            "final_snapshot_identifier": null,
            "hosted_zone_id": "Z1RLNUO7B9Q6NB",
            "iam_database_authentication_enabled": false,
            "id": "terraform-20210927165905271800000008",
            "identifier": "terraform-20210927165905271800000008",
            "identifier_prefix": null,
            "instance_class": "db.t2.micro",
            "iops": 0,
            "kms_key_id": "",
            "latest_restorable_time": "0001-01-01T00:00:00Z",
            "license_model": "general-public-license",
            "maintenance_window": "mon:21:55-mon:22:25",
            "max_allocated_storage": 0,
            "monitoring_interval": 0,
            "monitoring_role_arn": "",
            "multi_az": true,
            "name": "mydb",
            "nchar_character_set_name": "",
            "option_group_name": "default:mysql-5-7",
            "parameter_group_name": "default.mysql5.7",
            "password": "password",
            "performance_insights_enabled": false,
            "performance_insights_kms_key_id": "",
            "performance_insights_retention_period": 0,
            "port": 3306,
            "publicly_accessible": false,
            "replicas": [],
            "replicate_source_db": "",
            "resource_id": "db-ZFFSGLF57IWU2JOOTHFS5Q6D7A",
            "restore_to_point_in_time": [],
            "s3_import": [],
            "security_group_names": null,
            "skip_final_snapshot": true,
            "snapshot_identifier": null,
            "status": "available",
            "storage_encrypted": false,
            "storage_type": "gp2",
            "tags": null,
            "tags_all": {},
            "timeouts": null,
            "timezone": "",
            "username": "root",
            "vpc_security_group_ids": [
              "sg-0e6cdd6d5d8c0ad03"
            ]
          },
          "sensitive_attributes": [],
          "private": "eyJlMmJmYjczMC1lY2FhLTExZTYtOGY4OC0zNDM2M2JjN2M0YzAiOnsiY3JlYXRlIjoyNDAwMDAwMDAwMDAwLCJkZWxldGUiOjM2MDAwMDAwMDAwMDAsInVwZGF0ZSI6NDgwMDAwMDAwMDAwMH0sInNjaGVtYV92ZXJzaW9uIjoiMSJ9",
          "dependencies": [
            "aws_db_subnet_group.playsdev-db-subnet",
            "aws_security_group.playsdev-sg",
            "aws_subnet.playsdev-private-subnet",
            "aws_subnet.playsdev-private-subnet-2",
            "aws_vpc.playsdev_vpc"
          ]
        }
      ]
    },
    {
      "mode": "managed",
      "type": "aws_db_subnet_group",
      "name": "playsdev-db-subnet",
      "provider": "provider[\"registry.terraform.io/hashicorp/aws\"]",
      "instances": [
        {
          "schema_version": 0,
          "attributes": {
            "arn": "arn:aws:rds:eu-central-1:513910674915:subgrp:playsdev-db-subnet",
            "description": "Managed by Terraform",
            "id": "playsdev-db-subnet",
            "name": "playsdev-db-subnet",
            "name_prefix": null,
            "subnet_ids": [
              "subnet-09f90ad3a770dd644",
              "subnet-0ccd1b9dfcf152fb2"
            ],
            "tags": {
              "Name": "playsdev-db-subnet"
            },
            "tags_all": {
              "Name": "playsdev-db-subnet"
            }
          },
          "sensitive_attributes": [],
          "private": "bnVsbA==",
          "dependencies": [
            "aws_subnet.playsdev-private-subnet",
            "aws_subnet.playsdev-private-subnet-2",
            "aws_vpc.playsdev_vpc"
          ]
        }
      ]
    },
    {
      "mode": "managed",
      "type": "aws_ecr_repository",
      "name": "playsdev-ecr",
      "provider": "provider[\"registry.terraform.io/hashicorp/aws\"]",
      "instances": [
        {
          "schema_version": 0,
          "attributes": {
            "arn": "arn:aws:ecr:eu-central-1:513910674915:repository/playsdev-ecr",
            "encryption_configuration": [
              {
                "encryption_type": "AES256",
                "kms_key": ""
              }
            ],
            "id": "playsdev-ecr",
            "image_scanning_configuration": [
              {
                "scan_on_push": true
              }
            ],
            "image_tag_mutability": "MUTABLE",
            "name": "playsdev-ecr",
            "registry_id": "513910674915",
            "repository_url": "513910674915.dkr.ecr.eu-central-1.amazonaws.com/playsdev-ecr",
            "tags": null,
            "tags_all": {},
            "timeouts": null
          },
          "sensitive_attributes": [],
          "private": "eyJlMmJmYjczMC1lY2FhLTExZTYtOGY4OC0zNDM2M2JjN2M0YzAiOnsiZGVsZXRlIjoxMjAwMDAwMDAwMDAwfX0="
        }
      ]
    },
    {
      "mode": "managed",
      "type": "aws_eip",
      "name": "lb",
      "provider": "provider[\"registry.terraform.io/hashicorp/aws\"]",
      "instances": [
        {
          "schema_version": 0,
          "attributes": {
            "address": null,
            "allocation_id": null,
            "associate_with_private_ip": null,
            "association_id": "eipassoc-0bd03c21702740803",
            "carrier_ip": "",
            "customer_owned_ip": "",
            "customer_owned_ipv4_pool": "",
            "domain": "vpc",
            "id": "eipalloc-c2f521cf",
            "instance": "i-0e6d16fac62a5893e",
            "network_border_group": "eu-central-1",
            "network_interface": "eni-0900a2acd9694fc2e",
            "private_dns": "ip-33-3-1-32.eu-central-1.compute.internal",
            "private_ip": "33.3.1.32",
            "public_dns": "ec2-3-126-149-157.eu-central-1.compute.amazonaws.com",
            "public_ip": "3.126.149.157",
            "public_ipv4_pool": "amazon",
            "tags": null,
            "tags_all": {},
            "timeouts": null,
            "vpc": true
          },
          "sensitive_attributes": [],
          "private": "eyJlMmJmYjczMC1lY2FhLTExZTYtOGY4OC0zNDM2M2JjN2M0YzAiOnsiZGVsZXRlIjoxODAwMDAwMDAwMDAsInJlYWQiOjkwMDAwMDAwMDAwMCwidXBkYXRlIjozMDAwMDAwMDAwMDB9fQ==",
          "dependencies": [
            "aws_instance.web",
            "aws_key_pair.generated_key",
            "aws_security_group.playsdev-sg",
            "aws_subnet.playsdev-public-subnet",
            "aws_vpc.playsdev_vpc",
            "tls_private_key.example"
          ]
        }
      ]
    },
    {
      "mode": "managed",
      "type": "aws_instance",
      "name": "web",
      "provider": "provider[\"registry.terraform.io/hashicorp/aws\"]",
      "instances": [
        {
          "schema_version": 1,
          "attributes": {
            "ami": "ami-05f7491af5eef733a",
            "arn": "arn:aws:ec2:eu-central-1:513910674915:instance/i-0e6d16fac62a5893e",
            "associate_public_ip_address": true,
            "availability_zone": "eu-central-1a",
            "capacity_reservation_specification": [
              {
                "capacity_reservation_preference": "open",
                "capacity_reservation_target": []
              }
            ],
            "cpu_core_count": 1,
            "cpu_threads_per_core": 1,
            "credit_specification": [
              {
                "cpu_credits": "standard"
              }
            ],
            "disable_api_termination": false,
            "ebs_block_device": [],
            "ebs_optimized": false,
            "enclave_options": [
              {
                "enabled": false
              }
            ],
            "ephemeral_block_device": [],
            "get_password_data": false,
            "hibernation": false,
            "host_id": null,
            "iam_instance_profile": "",
            "id": "i-0e6d16fac62a5893e",
            "instance_initiated_shutdown_behavior": "stop",
            "instance_state": "running",
            "instance_type": "t2.micro",
            "ipv6_address_count": 0,
            "ipv6_addresses": [],
            "key_name": "key",
            "launch_template": [],
            "metadata_options": [
              {
                "http_endpoint": "enabled",
                "http_put_response_hop_limit": 1,
                "http_tokens": "optional"
              }
            ],
            "monitoring": false,
            "network_interface": [],
            "outpost_arn": "",
            "password_data": "",
            "placement_group": "",
            "primary_network_interface_id": "eni-0900a2acd9694fc2e",
            "private_dns": "ip-33-3-1-32.eu-central-1.compute.internal",
            "private_ip": "33.3.1.32",
            "public_dns": "",
            "public_ip": "18.198.197.4",
            "root_block_device": [
              {
                "delete_on_termination": true,
                "device_name": "/dev/sda1",
                "encrypted": false,
                "iops": 100,
                "kms_key_id": "",
                "tags": {},
                "throughput": 0,
                "volume_id": "vol-079dc1783a6d557f3",
                "volume_size": 8,
                "volume_type": "gp2"
              }
            ],
            "secondary_private_ips": [],
            "security_groups": [],
            "source_dest_check": true,
            "subnet_id": "subnet-0ef3ed4581d6974b4",
            "tags": {
              "Name": "HelloWorld"
            },
            "tags_all": {
              "Name": "HelloWorld"
            },
            "tenancy": "default",
            "timeouts": null,
            "user_data": null,
            "user_data_base64": null,
            "volume_tags": null,
            "vpc_security_group_ids": [
              "sg-0e6cdd6d5d8c0ad03"
            ]
          },
          "sensitive_attributes": [],
          "private": "eyJlMmJmYjczMC1lY2FhLTExZTYtOGY4OC0zNDM2M2JjN2M0YzAiOnsiY3JlYXRlIjo2MDAwMDAwMDAwMDAsImRlbGV0ZSI6MTIwMDAwMDAwMDAwMCwidXBkYXRlIjo2MDAwMDAwMDAwMDB9LCJzY2hlbWFfdmVyc2lvbiI6IjEifQ==",
          "dependencies": [
            "aws_key_pair.generated_key",
            "aws_security_group.playsdev-sg",
            "aws_subnet.playsdev-public-subnet",
            "aws_vpc.playsdev_vpc",
            "tls_private_key.example"
          ]
        }
      ]
    },
    {
      "mode": "managed",
      "type": "aws_internet_gateway",
      "name": "playsdev-ig",
      "provider": "provider[\"registry.terraform.io/hashicorp/aws\"]",
      "instances": [
        {
          "schema_version": 0,
          "attributes": {
            "arn": "arn:aws:ec2:eu-central-1:513910674915:internet-gateway/igw-050cec68a62c033c1",
            "id": "igw-050cec68a62c033c1",
            "owner_id": "513910674915",
            "tags": {
              "Name": "playsdev-ig"
            },
            "tags_all": {
              "Name": "playsdev-ig"
            },
            "vpc_id": "vpc-0b4f578357d712f2f"
          },
          "sensitive_attributes": [],
          "private": "bnVsbA==",
          "dependencies": [
            "aws_vpc.playsdev_vpc"
          ]
        }
      ]
    },
    {
      "mode": "managed",
      "type": "aws_key_pair",
      "name": "generated_key",
      "provider": "provider[\"registry.terraform.io/hashicorp/aws\"]",
      "instances": [
        {
          "schema_version": 1,
          "attributes": {
            "arn": "arn:aws:ec2:eu-central-1:513910674915:key-pair/key",
            "fingerprint": "23:dc:7a:d6:89:92:2c:ec:2a:a2:89:95:6e:7f:d1:ea",
            "id": "key",
            "key_name": "key",
            "key_name_prefix": null,
            "key_pair_id": "key-06c2b498d824d51f4",
            "public_key": "ssh-rsa AAAAB3NzaC1yc2EAAAADAQABAAACAQDn0hzkXJq169lLsR8lSDDuH96z+EVzIU/b1PI5ZVFdPHBb55zn3og1uD7Tf9mQedkGBhFkt/JFmos2Ebmtsloz5AR9EMnfRDKcjU2ABjle+BwAVBZdv9hRLCKrzvnAPQ2Gk9Z0RSabpqMHxhEVR4YhGqDeQ0bsZZyL+cGWYbUN9+mF6AdLm+YqOVrdl7JnOIGfEZZydWBGvPAKBCo6cTxIbWSktl/prYeynkMU2cdZoEDivhEe6K38cguk6plwc3+OMQSs7XxM2Tnv7np6Xvc4eJ6/5pFwrzPoVID2wRJ3bSlHy1WbhX5WlBpj/JLsUFqoEQOXoP2B6OYcOLCXFNLdjFbA/T9+yuotARe+WWCgDh6lxGmcsxq87Vu3Nw3PfOovxIcOxSgM0i80egP5P6qEvO4D9RE8X8i8Eu7hiosVV1ZSUFdMtsVwxlZQ8Jhw6dClihp81mL3i/CmFyWyyJZrb97LhPp10Si8KN5lpBbBsI+md4VVVCkEAcJe8vOjyA8NsIN+uKKqb6fWgRyE43d2SkamciBdMgEXfjcgUxpPa4hV5g/CjKlt3wocaPecFykEyMhTZ6vGo9aJohEP9qVo8YAE7ftglpkMruYoFJAScpn2qlv3gT4At1x5G2TuO5ibsCPD2gOJar9BGmvU3GYuZRk4N0zhjAvWhzJ7lOQc0Q==",
            "tags": null,
            "tags_all": {}
          },
          "sensitive_attributes": [],
          "private": "eyJzY2hlbWFfdmVyc2lvbiI6IjEifQ==",
          "dependencies": [
            "tls_private_key.example"
          ]
        }
      ]
    },
    {
      "mode": "managed",
      "type": "aws_lb",
      "name": "playsdev-alb",
      "provider": "provider[\"registry.terraform.io/hashicorp/aws\"]",
      "instances": [
        {
          "schema_version": 0,
          "attributes": {
            "access_logs": [
              {
                "bucket": "",
                "enabled": false,
                "prefix": ""
              }
            ],
            "arn": "arn:aws:elasticloadbalancing:eu-central-1:513910674915:loadbalancer/app/playsdev-alb/79d3fcb679ac1366",
            "arn_suffix": "app/playsdev-alb/79d3fcb679ac1366",
            "customer_owned_ipv4_pool": "",
            "dns_name": "playsdev-alb-374947423.eu-central-1.elb.amazonaws.com",
            "drop_invalid_header_fields": false,
            "enable_cross_zone_load_balancing": null,
            "enable_deletion_protection": false,
            "enable_http2": true,
            "id": "arn:aws:elasticloadbalancing:eu-central-1:513910674915:loadbalancer/app/playsdev-alb/79d3fcb679ac1366",
            "idle_timeout": 60,
            "internal": false,
            "ip_address_type": "ipv4",
            "load_balancer_type": "application",
            "name": "playsdev-alb",
            "name_prefix": null,
            "security_groups": [
              "sg-0e6cdd6d5d8c0ad03"
            ],
            "subnet_mapping": [
              {
                "allocation_id": "",
                "ipv6_address": "",
                "outpost_id": "",
                "private_ipv4_address": "",
                "subnet_id": "subnet-03cf32813809689ae"
              },
              {
                "allocation_id": "",
                "ipv6_address": "",
                "outpost_id": "",
                "private_ipv4_address": "",
                "subnet_id": "subnet-0ef3ed4581d6974b4"
              }
            ],
            "subnets": [
              "subnet-03cf32813809689ae",
              "subnet-0ef3ed4581d6974b4"
            ],
            "tags": {
              "Name": "playsdev-terraform-alb"
            },
            "tags_all": {
              "Name": "playsdev-terraform-alb"
            },
            "timeouts": null,
            "vpc_id": "vpc-0b4f578357d712f2f",
            "zone_id": "Z215JYRZR1TBD5"
          },
          "sensitive_attributes": [],
          "private": "eyJlMmJmYjczMC1lY2FhLTExZTYtOGY4OC0zNDM2M2JjN2M0YzAiOnsiY3JlYXRlIjo2MDAwMDAwMDAwMDAsImRlbGV0ZSI6NjAwMDAwMDAwMDAwLCJ1cGRhdGUiOjYwMDAwMDAwMDAwMH19",
          "dependencies": [
            "aws_security_group.playsdev-sg",
            "aws_subnet.playsdev-public-subnet",
            "aws_subnet.playsdev-public-subnet-2",
            "aws_vpc.playsdev_vpc"
          ]
        }
      ]
    },
    {
      "mode": "managed",
      "type": "aws_nat_gateway",
      "name": "example",
      "provider": "provider[\"registry.terraform.io/hashicorp/aws\"]",
      "instances": [
        {
          "schema_version": 0,
          "attributes": {
            "allocation_id": "",
            "connectivity_type": "private",
            "id": "nat-0184d272ede1cf31b",
            "network_interface_id": "eni-0d3c88dc4608883eb",
            "private_ip": "33.3.3.45",
            "public_ip": "",
            "subnet_id": "subnet-0ccd1b9dfcf152fb2",
            "tags": null,
            "tags_all": {}
          },
          "sensitive_attributes": [],
          "private": "bnVsbA==",
          "dependencies": [
            "aws_subnet.playsdev-private-subnet",
            "aws_vpc.playsdev_vpc"
          ]
        }
      ]
    },
    {
      "mode": "managed",
      "type": "aws_route_table",
      "name": "playsdev-rt",
      "provider": "provider[\"registry.terraform.io/hashicorp/aws\"]",
      "instances": [
        {
          "schema_version": 0,
          "attributes": {
            "arn": "arn:aws:ec2:eu-central-1:513910674915:route-table/rtb-067dff24b148e4be2",
            "id": "rtb-067dff24b148e4be2",
            "owner_id": "513910674915",
            "propagating_vgws": [],
            "route": [
              {
                "carrier_gateway_id": "",
                "cidr_block": "0.0.0.0/0",
                "destination_prefix_list_id": "",
                "egress_only_gateway_id": "",
                "gateway_id": "igw-050cec68a62c033c1",
                "instance_id": "",
                "ipv6_cidr_block": "",
                "local_gateway_id": "",
                "nat_gateway_id": "",
                "network_interface_id": "",
                "transit_gateway_id": "",
                "vpc_endpoint_id": "",
                "vpc_peering_connection_id": ""
              }
            ],
            "tags": {
              "Name": "playsdev-rt"
            },
            "tags_all": {
              "Name": "playsdev-rt"
            },
            "vpc_id": "vpc-0b4f578357d712f2f"
          },
          "sensitive_attributes": [],
          "private": "bnVsbA==",
          "dependencies": [
            "aws_internet_gateway.playsdev-ig",
            "aws_vpc.playsdev_vpc"
          ]
        }
      ]
    },
    {
      "mode": "managed",
      "type": "aws_security_group",
      "name": "all_worker_mgmt",
      "provider": "provider[\"registry.terraform.io/hashicorp/aws\"]",
      "instances": [
        {
          "schema_version": 1,
          "attributes": {
            "arn": "arn:aws:ec2:eu-central-1:513910674915:security-group/sg-0961901aa4ea47502",
            "description": "Managed by Terraform",
            "egress": [],
            "id": "sg-0961901aa4ea47502",
            "ingress": [
              {
                "cidr_blocks": [
                  "10.0.0.0/8",
                  "172.16.0.0/12",
                  "192.168.0.0/16"
                ],
                "description": "",
                "from_port": 22,
                "ipv6_cidr_blocks": [],
                "prefix_list_ids": [],
                "protocol": "tcp",
                "security_groups": [],
                "self": false,
                "to_port": 22
              }
            ],
            "name": "all_worker_management20210927165910802600000009",
            "name_prefix": "all_worker_management",
            "owner_id": "513910674915",
            "revoke_rules_on_delete": false,
            "tags": null,
            "tags_all": {},
            "timeouts": null,
            "vpc_id": "vpc-0607b9bb27e528223"
          },
          "sensitive_attributes": [],
          "private": "eyJlMmJmYjczMC1lY2FhLTExZTYtOGY4OC0zNDM2M2JjN2M0YzAiOnsiY3JlYXRlIjo2MDAwMDAwMDAwMDAsImRlbGV0ZSI6OTAwMDAwMDAwMDAwfSwic2NoZW1hX3ZlcnNpb24iOiIxIn0=",
          "dependencies": [
            "module.vpc.aws_vpc.this"
          ]
        }
      ]
    },
    {
      "mode": "managed",
      "type": "aws_security_group",
      "name": "playsdev-sg",
      "provider": "provider[\"registry.terraform.io/hashicorp/aws\"]",
      "instances": [
        {
          "schema_version": 1,
          "attributes": {
            "arn": "arn:aws:ec2:eu-central-1:513910674915:security-group/sg-0e6cdd6d5d8c0ad03",
            "description": "Managed by Terraform",
            "egress": [
              {
                "cidr_blocks": [
                  "0.0.0.0/0"
                ],
                "description": "",
                "from_port": 0,
                "ipv6_cidr_blocks": [
                  "::/0"
                ],
                "prefix_list_ids": [],
                "protocol": "-1",
                "security_groups": [],
                "self": false,
                "to_port": 0
              }
            ],
            "id": "sg-0e6cdd6d5d8c0ad03",
            "ingress": [
              {
                "cidr_blocks": [
                  "0.0.0.0/0"
                ],
                "description": "",
                "from_port": 51820,
                "ipv6_cidr_blocks": [],
                "prefix_list_ids": [],
                "protocol": "udp",
                "security_groups": [],
                "self": false,
                "to_port": 51820
              },
              {
                "cidr_blocks": [
                  "0.0.0.0/0"
                ],
                "description": "HTTP from VPC",
                "from_port": 80,
                "ipv6_cidr_blocks": [],
                "prefix_list_ids": [],
                "protocol": "tcp",
                "security_groups": [],
                "self": false,
                "to_port": 80
              },
              {
                "cidr_blocks": [
                  "0.0.0.0/0"
                ],
                "description": "PING for VPC",
                "from_port": 8,
                "ipv6_cidr_blocks": [],
                "prefix_list_ids": [],
                "protocol": "icmp",
                "security_groups": [],
                "self": false,
                "to_port": -1
              },
              {
                "cidr_blocks": [
                  "0.0.0.0/0"
                ],
                "description": "RDS from VPC",
                "from_port": 3306,
                "ipv6_cidr_blocks": [],
                "prefix_list_ids": [],
                "protocol": "tcp",
                "security_groups": [],
                "self": false,
                "to_port": 3306
              },
              {
                "cidr_blocks": [
                  "0.0.0.0/0"
                ],
                "description": "SSH for VPC",
                "from_port": 22,
                "ipv6_cidr_blocks": [],
                "prefix_list_ids": [],
                "protocol": "tcp",
                "security_groups": [],
                "self": false,
                "to_port": 22
              },
              {
                "cidr_blocks": [
                  "33.3.0.0/16"
                ],
                "description": "",
                "from_port": 53,
                "ipv6_cidr_blocks": [],
                "prefix_list_ids": [],
                "protocol": "udp",
                "security_groups": [],
                "self": false,
                "to_port": 53
              }
            ],
            "name": "terraform-20210927165900685400000007",
            "name_prefix": "terraform-",
            "owner_id": "513910674915",
            "revoke_rules_on_delete": false,
            "tags": {
              "Name": "playsdev-sg"
            },
            "tags_all": {
              "Name": "playsdev-sg"
            },
            "timeouts": null,
            "vpc_id": "vpc-0b4f578357d712f2f"
          },
          "sensitive_attributes": [],
          "private": "eyJlMmJmYjczMC1lY2FhLTExZTYtOGY4OC0zNDM2M2JjN2M0YzAiOnsiY3JlYXRlIjo2MDAwMDAwMDAwMDAsImRlbGV0ZSI6OTAwMDAwMDAwMDAwfSwic2NoZW1hX3ZlcnNpb24iOiIxIn0=",
          "dependencies": [
            "aws_vpc.playsdev_vpc"
          ]
        }
      ]
    },
    {
      "mode": "managed",
      "type": "aws_security_group",
      "name": "worker_group_mgmt_one",
      "provider": "provider[\"registry.terraform.io/hashicorp/aws\"]",
      "instances": [
        {
          "schema_version": 1,
          "attributes": {
            "arn": "arn:aws:ec2:eu-central-1:513910674915:security-group/sg-0fc1c3b4520fff490",
            "description": "Managed by Terraform",
            "egress": [],
            "id": "sg-0fc1c3b4520fff490",
            "ingress": [
              {
                "cidr_blocks": [
                  "10.0.0.0/8"
                ],
                "description": "",
                "from_port": 22,
                "ipv6_cidr_blocks": [],
                "prefix_list_ids": [],
                "protocol": "tcp",
                "security_groups": [],
                "self": false,
                "to_port": 22
              }
            ],
            "name": "worker_group_mgmt_one2021092716591088100000000b",
            "name_prefix": "worker_group_mgmt_one",
            "owner_id": "513910674915",
            "revoke_rules_on_delete": false,
            "tags": null,
            "tags_all": {},
            "timeouts": null,
            "vpc_id": "vpc-0607b9bb27e528223"
          },
          "sensitive_attributes": [],
          "private": "eyJlMmJmYjczMC1lY2FhLTExZTYtOGY4OC0zNDM2M2JjN2M0YzAiOnsiY3JlYXRlIjo2MDAwMDAwMDAwMDAsImRlbGV0ZSI6OTAwMDAwMDAwMDAwfSwic2NoZW1hX3ZlcnNpb24iOiIxIn0=",
          "dependencies": [
            "module.vpc.aws_vpc.this"
          ],
          "create_before_destroy": true
        }
      ]
    },
    {
      "mode": "managed",
      "type": "aws_security_group",
      "name": "worker_group_mgmt_two",
      "provider": "provider[\"registry.terraform.io/hashicorp/aws\"]",
      "instances": [
        {
          "schema_version": 1,
          "attributes": {
            "arn": "arn:aws:ec2:eu-central-1:513910674915:security-group/sg-046806451f336dfa9",
            "description": "Managed by Terraform",
            "egress": [],
            "id": "sg-046806451f336dfa9",
            "ingress": [
              {
                "cidr_blocks": [
                  "192.168.0.0/16"
                ],
                "description": "",
                "from_port": 22,
                "ipv6_cidr_blocks": [],
                "prefix_list_ids": [],
                "protocol": "tcp",
                "security_groups": [],
                "self": false,
                "to_port": 22
              }
            ],
            "name": "worker_group_mgmt_two2021092716591088510000000c",
            "name_prefix": "worker_group_mgmt_two",
            "owner_id": "513910674915",
            "revoke_rules_on_delete": false,
            "tags": null,
            "tags_all": {},
            "timeouts": null,
            "vpc_id": "vpc-0607b9bb27e528223"
          },
          "sensitive_attributes": [],
          "private": "eyJlMmJmYjczMC1lY2FhLTExZTYtOGY4OC0zNDM2M2JjN2M0YzAiOnsiY3JlYXRlIjo2MDAwMDAwMDAwMDAsImRlbGV0ZSI6OTAwMDAwMDAwMDAwfSwic2NoZW1hX3ZlcnNpb24iOiIxIn0=",
          "dependencies": [
            "module.vpc.aws_vpc.this"
          ],
          "create_before_destroy": true
        }
      ]
    },
    {
      "mode": "managed",
      "type": "aws_subnet",
      "name": "playsdev-private-subnet",
      "provider": "provider[\"registry.terraform.io/hashicorp/aws\"]",
      "instances": [
        {
          "schema_version": 1,
          "attributes": {
            "arn": "arn:aws:ec2:eu-central-1:513910674915:subnet/subnet-0ccd1b9dfcf152fb2",
            "assign_ipv6_address_on_creation": false,
            "availability_zone": "eu-central-1a",
            "availability_zone_id": "euc1-az2",
            "cidr_block": "33.3.3.0/24",
            "customer_owned_ipv4_pool": "",
            "id": "subnet-0ccd1b9dfcf152fb2",
            "ipv6_cidr_block": "",
            "ipv6_cidr_block_association_id": "",
            "map_customer_owned_ip_on_launch": false,
            "map_public_ip_on_launch": false,
            "outpost_arn": "",
            "owner_id": "513910674915",
            "tags": {
              "Name": "playsdev-subnet-private"
            },
            "tags_all": {
              "Name": "playsdev-subnet-private"
            },
            "timeouts": null,
            "vpc_id": "vpc-0b4f578357d712f2f"
          },
          "sensitive_attributes": [],
          "private": "eyJlMmJmYjczMC1lY2FhLTExZTYtOGY4OC0zNDM2M2JjN2M0YzAiOnsiY3JlYXRlIjo2MDAwMDAwMDAwMDAsImRlbGV0ZSI6MTIwMDAwMDAwMDAwMH0sInNjaGVtYV92ZXJzaW9uIjoiMSJ9",
          "dependencies": [
            "aws_vpc.playsdev_vpc"
          ]
        }
      ]
    },
    {
      "mode": "managed",
      "type": "aws_subnet",
      "name": "playsdev-private-subnet-2",
      "provider": "provider[\"registry.terraform.io/hashicorp/aws\"]",
      "instances": [
        {
          "schema_version": 1,
          "attributes": {
            "arn": "arn:aws:ec2:eu-central-1:513910674915:subnet/subnet-09f90ad3a770dd644",
            "assign_ipv6_address_on_creation": false,
            "availability_zone": "eu-central-1b",
            "availability_zone_id": "euc1-az3",
            "cidr_block": "33.3.4.0/24",
            "customer_owned_ipv4_pool": "",
            "id": "subnet-09f90ad3a770dd644",
            "ipv6_cidr_block": "",
            "ipv6_cidr_block_association_id": "",
            "map_customer_owned_ip_on_launch": false,
            "map_public_ip_on_launch": false,
            "outpost_arn": "",
            "owner_id": "513910674915",
            "tags": {
              "Name": "playsdev-subnet-private-2"
            },
            "tags_all": {
              "Name": "playsdev-subnet-private-2"
            },
            "timeouts": null,
            "vpc_id": "vpc-0b4f578357d712f2f"
          },
          "sensitive_attributes": [],
          "private": "eyJlMmJmYjczMC1lY2FhLTExZTYtOGY4OC0zNDM2M2JjN2M0YzAiOnsiY3JlYXRlIjo2MDAwMDAwMDAwMDAsImRlbGV0ZSI6MTIwMDAwMDAwMDAwMH0sInNjaGVtYV92ZXJzaW9uIjoiMSJ9",
          "dependencies": [
            "aws_vpc.playsdev_vpc"
          ]
        }
      ]
    },
    {
      "mode": "managed",
      "type": "aws_subnet",
      "name": "playsdev-public-subnet",
      "provider": "provider[\"registry.terraform.io/hashicorp/aws\"]",
      "instances": [
        {
          "schema_version": 1,
          "attributes": {
            "arn": "arn:aws:ec2:eu-central-1:513910674915:subnet/subnet-0ef3ed4581d6974b4",
            "assign_ipv6_address_on_creation": false,
            "availability_zone": "eu-central-1a",
            "availability_zone_id": "euc1-az2",
            "cidr_block": "33.3.1.0/24",
            "customer_owned_ipv4_pool": "",
            "id": "subnet-0ef3ed4581d6974b4",
            "ipv6_cidr_block": "",
            "ipv6_cidr_block_association_id": "",
            "map_customer_owned_ip_on_launch": false,
            "map_public_ip_on_launch": true,
            "outpost_arn": "",
            "owner_id": "513910674915",
            "tags": {
              "Name": "playsdev-subnet"
            },
            "tags_all": {
              "Name": "playsdev-subnet"
            },
            "timeouts": null,
            "vpc_id": "vpc-0b4f578357d712f2f"
          },
          "sensitive_attributes": [],
          "private": "eyJlMmJmYjczMC1lY2FhLTExZTYtOGY4OC0zNDM2M2JjN2M0YzAiOnsiY3JlYXRlIjo2MDAwMDAwMDAwMDAsImRlbGV0ZSI6MTIwMDAwMDAwMDAwMH0sInNjaGVtYV92ZXJzaW9uIjoiMSJ9",
          "dependencies": [
            "aws_vpc.playsdev_vpc"
          ]
        }
      ]
    },
    {
      "mode": "managed",
      "type": "aws_subnet",
      "name": "playsdev-public-subnet-2",
      "provider": "provider[\"registry.terraform.io/hashicorp/aws\"]",
      "instances": [
        {
          "schema_version": 1,
          "attributes": {
            "arn": "arn:aws:ec2:eu-central-1:513910674915:subnet/subnet-03cf32813809689ae",
            "assign_ipv6_address_on_creation": false,
            "availability_zone": "eu-central-1b",
            "availability_zone_id": "euc1-az3",
            "cidr_block": "33.3.2.0/24",
            "customer_owned_ipv4_pool": "",
            "id": "subnet-03cf32813809689ae",
            "ipv6_cidr_block": "",
            "ipv6_cidr_block_association_id": "",
            "map_customer_owned_ip_on_launch": false,
            "map_public_ip_on_launch": true,
            "outpost_arn": "",
            "owner_id": "513910674915",
            "tags": {
              "Name": "playsdev-subnet-public-2"
            },
            "tags_all": {
              "Name": "playsdev-subnet-public-2"
            },
            "timeouts": null,
            "vpc_id": "vpc-0b4f578357d712f2f"
          },
          "sensitive_attributes": [],
          "private": "eyJlMmJmYjczMC1lY2FhLTExZTYtOGY4OC0zNDM2M2JjN2M0YzAiOnsiY3JlYXRlIjo2MDAwMDAwMDAwMDAsImRlbGV0ZSI6MTIwMDAwMDAwMDAwMH0sInNjaGVtYV92ZXJzaW9uIjoiMSJ9",
          "dependencies": [
            "aws_vpc.playsdev_vpc"
          ]
        }
      ]
    },
    {
      "mode": "managed",
      "type": "aws_vpc",
      "name": "playsdev_vpc",
      "provider": "provider[\"registry.terraform.io/hashicorp/aws\"]",
      "instances": [
        {
          "schema_version": 1,
          "attributes": {
            "arn": "arn:aws:ec2:eu-central-1:513910674915:vpc/vpc-0b4f578357d712f2f",
            "assign_generated_ipv6_cidr_block": false,
            "cidr_block": "33.3.0.0/16",
            "default_network_acl_id": "acl-0e48d43e4a866ea74",
            "default_route_table_id": "rtb-02a16a6429f5e4693",
            "default_security_group_id": "sg-00f5071dff3586637",
            "dhcp_options_id": "dopt-acf569c6",
            "enable_classiclink": null,
            "enable_classiclink_dns_support": null,
            "enable_dns_hostnames": false,
            "enable_dns_support": true,
            "id": "vpc-0b4f578357d712f2f",
            "instance_tenancy": "default",
            "ipv6_association_id": "",
            "ipv6_cidr_block": "",
            "main_route_table_id": "rtb-02a16a6429f5e4693",
            "owner_id": "513910674915",
            "tags": {
              "Name": "playsdev-vpc"
            },
            "tags_all": {
              "Name": "playsdev-vpc"
            }
          },
          "sensitive_attributes": [],
          "private": "eyJzY2hlbWFfdmVyc2lvbiI6IjEifQ=="
        }
      ]
    },
    {
      "mode": "managed",
      "type": "random_string",
      "name": "suffix",
      "provider": "provider[\"registry.terraform.io/hashicorp/random\"]",
      "instances": [
        {
          "schema_version": 1,
          "attributes": {
            "id": "r1gmU3oH",
            "keepers": null,
            "length": 8,
            "lower": true,
            "min_lower": 0,
            "min_numeric": 0,
            "min_special": 0,
            "min_upper": 0,
            "number": true,
            "override_special": null,
            "result": "r1gmU3oH",
            "special": false,
            "upper": true
          },
          "sensitive_attributes": [],
          "private": "eyJzY2hlbWFfdmVyc2lvbiI6IjEifQ=="
        }
      ]
    },
    {
      "mode": "managed",
      "type": "tls_private_key",
      "name": "example",
      "provider": "provider[\"registry.terraform.io/hashicorp/tls\"]",
      "instances": [
        {
          "schema_version": 0,
          "attributes": {
            "algorithm": "RSA",
            "ecdsa_curve": "P224",
            "id": "598ef49d68c6d017bc4d87e43cfc08a86085e9e8",
            "private_key_pem": "-----BEGIN RSA PRIVATE KEY-----\nMIIJKQIBAAKCAgEA59Ic5FyatevZS7EfJUgw7h/es/hFcyFP29TyOWVRXTxwW+ec\n596INbg+03/ZkHnZBgYRZLfyRZqLNhG5rbJaM+QEfRDJ30QynI1NgAY5XvgcAFQW\nXb/YUSwiq875wD0NhpPWdEUmm6ajB8YRFUeGIRqg3kNG7GWci/nBlmG1DffphegH\nS5vmKjla3ZeyZziBnxGWcnVgRrzwCgQqOnE8SG1kpLZf6a2Hsp5DFNnHWaBA4r4R\nHuit/HILpOqZcHN/jjEErO18TNk57+56el73OHiev+aRcK8z6FSA9sESd20pR8tV\nm4V+VpQaY/yS7FBaqBEDl6D9gejmHDiwlxTS3YxWwP0/fsrqLQEXvllgoA4epcRp\nnLMavO1btzcNz3zqL8SHDsUoDNIvNHoD+T+qhLzuA/URPF/IvBLu4YqLFVdWUlBX\nTLbFcMZWUPCYcOnQpYoafNZi94vwphclssiWa2/ey4T6ddEovCjeZaQWwbCPpneF\nVVQpBAHCXvLzo8gPDbCDfriiqm+n1oEchON3dkpGpnIgXTIBF343IFMaT2uIVeYP\nwoypbd8KHGj3nBcpBMjIU2erxqPWiaIRD/alaPGABO37YJaZDK7mKBSQEnKZ9qpb\n94E+ALdceRtk7juYm7Ajw9oDiWq/QRpr1NxmLmUZODdM4YwL1ocye5TkHNECAwEA\nAQKCAgARowCjtw/mK01a3tzZv0ZJt47/7jGKcsxakzbievzXtRNvSo27bki6nYva\nF237+eky9h84pG4AMaPJt0uDFYCbVgupYC+bltqq4m01AkQ3H3Ux6TPSahgRBOSW\nYabKo1p2FKVKL0CisujQXJdMISbpOddnUYMB1TE1zQiXYlOd/nB7yY1UiUXXjImH\nNlVSWRAzg+kISDnM5+7zNCHqVFcbw4bWqTFe297pDfVYjsEF5pVJKuCuk1E5VYvh\nPh/yWDcqIDyU03STfCtWP7R9vt/cIgEh5G7IPewbDuLI4yN+hoWPer7GmD9mYton\nJT4gUHS1OKYnUQ44Zfmrx/xXYjQwlbrdnoxg8CkHqdY1kEdrDrAbLuYQeKWucN/a\n215Pac4pO5TN/9vdF80S+qQbgcrA0IUItwwEh9arDIoaAjA6k3OV4Yr2X+gIFQ83\nvlzdM7Nd7V+L6dg2flamOm3bxY3lVD8Dnn0qSWIGQlZfU3LiIjzp4SM/xkls1rqY\n4h6n53IDcqu0Uv6mK743sW63i4t3OaKAEHwthlvfWMZWZvG2OlCghFryJ2j287NH\n4iRPMTfOTfhOS6KMBTSNQQhWkKRH8nHyPPJmXrwXZgY2yny2J0NePHqsgXNtzyxu\nES+uNSnHHolObpUBPDut+fl/gnrreBXlg4ymmZTYkTXs3H9RYQKCAQEA7hwQlRYr\nGU5aqXsroYGS5yA2yv1QxL81yMfTXFeAE+MPeu67/JUKzXQFT+lPpd6HLzdZnslh\n8ohCHWxguP0tF581fk6uhr9SfjklE07NqlaOFpjcmKUjHwjaNtOA74cH0f35mi/K\n9+MgEA8eD4BVJB2VXeKQOkcL0T0zgWpITS7CyApZum1aJCjD8PVG1VWrT39h6aAZ\nDBj1Dx3Nt86zYfwrh3UAEkk7Dd7w2H/PyzE6PoB4os+lKgSUXTztA3o10b3AiQvc\nONflFm+SyLqOA2K3RBZo9x/4FrAHdmQyDirlNUWAmPx6awpICudsiS/YDKAwtAJo\nn7tx9U+XFCKG/QKCAQEA+T0VlYym8hkcBwIpcD9oBnwhMDGxwrUeRTeWd8Oek4/0\njkqB/FX2bpfsH8eUqF13r7X8YVVTtUbmcA9CeOw84TwGRiFEZOMaOIqYUu+0rQPq\n2MiEV2gryMCKaK+HAYk73o3AsPA2EJrBjy0M9Hyrvx6TaHEgAN43BsFdUBWGS6Tk\nsunyb1HnU//fInZC+IQGe1t2FKg2DWU5GD3RqwAtPG/H8ciIPGXT5k9ws+Kgk31p\ngw+rvbsvjoidmFWlalh0ZWLwJQf949c5w+uAnrp6RQkqqhn3etH68HMUoR0boi9d\n8noyAhvp3XcKo0/BWzMoFafgG/qS5CCisWLWab63ZQKCAQEAoYz3D0AAM+Y+ivjf\nrG+ObTQlGOpvz11wL26sj91qL5QB38V0VDYHI0hRhltkx8RIcheavaoiw3wBZ5ct\ntLVJz9ocYDsgHJpYbP12kzgHQEgDlX9XRFXek2LdMw+jTmCORMKNhDhi/HbkPSEU\noy3OFnff7NgYRQIJGYjtliO3NG7ChxjGsj8ZRqlF8Alqarn6RjDGDM2r0NJqCjyN\nY+VhPdzq57fROZbn80xMmod1Q4Z93wQpVUWO6Qg8ZVo98PsM4uZcaF9cplCMxQEk\nVP6F9fQXJaISy4CsQTBjj8cBUy11YARs8N90a4WJRaSothd4/W/+O1PbCm0SL381\noNqgPQKCAQEA57XiWyZoDqtJYzqfS7um+mBsemG44UuA2NjVCoLS6lzq/15FelJw\nyGB1JRZnHh/HJZQLDnJFYEKJ+aQ2KDV4Y+1p58kFzMVVmzs+Ydx4HGGH9AJ3BsvR\n6NEX3DtTSBpNjpo6ikTH/qfhSzqW0LUW9pd2c6K4HhZ5Ec6y8cERGUIzXCIjQVrj\ntTQsPd20ZVZYsFZXcNzxY4K3kdHnGxMO+yDwwdes0HnahkNUg+gtYPE3JqFrCPj9\nPYXE/dqh7jxN+fQBTmwfnbJ6Aarv6KF1Crl68KkzavvMT76tbxuglSd0L/lqhItu\n4HXLbgi3uhHVMkzgDSLnbS7qEf/RVn34AQKCAQAb/7KT06PjaKjOdpQ61rc1hklQ\ndqgwWKICQgt2rsh70lNVln02U7nybI8ZWi4GV8jCXbcIBYpP13NC6B0UV1sK3eoU\ngQ+I4ouKWW8TwGBjURIGppIQn0b8p6nSid9FUZ8E5i02450iA2otoL/JJojOAFY9\ne2tnqVUGXIcluTevotv5H/RkTJUnnqYDoXcoD7vdSsIrtabuab/xg1W1F8UZpO4U\nF+FXjkA7IiVQ5PWVNBw6TT+/q+d/JZgZMsqEnRK7QxPZTjaJGD0oBf5TieSE7rBp\nAYx6OtEdzw2lmAZZbb+GfCE0tLnTgaYYjFUymfawqd4nrr/6+ZeddJ8biekI\n-----END RSA PRIVATE KEY-----\n",
            "public_key_fingerprint_md5": "83:db:4e:77:d8:fb:9d:8d:32:26:af:b4:8b:c9:36:b7",
            "public_key_openssh": "ssh-rsa AAAAB3NzaC1yc2EAAAADAQABAAACAQDn0hzkXJq169lLsR8lSDDuH96z+EVzIU/b1PI5ZVFdPHBb55zn3og1uD7Tf9mQedkGBhFkt/JFmos2Ebmtsloz5AR9EMnfRDKcjU2ABjle+BwAVBZdv9hRLCKrzvnAPQ2Gk9Z0RSabpqMHxhEVR4YhGqDeQ0bsZZyL+cGWYbUN9+mF6AdLm+YqOVrdl7JnOIGfEZZydWBGvPAKBCo6cTxIbWSktl/prYeynkMU2cdZoEDivhEe6K38cguk6plwc3+OMQSs7XxM2Tnv7np6Xvc4eJ6/5pFwrzPoVID2wRJ3bSlHy1WbhX5WlBpj/JLsUFqoEQOXoP2B6OYcOLCXFNLdjFbA/T9+yuotARe+WWCgDh6lxGmcsxq87Vu3Nw3PfOovxIcOxSgM0i80egP5P6qEvO4D9RE8X8i8Eu7hiosVV1ZSUFdMtsVwxlZQ8Jhw6dClihp81mL3i/CmFyWyyJZrb97LhPp10Si8KN5lpBbBsI+md4VVVCkEAcJe8vOjyA8NsIN+uKKqb6fWgRyE43d2SkamciBdMgEXfjcgUxpPa4hV5g/CjKlt3wocaPecFykEyMhTZ6vGo9aJohEP9qVo8YAE7ftglpkMruYoFJAScpn2qlv3gT4At1x5G2TuO5ibsCPD2gOJar9BGmvU3GYuZRk4N0zhjAvWhzJ7lOQc0Q==\n",
            "public_key_pem": "-----BEGIN PUBLIC KEY-----\nMIICIjANBgkqhkiG9w0BAQEFAAOCAg8AMIICCgKCAgEA59Ic5FyatevZS7EfJUgw\n7h/es/hFcyFP29TyOWVRXTxwW+ec596INbg+03/ZkHnZBgYRZLfyRZqLNhG5rbJa\nM+QEfRDJ30QynI1NgAY5XvgcAFQWXb/YUSwiq875wD0NhpPWdEUmm6ajB8YRFUeG\nIRqg3kNG7GWci/nBlmG1DffphegHS5vmKjla3ZeyZziBnxGWcnVgRrzwCgQqOnE8\nSG1kpLZf6a2Hsp5DFNnHWaBA4r4RHuit/HILpOqZcHN/jjEErO18TNk57+56el73\nOHiev+aRcK8z6FSA9sESd20pR8tVm4V+VpQaY/yS7FBaqBEDl6D9gejmHDiwlxTS\n3YxWwP0/fsrqLQEXvllgoA4epcRpnLMavO1btzcNz3zqL8SHDsUoDNIvNHoD+T+q\nhLzuA/URPF/IvBLu4YqLFVdWUlBXTLbFcMZWUPCYcOnQpYoafNZi94vwphclssiW\na2/ey4T6ddEovCjeZaQWwbCPpneFVVQpBAHCXvLzo8gPDbCDfriiqm+n1oEchON3\ndkpGpnIgXTIBF343IFMaT2uIVeYPwoypbd8KHGj3nBcpBMjIU2erxqPWiaIRD/al\naPGABO37YJaZDK7mKBSQEnKZ9qpb94E+ALdceRtk7juYm7Ajw9oDiWq/QRpr1Nxm\nLmUZODdM4YwL1ocye5TkHNECAwEAAQ==\n-----END PUBLIC KEY-----\n",
            "rsa_bits": 4096
          },
          "sensitive_attributes": [],
          "private": "bnVsbA=="
        }
      ]
    },
    {
      "module": "module.eks",
      "mode": "data",
      "type": "aws_ami",
      "name": "eks_worker",
      "provider": "provider[\"registry.terraform.io/hashicorp/aws\"]",
      "instances": [
        {
          "index_key": 0,
          "schema_version": 0,
          "attributes": {
            "architecture": "x86_64",
            "arn": "arn:aws:ec2:eu-central-1::image/ami-0acca3abab3b7928a",
            "block_device_mappings": [
              {
                "device_name": "/dev/xvda",
                "ebs": {
                  "delete_on_termination": "true",
                  "encrypted": "false",
                  "iops": "0",
                  "snapshot_id": "snap-06b099fae24486fa7",
                  "throughput": "0",
                  "volume_size": "20",
                  "volume_type": "gp2"
                },
                "no_device": "",
                "virtual_name": ""
              }
            ],
            "creation_date": "2021-09-14T22:00:24.000Z",
            "description": "EKS Kubernetes Worker AMI with AmazonLinux2 image, (k8s: 1.20.7, docker: 19.03.13ce-1.amzn2, containerd: 1.4.6-2.amzn2)",
            "ena_support": true,
            "executable_users": null,
            "filter": [
              {
                "name": "name",
                "values": [
                  "amazon-eks-node-1.20-v*"
                ]
              }
            ],
            "hypervisor": "xen",
            "id": "ami-0acca3abab3b7928a",
            "image_id": "ami-0acca3abab3b7928a",
            "image_location": "amazon/amazon-eks-node-1.20-v20210914",
            "image_owner_alias": "amazon",
            "image_type": "machine",
            "kernel_id": null,
            "most_recent": true,
            "name": "amazon-eks-node-1.20-v20210914",
            "name_regex": null,
            "owner_id": "602401143452",
            "owners": [
              "amazon"
            ],
            "platform": null,
            "platform_details": "Linux/UNIX",
            "product_codes": [],
            "public": true,
            "ramdisk_id": null,
            "root_device_name": "/dev/xvda",
            "root_device_type": "ebs",
            "root_snapshot_id": "snap-06b099fae24486fa7",
            "sriov_net_support": "simple",
            "state": "available",
            "state_reason": {
              "code": "UNSET",
              "message": "UNSET"
            },
            "tags": {},
            "usage_operation": "RunInstances",
            "virtualization_type": "hvm"
          },
          "sensitive_attributes": []
        }
      ]
    },
    {
      "module": "module.eks",
      "mode": "data",
      "type": "aws_caller_identity",
      "name": "current",
      "provider": "provider[\"registry.terraform.io/hashicorp/aws\"]",
      "instances": [
        {
          "schema_version": 0,
          "attributes": {
            "account_id": "513910674915",
            "arn": "arn:aws:iam::513910674915:user/playsdev",
            "id": "513910674915",
            "user_id": "AIDAXPJ3WSXRYJ3B5HJW5"
          },
          "sensitive_attributes": []
        }
      ]
    },
    {
      "module": "module.eks",
      "mode": "data",
      "type": "aws_iam_policy_document",
      "name": "cluster_assume_role_policy",
      "provider": "provider[\"registry.terraform.io/hashicorp/aws\"]",
      "instances": [
        {
          "schema_version": 0,
          "attributes": {
            "id": "2764486067",
            "json": "{\n  \"Version\": \"2012-10-17\",\n  \"Statement\": [\n    {\n      \"Sid\": \"EKSClusterAssumeRole\",\n      \"Effect\": \"Allow\",\n      \"Action\": \"sts:AssumeRole\",\n      \"Principal\": {\n        \"Service\": \"eks.amazonaws.com\"\n      }\n    }\n  ]\n}",
            "override_json": null,
            "override_policy_documents": null,
            "policy_id": null,
            "source_json": null,
            "source_policy_documents": null,
            "statement": [
              {
                "actions": [
                  "sts:AssumeRole"
                ],
                "condition": [],
                "effect": "Allow",
                "not_actions": [],
                "not_principals": [],
                "not_resources": [],
                "principals": [
                  {
                    "identifiers": [
                      "eks.amazonaws.com"
                    ],
                    "type": "Service"
                  }
                ],
                "resources": [],
                "sid": "EKSClusterAssumeRole"
              }
            ],
            "version": "2012-10-17"
          },
          "sensitive_attributes": []
        }
      ]
    },
    {
      "module": "module.eks",
      "mode": "data",
      "type": "aws_iam_policy_document",
      "name": "cluster_elb_sl_role_creation",
      "provider": "provider[\"registry.terraform.io/hashicorp/aws\"]",
      "instances": [
        {
          "index_key": 0,
          "schema_version": 0,
          "attributes": {
            "id": "3709839417",
            "json": "{\n  \"Version\": \"2012-10-17\",\n  \"Statement\": [\n    {\n      \"Sid\": \"\",\n      \"Effect\": \"Allow\",\n      \"Action\": [\n        \"ec2:DescribeInternetGateways\",\n        \"ec2:DescribeAddresses\",\n        \"ec2:DescribeAccountAttributes\"\n      ],\n      \"Resource\": \"*\"\n    }\n  ]\n}",
            "override_json": null,
            "override_policy_documents": null,
            "policy_id": null,
            "source_json": null,
            "source_policy_documents": null,
            "statement": [
              {
                "actions": [
                  "ec2:DescribeAccountAttributes",
                  "ec2:DescribeAddresses",
                  "ec2:DescribeInternetGateways"
                ],
                "condition": [],
                "effect": "Allow",
                "not_actions": [],
                "not_principals": [],
                "not_resources": [],
                "principals": [],
                "resources": [
                  "*"
                ],
                "sid": ""
              }
            ],
            "version": "2012-10-17"
          },
          "sensitive_attributes": []
        }
      ]
    },
    {
      "module": "module.eks",
      "mode": "data",
      "type": "aws_iam_policy_document",
      "name": "workers_assume_role_policy",
      "provider": "provider[\"registry.terraform.io/hashicorp/aws\"]",
      "instances": [
        {
          "schema_version": 0,
          "attributes": {
            "id": "3778018924",
            "json": "{\n  \"Version\": \"2012-10-17\",\n  \"Statement\": [\n    {\n      \"Sid\": \"EKSWorkerAssumeRole\",\n      \"Effect\": \"Allow\",\n      \"Action\": \"sts:AssumeRole\",\n      \"Principal\": {\n        \"Service\": \"ec2.amazonaws.com\"\n      }\n    }\n  ]\n}",
            "override_json": null,
            "override_policy_documents": null,
            "policy_id": null,
            "source_json": null,
            "source_policy_documents": null,
            "statement": [
              {
                "actions": [
                  "sts:AssumeRole"
                ],
                "condition": [],
                "effect": "Allow",
                "not_actions": [],
                "not_principals": [],
                "not_resources": [],
                "principals": [
                  {
                    "identifiers": [
                      "ec2.amazonaws.com"
                    ],
                    "type": "Service"
                  }
                ],
                "resources": [],
                "sid": "EKSWorkerAssumeRole"
              }
            ],
            "version": "2012-10-17"
          },
          "sensitive_attributes": []
        }
      ]
    },
    {
      "module": "module.eks",
      "mode": "data",
      "type": "aws_partition",
      "name": "current",
      "provider": "provider[\"registry.terraform.io/hashicorp/aws\"]",
      "instances": [
        {
          "schema_version": 0,
          "attributes": {
            "dns_suffix": "amazonaws.com",
            "id": "aws",
            "partition": "aws",
            "reverse_dns_prefix": "com.amazonaws"
          },
          "sensitive_attributes": []
        }
      ]
    },
    {
      "module": "module.eks",
      "mode": "data",
      "type": "http",
      "name": "wait_for_cluster",
      "provider": "provider[\"registry.terraform.io/terraform-aws-modules/http\"]",
      "instances": [
        {
          "index_key": 0,
          "schema_version": 0,
          "attributes": {
            "body": "ok",
            "ca_certificate": "-----BEGIN CERTIFICATE-----\nMIIC5zCCAc+gAwIBAgIBADANBgkqhkiG9w0BAQsFADAVMRMwEQYDVQQDEwprdWJl\ncm5ldGVzMB4XDTIxMDkyNzE3MDYyNFoXDTMxMDkyNTE3MDYyNFowFTETMBEGA1UE\nAxMKa3ViZXJuZXRlczCCASIwDQYJKoZIhvcNAQEBBQADggEPADCCAQoCggEBAMD+\nrGtjgUHTfge2u1PoEwpNNlfwMJwdP/wsIFt7fSLtA3b0hH82SGXm8jiui9g1dhIU\n10SiJvOt4qXtNaoudfT5ItO3VLq2purFd/islNSAp7dsg65meW1vT2Y2zR+7eDwS\nWZ0MEutLFtokc96eo/JnKcMqJjhqDvbeJBJX0KBHkyOmp80aQpSlMnuWr2jL3ywH\nMiSAvZawcD/hYcyA8+hX4aAwXgAdchuNM31CLqBRG07yuse2peIv8kLu5jWjh8HE\nsQLJdv9vB02AvaRtYLPIdHbGfzJ4lJOHtzUoEAc404h+QY74T9JFXXjxI6v5e4on\nGpDQ12BIarskZCFC/7sCAwEAAaNCMEAwDgYDVR0PAQH/BAQDAgKkMA8GA1UdEwEB\n/wQFMAMBAf8wHQYDVR0OBBYEFAGwbuJZQhU/01WChGDAjELm5qpzMA0GCSqGSIb3\nDQEBCwUAA4IBAQC+hqJvz0inats7YOKIR+dSVMp8aO966uq4P6AXoOLDklEOTn21\nutGNUWRDdwxXZle5UecmMOO4YoN6wrZKWOBO9zPhUoPHh49ruMtAbXE7igQntXM6\nJKroZc441Ziri9vncv9HLT7PbOx1d8CJeOi/wwSOXX6shoUbd4yfwdn9NIAiTJh/\nxX0p1oveMiGopUiImyRpkXIZi8pajaMdMAwYkBui7FD2Gac4iOTcrXhHrKMFQqmU\n/0M4qL5p5B46NFBwAKcr2rIATHG6i7Qkl+97ovrFKqV3C586FsXwDLs8fDUDzY3/\nPgsSCjXah2YHSMURoMmFOwMsFUC9fNzfbCZN\n-----END CERTIFICATE-----\n",
            "id": "https://9CF2CA4A9D704CDE541DAD7562768142.gr7.eu-central-1.eks.amazonaws.com/healthz",
            "insecure": false,
            "request_headers": null,
            "response_headers": {
              "Cache-Control": "no-cache, private",
              "Content-Length": "2",
              "Content-Type": "text/plain; charset=utf-8",
              "Date": "Mon, 27 Sep 2021 17:12:28 GMT",
              "X-Content-Type-Options": "nosniff",
              "X-Kubernetes-Pf-Flowschema-Uid": "cf0290c8-cba4-4074-999f-acf77f521cb6",
              "X-Kubernetes-Pf-Prioritylevel-Uid": "026ba755-0c1e-4740-aa36-0a512de5e241"
            },
            "timeout": 300,
            "url": "https://9CF2CA4A9D704CDE541DAD7562768142.gr7.eu-central-1.eks.amazonaws.com/healthz"
          },
          "sensitive_attributes": []
        }
      ]
    },
    {
      "module": "module.eks",
      "mode": "managed",
      "type": "aws_autoscaling_group",
      "name": "workers",
      "provider": "provider[\"registry.terraform.io/hashicorp/aws\"]",
      "instances": [
        {
          "index_key": 0,
          "schema_version": 0,
          "attributes": {
            "arn": "arn:aws:autoscaling:eu-central-1:513910674915:autoScalingGroup:6aa19c5b-c63d-44a3-9bbb-4a8b1988ac12:autoScalingGroupName/demo-playsdev-eks-worker-group-120210927171243214500000017",
            "availability_zones": [
              "eu-central-1a",
              "eu-central-1b",
              "eu-central-1c"
            ],
            "capacity_rebalance": false,
            "default_cooldown": 300,
            "desired_capacity": 2,
            "enabled_metrics": null,
            "force_delete": false,
            "force_delete_warm_pool": false,
            "health_check_grace_period": 300,
            "health_check_type": "EC2",
            "id": "demo-playsdev-eks-worker-group-120210927171243214500000017",
            "initial_lifecycle_hook": [],
            "instance_refresh": [],
            "launch_configuration": "demo-playsdev-eks-worker-group-120210927171235537900000014",
            "launch_template": [],
            "load_balancers": null,
            "max_instance_lifetime": 0,
            "max_size": 3,
            "metrics_granularity": "1Minute",
            "min_elb_capacity": null,
            "min_size": 1,
            "mixed_instances_policy": [],
            "name": "demo-playsdev-eks-worker-group-120210927171243214500000017",
            "name_prefix": "demo-playsdev-eks-worker-group-1",
            "placement_group": "",
            "protect_from_scale_in": false,
            "service_linked_role_arn": "arn:aws:iam::513910674915:role/aws-service-role/autoscaling.amazonaws.com/AWSServiceRoleForAutoScaling",
            "suspended_processes": [
              "AZRebalance"
            ],
            "tag": [
              {
                "key": "Environment",
                "propagate_at_launch": true,
                "value": "training"
              },
              {
                "key": "GithubOrg",
                "propagate_at_launch": true,
                "value": "terraform-aws-modules"
              },
              {
                "key": "GithubRepo",
                "propagate_at_launch": true,
                "value": "terraform-aws-eks"
              },
              {
                "key": "Name",
                "propagate_at_launch": true,
                "value": "demo-playsdev-eks-worker-group-1-eks_asg"
              },
              {
                "key": "k8s.io/cluster/demo-playsdev-eks",
                "propagate_at_launch": true,
                "value": "owned"
              },
              {
                "key": "kubernetes.io/cluster/demo-playsdev-eks",
                "propagate_at_launch": true,
                "value": "owned"
              }
            ],
            "tags": null,
            "target_group_arns": null,
            "termination_policies": [],
            "timeouts": null,
            "vpc_zone_identifier": [
              "subnet-00a435ad62ed36b0f",
              "subnet-034de80555dcfb78f",
              "subnet-0b2c9db8b7404d79c"
            ],
            "wait_for_capacity_timeout": "10m",
            "wait_for_elb_capacity": null,
            "warm_pool": []
          },
          "sensitive_attributes": [],
          "private": "eyJlMmJmYjczMC1lY2FhLTExZTYtOGY4OC0zNDM2M2JjN2M0YzAiOnsiZGVsZXRlIjo2MDAwMDAwMDAwMDB9fQ==",
          "dependencies": [
            "aws_security_group.worker_group_mgmt_one",
            "aws_security_group.worker_group_mgmt_two",
            "data.aws_availability_zones.available",
            "module.eks.aws_cloudwatch_log_group.this",
            "module.eks.aws_eks_cluster.this",
            "module.eks.aws_iam_instance_profile.workers",
            "module.eks.aws_iam_role.cluster",
            "module.eks.aws_iam_role.workers",
            "module.eks.aws_iam_role_policy_attachment.cluster_AmazonEKSClusterPolicy",
            "module.eks.aws_iam_role_policy_attachment.cluster_AmazonEKSServicePolicy",
            "module.eks.aws_iam_role_policy_attachment.cluster_AmazonEKSVPCResourceControllerPolicy",
            "module.eks.aws_iam_role_policy_attachment.workers_AmazonEC2ContainerRegistryReadOnly",
            "module.eks.aws_iam_role_policy_attachment.workers_AmazonEKSWorkerNodePolicy",
            "module.eks.aws_iam_role_policy_attachment.workers_AmazonEKS_CNI_Policy",
            "module.eks.aws_iam_role_policy_attachment.workers_additional_policies",
            "module.eks.aws_launch_configuration.workers",
            "module.eks.aws_security_group.cluster",
            "module.eks.aws_security_group.workers",
            "module.eks.aws_security_group_rule.cluster_egress_internet",
            "module.eks.aws_security_group_rule.cluster_https_worker_ingress",
            "module.eks.aws_security_group_rule.cluster_primary_ingress_workers",
            "module.eks.aws_security_group_rule.workers_egress_internet",
            "module.eks.aws_security_group_rule.workers_ingress_cluster",
            "module.eks.aws_security_group_rule.workers_ingress_cluster_https",
            "module.eks.aws_security_group_rule.workers_ingress_cluster_kubelet",
            "module.eks.aws_security_group_rule.workers_ingress_cluster_primary",
            "module.eks.aws_security_group_rule.workers_ingress_self",
            "module.eks.data.aws_ami.eks_worker",
            "module.eks.data.aws_ami.eks_worker_windows",
            "module.eks.data.aws_iam_instance_profile.custom_worker_group_iam_instance_profile",
            "module.eks.data.aws_iam_policy_document.cluster_assume_role_policy",
            "module.eks.data.aws_iam_policy_document.workers_assume_role_policy",
            "module.eks.data.aws_iam_role.custom_cluster_iam_role",
            "module.eks.data.aws_partition.current",
            "module.vpc.aws_subnet.private",
            "module.vpc.aws_vpc.this",
            "module.vpc.aws_vpc_ipv4_cidr_block_association.this"
          ],
          "create_before_destroy": true
        },
        {
          "index_key": 1,
          "schema_version": 0,
          "attributes": {
            "arn": "arn:aws:autoscaling:eu-central-1:513910674915:autoScalingGroup:8b596d91-1b2f-4367-9609-7491632fc313:autoScalingGroupName/demo-playsdev-eks-worker-group-220210927171243137300000016",
            "availability_zones": [
              "eu-central-1a",
              "eu-central-1b",
              "eu-central-1c"
            ],
            "capacity_rebalance": false,
            "default_cooldown": 300,
            "desired_capacity": 1,
            "enabled_metrics": null,
            "force_delete": false,
            "force_delete_warm_pool": false,
            "health_check_grace_period": 300,
            "health_check_type": "EC2",
            "id": "demo-playsdev-eks-worker-group-220210927171243137300000016",
            "initial_lifecycle_hook": [],
            "instance_refresh": [],
            "launch_configuration": "demo-playsdev-eks-worker-group-220210927171235557500000015",
            "launch_template": [],
            "load_balancers": null,
            "max_instance_lifetime": 0,
            "max_size": 3,
            "metrics_granularity": "1Minute",
            "min_elb_capacity": null,
            "min_size": 1,
            "mixed_instances_policy": [],
            "name": "demo-playsdev-eks-worker-group-220210927171243137300000016",
            "name_prefix": "demo-playsdev-eks-worker-group-2",
            "placement_group": "",
            "protect_from_scale_in": false,
            "service_linked_role_arn": "arn:aws:iam::513910674915:role/aws-service-role/autoscaling.amazonaws.com/AWSServiceRoleForAutoScaling",
            "suspended_processes": [
              "AZRebalance"
            ],
            "tag": [
              {
                "key": "Environment",
                "propagate_at_launch": true,
                "value": "training"
              },
              {
                "key": "GithubOrg",
                "propagate_at_launch": true,
                "value": "terraform-aws-modules"
              },
              {
                "key": "GithubRepo",
                "propagate_at_launch": true,
                "value": "terraform-aws-eks"
              },
              {
                "key": "Name",
                "propagate_at_launch": true,
                "value": "demo-playsdev-eks-worker-group-2-eks_asg"
              },
              {
                "key": "k8s.io/cluster/demo-playsdev-eks",
                "propagate_at_launch": true,
                "value": "owned"
              },
              {
                "key": "kubernetes.io/cluster/demo-playsdev-eks",
                "propagate_at_launch": true,
                "value": "owned"
              }
            ],
            "tags": null,
            "target_group_arns": null,
            "termination_policies": [],
            "timeouts": null,
            "vpc_zone_identifier": [
              "subnet-00a435ad62ed36b0f",
              "subnet-034de80555dcfb78f",
              "subnet-0b2c9db8b7404d79c"
            ],
            "wait_for_capacity_timeout": "10m",
            "wait_for_elb_capacity": null,
            "warm_pool": []
          },
          "sensitive_attributes": [],
          "private": "eyJlMmJmYjczMC1lY2FhLTExZTYtOGY4OC0zNDM2M2JjN2M0YzAiOnsiZGVsZXRlIjo2MDAwMDAwMDAwMDB9fQ==",
          "dependencies": [
            "aws_security_group.worker_group_mgmt_one",
            "aws_security_group.worker_group_mgmt_two",
            "data.aws_availability_zones.available",
            "module.eks.aws_cloudwatch_log_group.this",
            "module.eks.aws_eks_cluster.this",
            "module.eks.aws_iam_instance_profile.workers",
            "module.eks.aws_iam_role.cluster",
            "module.eks.aws_iam_role.workers",
            "module.eks.aws_iam_role_policy_attachment.cluster_AmazonEKSClusterPolicy",
            "module.eks.aws_iam_role_policy_attachment.cluster_AmazonEKSServicePolicy",
            "module.eks.aws_iam_role_policy_attachment.cluster_AmazonEKSVPCResourceControllerPolicy",
            "module.eks.aws_iam_role_policy_attachment.workers_AmazonEC2ContainerRegistryReadOnly",
            "module.eks.aws_iam_role_policy_attachment.workers_AmazonEKSWorkerNodePolicy",
            "module.eks.aws_iam_role_policy_attachment.workers_AmazonEKS_CNI_Policy",
            "module.eks.aws_iam_role_policy_attachment.workers_additional_policies",
            "module.eks.aws_launch_configuration.workers",
            "module.eks.aws_security_group.cluster",
            "module.eks.aws_security_group.workers",
            "module.eks.aws_security_group_rule.cluster_egress_internet",
            "module.eks.aws_security_group_rule.cluster_https_worker_ingress",
            "module.eks.aws_security_group_rule.cluster_primary_ingress_workers",
            "module.eks.aws_security_group_rule.workers_egress_internet",
            "module.eks.aws_security_group_rule.workers_ingress_cluster",
            "module.eks.aws_security_group_rule.workers_ingress_cluster_https",
            "module.eks.aws_security_group_rule.workers_ingress_cluster_kubelet",
            "module.eks.aws_security_group_rule.workers_ingress_cluster_primary",
            "module.eks.aws_security_group_rule.workers_ingress_self",
            "module.eks.data.aws_ami.eks_worker",
            "module.eks.data.aws_ami.eks_worker_windows",
            "module.eks.data.aws_iam_instance_profile.custom_worker_group_iam_instance_profile",
            "module.eks.data.aws_iam_policy_document.cluster_assume_role_policy",
            "module.eks.data.aws_iam_policy_document.workers_assume_role_policy",
            "module.eks.data.aws_iam_role.custom_cluster_iam_role",
            "module.eks.data.aws_partition.current",
            "module.vpc.aws_subnet.private",
            "module.vpc.aws_vpc.this",
            "module.vpc.aws_vpc_ipv4_cidr_block_association.this"
          ],
          "create_before_destroy": true
        }
      ]
    },
    {
      "module": "module.eks",
      "mode": "managed",
      "type": "aws_eks_cluster",
      "name": "this",
      "provider": "provider[\"registry.terraform.io/hashicorp/aws\"]",
      "instances": [
        {
          "index_key": 0,
          "schema_version": 0,
          "attributes": {
            "arn": "arn:aws:eks:eu-central-1:513910674915:cluster/demo-playsdev-eks",
            "certificate_authority": [
              {
                "data": "LS0tLS1CRUdJTiBDRVJUSUZJQ0FURS0tLS0tCk1JSUM1ekNDQWMrZ0F3SUJBZ0lCQURBTkJna3Foa2lHOXcwQkFRc0ZBREFWTVJNd0VRWURWUVFERXdwcmRXSmwKY201bGRHVnpNQjRYRFRJeE1Ea3lOekUzTURZeU5Gb1hEVE14TURreU5URTNNRFl5TkZvd0ZURVRNQkVHQTFVRQpBeE1LYTNWaVpYSnVaWFJsY3pDQ0FTSXdEUVlKS29aSWh2Y05BUUVCQlFBRGdnRVBBRENDQVFvQ2dnRUJBTUQrCnJHdGpnVUhUZmdlMnUxUG9Fd3BOTmxmd01Kd2RQL3dzSUZ0N2ZTTHRBM2IwaEg4MlNHWG04aml1aTlnMWRoSVUKMTBTaUp2T3Q0cVh0TmFvdWRmVDVJdE8zVkxxMnB1ckZkL2lzbE5TQXA3ZHNnNjVtZVcxdlQyWTJ6Uis3ZUR3UwpXWjBNRXV0TEZ0b2tjOTZlby9KbktjTXFKamhxRHZiZUpCSlgwS0JIa3lPbXA4MGFRcFNsTW51V3IyakwzeXdICk1pU0F2WmF3Y0QvaFljeUE4K2hYNGFBd1hnQWRjaHVOTTMxQ0xxQlJHMDd5dXNlMnBlSXY4a0x1NWpXamg4SEUKc1FMSmR2OXZCMDJBdmFSdFlMUElkSGJHZnpKNGxKT0h0elVvRUFjNDA0aCtRWTc0VDlKRlhYanhJNnY1ZTRvbgpHcERRMTJCSWFyc2taQ0ZDLzdzQ0F3RUFBYU5DTUVBd0RnWURWUjBQQVFIL0JBUURBZ0trTUE4R0ExVWRFd0VCCi93UUZNQU1CQWY4d0hRWURWUjBPQkJZRUZBR3didUpaUWhVLzAxV0NoR0RBakVMbTVxcHpNQTBHQ1NxR1NJYjMKRFFFQkN3VUFBNElCQVFDK2hxSnZ6MGluYXRzN1lPS0lSK2RTVk1wOGFPOTY2dXE0UDZBWG9PTERrbEVPVG4yMQp1dEdOVVdSRGR3eFhabGU1VWVjbU1PTzRZb042d3JaS1dPQk85elBoVW9QSGg0OXJ1TXRBYlhFN2lnUW50WE02CkpLcm9aYzQ0MVppcmk5dm5jdjlITFQ3UGJPeDFkOENKZU9pL3d3U09YWDZzaG9VYmQ0eWZ3ZG45TklBaVRKaC8KeFgwcDFvdmVNaUdvcFVpSW15UnBrWElaaThwYWphTWRNQXdZa0J1aTdGRDJHYWM0aU9UY3JYaEhyS01GUXFtVQovME00cUw1cDVCNDZORkJ3QUtjcjJySUFUSEc2aTdRa2wrOTdvdnJGS3FWM0M1ODZGc1h3RExzOGZEVUR6WTMvClBnc1NDalhhaDJZSFNNVVJvTW1GT3dNc0ZVQzlmTnpmYkNaTgotLS0tLUVORCBDRVJUSUZJQ0FURS0tLS0tCg=="
              }
            ],
            "created_at": "2021-09-27 16:59:26.652 +0000 UTC",
            "enabled_cluster_log_types": null,
            "encryption_config": [],
            "endpoint": "https://9CF2CA4A9D704CDE541DAD7562768142.gr7.eu-central-1.eks.amazonaws.com",
            "id": "demo-playsdev-eks",
            "identity": [
              {
                "oidc": [
                  {
                    "issuer": "https://oidc.eks.eu-central-1.amazonaws.com/id/9CF2CA4A9D704CDE541DAD7562768142"
                  }
                ]
              }
            ],
            "kubernetes_network_config": [
              {
                "service_ipv4_cidr": "172.20.0.0/16"
              }
            ],
            "name": "demo-playsdev-eks",
            "platform_version": "eks.2",
            "role_arn": "arn:aws:iam::513910674915:role/demo-playsdev-eks20210927165854476000000002",
            "status": "ACTIVE",
            "tags": {
              "Environment": "training",
              "GithubOrg": "terraform-aws-modules",
              "GithubRepo": "terraform-aws-eks"
            },
            "tags_all": {
              "Environment": "training",
              "GithubOrg": "terraform-aws-modules",
              "GithubRepo": "terraform-aws-eks"
            },
            "timeouts": {
              "create": "30m",
              "delete": "15m",
              "update": "60m"
            },
            "version": "1.20",
            "vpc_config": [
              {
                "cluster_security_group_id": "sg-009adad73b9f582e5",
                "endpoint_private_access": false,
                "endpoint_public_access": true,
                "public_access_cidrs": [
                  "0.0.0.0/0"
                ],
                "security_group_ids": [
                  "sg-0c7ebd965f5d5515b"
                ],
                "subnet_ids": [
                  "subnet-00a435ad62ed36b0f",
                  "subnet-034de80555dcfb78f",
                  "subnet-0b2c9db8b7404d79c"
                ],
                "vpc_id": "vpc-0607b9bb27e528223"
              }
            ]
          },
          "sensitive_attributes": [],
          "private": "eyJlMmJmYjczMC1lY2FhLTExZTYtOGY4OC0zNDM2M2JjN2M0YzAiOnsiY3JlYXRlIjoxODAwMDAwMDAwMDAwLCJkZWxldGUiOjkwMDAwMDAwMDAwMCwidXBkYXRlIjozNjAwMDAwMDAwMDAwfX0=",
          "dependencies": [
            "data.aws_availability_zones.available",
            "module.eks.aws_cloudwatch_log_group.this",
            "module.eks.aws_iam_role.cluster",
            "module.eks.aws_iam_role_policy_attachment.cluster_AmazonEKSClusterPolicy",
            "module.eks.aws_iam_role_policy_attachment.cluster_AmazonEKSServicePolicy",
            "module.eks.aws_iam_role_policy_attachment.cluster_AmazonEKSVPCResourceControllerPolicy",
            "module.eks.aws_security_group.cluster",
            "module.eks.aws_security_group.workers",
            "module.eks.aws_security_group_rule.cluster_egress_internet",
            "module.eks.aws_security_group_rule.cluster_https_worker_ingress",
            "module.eks.data.aws_iam_policy_document.cluster_assume_role_policy",
            "module.eks.data.aws_iam_role.custom_cluster_iam_role",
            "module.eks.data.aws_partition.current",
            "module.vpc.aws_subnet.private",
            "module.vpc.aws_vpc.this",
            "module.vpc.aws_vpc_ipv4_cidr_block_association.this"
          ],
          "create_before_destroy": true
        }
      ]
    },
    {
      "module": "module.eks",
      "mode": "managed",
      "type": "aws_iam_instance_profile",
      "name": "workers",
      "provider": "provider[\"registry.terraform.io/hashicorp/aws\"]",
      "instances": [
        {
          "index_key": 0,
          "schema_version": 0,
          "attributes": {
            "arn": "arn:aws:iam::513910674915:instance-profile/demo-playsdev-eks2021092717123213990000000f",
            "create_date": "2021-09-27T17:12:32Z",
            "id": "demo-playsdev-eks2021092717123213990000000f",
            "name": "demo-playsdev-eks2021092717123213990000000f",
            "name_prefix": "demo-playsdev-eks",
            "path": "/",
            "role": "demo-playsdev-eks2021092717122854240000000e",
            "tags": {
              "Environment": "training",
              "GithubOrg": "terraform-aws-modules",
              "GithubRepo": "terraform-aws-eks"
            },
            "tags_all": {
              "Environment": "training",
              "GithubOrg": "terraform-aws-modules",
              "GithubRepo": "terraform-aws-eks"
            },
            "unique_id": "AIPAXPJ3WSXR5YX2TXYGN"
          },
          "sensitive_attributes": [],
          "private": "bnVsbA==",
          "dependencies": [
            "aws_security_group.worker_group_mgmt_one",
            "aws_security_group.worker_group_mgmt_two",
            "data.aws_availability_zones.available",
            "module.eks.aws_cloudwatch_log_group.this",
            "module.eks.aws_eks_cluster.this",
            "module.eks.aws_iam_role.cluster",
            "module.eks.aws_iam_role.workers",
            "module.eks.aws_iam_role_policy_attachment.cluster_AmazonEKSClusterPolicy",
            "module.eks.aws_iam_role_policy_attachment.cluster_AmazonEKSServicePolicy",
            "module.eks.aws_iam_role_policy_attachment.cluster_AmazonEKSVPCResourceControllerPolicy",
            "module.eks.aws_security_group.cluster",
            "module.eks.aws_security_group.workers",
            "module.eks.aws_security_group_rule.cluster_egress_internet",
            "module.eks.aws_security_group_rule.cluster_https_worker_ingress",
            "module.eks.data.aws_iam_policy_document.cluster_assume_role_policy",
            "module.eks.data.aws_iam_policy_document.workers_assume_role_policy",
            "module.eks.data.aws_iam_role.custom_cluster_iam_role",
            "module.eks.data.aws_partition.current",
            "module.vpc.aws_subnet.private",
            "module.vpc.aws_vpc.this",
            "module.vpc.aws_vpc_ipv4_cidr_block_association.this"
          ],
          "create_before_destroy": true
        },
        {
          "index_key": 1,
          "schema_version": 0,
          "attributes": {
            "arn": "arn:aws:iam::513910674915:instance-profile/demo-playsdev-eks20210927171232184500000010",
            "create_date": "2021-09-27T17:12:32Z",
            "id": "demo-playsdev-eks20210927171232184500000010",
            "name": "demo-playsdev-eks20210927171232184500000010",
            "name_prefix": "demo-playsdev-eks",
            "path": "/",
            "role": "demo-playsdev-eks2021092717122854240000000e",
            "tags": {
              "Environment": "training",
              "GithubOrg": "terraform-aws-modules",
              "GithubRepo": "terraform-aws-eks"
            },
            "tags_all": {
              "Environment": "training",
              "GithubOrg": "terraform-aws-modules",
              "GithubRepo": "terraform-aws-eks"
            },
            "unique_id": "AIPAXPJ3WSXR75KLCKFP5"
          },
          "sensitive_attributes": [],
          "private": "bnVsbA==",
          "dependencies": [
            "aws_security_group.worker_group_mgmt_one",
            "aws_security_group.worker_group_mgmt_two",
            "data.aws_availability_zones.available",
            "module.eks.aws_cloudwatch_log_group.this",
            "module.eks.aws_eks_cluster.this",
            "module.eks.aws_iam_role.cluster",
            "module.eks.aws_iam_role.workers",
            "module.eks.aws_iam_role_policy_attachment.cluster_AmazonEKSClusterPolicy",
            "module.eks.aws_iam_role_policy_attachment.cluster_AmazonEKSServicePolicy",
            "module.eks.aws_iam_role_policy_attachment.cluster_AmazonEKSVPCResourceControllerPolicy",
            "module.eks.aws_security_group.cluster",
            "module.eks.aws_security_group.workers",
            "module.eks.aws_security_group_rule.cluster_egress_internet",
            "module.eks.aws_security_group_rule.cluster_https_worker_ingress",
            "module.eks.data.aws_iam_policy_document.cluster_assume_role_policy",
            "module.eks.data.aws_iam_policy_document.workers_assume_role_policy",
            "module.eks.data.aws_iam_role.custom_cluster_iam_role",
            "module.eks.data.aws_partition.current",
            "module.vpc.aws_subnet.private",
            "module.vpc.aws_vpc.this",
            "module.vpc.aws_vpc_ipv4_cidr_block_association.this"
          ],
          "create_before_destroy": true
        }
      ]
    },
    {
      "module": "module.eks",
      "mode": "managed",
      "type": "aws_iam_policy",
      "name": "cluster_elb_sl_role_creation",
      "provider": "provider[\"registry.terraform.io/hashicorp/aws\"]",
      "instances": [
        {
          "index_key": 0,
          "schema_version": 0,
          "attributes": {
            "arn": "arn:aws:iam::513910674915:policy/demo-playsdev-eks-elb-sl-role-creation20210927165854268800000001",
            "description": "Permissions for EKS to create AWSServiceRoleForElasticLoadBalancing service-linked role",
            "id": "arn:aws:iam::513910674915:policy/demo-playsdev-eks-elb-sl-role-creation20210927165854268800000001",
            "name": "demo-playsdev-eks-elb-sl-role-creation20210927165854268800000001",
            "name_prefix": "demo-playsdev-eks-elb-sl-role-creation",
            "path": "/",
            "policy": "{\n  \"Version\": \"2012-10-17\",\n  \"Statement\": [\n    {\n      \"Sid\": \"\",\n      \"Effect\": \"Allow\",\n      \"Action\": [\n        \"ec2:DescribeInternetGateways\",\n        \"ec2:DescribeAddresses\",\n        \"ec2:DescribeAccountAttributes\"\n      ],\n      \"Resource\": \"*\"\n    }\n  ]\n}",
            "policy_id": "ANPAXPJ3WSXRZASYP7BPZ",
            "tags": {
              "Environment": "training",
              "GithubOrg": "terraform-aws-modules",
              "GithubRepo": "terraform-aws-eks"
            },
            "tags_all": {
              "Environment": "training",
              "GithubOrg": "terraform-aws-modules",
              "GithubRepo": "terraform-aws-eks"
            }
          },
          "sensitive_attributes": [],
          "private": "bnVsbA==",
          "dependencies": [
            "module.eks.data.aws_iam_policy_document.cluster_elb_sl_role_creation"
          ]
        }
      ]
    },
    {
      "module": "module.eks",
      "mode": "managed",
      "type": "aws_iam_role",
      "name": "cluster",
      "provider": "provider[\"registry.terraform.io/hashicorp/aws\"]",
      "instances": [
        {
          "index_key": 0,
          "schema_version": 0,
          "attributes": {
            "arn": "arn:aws:iam::513910674915:role/demo-playsdev-eks20210927165854476000000002",
            "assume_role_policy": "{\"Version\":\"2012-10-17\",\"Statement\":[{\"Sid\":\"EKSClusterAssumeRole\",\"Effect\":\"Allow\",\"Principal\":{\"Service\":\"eks.amazonaws.com\"},\"Action\":\"sts:AssumeRole\"}]}",
            "create_date": "2021-09-27T16:58:55Z",
            "description": "",
            "force_detach_policies": true,
            "id": "demo-playsdev-eks20210927165854476000000002",
            "inline_policy": [
              {
                "name": "",
                "policy": ""
              }
            ],
            "managed_policy_arns": [],
            "max_session_duration": 3600,
            "name": "demo-playsdev-eks20210927165854476000000002",
            "name_prefix": "demo-playsdev-eks",
            "path": "/",
            "permissions_boundary": null,
            "tags": {
              "Environment": "training",
              "GithubOrg": "terraform-aws-modules",
              "GithubRepo": "terraform-aws-eks"
            },
            "tags_all": {
              "Environment": "training",
              "GithubOrg": "terraform-aws-modules",
              "GithubRepo": "terraform-aws-eks"
            },
            "unique_id": "AROAXPJ3WSXRYABFQ5MJX"
          },
          "sensitive_attributes": [],
          "private": "bnVsbA==",
          "dependencies": [
            "module.eks.data.aws_iam_policy_document.cluster_assume_role_policy"
          ],
          "create_before_destroy": true
        }
      ]
    },
    {
      "module": "module.eks",
      "mode": "managed",
      "type": "aws_iam_role",
      "name": "workers",
      "provider": "provider[\"registry.terraform.io/hashicorp/aws\"]",
      "instances": [
        {
          "index_key": 0,
          "schema_version": 0,
          "attributes": {
            "arn": "arn:aws:iam::513910674915:role/demo-playsdev-eks2021092717122854240000000e",
            "assume_role_policy": "{\"Version\":\"2012-10-17\",\"Statement\":[{\"Sid\":\"EKSWorkerAssumeRole\",\"Effect\":\"Allow\",\"Principal\":{\"Service\":\"ec2.amazonaws.com\"},\"Action\":\"sts:AssumeRole\"}]}",
            "create_date": "2021-09-27T17:12:29Z",
            "description": "",
            "force_detach_policies": true,
            "id": "demo-playsdev-eks2021092717122854240000000e",
            "inline_policy": [
              {
                "name": "",
                "policy": ""
              }
            ],
            "managed_policy_arns": [],
            "max_session_duration": 3600,
            "name": "demo-playsdev-eks2021092717122854240000000e",
            "name_prefix": "demo-playsdev-eks",
            "path": "/",
            "permissions_boundary": null,
            "tags": {
              "Environment": "training",
              "GithubOrg": "terraform-aws-modules",
              "GithubRepo": "terraform-aws-eks"
            },
            "tags_all": {
              "Environment": "training",
              "GithubOrg": "terraform-aws-modules",
              "GithubRepo": "terraform-aws-eks"
            },
            "unique_id": "AROAXPJ3WSXR25I4T2W6Q"
          },
          "sensitive_attributes": [],
          "private": "bnVsbA==",
          "dependencies": [
            "data.aws_availability_zones.available",
            "module.eks.aws_cloudwatch_log_group.this",
            "module.eks.aws_eks_cluster.this",
            "module.eks.aws_iam_role.cluster",
            "module.eks.aws_iam_role_policy_attachment.cluster_AmazonEKSClusterPolicy",
            "module.eks.aws_iam_role_policy_attachment.cluster_AmazonEKSServicePolicy",
            "module.eks.aws_iam_role_policy_attachment.cluster_AmazonEKSVPCResourceControllerPolicy",
            "module.eks.aws_security_group.cluster",
            "module.eks.aws_security_group.workers",
            "module.eks.aws_security_group_rule.cluster_egress_internet",
            "module.eks.aws_security_group_rule.cluster_https_worker_ingress",
            "module.eks.data.aws_iam_policy_document.cluster_assume_role_policy",
            "module.eks.data.aws_iam_policy_document.workers_assume_role_policy",
            "module.eks.data.aws_iam_role.custom_cluster_iam_role",
            "module.eks.data.aws_partition.current",
            "module.vpc.aws_subnet.private",
            "module.vpc.aws_vpc.this",
            "module.vpc.aws_vpc_ipv4_cidr_block_association.this"
          ],
          "create_before_destroy": true
        }
      ]
    },
    {
      "module": "module.eks",
      "mode": "managed",
      "type": "aws_iam_role_policy_attachment",
      "name": "cluster_AmazonEKSClusterPolicy",
      "provider": "provider[\"registry.terraform.io/hashicorp/aws\"]",
      "instances": [
        {
          "index_key": 0,
          "schema_version": 0,
          "attributes": {
            "id": "demo-playsdev-eks20210927165854476000000002-20210927165858888600000005",
            "policy_arn": "arn:aws:iam::aws:policy/AmazonEKSClusterPolicy",
            "role": "demo-playsdev-eks20210927165854476000000002"
          },
          "sensitive_attributes": [],
          "private": "bnVsbA==",
          "dependencies": [
            "module.eks.aws_iam_role.cluster",
            "module.eks.data.aws_iam_policy_document.cluster_assume_role_policy",
            "module.eks.data.aws_partition.current"
          ],
          "create_before_destroy": true
        }
      ]
    },
    {
      "module": "module.eks",
      "mode": "managed",
      "type": "aws_iam_role_policy_attachment",
      "name": "cluster_AmazonEKSServicePolicy",
      "provider": "provider[\"registry.terraform.io/hashicorp/aws\"]",
      "instances": [
        {
          "index_key": 0,
          "schema_version": 0,
          "attributes": {
            "id": "demo-playsdev-eks20210927165854476000000002-20210927165858804400000003",
            "policy_arn": "arn:aws:iam::aws:policy/AmazonEKSServicePolicy",
            "role": "demo-playsdev-eks20210927165854476000000002"
          },
          "sensitive_attributes": [],
          "private": "bnVsbA==",
          "dependencies": [
            "module.eks.aws_iam_role.cluster",
            "module.eks.data.aws_iam_policy_document.cluster_assume_role_policy",
            "module.eks.data.aws_partition.current"
          ],
          "create_before_destroy": true
        }
      ]
    },
    {
      "module": "module.eks",
      "mode": "managed",
      "type": "aws_iam_role_policy_attachment",
      "name": "cluster_AmazonEKSVPCResourceControllerPolicy",
      "provider": "provider[\"registry.terraform.io/hashicorp/aws\"]",
      "instances": [
        {
          "index_key": 0,
          "schema_version": 0,
          "attributes": {
            "id": "demo-playsdev-eks20210927165854476000000002-20210927165858884900000004",
            "policy_arn": "arn:aws:iam::aws:policy/AmazonEKSVPCResourceController",
            "role": "demo-playsdev-eks20210927165854476000000002"
          },
          "sensitive_attributes": [],
          "private": "bnVsbA==",
          "dependencies": [
            "module.eks.aws_iam_role.cluster",
            "module.eks.data.aws_iam_policy_document.cluster_assume_role_policy",
            "module.eks.data.aws_partition.current"
          ],
          "create_before_destroy": true
        }
      ]
    },
    {
      "module": "module.eks",
      "mode": "managed",
      "type": "aws_iam_role_policy_attachment",
      "name": "cluster_elb_sl_role_creation",
      "provider": "provider[\"registry.terraform.io/hashicorp/aws\"]",
      "instances": [
        {
          "index_key": 0,
          "schema_version": 0,
          "attributes": {
            "id": "demo-playsdev-eks20210927165854476000000002-20210927165858955800000006",
            "policy_arn": "arn:aws:iam::513910674915:policy/demo-playsdev-eks-elb-sl-role-creation20210927165854268800000001",
            "role": "demo-playsdev-eks20210927165854476000000002"
          },
          "sensitive_attributes": [],
          "private": "bnVsbA==",
          "dependencies": [
            "module.eks.aws_iam_policy.cluster_elb_sl_role_creation",
            "module.eks.aws_iam_role.cluster",
            "module.eks.data.aws_iam_policy_document.cluster_assume_role_policy",
            "module.eks.data.aws_iam_policy_document.cluster_elb_sl_role_creation"
          ]
        }
      ]
    },
    {
      "module": "module.eks",
      "mode": "managed",
      "type": "aws_iam_role_policy_attachment",
      "name": "workers_AmazonEC2ContainerRegistryReadOnly",
      "provider": "provider[\"registry.terraform.io/hashicorp/aws\"]",
      "instances": [
        {
          "index_key": 0,
          "schema_version": 0,
          "attributes": {
            "id": "demo-playsdev-eks2021092717122854240000000e-20210927171232964200000011",
            "policy_arn": "arn:aws:iam::aws:policy/AmazonEC2ContainerRegistryReadOnly",
            "role": "demo-playsdev-eks2021092717122854240000000e"
          },
          "sensitive_attributes": [],
          "private": "bnVsbA==",
          "dependencies": [
            "data.aws_availability_zones.available",
            "module.eks.aws_cloudwatch_log_group.this",
            "module.eks.aws_eks_cluster.this",
            "module.eks.aws_iam_role.cluster",
            "module.eks.aws_iam_role.workers",
            "module.eks.aws_iam_role_policy_attachment.cluster_AmazonEKSClusterPolicy",
            "module.eks.aws_iam_role_policy_attachment.cluster_AmazonEKSServicePolicy",
            "module.eks.aws_iam_role_policy_attachment.cluster_AmazonEKSVPCResourceControllerPolicy",
            "module.eks.aws_security_group.cluster",
            "module.eks.aws_security_group.workers",
            "module.eks.aws_security_group_rule.cluster_egress_internet",
            "module.eks.aws_security_group_rule.cluster_https_worker_ingress",
            "module.eks.data.aws_iam_policy_document.cluster_assume_role_policy",
            "module.eks.data.aws_iam_policy_document.workers_assume_role_policy",
            "module.eks.data.aws_iam_role.custom_cluster_iam_role",
            "module.eks.data.aws_partition.current",
            "module.vpc.aws_subnet.private",
            "module.vpc.aws_vpc.this",
            "module.vpc.aws_vpc_ipv4_cidr_block_association.this"
          ],
          "create_before_destroy": true
        }
      ]
    },
    {
      "module": "module.eks",
      "mode": "managed",
      "type": "aws_iam_role_policy_attachment",
      "name": "workers_AmazonEKSWorkerNodePolicy",
      "provider": "provider[\"registry.terraform.io/hashicorp/aws\"]",
      "instances": [
        {
          "index_key": 0,
          "schema_version": 0,
          "attributes": {
            "id": "demo-playsdev-eks2021092717122854240000000e-20210927171232995000000013",
            "policy_arn": "arn:aws:iam::aws:policy/AmazonEKSWorkerNodePolicy",
            "role": "demo-playsdev-eks2021092717122854240000000e"
          },
          "sensitive_attributes": [],
          "private": "bnVsbA==",
          "dependencies": [
            "data.aws_availability_zones.available",
            "module.eks.aws_cloudwatch_log_group.this",
            "module.eks.aws_eks_cluster.this",
            "module.eks.aws_iam_role.cluster",
            "module.eks.aws_iam_role.workers",
            "module.eks.aws_iam_role_policy_attachment.cluster_AmazonEKSClusterPolicy",
            "module.eks.aws_iam_role_policy_attachment.cluster_AmazonEKSServicePolicy",
            "module.eks.aws_iam_role_policy_attachment.cluster_AmazonEKSVPCResourceControllerPolicy",
            "module.eks.aws_security_group.cluster",
            "module.eks.aws_security_group.workers",
            "module.eks.aws_security_group_rule.cluster_egress_internet",
            "module.eks.aws_security_group_rule.cluster_https_worker_ingress",
            "module.eks.data.aws_iam_policy_document.cluster_assume_role_policy",
            "module.eks.data.aws_iam_policy_document.workers_assume_role_policy",
            "module.eks.data.aws_iam_role.custom_cluster_iam_role",
            "module.eks.data.aws_partition.current",
            "module.vpc.aws_subnet.private",
            "module.vpc.aws_vpc.this",
            "module.vpc.aws_vpc_ipv4_cidr_block_association.this"
          ],
          "create_before_destroy": true
        }
      ]
    },
    {
      "module": "module.eks",
      "mode": "managed",
      "type": "aws_iam_role_policy_attachment",
      "name": "workers_AmazonEKS_CNI_Policy",
      "provider": "provider[\"registry.terraform.io/hashicorp/aws\"]",
      "instances": [
        {
          "index_key": 0,
          "schema_version": 0,
          "attributes": {
            "id": "demo-playsdev-eks2021092717122854240000000e-20210927171232987300000012",
            "policy_arn": "arn:aws:iam::aws:policy/AmazonEKS_CNI_Policy",
            "role": "demo-playsdev-eks2021092717122854240000000e"
          },
          "sensitive_attributes": [],
          "private": "bnVsbA==",
          "dependencies": [
            "data.aws_availability_zones.available",
            "module.eks.aws_cloudwatch_log_group.this",
            "module.eks.aws_eks_cluster.this",
            "module.eks.aws_iam_role.cluster",
            "module.eks.aws_iam_role.workers",
            "module.eks.aws_iam_role_policy_attachment.cluster_AmazonEKSClusterPolicy",
            "module.eks.aws_iam_role_policy_attachment.cluster_AmazonEKSServicePolicy",
            "module.eks.aws_iam_role_policy_attachment.cluster_AmazonEKSVPCResourceControllerPolicy",
            "module.eks.aws_security_group.cluster",
            "module.eks.aws_security_group.workers",
            "module.eks.aws_security_group_rule.cluster_egress_internet",
            "module.eks.aws_security_group_rule.cluster_https_worker_ingress",
            "module.eks.data.aws_iam_policy_document.cluster_assume_role_policy",
            "module.eks.data.aws_iam_policy_document.workers_assume_role_policy",
            "module.eks.data.aws_iam_role.custom_cluster_iam_role",
            "module.eks.data.aws_partition.current",
            "module.vpc.aws_subnet.private",
            "module.vpc.aws_vpc.this",
            "module.vpc.aws_vpc_ipv4_cidr_block_association.this"
          ],
          "create_before_destroy": true
        }
      ]
    },
    {
      "module": "module.eks",
      "mode": "managed",
      "type": "aws_launch_configuration",
      "name": "workers",
      "provider": "provider[\"registry.terraform.io/hashicorp/aws\"]",
      "instances": [
        {
          "index_key": 0,
          "schema_version": 0,
          "attributes": {
            "arn": "arn:aws:autoscaling:eu-central-1:513910674915:launchConfiguration:1706960f-c758-41da-a8fd-9e7e43778422:launchConfigurationName/demo-playsdev-eks-worker-group-120210927171235537900000014",
            "associate_public_ip_address": false,
            "ebs_block_device": [],
            "ebs_optimized": false,
            "enable_monitoring": true,
            "ephemeral_block_device": [],
            "iam_instance_profile": "demo-playsdev-eks2021092717123213990000000f",
            "id": "demo-playsdev-eks-worker-group-120210927171235537900000014",
            "image_id": "ami-0acca3abab3b7928a",
            "instance_type": "t2.small",
            "key_name": "",
            "metadata_options": [
              {
                "http_endpoint": "enabled",
                "http_put_response_hop_limit": 1,
                "http_tokens": "optional"
              }
            ],
            "name": "demo-playsdev-eks-worker-group-120210927171235537900000014",
            "name_prefix": "demo-playsdev-eks-worker-group-1",
            "placement_tenancy": "",
            "root_block_device": [
              {
                "delete_on_termination": true,
                "encrypted": false,
                "iops": 0,
                "throughput": 0,
                "volume_size": 100,
                "volume_type": "gp2"
              }
            ],
            "security_groups": [
              "sg-098e9392d89320dd3",
              "sg-0fc1c3b4520fff490"
            ],
            "spot_price": "",
            "user_data": null,
            "user_data_base64": "IyEvYmluL2Jhc2ggLWUKCiMgQWxsb3cgdXNlciBzdXBwbGllZCBwcmUgdXNlcmRhdGEgY29kZQoKCiMgQm9vdHN0cmFwIGFuZCBqb2luIHRoZSBjbHVzdGVyCi9ldGMvZWtzL2Jvb3RzdHJhcC5zaCAtLWI2NC1jbHVzdGVyLWNhICdMUzB0TFMxQ1JVZEpUaUJEUlZKVVNVWkpRMEZVUlMwdExTMHRDazFKU1VNMWVrTkRRV01yWjBGM1NVSkJaMGxDUVVSQlRrSm5hM0ZvYTJsSE9YY3dRa0ZSYzBaQlJFRldUVkpOZDBWUldVUldVVkZFUlhkd2NtUlhTbXdLWTIwMWJHUkhWbnBOUWpSWVJGUkplRTFFYTNsT2VrVXpUVVJaZVU1R2IxaEVWRTE0VFVScmVVNVVSVE5OUkZsNVRrWnZkMFpVUlZSTlFrVkhRVEZWUlFwQmVFMUxZVE5XYVZwWVNuVmFXRkpzWTNwRFEwRlRTWGRFVVZsS1MyOWFTV2gyWTA1QlVVVkNRbEZCUkdkblJWQkJSRU5EUVZGdlEyZG5SVUpCVFVRckNuSkhkR3BuVlVoVVptZGxNblV4VUc5RmQzQk9UbXhtZDAxS2QyUlFMM2R6U1VaME4yWlRUSFJCTTJJd2FFZzRNbE5IV0cwNGFtbDFhVGxuTVdSb1NWVUtNVEJUYVVwMlQzUTBjVmgwVG1GdmRXUm1WRFZKZEU4elZreHhNbkIxY2taa0wybHpiRTVUUVhBM1pITm5OalZ0WlZjeGRsUXlXVEo2VWlzM1pVUjNVd3BYV2pCTlJYVjBURVowYjJ0ak9UWmxieTlLYmt0alRYRkthbWh4UkhaaVpVcENTbGd3UzBKSWEzbFBiWEE0TUdGUmNGTnNUVzUxVjNJeWFrd3plWGRJQ2sxcFUwRjJXbUYzWTBRdmFGbGplVUU0SzJoWU5HRkJkMWhuUVdSamFIVk9UVE14UTB4eFFsSkhNRGQ1ZFhObE1uQmxTWFk0YTB4MU5XcFhhbWc0U0VVS2MxRk1TbVIyT1haQ01ESkJkbUZTZEZsTVVFbGtTR0pIWm5wS05HeEtUMGgwZWxWdlJVRmpOREEwYUN0UldUYzBWRGxLUmxoWWFuaEpOblkxWlRSdmJncEhjRVJSTVRKQ1NXRnljMnRhUTBaREx6ZHpRMEYzUlVGQllVNURUVVZCZDBSbldVUldVakJRUVZGSUwwSkJVVVJCWjB0clRVRTRSMEV4VldSRmQwVkNDaTkzVVVaTlFVMUNRV1k0ZDBoUldVUldVakJQUWtKWlJVWkJSM2RpZFVwYVVXaFZMekF4VjBOb1IwUkJha1ZNYlRWeGNIcE5RVEJIUTFOeFIxTkpZak1LUkZGRlFrTjNWVUZCTkVsQ1FWRkRLMmh4U25aNk1HbHVZWFJ6TjFsUFMwbFNLMlJUVmsxd09HRlBPVFkyZFhFMFVEWkJXRzlQVEVScmJFVlBWRzR5TVFwMWRFZE9WVmRTUkdSM2VGaGFiR1UxVldWamJVMVBUelJaYjA0MmQzSmFTMWRQUWs4NWVsQm9WVzlRU0dnME9YSjFUWFJCWWxoRk4ybG5VVzUwV0UwMkNrcExjbTlhWXpRME1WcHBjbWs1ZG01amRqbElURlEzVUdKUGVERmtPRU5LWlU5cEwzZDNVMDlZV0RaemFHOVZZbVEwZVdaM1pHNDVUa2xCYVZSS2FDOEtlRmd3Y0RGdmRtVk5hVWR2Y0ZWcFNXMTVVbkJyV0VsYWFUaHdZV3BoVFdSTlFYZFphMEoxYVRkR1JESkhZV00wYVU5VVkzSllhRWh5UzAxR1VYRnRWUW92TUUwMGNVdzFjRFZDTkRaT1JrSjNRVXRqY2pKeVNVRlVTRWMyYVRkUmEyd3JPVGR2ZG5KR1MzRldNME0xT0RaR2MxaDNSRXh6T0daRVZVUjZXVE12Q2xCbmMxTkRhbGhoYURKWlNGTk5WVkp2VFcxR1QzZE5jMFpWUXpsbVRucG1Za05hVGdvdExTMHRMVVZPUkNCRFJWSlVTVVpKUTBGVVJTMHRMUzB0Q2c9PScgLS1hcGlzZXJ2ZXItZW5kcG9pbnQgJ2h0dHBzOi8vOUNGMkNBNEE5RDcwNENERTU0MURBRDc1NjI3NjgxNDIuZ3I3LmV1LWNlbnRyYWwtMS5la3MuYW1hem9uYXdzLmNvbScgIC0ta3ViZWxldC1leHRyYS1hcmdzICIiICdkZW1vLXBsYXlzZGV2LWVrcycKCiMgQWxsb3cgdXNlciBzdXBwbGllZCB1c2VyZGF0YSBjb2RlCmVjaG8gZm9vIGJhcgo=",
            "vpc_classic_link_id": "",
            "vpc_classic_link_security_groups": null
          },
          "sensitive_attributes": [],
          "private": "bnVsbA==",
          "dependencies": [
            "aws_security_group.worker_group_mgmt_one",
            "aws_security_group.worker_group_mgmt_two",
            "data.aws_availability_zones.available",
            "module.eks.aws_cloudwatch_log_group.this",
            "module.eks.aws_eks_cluster.this",
            "module.eks.aws_iam_instance_profile.workers",
            "module.eks.aws_iam_role.cluster",
            "module.eks.aws_iam_role.workers",
            "module.eks.aws_iam_role_policy_attachment.cluster_AmazonEKSClusterPolicy",
            "module.eks.aws_iam_role_policy_attachment.cluster_AmazonEKSServicePolicy",
            "module.eks.aws_iam_role_policy_attachment.cluster_AmazonEKSVPCResourceControllerPolicy",
            "module.eks.aws_iam_role_policy_attachment.workers_AmazonEC2ContainerRegistryReadOnly",
            "module.eks.aws_iam_role_policy_attachment.workers_AmazonEKSWorkerNodePolicy",
            "module.eks.aws_iam_role_policy_attachment.workers_AmazonEKS_CNI_Policy",
            "module.eks.aws_iam_role_policy_attachment.workers_additional_policies",
            "module.eks.aws_security_group.cluster",
            "module.eks.aws_security_group.workers",
            "module.eks.aws_security_group_rule.cluster_egress_internet",
            "module.eks.aws_security_group_rule.cluster_https_worker_ingress",
            "module.eks.aws_security_group_rule.cluster_primary_ingress_workers",
            "module.eks.aws_security_group_rule.workers_egress_internet",
            "module.eks.aws_security_group_rule.workers_ingress_cluster",
            "module.eks.aws_security_group_rule.workers_ingress_cluster_https",
            "module.eks.aws_security_group_rule.workers_ingress_cluster_kubelet",
            "module.eks.aws_security_group_rule.workers_ingress_cluster_primary",
            "module.eks.aws_security_group_rule.workers_ingress_self",
            "module.eks.data.aws_ami.eks_worker",
            "module.eks.data.aws_ami.eks_worker_windows",
            "module.eks.data.aws_iam_instance_profile.custom_worker_group_iam_instance_profile",
            "module.eks.data.aws_iam_policy_document.cluster_assume_role_policy",
            "module.eks.data.aws_iam_policy_document.workers_assume_role_policy",
            "module.eks.data.aws_iam_role.custom_cluster_iam_role",
            "module.eks.data.aws_partition.current",
            "module.vpc.aws_subnet.private",
            "module.vpc.aws_vpc.this",
            "module.vpc.aws_vpc_ipv4_cidr_block_association.this"
          ],
          "create_before_destroy": true
        },
        {
          "index_key": 1,
          "schema_version": 0,
          "attributes": {
            "arn": "arn:aws:autoscaling:eu-central-1:513910674915:launchConfiguration:678e73bc-29a8-4b45-889d-71734a011ee3:launchConfigurationName/demo-playsdev-eks-worker-group-220210927171235557500000015",
            "associate_public_ip_address": false,
            "ebs_block_device": [],
            "ebs_optimized": false,
            "enable_monitoring": true,
            "ephemeral_block_device": [],
            "iam_instance_profile": "demo-playsdev-eks20210927171232184500000010",
            "id": "demo-playsdev-eks-worker-group-220210927171235557500000015",
            "image_id": "ami-0acca3abab3b7928a",
            "instance_type": "t2.medium",
            "key_name": "",
            "metadata_options": [
              {
                "http_endpoint": "enabled",
                "http_put_response_hop_limit": 1,
                "http_tokens": "optional"
              }
            ],
            "name": "demo-playsdev-eks-worker-group-220210927171235557500000015",
            "name_prefix": "demo-playsdev-eks-worker-group-2",
            "placement_tenancy": "",
            "root_block_device": [
              {
                "delete_on_termination": true,
                "encrypted": false,
                "iops": 0,
                "throughput": 0,
                "volume_size": 100,
                "volume_type": "gp2"
              }
            ],
            "security_groups": [
              "sg-046806451f336dfa9",
              "sg-098e9392d89320dd3"
            ],
            "spot_price": "",
            "user_data": null,
            "user_data_base64": "IyEvYmluL2Jhc2ggLWUKCiMgQWxsb3cgdXNlciBzdXBwbGllZCBwcmUgdXNlcmRhdGEgY29kZQoKCiMgQm9vdHN0cmFwIGFuZCBqb2luIHRoZSBjbHVzdGVyCi9ldGMvZWtzL2Jvb3RzdHJhcC5zaCAtLWI2NC1jbHVzdGVyLWNhICdMUzB0TFMxQ1JVZEpUaUJEUlZKVVNVWkpRMEZVUlMwdExTMHRDazFKU1VNMWVrTkRRV01yWjBGM1NVSkJaMGxDUVVSQlRrSm5hM0ZvYTJsSE9YY3dRa0ZSYzBaQlJFRldUVkpOZDBWUldVUldVVkZFUlhkd2NtUlhTbXdLWTIwMWJHUkhWbnBOUWpSWVJGUkplRTFFYTNsT2VrVXpUVVJaZVU1R2IxaEVWRTE0VFVScmVVNVVSVE5OUkZsNVRrWnZkMFpVUlZSTlFrVkhRVEZWUlFwQmVFMUxZVE5XYVZwWVNuVmFXRkpzWTNwRFEwRlRTWGRFVVZsS1MyOWFTV2gyWTA1QlVVVkNRbEZCUkdkblJWQkJSRU5EUVZGdlEyZG5SVUpCVFVRckNuSkhkR3BuVlVoVVptZGxNblV4VUc5RmQzQk9UbXhtZDAxS2QyUlFMM2R6U1VaME4yWlRUSFJCTTJJd2FFZzRNbE5IV0cwNGFtbDFhVGxuTVdSb1NWVUtNVEJUYVVwMlQzUTBjVmgwVG1GdmRXUm1WRFZKZEU4elZreHhNbkIxY2taa0wybHpiRTVUUVhBM1pITm5OalZ0WlZjeGRsUXlXVEo2VWlzM1pVUjNVd3BYV2pCTlJYVjBURVowYjJ0ak9UWmxieTlLYmt0alRYRkthbWh4UkhaaVpVcENTbGd3UzBKSWEzbFBiWEE0TUdGUmNGTnNUVzUxVjNJeWFrd3plWGRJQ2sxcFUwRjJXbUYzWTBRdmFGbGplVUU0SzJoWU5HRkJkMWhuUVdSamFIVk9UVE14UTB4eFFsSkhNRGQ1ZFhObE1uQmxTWFk0YTB4MU5XcFhhbWc0U0VVS2MxRk1TbVIyT1haQ01ESkJkbUZTZEZsTVVFbGtTR0pIWm5wS05HeEtUMGgwZWxWdlJVRmpOREEwYUN0UldUYzBWRGxLUmxoWWFuaEpOblkxWlRSdmJncEhjRVJSTVRKQ1NXRnljMnRhUTBaREx6ZHpRMEYzUlVGQllVNURUVVZCZDBSbldVUldVakJRUVZGSUwwSkJVVVJCWjB0clRVRTRSMEV4VldSRmQwVkNDaTkzVVVaTlFVMUNRV1k0ZDBoUldVUldVakJQUWtKWlJVWkJSM2RpZFVwYVVXaFZMekF4VjBOb1IwUkJha1ZNYlRWeGNIcE5RVEJIUTFOeFIxTkpZak1LUkZGRlFrTjNWVUZCTkVsQ1FWRkRLMmh4U25aNk1HbHVZWFJ6TjFsUFMwbFNLMlJUVmsxd09HRlBPVFkyZFhFMFVEWkJXRzlQVEVScmJFVlBWRzR5TVFwMWRFZE9WVmRTUkdSM2VGaGFiR1UxVldWamJVMVBUelJaYjA0MmQzSmFTMWRQUWs4NWVsQm9WVzlRU0dnME9YSjFUWFJCWWxoRk4ybG5VVzUwV0UwMkNrcExjbTlhWXpRME1WcHBjbWs1ZG01amRqbElURlEzVUdKUGVERmtPRU5LWlU5cEwzZDNVMDlZV0RaemFHOVZZbVEwZVdaM1pHNDVUa2xCYVZSS2FDOEtlRmd3Y0RGdmRtVk5hVWR2Y0ZWcFNXMTVVbkJyV0VsYWFUaHdZV3BoVFdSTlFYZFphMEoxYVRkR1JESkhZV00wYVU5VVkzSllhRWh5UzAxR1VYRnRWUW92TUUwMGNVdzFjRFZDTkRaT1JrSjNRVXRqY2pKeVNVRlVTRWMyYVRkUmEyd3JPVGR2ZG5KR1MzRldNME0xT0RaR2MxaDNSRXh6T0daRVZVUjZXVE12Q2xCbmMxTkRhbGhoYURKWlNGTk5WVkp2VFcxR1QzZE5jMFpWUXpsbVRucG1Za05hVGdvdExTMHRMVVZPUkNCRFJWSlVTVVpKUTBGVVJTMHRMUzB0Q2c9PScgLS1hcGlzZXJ2ZXItZW5kcG9pbnQgJ2h0dHBzOi8vOUNGMkNBNEE5RDcwNENERTU0MURBRDc1NjI3NjgxNDIuZ3I3LmV1LWNlbnRyYWwtMS5la3MuYW1hem9uYXdzLmNvbScgIC0ta3ViZWxldC1leHRyYS1hcmdzICIiICdkZW1vLXBsYXlzZGV2LWVrcycKCiMgQWxsb3cgdXNlciBzdXBwbGllZCB1c2VyZGF0YSBjb2RlCmVjaG8gZm9vIGJhcgo=",
            "vpc_classic_link_id": "",
            "vpc_classic_link_security_groups": null
          },
          "sensitive_attributes": [],
          "private": "bnVsbA==",
          "dependencies": [
            "aws_security_group.worker_group_mgmt_one",
            "aws_security_group.worker_group_mgmt_two",
            "data.aws_availability_zones.available",
            "module.eks.aws_cloudwatch_log_group.this",
            "module.eks.aws_eks_cluster.this",
            "module.eks.aws_iam_instance_profile.workers",
            "module.eks.aws_iam_role.cluster",
            "module.eks.aws_iam_role.workers",
            "module.eks.aws_iam_role_policy_attachment.cluster_AmazonEKSClusterPolicy",
            "module.eks.aws_iam_role_policy_attachment.cluster_AmazonEKSServicePolicy",
            "module.eks.aws_iam_role_policy_attachment.cluster_AmazonEKSVPCResourceControllerPolicy",
            "module.eks.aws_iam_role_policy_attachment.workers_AmazonEC2ContainerRegistryReadOnly",
            "module.eks.aws_iam_role_policy_attachment.workers_AmazonEKSWorkerNodePolicy",
            "module.eks.aws_iam_role_policy_attachment.workers_AmazonEKS_CNI_Policy",
            "module.eks.aws_iam_role_policy_attachment.workers_additional_policies",
            "module.eks.aws_security_group.cluster",
            "module.eks.aws_security_group.workers",
            "module.eks.aws_security_group_rule.cluster_egress_internet",
            "module.eks.aws_security_group_rule.cluster_https_worker_ingress",
            "module.eks.aws_security_group_rule.cluster_primary_ingress_workers",
            "module.eks.aws_security_group_rule.workers_egress_internet",
            "module.eks.aws_security_group_rule.workers_ingress_cluster",
            "module.eks.aws_security_group_rule.workers_ingress_cluster_https",
            "module.eks.aws_security_group_rule.workers_ingress_cluster_kubelet",
            "module.eks.aws_security_group_rule.workers_ingress_cluster_primary",
            "module.eks.aws_security_group_rule.workers_ingress_self",
            "module.eks.data.aws_ami.eks_worker",
            "module.eks.data.aws_ami.eks_worker_windows",
            "module.eks.data.aws_iam_instance_profile.custom_worker_group_iam_instance_profile",
            "module.eks.data.aws_iam_policy_document.cluster_assume_role_policy",
            "module.eks.data.aws_iam_policy_document.workers_assume_role_policy",
            "module.eks.data.aws_iam_role.custom_cluster_iam_role",
            "module.eks.data.aws_partition.current",
            "module.vpc.aws_subnet.private",
            "module.vpc.aws_vpc.this",
            "module.vpc.aws_vpc_ipv4_cidr_block_association.this"
          ],
          "create_before_destroy": true
        }
      ]
    },
    {
      "module": "module.eks",
      "mode": "managed",
      "type": "aws_security_group",
      "name": "cluster",
      "provider": "provider[\"registry.terraform.io/hashicorp/aws\"]",
      "instances": [
        {
          "index_key": 0,
          "schema_version": 1,
          "attributes": {
            "arn": "arn:aws:ec2:eu-central-1:513910674915:security-group/sg-0c7ebd965f5d5515b",
            "description": "EKS cluster security group.",
            "egress": [],
            "id": "sg-0c7ebd965f5d5515b",
            "ingress": [],
            "name": "demo-playsdev-eks2021092716591080520000000a",
            "name_prefix": "demo-playsdev-eks",
            "owner_id": "513910674915",
            "revoke_rules_on_delete": false,
            "tags": {
              "Environment": "training",
              "GithubOrg": "terraform-aws-modules",
              "GithubRepo": "terraform-aws-eks",
              "Name": "demo-playsdev-eks-eks_cluster_sg"
            },
            "tags_all": {
              "Environment": "training",
              "GithubOrg": "terraform-aws-modules",
              "GithubRepo": "terraform-aws-eks",
              "Name": "demo-playsdev-eks-eks_cluster_sg"
            },
            "timeouts": null,
            "vpc_id": "vpc-0607b9bb27e528223"
          },
          "sensitive_attributes": [],
          "private": "eyJlMmJmYjczMC1lY2FhLTExZTYtOGY4OC0zNDM2M2JjN2M0YzAiOnsiY3JlYXRlIjo2MDAwMDAwMDAwMDAsImRlbGV0ZSI6OTAwMDAwMDAwMDAwfSwic2NoZW1hX3ZlcnNpb24iOiIxIn0=",
          "dependencies": [
            "module.vpc.aws_vpc.this"
          ],
          "create_before_destroy": true
        }
      ]
    },
    {
      "module": "module.eks",
      "mode": "managed",
      "type": "aws_security_group",
      "name": "workers",
      "provider": "provider[\"registry.terraform.io/hashicorp/aws\"]",
      "instances": [
        {
          "index_key": 0,
          "schema_version": 1,
          "attributes": {
            "arn": "arn:aws:ec2:eu-central-1:513910674915:security-group/sg-098e9392d89320dd3",
            "description": "Security group for all nodes in the cluster.",
            "egress": [],
            "id": "sg-098e9392d89320dd3",
            "ingress": [],
            "name": "demo-playsdev-eks2021092716591589480000000d",
            "name_prefix": "demo-playsdev-eks",
            "owner_id": "513910674915",
            "revoke_rules_on_delete": false,
            "tags": {
              "Environment": "training",
              "GithubOrg": "terraform-aws-modules",
              "GithubRepo": "terraform-aws-eks",
              "Name": "demo-playsdev-eks-eks_worker_sg",
              "kubernetes.io/cluster/demo-playsdev-eks": "owned"
            },
            "tags_all": {
              "Environment": "training",
              "GithubOrg": "terraform-aws-modules",
              "GithubRepo": "terraform-aws-eks",
              "Name": "demo-playsdev-eks-eks_worker_sg",
              "kubernetes.io/cluster/demo-playsdev-eks": "owned"
            },
            "timeouts": null,
            "vpc_id": "vpc-0607b9bb27e528223"
          },
          "sensitive_attributes": [],
          "private": "eyJlMmJmYjczMC1lY2FhLTExZTYtOGY4OC0zNDM2M2JjN2M0YzAiOnsiY3JlYXRlIjo2MDAwMDAwMDAwMDAsImRlbGV0ZSI6OTAwMDAwMDAwMDAwfSwic2NoZW1hX3ZlcnNpb24iOiIxIn0=",
          "dependencies": [
            "module.vpc.aws_vpc.this"
          ],
          "create_before_destroy": true
        }
      ]
    },
    {
      "module": "module.eks",
      "mode": "managed",
      "type": "aws_security_group_rule",
      "name": "cluster_egress_internet",
      "provider": "provider[\"registry.terraform.io/hashicorp/aws\"]",
      "instances": [
        {
          "index_key": 0,
          "schema_version": 2,
          "attributes": {
            "cidr_blocks": [
              "0.0.0.0/0"
            ],
            "description": "Allow cluster egress access to the Internet.",
            "from_port": 0,
            "id": "sgrule-1490313713",
            "ipv6_cidr_blocks": null,
            "prefix_list_ids": null,
            "protocol": "-1",
            "security_group_id": "sg-0c7ebd965f5d5515b",
            "self": false,
            "source_security_group_id": null,
            "to_port": 0,
            "type": "egress"
          },
          "sensitive_attributes": [],
          "private": "eyJzY2hlbWFfdmVyc2lvbiI6IjIifQ==",
          "dependencies": [
            "module.eks.aws_security_group.cluster",
            "module.vpc.aws_vpc.this"
          ],
          "create_before_destroy": true
        }
      ]
    },
    {
      "module": "module.eks",
      "mode": "managed",
      "type": "aws_security_group_rule",
      "name": "cluster_https_worker_ingress",
      "provider": "provider[\"registry.terraform.io/hashicorp/aws\"]",
      "instances": [
        {
          "index_key": 0,
          "schema_version": 2,
          "attributes": {
            "cidr_blocks": null,
            "description": "Allow pods to communicate with the EKS cluster API.",
            "from_port": 443,
            "id": "sgrule-2799784436",
            "ipv6_cidr_blocks": null,
            "prefix_list_ids": null,
            "protocol": "tcp",
            "security_group_id": "sg-0c7ebd965f5d5515b",
            "self": false,
            "source_security_group_id": "sg-098e9392d89320dd3",
            "to_port": 443,
            "type": "ingress"
          },
          "sensitive_attributes": [],
          "private": "eyJzY2hlbWFfdmVyc2lvbiI6IjIifQ==",
          "dependencies": [
            "module.eks.aws_security_group.cluster",
            "module.eks.aws_security_group.workers",
            "module.vpc.aws_vpc.this"
          ],
          "create_before_destroy": true
        }
      ]
    },
    {
      "module": "module.eks",
      "mode": "managed",
      "type": "aws_security_group_rule",
      "name": "workers_egress_internet",
      "provider": "provider[\"registry.terraform.io/hashicorp/aws\"]",
      "instances": [
        {
          "index_key": 0,
          "schema_version": 2,
          "attributes": {
            "cidr_blocks": [
              "0.0.0.0/0"
            ],
            "description": "Allow nodes all egress to the Internet.",
            "from_port": 0,
            "id": "sgrule-3008069475",
            "ipv6_cidr_blocks": null,
            "prefix_list_ids": null,
            "protocol": "-1",
            "security_group_id": "sg-098e9392d89320dd3",
            "self": false,
            "source_security_group_id": null,
            "to_port": 0,
            "type": "egress"
          },
          "sensitive_attributes": [],
          "private": "eyJzY2hlbWFfdmVyc2lvbiI6IjIifQ==",
          "dependencies": [
            "module.eks.aws_security_group.workers",
            "module.vpc.aws_vpc.this"
          ],
          "create_before_destroy": true
        }
      ]
    },
    {
      "module": "module.eks",
      "mode": "managed",
      "type": "aws_security_group_rule",
      "name": "workers_ingress_cluster",
      "provider": "provider[\"registry.terraform.io/hashicorp/aws\"]",
      "instances": [
        {
          "index_key": 0,
          "schema_version": 2,
          "attributes": {
            "cidr_blocks": null,
            "description": "Allow workers pods to receive communication from the cluster control plane.",
            "from_port": 1025,
            "id": "sgrule-2744662976",
            "ipv6_cidr_blocks": null,
            "prefix_list_ids": null,
            "protocol": "tcp",
            "security_group_id": "sg-098e9392d89320dd3",
            "self": false,
            "source_security_group_id": "sg-0c7ebd965f5d5515b",
            "to_port": 65535,
            "type": "ingress"
          },
          "sensitive_attributes": [],
          "private": "eyJzY2hlbWFfdmVyc2lvbiI6IjIifQ==",
          "dependencies": [
            "module.eks.aws_security_group.cluster",
            "module.eks.aws_security_group.workers",
            "module.vpc.aws_vpc.this"
          ],
          "create_before_destroy": true
        }
      ]
    },
    {
      "module": "module.eks",
      "mode": "managed",
      "type": "aws_security_group_rule",
      "name": "workers_ingress_cluster_https",
      "provider": "provider[\"registry.terraform.io/hashicorp/aws\"]",
      "instances": [
        {
          "index_key": 0,
          "schema_version": 2,
          "attributes": {
            "cidr_blocks": null,
            "description": "Allow pods running extension API servers on port 443 to receive communication from cluster control plane.",
            "from_port": 443,
            "id": "sgrule-3618272016",
            "ipv6_cidr_blocks": null,
            "prefix_list_ids": null,
            "protocol": "tcp",
            "security_group_id": "sg-098e9392d89320dd3",
            "self": false,
            "source_security_group_id": "sg-0c7ebd965f5d5515b",
            "to_port": 443,
            "type": "ingress"
          },
          "sensitive_attributes": [],
          "private": "eyJzY2hlbWFfdmVyc2lvbiI6IjIifQ==",
          "dependencies": [
            "module.eks.aws_security_group.cluster",
            "module.eks.aws_security_group.workers",
            "module.vpc.aws_vpc.this"
          ],
          "create_before_destroy": true
        }
      ]
    },
    {
      "module": "module.eks",
      "mode": "managed",
      "type": "aws_security_group_rule",
      "name": "workers_ingress_self",
      "provider": "provider[\"registry.terraform.io/hashicorp/aws\"]",
      "instances": [
        {
          "index_key": 0,
          "schema_version": 2,
          "attributes": {
            "cidr_blocks": null,
            "description": "Allow node to communicate with each other.",
            "from_port": 0,
            "id": "sgrule-3506047574",
            "ipv6_cidr_blocks": null,
            "prefix_list_ids": null,
            "protocol": "-1",
            "security_group_id": "sg-098e9392d89320dd3",
            "self": false,
            "source_security_group_id": "sg-098e9392d89320dd3",
            "to_port": 65535,
            "type": "ingress"
          },
          "sensitive_attributes": [],
          "private": "eyJzY2hlbWFfdmVyc2lvbiI6IjIifQ==",
          "dependencies": [
            "module.eks.aws_security_group.workers",
            "module.vpc.aws_vpc.this"
          ],
          "create_before_destroy": true
        }
      ]
    },
    {
      "module": "module.eks",
      "mode": "managed",
      "type": "kubernetes_config_map",
      "name": "aws_auth",
      "provider": "provider[\"registry.terraform.io/hashicorp/kubernetes\"]",
      "instances": [
        {
          "index_key": 0,
          "schema_version": 0,
          "attributes": {
            "binary_data": null,
            "data": {
              "mapAccounts": "[]\n",
              "mapRoles": "- \"groups\":\n  - \"system:bootstrappers\"\n  - \"system:nodes\"\n  \"rolearn\": \"arn:aws:iam::513910674915:role/demo-playsdev-eks2021092717122854240000000e\"\n  \"username\": \"system:node:{{EC2PrivateDNSName}}\"\n",
              "mapUsers": "[]\n"
            },
            "id": "kube-system/aws-auth",
            "metadata": [
              {
                "annotations": null,
                "generate_name": "",
                "generation": 0,
                "labels": {
                  "app.kubernetes.io/managed-by": "Terraform",
                  "terraform.io/module": "terraform-aws-modules.eks.aws"
                },
                "name": "aws-auth",
                "namespace": "kube-system",
                "resource_version": "815",
                "uid": "2a1fe9ec-5aed-45eb-97d2-a0250f2d955b"
              }
            ]
          },
          "sensitive_attributes": [],
          "private": "bnVsbA==",
          "dependencies": [
            "aws_security_group.worker_group_mgmt_one",
            "aws_security_group.worker_group_mgmt_two",
            "data.aws_availability_zones.available",
            "data.aws_eks_cluster.cluster",
            "data.aws_eks_cluster_auth.cluster",
            "module.eks.aws_cloudwatch_log_group.this",
            "module.eks.aws_eks_cluster.this",
            "module.eks.aws_iam_instance_profile.workers",
            "module.eks.aws_iam_instance_profile.workers_launch_template",
            "module.eks.aws_iam_role.cluster",
            "module.eks.aws_iam_role.workers",
            "module.eks.aws_iam_role_policy_attachment.cluster_AmazonEKSClusterPolicy",
            "module.eks.aws_iam_role_policy_attachment.cluster_AmazonEKSServicePolicy",
            "module.eks.aws_iam_role_policy_attachment.cluster_AmazonEKSVPCResourceControllerPolicy",
            "module.eks.aws_security_group.cluster",
            "module.eks.aws_security_group.workers",
            "module.eks.aws_security_group_rule.cluster_egress_internet",
            "module.eks.aws_security_group_rule.cluster_https_worker_ingress",
            "module.eks.aws_security_group_rule.cluster_private_access_cidrs_source",
            "module.eks.aws_security_group_rule.cluster_private_access_sg_source",
            "module.eks.data.aws_ami.eks_worker",
            "module.eks.data.aws_ami.eks_worker_windows",
            "module.eks.data.aws_caller_identity.current",
            "module.eks.data.aws_iam_instance_profile.custom_worker_group_iam_instance_profile",
            "module.eks.data.aws_iam_instance_profile.custom_worker_group_launch_template_iam_instance_profile",
            "module.eks.data.aws_iam_policy_document.cluster_assume_role_policy",
            "module.eks.data.aws_iam_policy_document.workers_assume_role_policy",
            "module.eks.data.aws_iam_role.custom_cluster_iam_role",
            "module.eks.data.aws_partition.current",
            "module.eks.data.http.wait_for_cluster",
            "module.eks.module.fargate.aws_iam_role.eks_fargate_pod",
            "module.eks.module.fargate.data.aws_iam_role.custom_fargate_iam_role",
            "module.vpc.aws_subnet.private",
            "module.vpc.aws_vpc.this",
            "module.vpc.aws_vpc_ipv4_cidr_block_association.this"
          ]
        }
      ]
    },
    {
      "module": "module.eks",
      "mode": "managed",
      "type": "local_file",
      "name": "kubeconfig",
      "provider": "provider[\"registry.terraform.io/hashicorp/local\"]",
      "instances": [
        {
          "index_key": 0,
          "schema_version": 0,
          "attributes": {
            "content": "apiVersion: v1\npreferences: {}\nkind: Config\n\nclusters:\n- cluster:\n    server: https://9CF2CA4A9D704CDE541DAD7562768142.gr7.eu-central-1.eks.amazonaws.com\n    certificate-authority-data: LS0tLS1CRUdJTiBDRVJUSUZJQ0FURS0tLS0tCk1JSUM1ekNDQWMrZ0F3SUJBZ0lCQURBTkJna3Foa2lHOXcwQkFRc0ZBREFWTVJNd0VRWURWUVFERXdwcmRXSmwKY201bGRHVnpNQjRYRFRJeE1Ea3lOekUzTURZeU5Gb1hEVE14TURreU5URTNNRFl5TkZvd0ZURVRNQkVHQTFVRQpBeE1LYTNWaVpYSnVaWFJsY3pDQ0FTSXdEUVlKS29aSWh2Y05BUUVCQlFBRGdnRVBBRENDQVFvQ2dnRUJBTUQrCnJHdGpnVUhUZmdlMnUxUG9Fd3BOTmxmd01Kd2RQL3dzSUZ0N2ZTTHRBM2IwaEg4MlNHWG04aml1aTlnMWRoSVUKMTBTaUp2T3Q0cVh0TmFvdWRmVDVJdE8zVkxxMnB1ckZkL2lzbE5TQXA3ZHNnNjVtZVcxdlQyWTJ6Uis3ZUR3UwpXWjBNRXV0TEZ0b2tjOTZlby9KbktjTXFKamhxRHZiZUpCSlgwS0JIa3lPbXA4MGFRcFNsTW51V3IyakwzeXdICk1pU0F2WmF3Y0QvaFljeUE4K2hYNGFBd1hnQWRjaHVOTTMxQ0xxQlJHMDd5dXNlMnBlSXY4a0x1NWpXamg4SEUKc1FMSmR2OXZCMDJBdmFSdFlMUElkSGJHZnpKNGxKT0h0elVvRUFjNDA0aCtRWTc0VDlKRlhYanhJNnY1ZTRvbgpHcERRMTJCSWFyc2taQ0ZDLzdzQ0F3RUFBYU5DTUVBd0RnWURWUjBQQVFIL0JBUURBZ0trTUE4R0ExVWRFd0VCCi93UUZNQU1CQWY4d0hRWURWUjBPQkJZRUZBR3didUpaUWhVLzAxV0NoR0RBakVMbTVxcHpNQTBHQ1NxR1NJYjMKRFFFQkN3VUFBNElCQVFDK2hxSnZ6MGluYXRzN1lPS0lSK2RTVk1wOGFPOTY2dXE0UDZBWG9PTERrbEVPVG4yMQp1dEdOVVdSRGR3eFhabGU1VWVjbU1PTzRZb042d3JaS1dPQk85elBoVW9QSGg0OXJ1TXRBYlhFN2lnUW50WE02CkpLcm9aYzQ0MVppcmk5dm5jdjlITFQ3UGJPeDFkOENKZU9pL3d3U09YWDZzaG9VYmQ0eWZ3ZG45TklBaVRKaC8KeFgwcDFvdmVNaUdvcFVpSW15UnBrWElaaThwYWphTWRNQXdZa0J1aTdGRDJHYWM0aU9UY3JYaEhyS01GUXFtVQovME00cUw1cDVCNDZORkJ3QUtjcjJySUFUSEc2aTdRa2wrOTdvdnJGS3FWM0M1ODZGc1h3RExzOGZEVUR6WTMvClBnc1NDalhhaDJZSFNNVVJvTW1GT3dNc0ZVQzlmTnpmYkNaTgotLS0tLUVORCBDRVJUSUZJQ0FURS0tLS0tCg==\n  name: eks_demo-playsdev-eks\n\ncontexts:\n- context:\n    cluster: eks_demo-playsdev-eks\n    user: eks_demo-playsdev-eks\n  name: eks_demo-playsdev-eks\n\ncurrent-context: eks_demo-playsdev-eks\n\nusers:\n- name: eks_demo-playsdev-eks\n  user:\n    exec:\n      apiVersion: client.authentication.k8s.io/v1alpha1\n      command: aws-iam-authenticator\n      args:\n        - \"token\"\n        - \"-i\"\n        - \"demo-playsdev-eks\"\n",
            "content_base64": null,
            "directory_permission": "0755",
            "file_permission": "0600",
            "filename": "./kubeconfig_demo-playsdev-eks",
            "id": "5de6d0498ad7b878b0483dff95c48ec7f7b6e810",
            "sensitive_content": null,
            "source": null
          },
          "sensitive_attributes": [],
          "private": "bnVsbA==",
          "dependencies": [
            "data.aws_availability_zones.available",
            "module.eks.aws_cloudwatch_log_group.this",
            "module.eks.aws_eks_cluster.this",
            "module.eks.aws_iam_role.cluster",
            "module.eks.aws_iam_role_policy_attachment.cluster_AmazonEKSClusterPolicy",
            "module.eks.aws_iam_role_policy_attachment.cluster_AmazonEKSServicePolicy",
            "module.eks.aws_iam_role_policy_attachment.cluster_AmazonEKSVPCResourceControllerPolicy",
            "module.eks.aws_security_group.cluster",
            "module.eks.aws_security_group.workers",
            "module.eks.aws_security_group_rule.cluster_egress_internet",
            "module.eks.aws_security_group_rule.cluster_https_worker_ingress",
            "module.eks.data.aws_iam_policy_document.cluster_assume_role_policy",
            "module.eks.data.aws_iam_role.custom_cluster_iam_role",
            "module.eks.data.aws_partition.current",
            "module.vpc.aws_subnet.private",
            "module.vpc.aws_vpc.this",
            "module.vpc.aws_vpc_ipv4_cidr_block_association.this"
          ]
        }
      ]
    },
    {
      "module": "module.eks.module.fargate",
      "mode": "data",
      "type": "aws_partition",
      "name": "current",
      "provider": "provider[\"registry.terraform.io/hashicorp/aws\"]",
      "instances": [
        {
          "schema_version": 0,
          "attributes": {
            "dns_suffix": "amazonaws.com",
            "id": "aws",
            "partition": "aws",
            "reverse_dns_prefix": "com.amazonaws"
          },
          "sensitive_attributes": []
        }
      ]
    },
    {
      "module": "module.vpc",
      "mode": "managed",
      "type": "aws_eip",
      "name": "nat",
      "provider": "provider[\"registry.terraform.io/hashicorp/aws\"]",
      "instances": [
        {
          "index_key": 0,
          "schema_version": 0,
          "attributes": {
            "address": null,
            "allocation_id": null,
            "associate_with_private_ip": null,
            "association_id": "",
            "carrier_ip": "",
            "customer_owned_ip": "",
            "customer_owned_ipv4_pool": "",
            "domain": "vpc",
            "id": "eipalloc-f1fe2afc",
            "instance": "",
            "network_border_group": "eu-central-1",
            "network_interface": "",
            "private_dns": null,
            "private_ip": "",
            "public_dns": "ec2-3-70-1-127.eu-central-1.compute.amazonaws.com",
            "public_ip": "3.70.1.127",
            "public_ipv4_pool": "amazon",
            "tags": {
              "Name": "education-vpc-eu-central-1a",
              "kubernetes.io/cluster/demo-playsdev-eks": "shared"
            },
            "tags_all": {
              "Name": "education-vpc-eu-central-1a",
              "kubernetes.io/cluster/demo-playsdev-eks": "shared"
            },
            "timeouts": null,
            "vpc": true
          },
          "sensitive_attributes": [],
          "private": "eyJlMmJmYjczMC1lY2FhLTExZTYtOGY4OC0zNDM2M2JjN2M0YzAiOnsiZGVsZXRlIjoxODAwMDAwMDAwMDAsInJlYWQiOjkwMDAwMDAwMDAwMCwidXBkYXRlIjozMDAwMDAwMDAwMDB9fQ==",
          "dependencies": [
            "data.aws_availability_zones.available"
          ]
        }
      ]
    },
    {
      "module": "module.vpc",
      "mode": "managed",
      "type": "aws_internet_gateway",
      "name": "this",
      "provider": "provider[\"registry.terraform.io/hashicorp/aws\"]",
      "instances": [
        {
          "index_key": 0,
          "schema_version": 0,
          "attributes": {
            "arn": "arn:aws:ec2:eu-central-1:513910674915:internet-gateway/igw-0c19cfbb5b13a0eda",
            "id": "igw-0c19cfbb5b13a0eda",
            "owner_id": "513910674915",
            "tags": {
              "Name": "education-vpc",
              "kubernetes.io/cluster/demo-playsdev-eks": "shared"
            },
            "tags_all": {
              "Name": "education-vpc",
              "kubernetes.io/cluster/demo-playsdev-eks": "shared"
            },
            "vpc_id": "vpc-0607b9bb27e528223"
          },
          "sensitive_attributes": [],
          "private": "bnVsbA==",
          "dependencies": [
            "module.vpc.aws_vpc.this",
            "module.vpc.aws_vpc_ipv4_cidr_block_association.this"
          ]
        }
      ]
    },
    {
      "module": "module.vpc",
      "mode": "managed",
      "type": "aws_nat_gateway",
      "name": "this",
      "provider": "provider[\"registry.terraform.io/hashicorp/aws\"]",
      "instances": [
        {
          "index_key": 0,
          "schema_version": 0,
          "attributes": {
            "allocation_id": "eipalloc-f1fe2afc",
            "connectivity_type": "public",
            "id": "nat-0304d7876b3f9bde7",
            "network_interface_id": "eni-035a3b41257af7385",
            "private_ip": "10.1.4.116",
            "public_ip": "3.70.1.127",
            "subnet_id": "subnet-02f22e01bbf2594bf",
            "tags": {
              "Name": "education-vpc-eu-central-1a",
              "kubernetes.io/cluster/demo-playsdev-eks": "shared"
            },
            "tags_all": {
              "Name": "education-vpc-eu-central-1a",
              "kubernetes.io/cluster/demo-playsdev-eks": "shared"
            }
          },
          "sensitive_attributes": [],
          "private": "bnVsbA==",
          "dependencies": [
            "data.aws_availability_zones.available",
            "module.vpc.aws_eip.nat",
            "module.vpc.aws_internet_gateway.this",
            "module.vpc.aws_subnet.public",
            "module.vpc.aws_vpc.this",
            "module.vpc.aws_vpc_ipv4_cidr_block_association.this"
          ]
        }
      ]
    },
    {
      "module": "module.vpc",
      "mode": "managed",
      "type": "aws_route",
      "name": "private_nat_gateway",
      "provider": "provider[\"registry.terraform.io/hashicorp/aws\"]",
      "instances": [
        {
          "index_key": 0,
          "schema_version": 0,
          "attributes": {
            "carrier_gateway_id": "",
            "destination_cidr_block": "0.0.0.0/0",
            "destination_ipv6_cidr_block": "",
            "destination_prefix_list_id": "",
            "egress_only_gateway_id": "",
            "gateway_id": "",
            "id": "r-rtb-0c0db0213a0dd276e1080289494",
            "instance_id": "",
            "instance_owner_id": "",
            "local_gateway_id": "",
            "nat_gateway_id": "nat-0304d7876b3f9bde7",
            "network_interface_id": "",
            "origin": "CreateRoute",
            "route_table_id": "rtb-0c0db0213a0dd276e",
            "state": "active",
            "timeouts": {
              "create": "5m",
              "delete": null
            },
            "transit_gateway_id": "",
            "vpc_endpoint_id": "",
            "vpc_peering_connection_id": ""
          },
          "sensitive_attributes": [],
          "private": "eyJlMmJmYjczMC1lY2FhLTExZTYtOGY4OC0zNDM2M2JjN2M0YzAiOnsiY3JlYXRlIjozMDAwMDAwMDAwMDAsImRlbGV0ZSI6MzAwMDAwMDAwMDAwfX0=",
          "dependencies": [
            "data.aws_availability_zones.available",
            "module.vpc.aws_eip.nat",
            "module.vpc.aws_internet_gateway.this",
            "module.vpc.aws_nat_gateway.this",
            "module.vpc.aws_route_table.private",
            "module.vpc.aws_subnet.public",
            "module.vpc.aws_vpc.this",
            "module.vpc.aws_vpc_ipv4_cidr_block_association.this"
          ]
        }
      ]
    },
    {
      "module": "module.vpc",
      "mode": "managed",
      "type": "aws_route",
      "name": "public_internet_gateway",
      "provider": "provider[\"registry.terraform.io/hashicorp/aws\"]",
      "instances": [
        {
          "index_key": 0,
          "schema_version": 0,
          "attributes": {
            "carrier_gateway_id": "",
            "destination_cidr_block": "0.0.0.0/0",
            "destination_ipv6_cidr_block": "",
            "destination_prefix_list_id": "",
            "egress_only_gateway_id": "",
            "gateway_id": "igw-0c19cfbb5b13a0eda",
            "id": "r-rtb-057fd2949573054521080289494",
            "instance_id": "",
            "instance_owner_id": "",
            "local_gateway_id": "",
            "nat_gateway_id": "",
            "network_interface_id": "",
            "origin": "CreateRoute",
            "route_table_id": "rtb-057fd294957305452",
            "state": "active",
            "timeouts": {
              "create": "5m",
              "delete": null
            },
            "transit_gateway_id": "",
            "vpc_endpoint_id": "",
            "vpc_peering_connection_id": ""
          },
          "sensitive_attributes": [],
          "private": "eyJlMmJmYjczMC1lY2FhLTExZTYtOGY4OC0zNDM2M2JjN2M0YzAiOnsiY3JlYXRlIjozMDAwMDAwMDAwMDAsImRlbGV0ZSI6MzAwMDAwMDAwMDAwfX0=",
          "dependencies": [
            "module.vpc.aws_internet_gateway.this",
            "module.vpc.aws_route_table.public",
            "module.vpc.aws_vpc.this",
            "module.vpc.aws_vpc_ipv4_cidr_block_association.this"
          ]
        }
      ]
    },
    {
      "module": "module.vpc",
      "mode": "managed",
      "type": "aws_route_table",
      "name": "private",
      "provider": "provider[\"registry.terraform.io/hashicorp/aws\"]",
      "instances": [
        {
          "index_key": 0,
          "schema_version": 0,
          "attributes": {
            "arn": "arn:aws:ec2:eu-central-1:513910674915:route-table/rtb-0c0db0213a0dd276e",
            "id": "rtb-0c0db0213a0dd276e",
            "owner_id": "513910674915",
            "propagating_vgws": [],
            "route": [],
            "tags": {
              "Name": "education-vpc-private",
              "kubernetes.io/cluster/demo-playsdev-eks": "shared"
            },
            "tags_all": {
              "Name": "education-vpc-private",
              "kubernetes.io/cluster/demo-playsdev-eks": "shared"
            },
            "vpc_id": "vpc-0607b9bb27e528223"
          },
          "sensitive_attributes": [],
          "private": "bnVsbA==",
          "dependencies": [
            "data.aws_availability_zones.available",
            "module.vpc.aws_vpc.this",
            "module.vpc.aws_vpc_ipv4_cidr_block_association.this"
          ]
        }
      ]
    },
    {
      "module": "module.vpc",
      "mode": "managed",
      "type": "aws_route_table",
      "name": "public",
      "provider": "provider[\"registry.terraform.io/hashicorp/aws\"]",
      "instances": [
        {
          "index_key": 0,
          "schema_version": 0,
          "attributes": {
            "arn": "arn:aws:ec2:eu-central-1:513910674915:route-table/rtb-057fd294957305452",
            "id": "rtb-057fd294957305452",
            "owner_id": "513910674915",
            "propagating_vgws": [],
            "route": [],
            "tags": {
              "Name": "education-vpc-public",
              "kubernetes.io/cluster/demo-playsdev-eks": "shared"
            },
            "tags_all": {
              "Name": "education-vpc-public",
              "kubernetes.io/cluster/demo-playsdev-eks": "shared"
            },
            "vpc_id": "vpc-0607b9bb27e528223"
          },
          "sensitive_attributes": [],
          "private": "bnVsbA==",
          "dependencies": [
            "module.vpc.aws_vpc.this",
            "module.vpc.aws_vpc_ipv4_cidr_block_association.this"
          ]
        }
      ]
    },
    {
      "module": "module.vpc",
      "mode": "managed",
      "type": "aws_route_table_association",
      "name": "private",
      "provider": "provider[\"registry.terraform.io/hashicorp/aws\"]",
      "instances": [
        {
          "index_key": 0,
          "schema_version": 0,
          "attributes": {
            "gateway_id": "",
            "id": "rtbassoc-03e146454ff5e3392",
            "route_table_id": "rtb-0c0db0213a0dd276e",
            "subnet_id": "subnet-00a435ad62ed36b0f"
          },
          "sensitive_attributes": [],
          "private": "bnVsbA==",
          "dependencies": [
            "data.aws_availability_zones.available",
            "module.vpc.aws_route_table.private",
            "module.vpc.aws_subnet.private",
            "module.vpc.aws_vpc.this",
            "module.vpc.aws_vpc_ipv4_cidr_block_association.this"
          ]
        },
        {
          "index_key": 1,
          "schema_version": 0,
          "attributes": {
            "gateway_id": "",
            "id": "rtbassoc-07bcfc508a6a22295",
            "route_table_id": "rtb-0c0db0213a0dd276e",
            "subnet_id": "subnet-034de80555dcfb78f"
          },
          "sensitive_attributes": [],
          "private": "bnVsbA==",
          "dependencies": [
            "data.aws_availability_zones.available",
            "module.vpc.aws_route_table.private",
            "module.vpc.aws_subnet.private",
            "module.vpc.aws_vpc.this",
            "module.vpc.aws_vpc_ipv4_cidr_block_association.this"
          ]
        },
        {
          "index_key": 2,
          "schema_version": 0,
          "attributes": {
            "gateway_id": "",
            "id": "rtbassoc-098980d87b5df7ca5",
            "route_table_id": "rtb-0c0db0213a0dd276e",
            "subnet_id": "subnet-0b2c9db8b7404d79c"
          },
          "sensitive_attributes": [],
          "private": "bnVsbA==",
          "dependencies": [
            "data.aws_availability_zones.available",
            "module.vpc.aws_route_table.private",
            "module.vpc.aws_subnet.private",
            "module.vpc.aws_vpc.this",
            "module.vpc.aws_vpc_ipv4_cidr_block_association.this"
          ]
        }
      ]
    },
    {
      "module": "module.vpc",
      "mode": "managed",
      "type": "aws_route_table_association",
      "name": "public",
      "provider": "provider[\"registry.terraform.io/hashicorp/aws\"]",
      "instances": [
        {
          "index_key": 0,
          "schema_version": 0,
          "attributes": {
            "gateway_id": "",
            "id": "rtbassoc-038d379827f76dd55",
            "route_table_id": "rtb-057fd294957305452",
            "subnet_id": "subnet-02f22e01bbf2594bf"
          },
          "sensitive_attributes": [],
          "private": "bnVsbA==",
          "dependencies": [
            "data.aws_availability_zones.available",
            "module.vpc.aws_route_table.public",
            "module.vpc.aws_subnet.public",
            "module.vpc.aws_vpc.this",
            "module.vpc.aws_vpc_ipv4_cidr_block_association.this"
          ]
        },
        {
          "index_key": 1,
          "schema_version": 0,
          "attributes": {
            "gateway_id": "",
            "id": "rtbassoc-003b5900e4bda08e8",
            "route_table_id": "rtb-057fd294957305452",
            "subnet_id": "subnet-04aff5ab82f54e0da"
          },
          "sensitive_attributes": [],
          "private": "bnVsbA==",
          "dependencies": [
            "data.aws_availability_zones.available",
            "module.vpc.aws_route_table.public",
            "module.vpc.aws_subnet.public",
            "module.vpc.aws_vpc.this",
            "module.vpc.aws_vpc_ipv4_cidr_block_association.this"
          ]
        },
        {
          "index_key": 2,
          "schema_version": 0,
          "attributes": {
            "gateway_id": "",
            "id": "rtbassoc-0e91b410001c9c6df",
            "route_table_id": "rtb-057fd294957305452",
            "subnet_id": "subnet-000e53685e029a300"
          },
          "sensitive_attributes": [],
          "private": "bnVsbA==",
          "dependencies": [
            "data.aws_availability_zones.available",
            "module.vpc.aws_route_table.public",
            "module.vpc.aws_subnet.public",
            "module.vpc.aws_vpc.this",
            "module.vpc.aws_vpc_ipv4_cidr_block_association.this"
          ]
        }
      ]
    },
    {
      "module": "module.vpc",
      "mode": "managed",
      "type": "aws_subnet",
      "name": "private",
      "provider": "provider[\"registry.terraform.io/hashicorp/aws\"]",
      "instances": [
        {
          "index_key": 0,
          "schema_version": 1,
          "attributes": {
            "arn": "arn:aws:ec2:eu-central-1:513910674915:subnet/subnet-00a435ad62ed36b0f",
            "assign_ipv6_address_on_creation": false,
            "availability_zone": "eu-central-1a",
            "availability_zone_id": "euc1-az2",
            "cidr_block": "10.1.1.0/24",
            "customer_owned_ipv4_pool": "",
            "id": "subnet-00a435ad62ed36b0f",
            "ipv6_cidr_block": "",
            "ipv6_cidr_block_association_id": "",
            "map_customer_owned_ip_on_launch": false,
            "map_public_ip_on_launch": false,
            "outpost_arn": "",
            "owner_id": "513910674915",
            "tags": {
              "Name": "education-vpc-private-eu-central-1a",
              "kubernetes.io/cluster/demo-playsdev-eks": "shared",
              "kubernetes.io/role/internal-elb": "1"
            },
            "tags_all": {
              "Name": "education-vpc-private-eu-central-1a",
              "kubernetes.io/cluster/demo-playsdev-eks": "shared",
              "kubernetes.io/role/internal-elb": "1"
            },
            "timeouts": null,
            "vpc_id": "vpc-0607b9bb27e528223"
          },
          "sensitive_attributes": [],
          "private": "eyJlMmJmYjczMC1lY2FhLTExZTYtOGY4OC0zNDM2M2JjN2M0YzAiOnsiY3JlYXRlIjo2MDAwMDAwMDAwMDAsImRlbGV0ZSI6MTIwMDAwMDAwMDAwMH0sInNjaGVtYV92ZXJzaW9uIjoiMSJ9",
          "dependencies": [
            "data.aws_availability_zones.available",
            "module.vpc.aws_vpc.this",
            "module.vpc.aws_vpc_ipv4_cidr_block_association.this"
          ],
          "create_before_destroy": true
        },
        {
          "index_key": 1,
          "schema_version": 1,
          "attributes": {
            "arn": "arn:aws:ec2:eu-central-1:513910674915:subnet/subnet-034de80555dcfb78f",
            "assign_ipv6_address_on_creation": false,
            "availability_zone": "eu-central-1b",
            "availability_zone_id": "euc1-az3",
            "cidr_block": "10.1.2.0/24",
            "customer_owned_ipv4_pool": "",
            "id": "subnet-034de80555dcfb78f",
            "ipv6_cidr_block": "",
            "ipv6_cidr_block_association_id": "",
            "map_customer_owned_ip_on_launch": false,
            "map_public_ip_on_launch": false,
            "outpost_arn": "",
            "owner_id": "513910674915",
            "tags": {
              "Name": "education-vpc-private-eu-central-1b",
              "kubernetes.io/cluster/demo-playsdev-eks": "shared",
              "kubernetes.io/role/internal-elb": "1"
            },
            "tags_all": {
              "Name": "education-vpc-private-eu-central-1b",
              "kubernetes.io/cluster/demo-playsdev-eks": "shared",
              "kubernetes.io/role/internal-elb": "1"
            },
            "timeouts": null,
            "vpc_id": "vpc-0607b9bb27e528223"
          },
          "sensitive_attributes": [],
          "private": "eyJlMmJmYjczMC1lY2FhLTExZTYtOGY4OC0zNDM2M2JjN2M0YzAiOnsiY3JlYXRlIjo2MDAwMDAwMDAwMDAsImRlbGV0ZSI6MTIwMDAwMDAwMDAwMH0sInNjaGVtYV92ZXJzaW9uIjoiMSJ9",
          "dependencies": [
            "data.aws_availability_zones.available",
            "module.vpc.aws_vpc.this",
            "module.vpc.aws_vpc_ipv4_cidr_block_association.this"
          ],
          "create_before_destroy": true
        },
        {
          "index_key": 2,
          "schema_version": 1,
          "attributes": {
            "arn": "arn:aws:ec2:eu-central-1:513910674915:subnet/subnet-0b2c9db8b7404d79c",
            "assign_ipv6_address_on_creation": false,
            "availability_zone": "eu-central-1c",
            "availability_zone_id": "euc1-az1",
            "cidr_block": "10.1.3.0/24",
            "customer_owned_ipv4_pool": "",
            "id": "subnet-0b2c9db8b7404d79c",
            "ipv6_cidr_block": "",
            "ipv6_cidr_block_association_id": "",
            "map_customer_owned_ip_on_launch": false,
            "map_public_ip_on_launch": false,
            "outpost_arn": "",
            "owner_id": "513910674915",
            "tags": {
              "Name": "education-vpc-private-eu-central-1c",
              "kubernetes.io/cluster/demo-playsdev-eks": "shared",
              "kubernetes.io/role/internal-elb": "1"
            },
            "tags_all": {
              "Name": "education-vpc-private-eu-central-1c",
              "kubernetes.io/cluster/demo-playsdev-eks": "shared",
              "kubernetes.io/role/internal-elb": "1"
            },
            "timeouts": null,
            "vpc_id": "vpc-0607b9bb27e528223"
          },
          "sensitive_attributes": [],
          "private": "eyJlMmJmYjczMC1lY2FhLTExZTYtOGY4OC0zNDM2M2JjN2M0YzAiOnsiY3JlYXRlIjo2MDAwMDAwMDAwMDAsImRlbGV0ZSI6MTIwMDAwMDAwMDAwMH0sInNjaGVtYV92ZXJzaW9uIjoiMSJ9",
          "dependencies": [
            "data.aws_availability_zones.available",
            "module.vpc.aws_vpc.this",
            "module.vpc.aws_vpc_ipv4_cidr_block_association.this"
          ],
          "create_before_destroy": true
        }
      ]
    },
    {
      "module": "module.vpc",
      "mode": "managed",
      "type": "aws_subnet",
      "name": "public",
      "provider": "provider[\"registry.terraform.io/hashicorp/aws\"]",
      "instances": [
        {
          "index_key": 0,
          "schema_version": 1,
          "attributes": {
            "arn": "arn:aws:ec2:eu-central-1:513910674915:subnet/subnet-02f22e01bbf2594bf",
            "assign_ipv6_address_on_creation": false,
            "availability_zone": "eu-central-1a",
            "availability_zone_id": "euc1-az2",
            "cidr_block": "10.1.4.0/24",
            "customer_owned_ipv4_pool": "",
            "id": "subnet-02f22e01bbf2594bf",
            "ipv6_cidr_block": "",
            "ipv6_cidr_block_association_id": "",
            "map_customer_owned_ip_on_launch": false,
            "map_public_ip_on_launch": true,
            "outpost_arn": "",
            "owner_id": "513910674915",
            "tags": {
              "Name": "education-vpc-public-eu-central-1a",
              "kubernetes.io/cluster/demo-playsdev-eks": "shared",
              "kubernetes.io/role/elb": "1"
            },
            "tags_all": {
              "Name": "education-vpc-public-eu-central-1a",
              "kubernetes.io/cluster/demo-playsdev-eks": "shared",
              "kubernetes.io/role/elb": "1"
            },
            "timeouts": null,
            "vpc_id": "vpc-0607b9bb27e528223"
          },
          "sensitive_attributes": [],
          "private": "eyJlMmJmYjczMC1lY2FhLTExZTYtOGY4OC0zNDM2M2JjN2M0YzAiOnsiY3JlYXRlIjo2MDAwMDAwMDAwMDAsImRlbGV0ZSI6MTIwMDAwMDAwMDAwMH0sInNjaGVtYV92ZXJzaW9uIjoiMSJ9",
          "dependencies": [
            "data.aws_availability_zones.available",
            "module.vpc.aws_vpc.this",
            "module.vpc.aws_vpc_ipv4_cidr_block_association.this"
          ]
        },
        {
          "index_key": 1,
          "schema_version": 1,
          "attributes": {
            "arn": "arn:aws:ec2:eu-central-1:513910674915:subnet/subnet-04aff5ab82f54e0da",
            "assign_ipv6_address_on_creation": false,
            "availability_zone": "eu-central-1b",
            "availability_zone_id": "euc1-az3",
            "cidr_block": "10.1.5.0/24",
            "customer_owned_ipv4_pool": "",
            "id": "subnet-04aff5ab82f54e0da",
            "ipv6_cidr_block": "",
            "ipv6_cidr_block_association_id": "",
            "map_customer_owned_ip_on_launch": false,
            "map_public_ip_on_launch": true,
            "outpost_arn": "",
            "owner_id": "513910674915",
            "tags": {
              "Name": "education-vpc-public-eu-central-1b",
              "kubernetes.io/cluster/demo-playsdev-eks": "shared",
              "kubernetes.io/role/elb": "1"
            },
            "tags_all": {
              "Name": "education-vpc-public-eu-central-1b",
              "kubernetes.io/cluster/demo-playsdev-eks": "shared",
              "kubernetes.io/role/elb": "1"
            },
            "timeouts": null,
            "vpc_id": "vpc-0607b9bb27e528223"
          },
          "sensitive_attributes": [],
          "private": "eyJlMmJmYjczMC1lY2FhLTExZTYtOGY4OC0zNDM2M2JjN2M0YzAiOnsiY3JlYXRlIjo2MDAwMDAwMDAwMDAsImRlbGV0ZSI6MTIwMDAwMDAwMDAwMH0sInNjaGVtYV92ZXJzaW9uIjoiMSJ9",
          "dependencies": [
            "data.aws_availability_zones.available",
            "module.vpc.aws_vpc.this",
            "module.vpc.aws_vpc_ipv4_cidr_block_association.this"
          ]
        },
        {
          "index_key": 2,
          "schema_version": 1,
          "attributes": {
            "arn": "arn:aws:ec2:eu-central-1:513910674915:subnet/subnet-000e53685e029a300",
            "assign_ipv6_address_on_creation": false,
            "availability_zone": "eu-central-1c",
            "availability_zone_id": "euc1-az1",
            "cidr_block": "10.1.6.0/24",
            "customer_owned_ipv4_pool": "",
            "id": "subnet-000e53685e029a300",
            "ipv6_cidr_block": "",
            "ipv6_cidr_block_association_id": "",
            "map_customer_owned_ip_on_launch": false,
            "map_public_ip_on_launch": true,
            "outpost_arn": "",
            "owner_id": "513910674915",
            "tags": {
              "Name": "education-vpc-public-eu-central-1c",
              "kubernetes.io/cluster/demo-playsdev-eks": "shared",
              "kubernetes.io/role/elb": "1"
            },
            "tags_all": {
              "Name": "education-vpc-public-eu-central-1c",
              "kubernetes.io/cluster/demo-playsdev-eks": "shared",
              "kubernetes.io/role/elb": "1"
            },
            "timeouts": null,
            "vpc_id": "vpc-0607b9bb27e528223"
          },
          "sensitive_attributes": [],
          "private": "eyJlMmJmYjczMC1lY2FhLTExZTYtOGY4OC0zNDM2M2JjN2M0YzAiOnsiY3JlYXRlIjo2MDAwMDAwMDAwMDAsImRlbGV0ZSI6MTIwMDAwMDAwMDAwMH0sInNjaGVtYV92ZXJzaW9uIjoiMSJ9",
          "dependencies": [
            "data.aws_availability_zones.available",
            "module.vpc.aws_vpc.this",
            "module.vpc.aws_vpc_ipv4_cidr_block_association.this"
          ]
        }
      ]
    },
    {
      "module": "module.vpc",
      "mode": "managed",
      "type": "aws_vpc",
      "name": "this",
      "provider": "provider[\"registry.terraform.io/hashicorp/aws\"]",
      "instances": [
        {
          "index_key": 0,
          "schema_version": 1,
          "attributes": {
            "arn": "arn:aws:ec2:eu-central-1:513910674915:vpc/vpc-0607b9bb27e528223",
            "assign_generated_ipv6_cidr_block": false,
            "cidr_block": "10.1.0.0/16",
            "default_network_acl_id": "acl-09f14655875a122ec",
            "default_route_table_id": "rtb-0f0157bf65695e46c",
            "default_security_group_id": "sg-03ad7fa7e11a640cf",
            "dhcp_options_id": "dopt-acf569c6",
            "enable_classiclink": null,
            "enable_classiclink_dns_support": null,
            "enable_dns_hostnames": true,
            "enable_dns_support": true,
            "id": "vpc-0607b9bb27e528223",
            "instance_tenancy": "default",
            "ipv6_association_id": "",
            "ipv6_cidr_block": "",
            "main_route_table_id": "rtb-0f0157bf65695e46c",
            "owner_id": "513910674915",
            "tags": {
              "Name": "education-vpc",
              "kubernetes.io/cluster/demo-playsdev-eks": "shared"
            },
            "tags_all": {
              "Name": "education-vpc",
              "kubernetes.io/cluster/demo-playsdev-eks": "shared"
            }
          },
          "sensitive_attributes": [],
          "private": "eyJzY2hlbWFfdmVyc2lvbiI6IjEifQ==",
          "create_before_destroy": true
        }
      ]
    }
  ]
}
