{
  "version": 4,
  "terraform_version": "1.0.5",
  "serial": 307,
  "lineage": "6bab1c40-a45c-59a8-6996-5ccd7a876c16",
  "outputs": {},
  "resources": [
    {
      "module": "module.vpc",
      "mode": "managed",
      "type": "aws_vpc",
      "name": "this",
      "provider": "provider[\"registry.terraform.io/hashicorp/aws\"]",
      "instances": [
        {
          "index_key": 0,
          "schema_version": 1,
          "attributes": {
            "arn": "arn:aws:ec2:eu-central-1:513910674915:vpc/vpc-03209b8ac65bf8f96",
            "assign_generated_ipv6_cidr_block": false,
            "cidr_block": "10.1.0.0/16",
            "default_network_acl_id": "acl-0a7f494e72680896a",
            "default_route_table_id": "rtb-0d08dd36d86729908",
            "default_security_group_id": "sg-005a79d708f73c099",
            "dhcp_options_id": "dopt-acf569c6",
            "enable_classiclink": null,
            "enable_classiclink_dns_support": null,
            "enable_dns_hostnames": true,
            "enable_dns_support": true,
            "id": "vpc-03209b8ac65bf8f96",
            "instance_tenancy": "default",
            "ipv6_association_id": "",
            "ipv6_cidr_block": "",
            "main_route_table_id": "rtb-0d08dd36d86729908",
            "owner_id": "513910674915",
            "tags": {
              "Name": "education-vpc",
              "kubernetes.io/cluster/demo-playsdev-eks": "shared"
            },
            "tags_all": {
              "Name": "education-vpc",
              "kubernetes.io/cluster/demo-playsdev-eks": "shared"
            }
          },
          "sensitive_attributes": [],
          "private": "eyJzY2hlbWFfdmVyc2lvbiI6IjEifQ==",
          "create_before_destroy": true
        }
      ]
    }
  ]
}
