{
  "version": 4,
  "terraform_version": "1.0.5",
  "serial": 227,
  "lineage": "6bab1c40-a45c-59a8-6996-5ccd7a876c16",
  "outputs": {
    "cluster_endpoint": {
      "value": "https://2AAC4F69C946CB47AC5F182C814097F4.gr7.eu-central-1.eks.amazonaws.com",
      "type": "string"
    },
    "cluster_id": {
      "value": "demo-playsdev-eks",
      "type": "string"
    },
    "cluster_name": {
      "value": "demo-playsdev-eks",
      "type": "string"
    },
    "cluster_security_group_id": {
      "value": "sg-0b64ca098f59e845d",
      "type": "string"
    },
    "config_map_aws_auth": {
      "value": [
        {
          "binary_data": null,
          "data": {
            "mapAccounts": "[]\n",
            "mapRoles": "- \"groups\":\n  - \"system:bootstrappers\"\n  - \"system:nodes\"\n  \"rolearn\": \"arn:aws:iam::513910674915:role/demo-playsdev-eks2021092217455848920000000e\"\n  \"username\": \"system:node:{{EC2PrivateDNSName}}\"\n",
            "mapUsers": "[]\n"
          },
          "id": "kube-system/aws-auth",
          "metadata": [
            {
              "annotations": null,
              "generate_name": "",
              "generation": 0,
              "labels": {
                "app.kubernetes.io/managed-by": "Terraform",
                "terraform.io/module": "terraform-aws-modules.eks.aws"
              },
              "name": "aws-auth",
              "namespace": "kube-system",
              "resource_version": "611",
              "uid": "6becd849-b8b7-4b0c-afa5-2b3a648cb0c5"
            }
          ]
        }
      ],
      "type": [
        "tuple",
        [
          [
            "object",
            {
              "binary_data": [
                "map",
                "string"
              ],
              "data": [
                "map",
                "string"
              ],
              "id": "string",
              "metadata": [
                "list",
                [
                  "object",
                  {
                    "annotations": [
                      "map",
                      "string"
                    ],
                    "generate_name": "string",
                    "generation": "number",
                    "labels": [
                      "map",
                      "string"
                    ],
                    "name": "string",
                    "namespace": "string",
                    "resource_version": "string",
                    "uid": "string"
                  }
                ]
              ]
            }
          ]
        ]
      ]
    },
    "kubectl_config": {
      "value": "apiVersion: v1\npreferences: {}\nkind: Config\n\nclusters:\n- cluster:\n    server: https://2AAC4F69C946CB47AC5F182C814097F4.gr7.eu-central-1.eks.amazonaws.com\n    certificate-authority-data: LS0tLS1CRUdJTiBDRVJUSUZJQ0FURS0tLS0tCk1JSUM1ekNDQWMrZ0F3SUJBZ0lCQURBTkJna3Foa2lHOXcwQkFRc0ZBREFWTVJNd0VRWURWUVFERXdwcmRXSmwKY201bGRHVnpNQjRYRFRJeE1Ea3lNakUzTkRJeU5Gb1hEVE14TURreU1ERTNOREl5TkZvd0ZURVRNQkVHQTFVRQpBeE1LYTNWaVpYSnVaWFJsY3pDQ0FTSXdEUVlKS29aSWh2Y05BUUVCQlFBRGdnRVBBRENDQVFvQ2dnRUJBS1hzCjJ0SjQzSkFTR1E1ZmlwTy9sY1ZLaE81Z0oyVDNjcC83bWZJY20xQ2Z2Q292UE5nRWhaTVhqQmRSNXhnQW16ZjcKS3R3NmFHa1dQM3UvekJaMWpTeDJIQktRNUZSQVBORTlkK0dTWHphWEl3NmV5SWhidUkxZUM3eEduL1lrb2t5agpBT3oxb2FyMUpOQ1k2dTBIS1N4cW9kd0NqcTdzMm51b1ppQjlRVi9Wb3RZSTJkL0x6Y3I3UGgrK1lEN1JJc3JuClZJbzFJTkcrQ2hTSTM3aDg1WU4wamZYZ0h5VEgxSGRUbmIwNHFSOUl5S1M1aGhZODlPYVJJenpURnc1UGRGSGwKMy84RmR5YUR3N0Fsc216VlVIbEwvdm9aMDBPQnd5WGR2TXhiYzF3ZTdIVFNEa3Z0ZGZlM2loQ3d3ZU1LaGlhRwplNDZZUDUzUFpPa2UrRStvakdFQ0F3RUFBYU5DTUVBd0RnWURWUjBQQVFIL0JBUURBZ0trTUE4R0ExVWRFd0VCCi93UUZNQU1CQWY4d0hRWURWUjBPQkJZRUZKVS84clAvUjlyYjgwNDFkZFlmN0hDWUdFc01NQTBHQ1NxR1NJYjMKRFFFQkN3VUFBNElCQVFBMVhkYU1Gb2N1b0FBcldRTndrektDUFdRQ2JBZVR6N2JiQllET09NMVNuRVExQ3NxYwpGdXVDOTZHbStnL0JhUzJ6OThaLzYwV0k5VGd5Wk9sQXZnL1NtSUZJYTJlSmYySTNKWndRYTIrUENFVHRUeTlqCjBydWx6R3JaSHVJM2M0c1VMVUUyck5pTmZVUHBybE45NHpkdHJyR1Y5TXNqOTRsQkhFWGdHSWxWWlBUV0pPQnMKbzFNTkJESTVvdUZoUFk2L1pocjVSbEg5SkthYTVONzdYK2Nrd2E5R3Y5ME85TVRHVHkzeVUrMTF2Rm9nUjVOSwppUVowMGpmNUU2QWVBcUVsVWVha2N5MlJDR20yTGh4cUJMamRjY3BPOS9EeS9jSUQzOHk3bHJudFhmMTczaXhtCm42MmMybDBrdExQSGVKTmN4dW1LWWU4WTVMTmFTMTJpOUE2RwotLS0tLUVORCBDRVJUSUZJQ0FURS0tLS0tCg==\n  name: eks_demo-playsdev-eks\n\ncontexts:\n- context:\n    cluster: eks_demo-playsdev-eks\n    user: eks_demo-playsdev-eks\n  name: eks_demo-playsdev-eks\n\ncurrent-context: eks_demo-playsdev-eks\n\nusers:\n- name: eks_demo-playsdev-eks\n  user:\n    exec:\n      apiVersion: client.authentication.k8s.io/v1alpha1\n      command: aws-iam-authenticator\n      args:\n        - \"token\"\n        - \"-i\"\n        - \"demo-playsdev-eks\"\n",
      "type": "string"
    },
    "region": {
      "value": "eu-central-1",
      "type": "string"
    },
    "ssh_private_key": {
      "value": "-----BEGIN RSA PRIVATE KEY-----\nMIIJKQIBAAKCAgEAxHzuT5rpxPlhYizaAUQz7hyQo9y6yCutLAan30BBtl60XJP6\niXtlZSRoW7uuV+CeToEOdGywd0JWJA8gE0UtMz67tVBNhsiQfyrksZv0WPwLuHK9\n+ergypJgCaGB+FG+OBK0YGvEmLQW48iX6Ic2Xlu8nnjLBmgNHkYhZ0eZ3ANQjxc5\nJsoGEu2yLQIask3YEt24qSmS5YnMMxn2f+fC4PrvIltiXQ4mYBuaG+8VX76ZnrIR\ncHb267YLuqPAIWXD1nYi8IyGep6JulUkmuqoYbBHIHAgvmXz0nqfin/l1pawImfs\n0IozW614w4FRD+8xAsTUGl07cLmsQIesEbSQdGrRX5qYSynXFYOWOwQTl4y20W2B\n/ugjQi4slwzUXX4eXp+5w6mylTQMwTcq4L/6NSAyXoCXcEqF/vAX1ekscuwVaaNH\np1pDGggi9KDD9axM2hqLgl7dSoutH8gO5X8FzX75i3F/v2Vha8V82mNnjnYsIRl4\nMD3swQf+hGDgXyRt6K8OOQyQD4WtlIscWulM/0ekGyANJovIOAPOsKhii/5GcA4O\nIvF1+xDRDKxkQi27FuoNlRiXN7r6yzgSJnlxAi+XJEFQE7p4QS+PbKjISZlrzYWE\nvqa8PEe1vCGA5In+yuQxvXBl3bDREXQiIVs7ZMVDYjQ9cWavGfyTF0TU/R0CAwEA\nAQKCAgEAoyJGiflIVa3nWKd8aMjDhNJalHHS8haxNHhiME0dQdjnTmXeAP9ec9cC\nfgcY/QUU6oDkC22iJaIB+vZD3zv0BzPyjNsbQuiKb8qhDYU6HhdFc+JwMGr+L7HP\n4q8hRZY4pD2DXPqcw1viFUSaOwjn7vejZr9LcQo6ugPn/+PGrpBh9iuF29qnqFeJ\nMy0oFRnkZ+WGR4yo1cLOsy6/Jfq6JiixGolc5X22Bt1j2gVqbY/F46hcKk/bOmBu\n5IrIHfJr4kc7QxSpIm02VGoUdjqVimXc5+WwieQDx6DfjRIbNUru+eHnEE1tzpP8\nS/W149DnlDDvGOSHUVQW24zJI/oSY+EKWPxSF3UpmVUnrtHd5/iRt4jnyABhSo3V\nLPART/Nd3GfYbQ9vX2p8i0KYU9hfVtweqH/O4GumOuQ2tF8Hec66mDXlPpJsVs4G\n1XbtHxibfX7E6hGs5wW7+nwvIi6X27+gP59lpGSQxe+BBjTNM6FlzBMnlPxk26ei\nNf+cMkT5t5EMHf7nZrJXpk4v9DZVlhGR2HVpr/Pff7yyFx1iXQRKZmxRju6VAATp\nVjx5lG8+FhmsbeP3jujdDn+qt4jD8KfDZededWkgg98AXc43ZdLmwFwrVZptN6Od\nbNmE8cmz/4MKA8XMAcvGpYJvtNdBvfjJYVOiSaE3MU3aYYWEagECggEBANfXTtvZ\nzIMW7nbdGE2hVqaRlVaVGr7FNVW4/oW2Dr1O+B06hPkRUjgyX2/f69eeCN6st2hr\nlyXWgxvFRfuJyj1f4lPXWu45OZXaihWNWou4q0Db/hh88reQSyH7MeZDlvLRkY0k\nJFSlJzZ1xgxT80Eb63WrhZQ7/Og7Y94HlZER5DoH2sR8TRLxrgZlpIEiuciGlzcg\nZxYI8aee8+GR32lojFD5AK3oJTtxMVxGZpfRA33wf+qqZAntLA2znFqNnwUb3mv5\nM0SCe4w0Ut6nRLkGx2PVE3g+3uMO6fNYRh6gGcSJKactVWM2qkdnzWgHXqnYMtUy\nET4gPyuSaMMeCyECggEBAOkL0kVh3eZWF/ZhOvt9vlZbgmLr1UZTBuvpfHZW+QJG\nNU7QrAzOIejO2zSFvKc64o/ShubUbl58c9HUsgolwDJBMTDGae6wFW4/cRWskzva\n0jEgv7thmccwO37xoJmO61Qv9YcQcS6PA6Y8oaCgIOgfe+NaqH+tTZjpn68Usw/n\n+X3CMK/SZG/rOmgULVWoPxoX4PTTzkhDaFQCoNUSwaphSuTF0E4JaO+CF9irwGgT\nysfYnrDTbRFLsOildGfQ1/Xcv9OMwMVZldbTY/HQOi5Xfw0ZaAtqerDnGxdva6t/\neDMXfEgQgWqQZ2U8mVxaj2bBdkJT7+wH8hJ+3liVzn0CggEAeN5djsgcupww1edi\nILbkq0qDcoT1ATe2clayUXZuMpzyXIvUwxVsEYRD5YZjr88T8H6QBq2ZatsBeJ+0\nXPQAiPYU7BaBGT56fOxwvzj1J6E2ZY/MbzIpSZpIOLNOckAPW9L3yy4eGjiSCPFT\nArxQUHmuFasDlssxCWuYtVFR9Hcsc0LKw5VII/+rEHIC+T3VA/I64+gFUlWX3eIp\neHwTvBeL3BxUwQ5rKypsFdxmv0WQywnO2D6q3tQuA049lIgSMO42VAitKQRY4165\nuW26ElM1fTZpPMEYV9aWNGuOeL/3LhQRe0jrtC98k5gRctwNqtcjQDhVZ5DvTxsi\nB4HfgQKCAQBXeQdw4X4f0drmsLIp6ZXC5lA3fxurbMihTh9Yb+bBUsb5kVuy5sBV\nmScwPK6F+pVFtJjMFZpjvsTeUr6NDoRomI21KBRk8hTpL8jrgL427jiNFiTBWa4V\n1OXQDTPhz4JHNEUtcB97gVS2VfW4y8HuPrsKqGGsoskIh1BXsCZR5xl/eZ86r3bh\nh2KB5GjryN3+lk3qt4GrIBoNxnrF32dv41rwKcu5LtEDbUo0Gqt6pUss3gMajhFX\nN5jsigX6Xaph73zVE/TbXnfejbPq9OSRtmfK6+lgt5PbyLMjhb/dPFhKnRsaFY/u\nBsu4dRl/T8KZqC4SUV0xs/3JsXMVvw0lAoIBAQCbmkwPj/zpPR3ejAHetjaB7yGg\nd8a20det8/cz59rgTd8okpgut4H+RbmXRPaOmI2QwGf20LNrBE5hA9Aw5plvVC8m\nwY1I7c7xY2Lg3XUE0FpLkWKUtzfhpebDlakRUmpKSbcgpmIRcJUAP5/Em8s9B9jM\nww56Pia80OwD29+0UMlDnfbWVfF3u2H0bt9M/litsIQgPovAd3oqCEUQyMIU0DtJ\ng6rD8pP88cjHgIVYVbRTfFB98zIt32ZjwjY8B7iJEV6X36LYDS8TRRw7lObvX57U\nGHhsRSquXla8MfmFgHUFzPPxz27U7sQxtLmby7OPnh4lAbJE778UDMKRsJFn\n-----END RSA PRIVATE KEY-----\n",
      "type": "string",
      "sensitive": true
    },
    "ssh_public_key": {
      "value": "ssh-rsa AAAAB3NzaC1yc2EAAAADAQABAAACAQDEfO5PmunE+WFiLNoBRDPuHJCj3LrIK60sBqffQEG2XrRck/qJe2VlJGhbu65X4J5OgQ50bLB3QlYkDyATRS0zPru1UE2GyJB/KuSxm/RY/Au4cr356uDKkmAJoYH4Ub44ErRga8SYtBbjyJfohzZeW7yeeMsGaA0eRiFnR5ncA1CPFzkmygYS7bItAhqyTdgS3bipKZLlicwzGfZ/58Lg+u8iW2JdDiZgG5ob7xVfvpmeshFwdvbrtgu6o8AhZcPWdiLwjIZ6nom6VSSa6qhhsEcgcCC+ZfPSep+Kf+XWlrAiZ+zQijNbrXjDgVEP7zECxNQaXTtwuaxAh6wRtJB0atFfmphLKdcVg5Y7BBOXjLbRbYH+6CNCLiyXDNRdfh5en7nDqbKVNAzBNyrgv/o1IDJegJdwSoX+8BfV6Sxy7BVpo0enWkMaCCL0oMP1rEzaGouCXt1Ki60fyA7lfwXNfvmLcX+/ZWFrxXzaY2eOdiwhGXgwPezBB/6EYOBfJG3orw45DJAPha2Uixxa6Uz/R6QbIA0mi8g4A86wqGKL/kZwDg4i8XX7ENEMrGRCLbsW6g2VGJc3uvrLOBImeXECL5ckQVATunhBL49sqMhJmWvNhYS+prw8R7W8IYDkif7K5DG9cGXdsNERdCIhWztkxUNiND1xZq8Z/JMXRNT9HQ==\n",
      "type": "string"
    }
  },
  "resources": [
    {
      "mode": "data",
      "type": "aws_availability_zones",
      "name": "available",
      "provider": "provider[\"registry.terraform.io/hashicorp/aws\"]",
      "instances": [
        {
          "schema_version": 0,
          "attributes": {
            "all_availability_zones": null,
            "exclude_names": null,
            "exclude_zone_ids": null,
            "filter": null,
            "group_names": [
              "eu-central-1"
            ],
            "id": "eu-central-1",
            "names": [
              "eu-central-1a",
              "eu-central-1b",
              "eu-central-1c"
            ],
            "state": null,
            "zone_ids": [
              "euc1-az2",
              "euc1-az3",
              "euc1-az1"
            ]
          },
          "sensitive_attributes": []
        }
      ]
    },
    {
      "mode": "data",
      "type": "aws_eks_cluster",
      "name": "cluster",
      "provider": "provider[\"registry.terraform.io/hashicorp/aws\"]",
      "instances": [
        {
          "schema_version": 0,
          "attributes": {
            "arn": "arn:aws:eks:eu-central-1:513910674915:cluster/demo-playsdev-eks",
            "certificate_authority": [
              {
                "data": "LS0tLS1CRUdJTiBDRVJUSUZJQ0FURS0tLS0tCk1JSUM1ekNDQWMrZ0F3SUJBZ0lCQURBTkJna3Foa2lHOXcwQkFRc0ZBREFWTVJNd0VRWURWUVFERXdwcmRXSmwKY201bGRHVnpNQjRYRFRJeE1Ea3lNakUzTkRJeU5Gb1hEVE14TURreU1ERTNOREl5TkZvd0ZURVRNQkVHQTFVRQpBeE1LYTNWaVpYSnVaWFJsY3pDQ0FTSXdEUVlKS29aSWh2Y05BUUVCQlFBRGdnRVBBRENDQVFvQ2dnRUJBS1hzCjJ0SjQzSkFTR1E1ZmlwTy9sY1ZLaE81Z0oyVDNjcC83bWZJY20xQ2Z2Q292UE5nRWhaTVhqQmRSNXhnQW16ZjcKS3R3NmFHa1dQM3UvekJaMWpTeDJIQktRNUZSQVBORTlkK0dTWHphWEl3NmV5SWhidUkxZUM3eEduL1lrb2t5agpBT3oxb2FyMUpOQ1k2dTBIS1N4cW9kd0NqcTdzMm51b1ppQjlRVi9Wb3RZSTJkL0x6Y3I3UGgrK1lEN1JJc3JuClZJbzFJTkcrQ2hTSTM3aDg1WU4wamZYZ0h5VEgxSGRUbmIwNHFSOUl5S1M1aGhZODlPYVJJenpURnc1UGRGSGwKMy84RmR5YUR3N0Fsc216VlVIbEwvdm9aMDBPQnd5WGR2TXhiYzF3ZTdIVFNEa3Z0ZGZlM2loQ3d3ZU1LaGlhRwplNDZZUDUzUFpPa2UrRStvakdFQ0F3RUFBYU5DTUVBd0RnWURWUjBQQVFIL0JBUURBZ0trTUE4R0ExVWRFd0VCCi93UUZNQU1CQWY4d0hRWURWUjBPQkJZRUZKVS84clAvUjlyYjgwNDFkZFlmN0hDWUdFc01NQTBHQ1NxR1NJYjMKRFFFQkN3VUFBNElCQVFBMVhkYU1Gb2N1b0FBcldRTndrektDUFdRQ2JBZVR6N2JiQllET09NMVNuRVExQ3NxYwpGdXVDOTZHbStnL0JhUzJ6OThaLzYwV0k5VGd5Wk9sQXZnL1NtSUZJYTJlSmYySTNKWndRYTIrUENFVHRUeTlqCjBydWx6R3JaSHVJM2M0c1VMVUUyck5pTmZVUHBybE45NHpkdHJyR1Y5TXNqOTRsQkhFWGdHSWxWWlBUV0pPQnMKbzFNTkJESTVvdUZoUFk2L1pocjVSbEg5SkthYTVONzdYK2Nrd2E5R3Y5ME85TVRHVHkzeVUrMTF2Rm9nUjVOSwppUVowMGpmNUU2QWVBcUVsVWVha2N5MlJDR20yTGh4cUJMamRjY3BPOS9EeS9jSUQzOHk3bHJudFhmMTczaXhtCm42MmMybDBrdExQSGVKTmN4dW1LWWU4WTVMTmFTMTJpOUE2RwotLS0tLUVORCBDRVJUSUZJQ0FURS0tLS0tCg=="
              }
            ],
            "created_at": "2021-09-22 17:36:46.62 +0000 UTC",
            "enabled_cluster_log_types": [],
            "endpoint": "https://2AAC4F69C946CB47AC5F182C814097F4.gr7.eu-central-1.eks.amazonaws.com",
            "id": "demo-playsdev-eks",
            "identity": [
              {
                "oidc": [
                  {
                    "issuer": "https://oidc.eks.eu-central-1.amazonaws.com/id/2AAC4F69C946CB47AC5F182C814097F4"
                  }
                ]
              }
            ],
            "kubernetes_network_config": [
              {
                "service_ipv4_cidr": "172.20.0.0/16"
              }
            ],
            "name": "demo-playsdev-eks",
            "platform_version": "eks.2",
            "role_arn": "arn:aws:iam::513910674915:role/demo-playsdev-eks20210922173614508500000002",
            "status": "ACTIVE",
            "tags": {
              "Environment": "training",
              "GithubOrg": "terraform-aws-modules",
              "GithubRepo": "terraform-aws-eks"
            },
            "version": "1.20",
            "vpc_config": [
              {
                "cluster_security_group_id": "sg-021aef81be9785c11",
                "endpoint_private_access": false,
                "endpoint_public_access": true,
                "public_access_cidrs": [
                  "0.0.0.0/0"
                ],
                "security_group_ids": [
                  "sg-0b64ca098f59e845d"
                ],
                "subnet_ids": [
                  "subnet-01f738ae8e93f3cbe",
                  "subnet-02d2bf1b7d9788d6d",
                  "subnet-0ff52f2c4440436f3"
                ],
                "vpc_id": "vpc-03209b8ac65bf8f96"
              }
            ]
          },
          "sensitive_attributes": []
        }
      ]
    },
    {
      "mode": "data",
      "type": "aws_eks_cluster_auth",
      "name": "cluster",
      "provider": "provider[\"registry.terraform.io/hashicorp/aws\"]",
      "instances": [
        {
          "schema_version": 0,
          "attributes": {
            "id": "demo-playsdev-eks",
            "name": "demo-playsdev-eks",
            "token": "k8s-aws-v1.aHR0cHM6Ly9zdHMuYW1hem9uYXdzLmNvbS8_QWN0aW9uPUdldENhbGxlcklkZW50aXR5JlZlcnNpb249MjAxMS0wNi0xNSZYLUFtei1BbGdvcml0aG09QVdTNC1ITUFDLVNIQTI1NiZYLUFtei1DcmVkZW50aWFsPUFLSUFYUEozV1NYUlpYVklKSk9ZJTJGMjAyMTA5MjIlMkZ1cy1lYXN0LTElMkZzdHMlMkZhd3M0X3JlcXVlc3QmWC1BbXotRGF0ZT0yMDIxMDkyMlQxNzQ2MzBaJlgtQW16LUV4cGlyZXM9MCZYLUFtei1TaWduZWRIZWFkZXJzPWhvc3QlM0J4LWs4cy1hd3MtaWQmWC1BbXotU2lnbmF0dXJlPTRlZTUzMTkwNDdjMGI1Y2Y2YzNmOTg4NDc5NmI3MzhmZjIzYTU0NWZkNzNkMTdjZDY4YzdjZDA2YmViZjkzN2Y"
          },
          "sensitive_attributes": []
        }
      ]
    },
    {
      "mode": "managed",
      "type": "aws_db_instance",
      "name": "playsdev-db",
      "provider": "provider[\"registry.terraform.io/hashicorp/aws\"]",
      "instances": [
        {
          "schema_version": 1,
          "attributes": {
            "address": "terraform-20210922173625083400000008.cxbzdmish8xg.eu-central-1.rds.amazonaws.com",
            "allocated_storage": 10,
            "allow_major_version_upgrade": null,
            "apply_immediately": null,
            "arn": "arn:aws:rds:eu-central-1:513910674915:db:terraform-20210922173625083400000008",
            "auto_minor_version_upgrade": true,
            "availability_zone": "eu-central-1a",
            "backup_retention_period": 0,
            "backup_window": "03:09-03:39",
            "ca_cert_identifier": "rds-ca-2019",
            "character_set_name": "",
            "copy_tags_to_snapshot": false,
            "customer_owned_ip_enabled": false,
            "db_subnet_group_name": "playsdev-db-subnet",
            "delete_automated_backups": true,
            "deletion_protection": false,
            "domain": "",
            "domain_iam_role_name": "",
            "enabled_cloudwatch_logs_exports": null,
            "endpoint": "terraform-20210922173625083400000008.cxbzdmish8xg.eu-central-1.rds.amazonaws.com:3306",
            "engine": "mysql",
            "engine_version": "5.7",
            "engine_version_actual": "5.7.33",
            "final_snapshot_identifier": null,
            "hosted_zone_id": "Z1RLNUO7B9Q6NB",
            "iam_database_authentication_enabled": false,
            "id": "terraform-20210922173625083400000008",
            "identifier": "terraform-20210922173625083400000008",
            "identifier_prefix": null,
            "instance_class": "db.t2.micro",
            "iops": 0,
            "kms_key_id": "",
            "latest_restorable_time": "0001-01-01T00:00:00Z",
            "license_model": "general-public-license",
            "maintenance_window": "thu:23:04-thu:23:34",
            "max_allocated_storage": 0,
            "monitoring_interval": 0,
            "monitoring_role_arn": "",
            "multi_az": true,
            "name": "mydb",
            "nchar_character_set_name": "",
            "option_group_name": "default:mysql-5-7",
            "parameter_group_name": "default.mysql5.7",
            "password": "password",
            "performance_insights_enabled": false,
            "performance_insights_kms_key_id": "",
            "performance_insights_retention_period": 0,
            "port": 3306,
            "publicly_accessible": false,
            "replicas": [],
            "replicate_source_db": "",
            "resource_id": "db-CWNITYNSFBYE47KOQ37YNZGA6Q",
            "restore_to_point_in_time": [],
            "s3_import": [],
            "security_group_names": null,
            "skip_final_snapshot": true,
            "snapshot_identifier": null,
            "status": "available",
            "storage_encrypted": false,
            "storage_type": "gp2",
            "tags": null,
            "tags_all": {},
            "timeouts": null,
            "timezone": "",
            "username": "root",
            "vpc_security_group_ids": [
              "sg-0f96269d71bdfb5c8"
            ]
          },
          "sensitive_attributes": [],
          "private": "eyJlMmJmYjczMC1lY2FhLTExZTYtOGY4OC0zNDM2M2JjN2M0YzAiOnsiY3JlYXRlIjoyNDAwMDAwMDAwMDAwLCJkZWxldGUiOjM2MDAwMDAwMDAwMDAsInVwZGF0ZSI6NDgwMDAwMDAwMDAwMH0sInNjaGVtYV92ZXJzaW9uIjoiMSJ9",
          "dependencies": [
            "aws_db_subnet_group.playsdev-db-subnet",
            "aws_security_group.playsdev-sg",
            "aws_subnet.playsdev-private-subnet",
            "aws_subnet.playsdev-private-subnet-2",
            "aws_vpc.playsdev_vpc"
          ]
        }
      ]
    },
    {
      "mode": "managed",
      "type": "aws_db_subnet_group",
      "name": "playsdev-db-subnet",
      "provider": "provider[\"registry.terraform.io/hashicorp/aws\"]",
      "instances": [
        {
          "schema_version": 0,
          "attributes": {
            "arn": "arn:aws:rds:eu-central-1:513910674915:subgrp:playsdev-db-subnet",
            "description": "Managed by Terraform",
            "id": "playsdev-db-subnet",
            "name": "playsdev-db-subnet",
            "name_prefix": null,
            "subnet_ids": [
              "subnet-0276ec53750845367",
              "subnet-0585674dd137ce72b"
            ],
            "tags": {
              "Name": "playsdev-db-subnet"
            },
            "tags_all": {
              "Name": "playsdev-db-subnet"
            }
          },
          "sensitive_attributes": [],
          "private": "bnVsbA==",
          "dependencies": [
            "aws_subnet.playsdev-private-subnet",
            "aws_subnet.playsdev-private-subnet-2",
            "aws_vpc.playsdev_vpc"
          ]
        }
      ]
    },
    {
      "mode": "managed",
      "type": "aws_ecr_repository",
      "name": "playsdev-ecr",
      "provider": "provider[\"registry.terraform.io/hashicorp/aws\"]",
      "instances": [
        {
          "schema_version": 0,
          "attributes": {
            "arn": "arn:aws:ecr:eu-central-1:513910674915:repository/playsdev-ecr",
            "encryption_configuration": [
              {
                "encryption_type": "AES256",
                "kms_key": ""
              }
            ],
            "id": "playsdev-ecr",
            "image_scanning_configuration": [
              {
                "scan_on_push": true
              }
            ],
            "image_tag_mutability": "MUTABLE",
            "name": "playsdev-ecr",
            "registry_id": "513910674915",
            "repository_url": "513910674915.dkr.ecr.eu-central-1.amazonaws.com/playsdev-ecr",
            "tags": null,
            "tags_all": {},
            "timeouts": null
          },
          "sensitive_attributes": [],
          "private": "eyJlMmJmYjczMC1lY2FhLTExZTYtOGY4OC0zNDM2M2JjN2M0YzAiOnsiZGVsZXRlIjoxMjAwMDAwMDAwMDAwfX0="
        }
      ]
    },
    {
      "mode": "managed",
      "type": "aws_eip",
      "name": "lb",
      "provider": "provider[\"registry.terraform.io/hashicorp/aws\"]",
      "instances": [
        {
          "schema_version": 0,
          "attributes": {
            "address": null,
            "allocation_id": null,
            "associate_with_private_ip": null,
            "association_id": "eipassoc-08dd5379d1289bc4f",
            "carrier_ip": "",
            "customer_owned_ip": "",
            "customer_owned_ipv4_pool": "",
            "domain": "vpc",
            "id": "eipalloc-c06c09ca",
            "instance": "i-0795380f2156278d9",
            "network_border_group": "eu-central-1",
            "network_interface": "eni-01fa2463c0a6c9300",
            "private_dns": "ip-33-3-1-22.eu-central-1.compute.internal",
            "private_ip": "33.3.1.22",
            "public_dns": "ec2-52-57-29-229.eu-central-1.compute.amazonaws.com",
            "public_ip": "52.57.29.229",
            "public_ipv4_pool": "amazon",
            "tags": null,
            "tags_all": {},
            "timeouts": null,
            "vpc": true
          },
          "sensitive_attributes": [],
          "private": "eyJlMmJmYjczMC1lY2FhLTExZTYtOGY4OC0zNDM2M2JjN2M0YzAiOnsiZGVsZXRlIjoxODAwMDAwMDAwMDAsInJlYWQiOjkwMDAwMDAwMDAwMCwidXBkYXRlIjozMDAwMDAwMDAwMDB9fQ==",
          "dependencies": [
            "aws_instance.web",
            "aws_key_pair.generated_key",
            "aws_security_group.playsdev-sg",
            "aws_subnet.playsdev-public-subnet",
            "aws_vpc.playsdev_vpc",
            "tls_private_key.example"
          ]
        }
      ]
    },
    {
      "mode": "managed",
      "type": "aws_instance",
      "name": "web",
      "provider": "provider[\"registry.terraform.io/hashicorp/aws\"]",
      "instances": [
        {
          "schema_version": 1,
          "attributes": {
            "ami": "ami-05f7491af5eef733a",
            "arn": "arn:aws:ec2:eu-central-1:513910674915:instance/i-0795380f2156278d9",
            "associate_public_ip_address": true,
            "availability_zone": "eu-central-1a",
            "capacity_reservation_specification": [
              {
                "capacity_reservation_preference": "open",
                "capacity_reservation_target": []
              }
            ],
            "cpu_core_count": 1,
            "cpu_threads_per_core": 1,
            "credit_specification": [
              {
                "cpu_credits": "standard"
              }
            ],
            "disable_api_termination": false,
            "ebs_block_device": [],
            "ebs_optimized": false,
            "enclave_options": [
              {
                "enabled": false
              }
            ],
            "ephemeral_block_device": [],
            "get_password_data": false,
            "hibernation": false,
            "host_id": null,
            "iam_instance_profile": "",
            "id": "i-0795380f2156278d9",
            "instance_initiated_shutdown_behavior": "stop",
            "instance_state": "running",
            "instance_type": "t2.micro",
            "ipv6_address_count": 0,
            "ipv6_addresses": [],
            "key_name": "key",
            "launch_template": [],
            "metadata_options": [
              {
                "http_endpoint": "enabled",
                "http_put_response_hop_limit": 1,
                "http_tokens": "optional"
              }
            ],
            "monitoring": false,
            "network_interface": [],
            "outpost_arn": "",
            "password_data": "",
            "placement_group": "",
            "primary_network_interface_id": "eni-01fa2463c0a6c9300",
            "private_dns": "ip-33-3-1-22.eu-central-1.compute.internal",
            "private_ip": "33.3.1.22",
            "public_dns": "",
            "public_ip": "52.59.241.4",
            "root_block_device": [
              {
                "delete_on_termination": true,
                "device_name": "/dev/sda1",
                "encrypted": false,
                "iops": 100,
                "kms_key_id": "",
                "tags": {},
                "throughput": 0,
                "volume_id": "vol-02a3e0ebdd9e15f96",
                "volume_size": 8,
                "volume_type": "gp2"
              }
            ],
            "secondary_private_ips": [],
            "security_groups": [],
            "source_dest_check": true,
            "subnet_id": "subnet-0ab6e256045f9ff6f",
            "tags": {
              "Name": "HelloWorld"
            },
            "tags_all": {
              "Name": "HelloWorld"
            },
            "tenancy": "default",
            "timeouts": null,
            "user_data": null,
            "user_data_base64": null,
            "volume_tags": null,
            "vpc_security_group_ids": [
              "sg-0f96269d71bdfb5c8"
            ]
          },
          "sensitive_attributes": [],
          "private": "eyJlMmJmYjczMC1lY2FhLTExZTYtOGY4OC0zNDM2M2JjN2M0YzAiOnsiY3JlYXRlIjo2MDAwMDAwMDAwMDAsImRlbGV0ZSI6MTIwMDAwMDAwMDAwMCwidXBkYXRlIjo2MDAwMDAwMDAwMDB9LCJzY2hlbWFfdmVyc2lvbiI6IjEifQ==",
          "dependencies": [
            "aws_key_pair.generated_key",
            "aws_security_group.playsdev-sg",
            "aws_subnet.playsdev-public-subnet",
            "aws_vpc.playsdev_vpc",
            "tls_private_key.example"
          ]
        }
      ]
    },
    {
      "mode": "managed",
      "type": "aws_internet_gateway",
      "name": "playsdev-ig",
      "provider": "provider[\"registry.terraform.io/hashicorp/aws\"]",
      "instances": [
        {
          "schema_version": 0,
          "attributes": {
            "arn": "arn:aws:ec2:eu-central-1:513910674915:internet-gateway/igw-05823bccd9fd0af04",
            "id": "igw-05823bccd9fd0af04",
            "owner_id": "513910674915",
            "tags": {
              "Name": "playsdev-ig"
            },
            "tags_all": {
              "Name": "playsdev-ig"
            },
            "vpc_id": "vpc-0892eb98f91421db7"
          },
          "sensitive_attributes": [],
          "private": "bnVsbA==",
          "dependencies": [
            "aws_vpc.playsdev_vpc"
          ]
        }
      ]
    },
    {
      "mode": "managed",
      "type": "aws_key_pair",
      "name": "generated_key",
      "provider": "provider[\"registry.terraform.io/hashicorp/aws\"]",
      "instances": [
        {
          "schema_version": 1,
          "attributes": {
            "arn": "arn:aws:ec2:eu-central-1:513910674915:key-pair/key",
            "fingerprint": "17:14:49:c4:aa:77:e4:cb:66:42:34:73:8f:60:fe:2f",
            "id": "key",
            "key_name": "key",
            "key_name_prefix": null,
            "key_pair_id": "key-0bf6308c4009f2c04",
            "public_key": "ssh-rsa AAAAB3NzaC1yc2EAAAADAQABAAACAQDEfO5PmunE+WFiLNoBRDPuHJCj3LrIK60sBqffQEG2XrRck/qJe2VlJGhbu65X4J5OgQ50bLB3QlYkDyATRS0zPru1UE2GyJB/KuSxm/RY/Au4cr356uDKkmAJoYH4Ub44ErRga8SYtBbjyJfohzZeW7yeeMsGaA0eRiFnR5ncA1CPFzkmygYS7bItAhqyTdgS3bipKZLlicwzGfZ/58Lg+u8iW2JdDiZgG5ob7xVfvpmeshFwdvbrtgu6o8AhZcPWdiLwjIZ6nom6VSSa6qhhsEcgcCC+ZfPSep+Kf+XWlrAiZ+zQijNbrXjDgVEP7zECxNQaXTtwuaxAh6wRtJB0atFfmphLKdcVg5Y7BBOXjLbRbYH+6CNCLiyXDNRdfh5en7nDqbKVNAzBNyrgv/o1IDJegJdwSoX+8BfV6Sxy7BVpo0enWkMaCCL0oMP1rEzaGouCXt1Ki60fyA7lfwXNfvmLcX+/ZWFrxXzaY2eOdiwhGXgwPezBB/6EYOBfJG3orw45DJAPha2Uixxa6Uz/R6QbIA0mi8g4A86wqGKL/kZwDg4i8XX7ENEMrGRCLbsW6g2VGJc3uvrLOBImeXECL5ckQVATunhBL49sqMhJmWvNhYS+prw8R7W8IYDkif7K5DG9cGXdsNERdCIhWztkxUNiND1xZq8Z/JMXRNT9HQ==",
            "tags": null,
            "tags_all": {}
          },
          "sensitive_attributes": [],
          "private": "eyJzY2hlbWFfdmVyc2lvbiI6IjEifQ==",
          "dependencies": [
            "tls_private_key.example"
          ]
        }
      ]
    },
    {
      "mode": "managed",
      "type": "aws_lb",
      "name": "playsdev-alb",
      "provider": "provider[\"registry.terraform.io/hashicorp/aws\"]",
      "instances": [
        {
          "schema_version": 0,
          "attributes": {
            "access_logs": [
              {
                "bucket": "",
                "enabled": false,
                "prefix": ""
              }
            ],
            "arn": "arn:aws:elasticloadbalancing:eu-central-1:513910674915:loadbalancer/app/playsdev-alb/bc6820d806cc333a",
            "arn_suffix": "app/playsdev-alb/bc6820d806cc333a",
            "customer_owned_ipv4_pool": "",
            "dns_name": "playsdev-alb-2129821189.eu-central-1.elb.amazonaws.com",
            "drop_invalid_header_fields": false,
            "enable_cross_zone_load_balancing": null,
            "enable_deletion_protection": false,
            "enable_http2": true,
            "id": "arn:aws:elasticloadbalancing:eu-central-1:513910674915:loadbalancer/app/playsdev-alb/bc6820d806cc333a",
            "idle_timeout": 60,
            "internal": false,
            "ip_address_type": "ipv4",
            "load_balancer_type": "application",
            "name": "playsdev-alb",
            "name_prefix": null,
            "security_groups": [
              "sg-0f96269d71bdfb5c8"
            ],
            "subnet_mapping": [
              {
                "allocation_id": "",
                "ipv6_address": "",
                "outpost_id": "",
                "private_ipv4_address": "",
                "subnet_id": "subnet-025ded10f31277544"
              },
              {
                "allocation_id": "",
                "ipv6_address": "",
                "outpost_id": "",
                "private_ipv4_address": "",
                "subnet_id": "subnet-0ab6e256045f9ff6f"
              }
            ],
            "subnets": [
              "subnet-025ded10f31277544",
              "subnet-0ab6e256045f9ff6f"
            ],
            "tags": {
              "Name": "playsdev-terraform-alb"
            },
            "tags_all": {
              "Name": "playsdev-terraform-alb"
            },
            "timeouts": null,
            "vpc_id": "vpc-0892eb98f91421db7",
            "zone_id": "Z215JYRZR1TBD5"
          },
          "sensitive_attributes": [],
          "private": "eyJlMmJmYjczMC1lY2FhLTExZTYtOGY4OC0zNDM2M2JjN2M0YzAiOnsiY3JlYXRlIjo2MDAwMDAwMDAwMDAsImRlbGV0ZSI6NjAwMDAwMDAwMDAwLCJ1cGRhdGUiOjYwMDAwMDAwMDAwMH19",
          "dependencies": [
            "aws_security_group.playsdev-sg",
            "aws_subnet.playsdev-public-subnet",
            "aws_subnet.playsdev-public-subnet-2",
            "aws_vpc.playsdev_vpc"
          ]
        }
      ]
    },
    {
      "mode": "managed",
      "type": "aws_nat_gateway",
      "name": "example",
      "provider": "provider[\"registry.terraform.io/hashicorp/aws\"]",
      "instances": [
        {
          "schema_version": 0,
          "attributes": {
            "allocation_id": "",
            "connectivity_type": "private",
            "id": "nat-052e14f0056ad2c9a",
            "network_interface_id": "eni-07cc73c5ba97ed429",
            "private_ip": "33.3.3.200",
            "public_ip": "",
            "subnet_id": "subnet-0585674dd137ce72b",
            "tags": null,
            "tags_all": {}
          },
          "sensitive_attributes": [],
          "private": "bnVsbA==",
          "dependencies": [
            "aws_subnet.playsdev-private-subnet",
            "aws_vpc.playsdev_vpc"
          ]
        }
      ]
    },
    {
      "mode": "managed",
      "type": "aws_route_table",
      "name": "playsdev-rt",
      "provider": "provider[\"registry.terraform.io/hashicorp/aws\"]",
      "instances": [
        {
          "schema_version": 0,
          "attributes": {
            "arn": "arn:aws:ec2:eu-central-1:513910674915:route-table/rtb-037d6edcd488222fb",
            "id": "rtb-037d6edcd488222fb",
            "owner_id": "513910674915",
            "propagating_vgws": [],
            "route": [
              {
                "carrier_gateway_id": "",
                "cidr_block": "0.0.0.0/0",
                "destination_prefix_list_id": "",
                "egress_only_gateway_id": "",
                "gateway_id": "igw-05823bccd9fd0af04",
                "instance_id": "",
                "ipv6_cidr_block": "",
                "local_gateway_id": "",
                "nat_gateway_id": "",
                "network_interface_id": "",
                "transit_gateway_id": "",
                "vpc_endpoint_id": "",
                "vpc_peering_connection_id": ""
              }
            ],
            "tags": {
              "Name": "playsdev-rt"
            },
            "tags_all": {
              "Name": "playsdev-rt"
            },
            "vpc_id": "vpc-0892eb98f91421db7"
          },
          "sensitive_attributes": [],
          "private": "bnVsbA==",
          "dependencies": [
            "aws_internet_gateway.playsdev-ig",
            "aws_vpc.playsdev_vpc"
          ]
        }
      ]
    },
    {
      "mode": "managed",
      "type": "aws_security_group",
      "name": "all_worker_mgmt",
      "provider": "provider[\"registry.terraform.io/hashicorp/aws\"]",
      "instances": [
        {
          "schema_version": 1,
          "attributes": {
            "arn": "arn:aws:ec2:eu-central-1:513910674915:security-group/sg-008335dc714932c66",
            "description": "Managed by Terraform",
            "egress": [],
            "id": "sg-008335dc714932c66",
            "ingress": [
              {
                "cidr_blocks": [
                  "10.0.0.0/8",
                  "172.16.0.0/12",
                  "192.168.0.0/16"
                ],
                "description": "",
                "from_port": 22,
                "ipv6_cidr_blocks": [],
                "prefix_list_ids": [],
                "protocol": "tcp",
                "security_groups": [],
                "self": false,
                "to_port": 22
              }
            ],
            "name": "all_worker_management20210922173631002300000009",
            "name_prefix": "all_worker_management",
            "owner_id": "513910674915",
            "revoke_rules_on_delete": false,
            "tags": null,
            "tags_all": {},
            "timeouts": null,
            "vpc_id": "vpc-03209b8ac65bf8f96"
          },
          "sensitive_attributes": [],
          "private": "eyJlMmJmYjczMC1lY2FhLTExZTYtOGY4OC0zNDM2M2JjN2M0YzAiOnsiY3JlYXRlIjo2MDAwMDAwMDAwMDAsImRlbGV0ZSI6OTAwMDAwMDAwMDAwfSwic2NoZW1hX3ZlcnNpb24iOiIxIn0=",
          "dependencies": [
            "module.vpc.aws_vpc.this"
          ]
        }
      ]
    },
    {
      "mode": "managed",
      "type": "aws_security_group",
      "name": "playsdev-sg",
      "provider": "provider[\"registry.terraform.io/hashicorp/aws\"]",
      "instances": [
        {
          "schema_version": 1,
          "attributes": {
            "arn": "arn:aws:ec2:eu-central-1:513910674915:security-group/sg-0f96269d71bdfb5c8",
            "description": "Managed by Terraform",
            "egress": [
              {
                "cidr_blocks": [
                  "0.0.0.0/0"
                ],
                "description": "",
                "from_port": 0,
                "ipv6_cidr_blocks": [
                  "::/0"
                ],
                "prefix_list_ids": [],
                "protocol": "-1",
                "security_groups": [],
                "self": false,
                "to_port": 0
              }
            ],
            "id": "sg-0f96269d71bdfb5c8",
            "ingress": [
              {
                "cidr_blocks": [
                  "0.0.0.0/0"
                ],
                "description": "",
                "from_port": 51820,
                "ipv6_cidr_blocks": [],
                "prefix_list_ids": [],
                "protocol": "udp",
                "security_groups": [],
                "self": false,
                "to_port": 51820
              },
              {
                "cidr_blocks": [
                  "0.0.0.0/0"
                ],
                "description": "HTTP from VPC",
                "from_port": 80,
                "ipv6_cidr_blocks": [],
                "prefix_list_ids": [],
                "protocol": "tcp",
                "security_groups": [],
                "self": false,
                "to_port": 80
              },
              {
                "cidr_blocks": [
                  "0.0.0.0/0"
                ],
                "description": "PING for VPC",
                "from_port": 8,
                "ipv6_cidr_blocks": [],
                "prefix_list_ids": [],
                "protocol": "icmp",
                "security_groups": [],
                "self": false,
                "to_port": -1
              },
              {
                "cidr_blocks": [
                  "0.0.0.0/0"
                ],
                "description": "RDS from VPC",
                "from_port": 3306,
                "ipv6_cidr_blocks": [],
                "prefix_list_ids": [],
                "protocol": "tcp",
                "security_groups": [],
                "self": false,
                "to_port": 3306
              },
              {
                "cidr_blocks": [
                  "0.0.0.0/0"
                ],
                "description": "SSH for VPC",
                "from_port": 22,
                "ipv6_cidr_blocks": [],
                "prefix_list_ids": [],
                "protocol": "tcp",
                "security_groups": [],
                "self": false,
                "to_port": 22
              },
              {
                "cidr_blocks": [
                  "33.3.0.0/16"
                ],
                "description": "",
                "from_port": 53,
                "ipv6_cidr_blocks": [],
                "prefix_list_ids": [],
                "protocol": "udp",
                "security_groups": [],
                "self": false,
                "to_port": 53
              }
            ],
            "name": "terraform-20210922173620400600000007",
            "name_prefix": "terraform-",
            "owner_id": "513910674915",
            "revoke_rules_on_delete": false,
            "tags": {
              "Name": "playsdev-sg"
            },
            "tags_all": {
              "Name": "playsdev-sg"
            },
            "timeouts": null,
            "vpc_id": "vpc-0892eb98f91421db7"
          },
          "sensitive_attributes": [],
          "private": "eyJlMmJmYjczMC1lY2FhLTExZTYtOGY4OC0zNDM2M2JjN2M0YzAiOnsiY3JlYXRlIjo2MDAwMDAwMDAwMDAsImRlbGV0ZSI6OTAwMDAwMDAwMDAwfSwic2NoZW1hX3ZlcnNpb24iOiIxIn0=",
          "dependencies": [
            "aws_vpc.playsdev_vpc"
          ]
        }
      ]
    },
    {
      "mode": "managed",
      "type": "aws_security_group",
      "name": "worker_group_mgmt_one",
      "provider": "provider[\"registry.terraform.io/hashicorp/aws\"]",
      "instances": [
        {
          "schema_version": 1,
          "attributes": {
            "arn": "arn:aws:ec2:eu-central-1:513910674915:security-group/sg-08a3fa96766ccd06a",
            "description": "Managed by Terraform",
            "egress": [],
            "id": "sg-08a3fa96766ccd06a",
            "ingress": [
              {
                "cidr_blocks": [
                  "10.0.0.0/8"
                ],
                "description": "",
                "from_port": 22,
                "ipv6_cidr_blocks": [],
                "prefix_list_ids": [],
                "protocol": "tcp",
                "security_groups": [],
                "self": false,
                "to_port": 22
              }
            ],
            "name": "worker_group_mgmt_one2021092217363106170000000b",
            "name_prefix": "worker_group_mgmt_one",
            "owner_id": "513910674915",
            "revoke_rules_on_delete": false,
            "tags": null,
            "tags_all": {},
            "timeouts": null,
            "vpc_id": "vpc-03209b8ac65bf8f96"
          },
          "sensitive_attributes": [],
          "private": "eyJlMmJmYjczMC1lY2FhLTExZTYtOGY4OC0zNDM2M2JjN2M0YzAiOnsiY3JlYXRlIjo2MDAwMDAwMDAwMDAsImRlbGV0ZSI6OTAwMDAwMDAwMDAwfSwic2NoZW1hX3ZlcnNpb24iOiIxIn0=",
          "dependencies": [
            "module.vpc.aws_vpc.this"
          ],
          "create_before_destroy": true
        }
      ]
    },
    {
      "mode": "managed",
      "type": "aws_security_group",
      "name": "worker_group_mgmt_two",
      "provider": "provider[\"registry.terraform.io/hashicorp/aws\"]",
      "instances": [
        {
          "schema_version": 1,
          "attributes": {
            "arn": "arn:aws:ec2:eu-central-1:513910674915:security-group/sg-0bd3755c0f5f2380d",
            "description": "Managed by Terraform",
            "egress": [],
            "id": "sg-0bd3755c0f5f2380d",
            "ingress": [
              {
                "cidr_blocks": [
                  "192.168.0.0/16"
                ],
                "description": "",
                "from_port": 22,
                "ipv6_cidr_blocks": [],
                "prefix_list_ids": [],
                "protocol": "tcp",
                "security_groups": [],
                "self": false,
                "to_port": 22
              }
            ],
            "name": "worker_group_mgmt_two2021092217363106440000000c",
            "name_prefix": "worker_group_mgmt_two",
            "owner_id": "513910674915",
            "revoke_rules_on_delete": false,
            "tags": null,
            "tags_all": {},
            "timeouts": null,
            "vpc_id": "vpc-03209b8ac65bf8f96"
          },
          "sensitive_attributes": [],
          "private": "eyJlMmJmYjczMC1lY2FhLTExZTYtOGY4OC0zNDM2M2JjN2M0YzAiOnsiY3JlYXRlIjo2MDAwMDAwMDAwMDAsImRlbGV0ZSI6OTAwMDAwMDAwMDAwfSwic2NoZW1hX3ZlcnNpb24iOiIxIn0=",
          "dependencies": [
            "module.vpc.aws_vpc.this"
          ],
          "create_before_destroy": true
        }
      ]
    },
    {
      "mode": "managed",
      "type": "aws_subnet",
      "name": "playsdev-private-subnet",
      "provider": "provider[\"registry.terraform.io/hashicorp/aws\"]",
      "instances": [
        {
          "schema_version": 1,
          "attributes": {
            "arn": "arn:aws:ec2:eu-central-1:513910674915:subnet/subnet-0585674dd137ce72b",
            "assign_ipv6_address_on_creation": false,
            "availability_zone": "eu-central-1a",
            "availability_zone_id": "euc1-az2",
            "cidr_block": "33.3.3.0/24",
            "customer_owned_ipv4_pool": "",
            "id": "subnet-0585674dd137ce72b",
            "ipv6_cidr_block": "",
            "ipv6_cidr_block_association_id": "",
            "map_customer_owned_ip_on_launch": false,
            "map_public_ip_on_launch": false,
            "outpost_arn": "",
            "owner_id": "513910674915",
            "tags": {
              "Name": "playsdev-subnet-private"
            },
            "tags_all": {
              "Name": "playsdev-subnet-private"
            },
            "timeouts": null,
            "vpc_id": "vpc-0892eb98f91421db7"
          },
          "sensitive_attributes": [],
          "private": "eyJlMmJmYjczMC1lY2FhLTExZTYtOGY4OC0zNDM2M2JjN2M0YzAiOnsiY3JlYXRlIjo2MDAwMDAwMDAwMDAsImRlbGV0ZSI6MTIwMDAwMDAwMDAwMH0sInNjaGVtYV92ZXJzaW9uIjoiMSJ9",
          "dependencies": [
            "aws_vpc.playsdev_vpc"
          ]
        }
      ]
    },
    {
      "mode": "managed",
      "type": "aws_subnet",
      "name": "playsdev-private-subnet-2",
      "provider": "provider[\"registry.terraform.io/hashicorp/aws\"]",
      "instances": [
        {
          "schema_version": 1,
          "attributes": {
            "arn": "arn:aws:ec2:eu-central-1:513910674915:subnet/subnet-0276ec53750845367",
            "assign_ipv6_address_on_creation": false,
            "availability_zone": "eu-central-1b",
            "availability_zone_id": "euc1-az3",
            "cidr_block": "33.3.4.0/24",
            "customer_owned_ipv4_pool": "",
            "id": "subnet-0276ec53750845367",
            "ipv6_cidr_block": "",
            "ipv6_cidr_block_association_id": "",
            "map_customer_owned_ip_on_launch": false,
            "map_public_ip_on_launch": false,
            "outpost_arn": "",
            "owner_id": "513910674915",
            "tags": {
              "Name": "playsdev-subnet-private-2"
            },
            "tags_all": {
              "Name": "playsdev-subnet-private-2"
            },
            "timeouts": null,
            "vpc_id": "vpc-0892eb98f91421db7"
          },
          "sensitive_attributes": [],
          "private": "eyJlMmJmYjczMC1lY2FhLTExZTYtOGY4OC0zNDM2M2JjN2M0YzAiOnsiY3JlYXRlIjo2MDAwMDAwMDAwMDAsImRlbGV0ZSI6MTIwMDAwMDAwMDAwMH0sInNjaGVtYV92ZXJzaW9uIjoiMSJ9",
          "dependencies": [
            "aws_vpc.playsdev_vpc"
          ]
        }
      ]
    },
    {
      "mode": "managed",
      "type": "aws_subnet",
      "name": "playsdev-public-subnet",
      "provider": "provider[\"registry.terraform.io/hashicorp/aws\"]",
      "instances": [
        {
          "schema_version": 1,
          "attributes": {
            "arn": "arn:aws:ec2:eu-central-1:513910674915:subnet/subnet-0ab6e256045f9ff6f",
            "assign_ipv6_address_on_creation": false,
            "availability_zone": "eu-central-1a",
            "availability_zone_id": "euc1-az2",
            "cidr_block": "33.3.1.0/24",
            "customer_owned_ipv4_pool": "",
            "id": "subnet-0ab6e256045f9ff6f",
            "ipv6_cidr_block": "",
            "ipv6_cidr_block_association_id": "",
            "map_customer_owned_ip_on_launch": false,
            "map_public_ip_on_launch": true,
            "outpost_arn": "",
            "owner_id": "513910674915",
            "tags": {
              "Name": "playsdev-subnet"
            },
            "tags_all": {
              "Name": "playsdev-subnet"
            },
            "timeouts": null,
            "vpc_id": "vpc-0892eb98f91421db7"
          },
          "sensitive_attributes": [],
          "private": "eyJlMmJmYjczMC1lY2FhLTExZTYtOGY4OC0zNDM2M2JjN2M0YzAiOnsiY3JlYXRlIjo2MDAwMDAwMDAwMDAsImRlbGV0ZSI6MTIwMDAwMDAwMDAwMH0sInNjaGVtYV92ZXJzaW9uIjoiMSJ9",
          "dependencies": [
            "aws_vpc.playsdev_vpc"
          ]
        }
      ]
    },
    {
      "mode": "managed",
      "type": "aws_subnet",
      "name": "playsdev-public-subnet-2",
      "provider": "provider[\"registry.terraform.io/hashicorp/aws\"]",
      "instances": [
        {
          "schema_version": 1,
          "attributes": {
            "arn": "arn:aws:ec2:eu-central-1:513910674915:subnet/subnet-025ded10f31277544",
            "assign_ipv6_address_on_creation": false,
            "availability_zone": "eu-central-1b",
            "availability_zone_id": "euc1-az3",
            "cidr_block": "33.3.2.0/24",
            "customer_owned_ipv4_pool": "",
            "id": "subnet-025ded10f31277544",
            "ipv6_cidr_block": "",
            "ipv6_cidr_block_association_id": "",
            "map_customer_owned_ip_on_launch": false,
            "map_public_ip_on_launch": true,
            "outpost_arn": "",
            "owner_id": "513910674915",
            "tags": {
              "Name": "playsdev-subnet-public-2"
            },
            "tags_all": {
              "Name": "playsdev-subnet-public-2"
            },
            "timeouts": null,
            "vpc_id": "vpc-0892eb98f91421db7"
          },
          "sensitive_attributes": [],
          "private": "eyJlMmJmYjczMC1lY2FhLTExZTYtOGY4OC0zNDM2M2JjN2M0YzAiOnsiY3JlYXRlIjo2MDAwMDAwMDAwMDAsImRlbGV0ZSI6MTIwMDAwMDAwMDAwMH0sInNjaGVtYV92ZXJzaW9uIjoiMSJ9",
          "dependencies": [
            "aws_vpc.playsdev_vpc"
          ]
        }
      ]
    },
    {
      "mode": "managed",
      "type": "aws_vpc",
      "name": "playsdev_vpc",
      "provider": "provider[\"registry.terraform.io/hashicorp/aws\"]",
      "instances": [
        {
          "schema_version": 1,
          "attributes": {
            "arn": "arn:aws:ec2:eu-central-1:513910674915:vpc/vpc-0892eb98f91421db7",
            "assign_generated_ipv6_cidr_block": false,
            "cidr_block": "33.3.0.0/16",
            "default_network_acl_id": "acl-0417f960c46dc49fc",
            "default_route_table_id": "rtb-055d6cb859d116d6c",
            "default_security_group_id": "sg-03dad1a8d2d369411",
            "dhcp_options_id": "dopt-acf569c6",
            "enable_classiclink": null,
            "enable_classiclink_dns_support": null,
            "enable_dns_hostnames": false,
            "enable_dns_support": true,
            "id": "vpc-0892eb98f91421db7",
            "instance_tenancy": "default",
            "ipv6_association_id": "",
            "ipv6_cidr_block": "",
            "main_route_table_id": "rtb-055d6cb859d116d6c",
            "owner_id": "513910674915",
            "tags": {
              "Name": "playsdev-vpc"
            },
            "tags_all": {
              "Name": "playsdev-vpc"
            }
          },
          "sensitive_attributes": [],
          "private": "eyJzY2hlbWFfdmVyc2lvbiI6IjEifQ=="
        }
      ]
    },
    {
      "mode": "managed",
      "type": "random_string",
      "name": "suffix",
      "provider": "provider[\"registry.terraform.io/hashicorp/random\"]",
      "instances": [
        {
          "schema_version": 1,
          "attributes": {
            "id": "Bwk4Ynf8",
            "keepers": null,
            "length": 8,
            "lower": true,
            "min_lower": 0,
            "min_numeric": 0,
            "min_special": 0,
            "min_upper": 0,
            "number": true,
            "override_special": null,
            "result": "Bwk4Ynf8",
            "special": false,
            "upper": true
          },
          "sensitive_attributes": [],
          "private": "eyJzY2hlbWFfdmVyc2lvbiI6IjEifQ=="
        }
      ]
    },
    {
      "mode": "managed",
      "type": "tls_private_key",
      "name": "example",
      "provider": "provider[\"registry.terraform.io/hashicorp/tls\"]",
      "instances": [
        {
          "schema_version": 0,
          "attributes": {
            "algorithm": "RSA",
            "ecdsa_curve": "P224",
            "id": "1532d79e4fcb7809993b6011882c6dc375fc9d94",
            "private_key_pem": "-----BEGIN RSA PRIVATE KEY-----\nMIIJKQIBAAKCAgEAxHzuT5rpxPlhYizaAUQz7hyQo9y6yCutLAan30BBtl60XJP6\niXtlZSRoW7uuV+CeToEOdGywd0JWJA8gE0UtMz67tVBNhsiQfyrksZv0WPwLuHK9\n+ergypJgCaGB+FG+OBK0YGvEmLQW48iX6Ic2Xlu8nnjLBmgNHkYhZ0eZ3ANQjxc5\nJsoGEu2yLQIask3YEt24qSmS5YnMMxn2f+fC4PrvIltiXQ4mYBuaG+8VX76ZnrIR\ncHb267YLuqPAIWXD1nYi8IyGep6JulUkmuqoYbBHIHAgvmXz0nqfin/l1pawImfs\n0IozW614w4FRD+8xAsTUGl07cLmsQIesEbSQdGrRX5qYSynXFYOWOwQTl4y20W2B\n/ugjQi4slwzUXX4eXp+5w6mylTQMwTcq4L/6NSAyXoCXcEqF/vAX1ekscuwVaaNH\np1pDGggi9KDD9axM2hqLgl7dSoutH8gO5X8FzX75i3F/v2Vha8V82mNnjnYsIRl4\nMD3swQf+hGDgXyRt6K8OOQyQD4WtlIscWulM/0ekGyANJovIOAPOsKhii/5GcA4O\nIvF1+xDRDKxkQi27FuoNlRiXN7r6yzgSJnlxAi+XJEFQE7p4QS+PbKjISZlrzYWE\nvqa8PEe1vCGA5In+yuQxvXBl3bDREXQiIVs7ZMVDYjQ9cWavGfyTF0TU/R0CAwEA\nAQKCAgEAoyJGiflIVa3nWKd8aMjDhNJalHHS8haxNHhiME0dQdjnTmXeAP9ec9cC\nfgcY/QUU6oDkC22iJaIB+vZD3zv0BzPyjNsbQuiKb8qhDYU6HhdFc+JwMGr+L7HP\n4q8hRZY4pD2DXPqcw1viFUSaOwjn7vejZr9LcQo6ugPn/+PGrpBh9iuF29qnqFeJ\nMy0oFRnkZ+WGR4yo1cLOsy6/Jfq6JiixGolc5X22Bt1j2gVqbY/F46hcKk/bOmBu\n5IrIHfJr4kc7QxSpIm02VGoUdjqVimXc5+WwieQDx6DfjRIbNUru+eHnEE1tzpP8\nS/W149DnlDDvGOSHUVQW24zJI/oSY+EKWPxSF3UpmVUnrtHd5/iRt4jnyABhSo3V\nLPART/Nd3GfYbQ9vX2p8i0KYU9hfVtweqH/O4GumOuQ2tF8Hec66mDXlPpJsVs4G\n1XbtHxibfX7E6hGs5wW7+nwvIi6X27+gP59lpGSQxe+BBjTNM6FlzBMnlPxk26ei\nNf+cMkT5t5EMHf7nZrJXpk4v9DZVlhGR2HVpr/Pff7yyFx1iXQRKZmxRju6VAATp\nVjx5lG8+FhmsbeP3jujdDn+qt4jD8KfDZededWkgg98AXc43ZdLmwFwrVZptN6Od\nbNmE8cmz/4MKA8XMAcvGpYJvtNdBvfjJYVOiSaE3MU3aYYWEagECggEBANfXTtvZ\nzIMW7nbdGE2hVqaRlVaVGr7FNVW4/oW2Dr1O+B06hPkRUjgyX2/f69eeCN6st2hr\nlyXWgxvFRfuJyj1f4lPXWu45OZXaihWNWou4q0Db/hh88reQSyH7MeZDlvLRkY0k\nJFSlJzZ1xgxT80Eb63WrhZQ7/Og7Y94HlZER5DoH2sR8TRLxrgZlpIEiuciGlzcg\nZxYI8aee8+GR32lojFD5AK3oJTtxMVxGZpfRA33wf+qqZAntLA2znFqNnwUb3mv5\nM0SCe4w0Ut6nRLkGx2PVE3g+3uMO6fNYRh6gGcSJKactVWM2qkdnzWgHXqnYMtUy\nET4gPyuSaMMeCyECggEBAOkL0kVh3eZWF/ZhOvt9vlZbgmLr1UZTBuvpfHZW+QJG\nNU7QrAzOIejO2zSFvKc64o/ShubUbl58c9HUsgolwDJBMTDGae6wFW4/cRWskzva\n0jEgv7thmccwO37xoJmO61Qv9YcQcS6PA6Y8oaCgIOgfe+NaqH+tTZjpn68Usw/n\n+X3CMK/SZG/rOmgULVWoPxoX4PTTzkhDaFQCoNUSwaphSuTF0E4JaO+CF9irwGgT\nysfYnrDTbRFLsOildGfQ1/Xcv9OMwMVZldbTY/HQOi5Xfw0ZaAtqerDnGxdva6t/\neDMXfEgQgWqQZ2U8mVxaj2bBdkJT7+wH8hJ+3liVzn0CggEAeN5djsgcupww1edi\nILbkq0qDcoT1ATe2clayUXZuMpzyXIvUwxVsEYRD5YZjr88T8H6QBq2ZatsBeJ+0\nXPQAiPYU7BaBGT56fOxwvzj1J6E2ZY/MbzIpSZpIOLNOckAPW9L3yy4eGjiSCPFT\nArxQUHmuFasDlssxCWuYtVFR9Hcsc0LKw5VII/+rEHIC+T3VA/I64+gFUlWX3eIp\neHwTvBeL3BxUwQ5rKypsFdxmv0WQywnO2D6q3tQuA049lIgSMO42VAitKQRY4165\nuW26ElM1fTZpPMEYV9aWNGuOeL/3LhQRe0jrtC98k5gRctwNqtcjQDhVZ5DvTxsi\nB4HfgQKCAQBXeQdw4X4f0drmsLIp6ZXC5lA3fxurbMihTh9Yb+bBUsb5kVuy5sBV\nmScwPK6F+pVFtJjMFZpjvsTeUr6NDoRomI21KBRk8hTpL8jrgL427jiNFiTBWa4V\n1OXQDTPhz4JHNEUtcB97gVS2VfW4y8HuPrsKqGGsoskIh1BXsCZR5xl/eZ86r3bh\nh2KB5GjryN3+lk3qt4GrIBoNxnrF32dv41rwKcu5LtEDbUo0Gqt6pUss3gMajhFX\nN5jsigX6Xaph73zVE/TbXnfejbPq9OSRtmfK6+lgt5PbyLMjhb/dPFhKnRsaFY/u\nBsu4dRl/T8KZqC4SUV0xs/3JsXMVvw0lAoIBAQCbmkwPj/zpPR3ejAHetjaB7yGg\nd8a20det8/cz59rgTd8okpgut4H+RbmXRPaOmI2QwGf20LNrBE5hA9Aw5plvVC8m\nwY1I7c7xY2Lg3XUE0FpLkWKUtzfhpebDlakRUmpKSbcgpmIRcJUAP5/Em8s9B9jM\nww56Pia80OwD29+0UMlDnfbWVfF3u2H0bt9M/litsIQgPovAd3oqCEUQyMIU0DtJ\ng6rD8pP88cjHgIVYVbRTfFB98zIt32ZjwjY8B7iJEV6X36LYDS8TRRw7lObvX57U\nGHhsRSquXla8MfmFgHUFzPPxz27U7sQxtLmby7OPnh4lAbJE778UDMKRsJFn\n-----END RSA PRIVATE KEY-----\n",
            "public_key_fingerprint_md5": "74:b7:6e:04:9a:55:13:6c:1a:c8:7b:c6:6c:10:b3:51",
            "public_key_openssh": "ssh-rsa AAAAB3NzaC1yc2EAAAADAQABAAACAQDEfO5PmunE+WFiLNoBRDPuHJCj3LrIK60sBqffQEG2XrRck/qJe2VlJGhbu65X4J5OgQ50bLB3QlYkDyATRS0zPru1UE2GyJB/KuSxm/RY/Au4cr356uDKkmAJoYH4Ub44ErRga8SYtBbjyJfohzZeW7yeeMsGaA0eRiFnR5ncA1CPFzkmygYS7bItAhqyTdgS3bipKZLlicwzGfZ/58Lg+u8iW2JdDiZgG5ob7xVfvpmeshFwdvbrtgu6o8AhZcPWdiLwjIZ6nom6VSSa6qhhsEcgcCC+ZfPSep+Kf+XWlrAiZ+zQijNbrXjDgVEP7zECxNQaXTtwuaxAh6wRtJB0atFfmphLKdcVg5Y7BBOXjLbRbYH+6CNCLiyXDNRdfh5en7nDqbKVNAzBNyrgv/o1IDJegJdwSoX+8BfV6Sxy7BVpo0enWkMaCCL0oMP1rEzaGouCXt1Ki60fyA7lfwXNfvmLcX+/ZWFrxXzaY2eOdiwhGXgwPezBB/6EYOBfJG3orw45DJAPha2Uixxa6Uz/R6QbIA0mi8g4A86wqGKL/kZwDg4i8XX7ENEMrGRCLbsW6g2VGJc3uvrLOBImeXECL5ckQVATunhBL49sqMhJmWvNhYS+prw8R7W8IYDkif7K5DG9cGXdsNERdCIhWztkxUNiND1xZq8Z/JMXRNT9HQ==\n",
            "public_key_pem": "-----BEGIN PUBLIC KEY-----\nMIICIjANBgkqhkiG9w0BAQEFAAOCAg8AMIICCgKCAgEAxHzuT5rpxPlhYizaAUQz\n7hyQo9y6yCutLAan30BBtl60XJP6iXtlZSRoW7uuV+CeToEOdGywd0JWJA8gE0Ut\nMz67tVBNhsiQfyrksZv0WPwLuHK9+ergypJgCaGB+FG+OBK0YGvEmLQW48iX6Ic2\nXlu8nnjLBmgNHkYhZ0eZ3ANQjxc5JsoGEu2yLQIask3YEt24qSmS5YnMMxn2f+fC\n4PrvIltiXQ4mYBuaG+8VX76ZnrIRcHb267YLuqPAIWXD1nYi8IyGep6JulUkmuqo\nYbBHIHAgvmXz0nqfin/l1pawImfs0IozW614w4FRD+8xAsTUGl07cLmsQIesEbSQ\ndGrRX5qYSynXFYOWOwQTl4y20W2B/ugjQi4slwzUXX4eXp+5w6mylTQMwTcq4L/6\nNSAyXoCXcEqF/vAX1ekscuwVaaNHp1pDGggi9KDD9axM2hqLgl7dSoutH8gO5X8F\nzX75i3F/v2Vha8V82mNnjnYsIRl4MD3swQf+hGDgXyRt6K8OOQyQD4WtlIscWulM\n/0ekGyANJovIOAPOsKhii/5GcA4OIvF1+xDRDKxkQi27FuoNlRiXN7r6yzgSJnlx\nAi+XJEFQE7p4QS+PbKjISZlrzYWEvqa8PEe1vCGA5In+yuQxvXBl3bDREXQiIVs7\nZMVDYjQ9cWavGfyTF0TU/R0CAwEAAQ==\n-----END PUBLIC KEY-----\n",
            "rsa_bits": 4096
          },
          "sensitive_attributes": [],
          "private": "bnVsbA=="
        }
      ]
    },
    {
      "module": "module.eks",
      "mode": "data",
      "type": "aws_ami",
      "name": "eks_worker",
      "provider": "provider[\"registry.terraform.io/hashicorp/aws\"]",
      "instances": [
        {
          "index_key": 0,
          "schema_version": 0,
          "attributes": {
            "architecture": "x86_64",
            "arn": "arn:aws:ec2:eu-central-1::image/ami-0acca3abab3b7928a",
            "block_device_mappings": [
              {
                "device_name": "/dev/xvda",
                "ebs": {
                  "delete_on_termination": "true",
                  "encrypted": "false",
                  "iops": "0",
                  "snapshot_id": "snap-06b099fae24486fa7",
                  "throughput": "0",
                  "volume_size": "20",
                  "volume_type": "gp2"
                },
                "no_device": "",
                "virtual_name": ""
              }
            ],
            "creation_date": "2021-09-14T22:00:24.000Z",
            "description": "EKS Kubernetes Worker AMI with AmazonLinux2 image, (k8s: 1.20.7, docker: 19.03.13ce-1.amzn2, containerd: 1.4.6-2.amzn2)",
            "ena_support": true,
            "executable_users": null,
            "filter": [
              {
                "name": "name",
                "values": [
                  "amazon-eks-node-1.20-v*"
                ]
              }
            ],
            "hypervisor": "xen",
            "id": "ami-0acca3abab3b7928a",
            "image_id": "ami-0acca3abab3b7928a",
            "image_location": "amazon/amazon-eks-node-1.20-v20210914",
            "image_owner_alias": "amazon",
            "image_type": "machine",
            "kernel_id": null,
            "most_recent": true,
            "name": "amazon-eks-node-1.20-v20210914",
            "name_regex": null,
            "owner_id": "602401143452",
            "owners": [
              "amazon"
            ],
            "platform": null,
            "platform_details": "Linux/UNIX",
            "product_codes": [],
            "public": true,
            "ramdisk_id": null,
            "root_device_name": "/dev/xvda",
            "root_device_type": "ebs",
            "root_snapshot_id": "snap-06b099fae24486fa7",
            "sriov_net_support": "simple",
            "state": "available",
            "state_reason": {
              "code": "UNSET",
              "message": "UNSET"
            },
            "tags": {},
            "usage_operation": "RunInstances",
            "virtualization_type": "hvm"
          },
          "sensitive_attributes": []
        }
      ]
    },
    {
      "module": "module.eks",
      "mode": "data",
      "type": "aws_caller_identity",
      "name": "current",
      "provider": "provider[\"registry.terraform.io/hashicorp/aws\"]",
      "instances": [
        {
          "schema_version": 0,
          "attributes": {
            "account_id": "513910674915",
            "arn": "arn:aws:iam::513910674915:user/playsdev",
            "id": "513910674915",
            "user_id": "AIDAXPJ3WSXRYJ3B5HJW5"
          },
          "sensitive_attributes": []
        }
      ]
    },
    {
      "module": "module.eks",
      "mode": "data",
      "type": "aws_iam_policy_document",
      "name": "cluster_assume_role_policy",
      "provider": "provider[\"registry.terraform.io/hashicorp/aws\"]",
      "instances": [
        {
          "schema_version": 0,
          "attributes": {
            "id": "2764486067",
            "json": "{\n  \"Version\": \"2012-10-17\",\n  \"Statement\": [\n    {\n      \"Sid\": \"EKSClusterAssumeRole\",\n      \"Effect\": \"Allow\",\n      \"Action\": \"sts:AssumeRole\",\n      \"Principal\": {\n        \"Service\": \"eks.amazonaws.com\"\n      }\n    }\n  ]\n}",
            "override_json": null,
            "override_policy_documents": null,
            "policy_id": null,
            "source_json": null,
            "source_policy_documents": null,
            "statement": [
              {
                "actions": [
                  "sts:AssumeRole"
                ],
                "condition": [],
                "effect": "Allow",
                "not_actions": [],
                "not_principals": [],
                "not_resources": [],
                "principals": [
                  {
                    "identifiers": [
                      "eks.amazonaws.com"
                    ],
                    "type": "Service"
                  }
                ],
                "resources": [],
                "sid": "EKSClusterAssumeRole"
              }
            ],
            "version": "2012-10-17"
          },
          "sensitive_attributes": []
        }
      ]
    },
    {
      "module": "module.eks",
      "mode": "data",
      "type": "aws_iam_policy_document",
      "name": "cluster_elb_sl_role_creation",
      "provider": "provider[\"registry.terraform.io/hashicorp/aws\"]",
      "instances": [
        {
          "index_key": 0,
          "schema_version": 0,
          "attributes": {
            "id": "3709839417",
            "json": "{\n  \"Version\": \"2012-10-17\",\n  \"Statement\": [\n    {\n      \"Sid\": \"\",\n      \"Effect\": \"Allow\",\n      \"Action\": [\n        \"ec2:DescribeInternetGateways\",\n        \"ec2:DescribeAddresses\",\n        \"ec2:DescribeAccountAttributes\"\n      ],\n      \"Resource\": \"*\"\n    }\n  ]\n}",
            "override_json": null,
            "override_policy_documents": null,
            "policy_id": null,
            "source_json": null,
            "source_policy_documents": null,
            "statement": [
              {
                "actions": [
                  "ec2:DescribeAccountAttributes",
                  "ec2:DescribeAddresses",
                  "ec2:DescribeInternetGateways"
                ],
                "condition": [],
                "effect": "Allow",
                "not_actions": [],
                "not_principals": [],
                "not_resources": [],
                "principals": [],
                "resources": [
                  "*"
                ],
                "sid": ""
              }
            ],
            "version": "2012-10-17"
          },
          "sensitive_attributes": []
        }
      ]
    },
    {
      "module": "module.eks",
      "mode": "data",
      "type": "aws_iam_policy_document",
      "name": "workers_assume_role_policy",
      "provider": "provider[\"registry.terraform.io/hashicorp/aws\"]",
      "instances": [
        {
          "schema_version": 0,
          "attributes": {
            "id": "3778018924",
            "json": "{\n  \"Version\": \"2012-10-17\",\n  \"Statement\": [\n    {\n      \"Sid\": \"EKSWorkerAssumeRole\",\n      \"Effect\": \"Allow\",\n      \"Action\": \"sts:AssumeRole\",\n      \"Principal\": {\n        \"Service\": \"ec2.amazonaws.com\"\n      }\n    }\n  ]\n}",
            "override_json": null,
            "override_policy_documents": null,
            "policy_id": null,
            "source_json": null,
            "source_policy_documents": null,
            "statement": [
              {
                "actions": [
                  "sts:AssumeRole"
                ],
                "condition": [],
                "effect": "Allow",
                "not_actions": [],
                "not_principals": [],
                "not_resources": [],
                "principals": [
                  {
                    "identifiers": [
                      "ec2.amazonaws.com"
                    ],
                    "type": "Service"
                  }
                ],
                "resources": [],
                "sid": "EKSWorkerAssumeRole"
              }
            ],
            "version": "2012-10-17"
          },
          "sensitive_attributes": []
        }
      ]
    },
    {
      "module": "module.eks",
      "mode": "data",
      "type": "aws_partition",
      "name": "current",
      "provider": "provider[\"registry.terraform.io/hashicorp/aws\"]",
      "instances": [
        {
          "schema_version": 0,
          "attributes": {
            "dns_suffix": "amazonaws.com",
            "id": "aws",
            "partition": "aws",
            "reverse_dns_prefix": "com.amazonaws"
          },
          "sensitive_attributes": []
        }
      ]
    },
    {
      "module": "module.eks",
      "mode": "data",
      "type": "http",
      "name": "wait_for_cluster",
      "provider": "provider[\"registry.terraform.io/terraform-aws-modules/http\"]",
      "instances": [
        {
          "index_key": 0,
          "schema_version": 0,
          "attributes": {
            "body": "ok",
            "ca_certificate": "-----BEGIN CERTIFICATE-----\nMIIC5zCCAc+gAwIBAgIBADANBgkqhkiG9w0BAQsFADAVMRMwEQYDVQQDEwprdWJl\ncm5ldGVzMB4XDTIxMDkyMjE3NDIyNFoXDTMxMDkyMDE3NDIyNFowFTETMBEGA1UE\nAxMKa3ViZXJuZXRlczCCASIwDQYJKoZIhvcNAQEBBQADggEPADCCAQoCggEBAKXs\n2tJ43JASGQ5fipO/lcVKhO5gJ2T3cp/7mfIcm1CfvCovPNgEhZMXjBdR5xgAmzf7\nKtw6aGkWP3u/zBZ1jSx2HBKQ5FRAPNE9d+GSXzaXIw6eyIhbuI1eC7xGn/Ykokyj\nAOz1oar1JNCY6u0HKSxqodwCjq7s2nuoZiB9QV/VotYI2d/Lzcr7Ph++YD7RIsrn\nVIo1ING+ChSI37h85YN0jfXgHyTH1HdTnb04qR9IyKS5hhY89OaRIzzTFw5PdFHl\n3/8FdyaDw7AlsmzVUHlL/voZ00OBwyXdvMxbc1we7HTSDkvtdfe3ihCwweMKhiaG\ne46YP53PZOke+E+ojGECAwEAAaNCMEAwDgYDVR0PAQH/BAQDAgKkMA8GA1UdEwEB\n/wQFMAMBAf8wHQYDVR0OBBYEFJU/8rP/R9rb8041ddYf7HCYGEsMMA0GCSqGSIb3\nDQEBCwUAA4IBAQA1XdaMFocuoAArWQNwkzKCPWQCbAeTz7bbBYDOOM1SnEQ1Csqc\nFuuC96Gm+g/BaS2z98Z/60WI9TgyZOlAvg/SmIFIa2eJf2I3JZwQa2+PCETtTy9j\n0rulzGrZHuI3c4sULUE2rNiNfUPprlN94zdtrrGV9Msj94lBHEXgGIlVZPTWJOBs\no1MNBDI5ouFhPY6/Zhr5RlH9JKaa5N77X+ckwa9Gv90O9MTGTy3yU+11vFogR5NK\niQZ00jf5E6AeAqElUeakcy2RCGm2LhxqBLjdccpO9/Dy/cID38y7lrntXf173ixm\nn62c2l0ktLPHeJNcxumKYe8Y5LNaS12i9A6G\n-----END CERTIFICATE-----\n",
            "id": "https://2AAC4F69C946CB47AC5F182C814097F4.gr7.eu-central-1.eks.amazonaws.com/healthz",
            "insecure": false,
            "request_headers": null,
            "response_headers": {
              "Cache-Control": "no-cache, private",
              "Content-Length": "2",
              "Content-Type": "text/plain; charset=utf-8",
              "Date": "Wed, 22 Sep 2021 17:46:30 GMT",
              "X-Content-Type-Options": "nosniff",
              "X-Kubernetes-Pf-Flowschema-Uid": "377d7daa-6cd0-481c-b6f2-9648a49b7551",
              "X-Kubernetes-Pf-Prioritylevel-Uid": "c89315af-c26e-42f5-82a5-d81b86023168"
            },
            "timeout": 300,
            "url": "https://2AAC4F69C946CB47AC5F182C814097F4.gr7.eu-central-1.eks.amazonaws.com/healthz"
          },
          "sensitive_attributes": []
        }
      ]
    },
    {
      "module": "module.eks",
      "mode": "managed",
      "type": "aws_autoscaling_group",
      "name": "workers",
      "provider": "provider[\"registry.terraform.io/hashicorp/aws\"]",
      "instances": [
        {
          "index_key": 0,
          "schema_version": 0,
          "attributes": {
            "arn": "arn:aws:autoscaling:eu-central-1:513910674915:autoScalingGroup:2fc61c4e-ba43-40e7-bfb7-e35589f089a0:autoScalingGroupName/demo-playsdev-eks-worker-group-120210922174616828600000016",
            "availability_zones": [
              "eu-central-1a",
              "eu-central-1b",
              "eu-central-1c"
            ],
            "capacity_rebalance": false,
            "default_cooldown": 300,
            "desired_capacity": 2,
            "enabled_metrics": null,
            "force_delete": false,
            "force_delete_warm_pool": false,
            "health_check_grace_period": 300,
            "health_check_type": "EC2",
            "id": "demo-playsdev-eks-worker-group-120210922174616828600000016",
            "initial_lifecycle_hook": [],
            "instance_refresh": [],
            "launch_configuration": "demo-playsdev-eks-worker-group-120210922174605913300000015",
            "launch_template": [],
            "load_balancers": null,
            "max_instance_lifetime": 0,
            "max_size": 3,
            "metrics_granularity": "1Minute",
            "min_elb_capacity": null,
            "min_size": 1,
            "mixed_instances_policy": [],
            "name": "demo-playsdev-eks-worker-group-120210922174616828600000016",
            "name_prefix": "demo-playsdev-eks-worker-group-1",
            "placement_group": "",
            "protect_from_scale_in": false,
            "service_linked_role_arn": "arn:aws:iam::513910674915:role/aws-service-role/autoscaling.amazonaws.com/AWSServiceRoleForAutoScaling",
            "suspended_processes": [
              "AZRebalance"
            ],
            "tag": [
              {
                "key": "Environment",
                "propagate_at_launch": true,
                "value": "training"
              },
              {
                "key": "GithubOrg",
                "propagate_at_launch": true,
                "value": "terraform-aws-modules"
              },
              {
                "key": "GithubRepo",
                "propagate_at_launch": true,
                "value": "terraform-aws-eks"
              },
              {
                "key": "Name",
                "propagate_at_launch": true,
                "value": "demo-playsdev-eks-worker-group-1-eks_asg"
              },
              {
                "key": "k8s.io/cluster/demo-playsdev-eks",
                "propagate_at_launch": true,
                "value": "owned"
              },
              {
                "key": "kubernetes.io/cluster/demo-playsdev-eks",
                "propagate_at_launch": true,
                "value": "owned"
              }
            ],
            "tags": null,
            "target_group_arns": null,
            "termination_policies": [],
            "timeouts": null,
            "vpc_zone_identifier": [
              "subnet-01f738ae8e93f3cbe",
              "subnet-02d2bf1b7d9788d6d",
              "subnet-0ff52f2c4440436f3"
            ],
            "wait_for_capacity_timeout": "10m",
            "wait_for_elb_capacity": null,
            "warm_pool": []
          },
          "sensitive_attributes": [],
          "private": "eyJlMmJmYjczMC1lY2FhLTExZTYtOGY4OC0zNDM2M2JjN2M0YzAiOnsiZGVsZXRlIjo2MDAwMDAwMDAwMDB9fQ==",
          "dependencies": [
            "aws_security_group.worker_group_mgmt_one",
            "aws_security_group.worker_group_mgmt_two",
            "data.aws_availability_zones.available",
            "module.eks.aws_cloudwatch_log_group.this",
            "module.eks.aws_eks_cluster.this",
            "module.eks.aws_iam_instance_profile.workers",
            "module.eks.aws_iam_role.cluster",
            "module.eks.aws_iam_role.workers",
            "module.eks.aws_iam_role_policy_attachment.cluster_AmazonEKSClusterPolicy",
            "module.eks.aws_iam_role_policy_attachment.cluster_AmazonEKSServicePolicy",
            "module.eks.aws_iam_role_policy_attachment.cluster_AmazonEKSVPCResourceControllerPolicy",
            "module.eks.aws_iam_role_policy_attachment.workers_AmazonEC2ContainerRegistryReadOnly",
            "module.eks.aws_iam_role_policy_attachment.workers_AmazonEKSWorkerNodePolicy",
            "module.eks.aws_iam_role_policy_attachment.workers_AmazonEKS_CNI_Policy",
            "module.eks.aws_iam_role_policy_attachment.workers_additional_policies",
            "module.eks.aws_launch_configuration.workers",
            "module.eks.aws_security_group.cluster",
            "module.eks.aws_security_group.workers",
            "module.eks.aws_security_group_rule.cluster_egress_internet",
            "module.eks.aws_security_group_rule.cluster_https_worker_ingress",
            "module.eks.aws_security_group_rule.cluster_primary_ingress_workers",
            "module.eks.aws_security_group_rule.workers_egress_internet",
            "module.eks.aws_security_group_rule.workers_ingress_cluster",
            "module.eks.aws_security_group_rule.workers_ingress_cluster_https",
            "module.eks.aws_security_group_rule.workers_ingress_cluster_kubelet",
            "module.eks.aws_security_group_rule.workers_ingress_cluster_primary",
            "module.eks.aws_security_group_rule.workers_ingress_self",
            "module.eks.data.aws_ami.eks_worker",
            "module.eks.data.aws_ami.eks_worker_windows",
            "module.eks.data.aws_iam_instance_profile.custom_worker_group_iam_instance_profile",
            "module.eks.data.aws_iam_policy_document.cluster_assume_role_policy",
            "module.eks.data.aws_iam_policy_document.workers_assume_role_policy",
            "module.eks.data.aws_iam_role.custom_cluster_iam_role",
            "module.eks.data.aws_partition.current",
            "module.vpc.aws_subnet.private",
            "module.vpc.aws_vpc.this",
            "module.vpc.aws_vpc_ipv4_cidr_block_association.this"
          ],
          "create_before_destroy": true
        },
        {
          "index_key": 1,
          "schema_version": 0,
          "attributes": {
            "arn": "arn:aws:autoscaling:eu-central-1:513910674915:autoScalingGroup:cdf02284-7bec-462b-ab27-baf21e1156e9:autoScalingGroupName/demo-playsdev-eks-worker-group-220210922174616904500000017",
            "availability_zones": [
              "eu-central-1a",
              "eu-central-1b",
              "eu-central-1c"
            ],
            "capacity_rebalance": false,
            "default_cooldown": 300,
            "desired_capacity": 1,
            "enabled_metrics": null,
            "force_delete": false,
            "force_delete_warm_pool": false,
            "health_check_grace_period": 300,
            "health_check_type": "EC2",
            "id": "demo-playsdev-eks-worker-group-220210922174616904500000017",
            "initial_lifecycle_hook": [],
            "instance_refresh": [],
            "launch_configuration": "demo-playsdev-eks-worker-group-220210922174605896400000014",
            "launch_template": [],
            "load_balancers": null,
            "max_instance_lifetime": 0,
            "max_size": 3,
            "metrics_granularity": "1Minute",
            "min_elb_capacity": null,
            "min_size": 1,
            "mixed_instances_policy": [],
            "name": "demo-playsdev-eks-worker-group-220210922174616904500000017",
            "name_prefix": "demo-playsdev-eks-worker-group-2",
            "placement_group": "",
            "protect_from_scale_in": false,
            "service_linked_role_arn": "arn:aws:iam::513910674915:role/aws-service-role/autoscaling.amazonaws.com/AWSServiceRoleForAutoScaling",
            "suspended_processes": [
              "AZRebalance"
            ],
            "tag": [
              {
                "key": "Environment",
                "propagate_at_launch": true,
                "value": "training"
              },
              {
                "key": "GithubOrg",
                "propagate_at_launch": true,
                "value": "terraform-aws-modules"
              },
              {
                "key": "GithubRepo",
                "propagate_at_launch": true,
                "value": "terraform-aws-eks"
              },
              {
                "key": "Name",
                "propagate_at_launch": true,
                "value": "demo-playsdev-eks-worker-group-2-eks_asg"
              },
              {
                "key": "k8s.io/cluster/demo-playsdev-eks",
                "propagate_at_launch": true,
                "value": "owned"
              },
              {
                "key": "kubernetes.io/cluster/demo-playsdev-eks",
                "propagate_at_launch": true,
                "value": "owned"
              }
            ],
            "tags": null,
            "target_group_arns": null,
            "termination_policies": [],
            "timeouts": null,
            "vpc_zone_identifier": [
              "subnet-01f738ae8e93f3cbe",
              "subnet-02d2bf1b7d9788d6d",
              "subnet-0ff52f2c4440436f3"
            ],
            "wait_for_capacity_timeout": "10m",
            "wait_for_elb_capacity": null,
            "warm_pool": []
          },
          "sensitive_attributes": [],
          "private": "eyJlMmJmYjczMC1lY2FhLTExZTYtOGY4OC0zNDM2M2JjN2M0YzAiOnsiZGVsZXRlIjo2MDAwMDAwMDAwMDB9fQ==",
          "dependencies": [
            "aws_security_group.worker_group_mgmt_one",
            "aws_security_group.worker_group_mgmt_two",
            "data.aws_availability_zones.available",
            "module.eks.aws_cloudwatch_log_group.this",
            "module.eks.aws_eks_cluster.this",
            "module.eks.aws_iam_instance_profile.workers",
            "module.eks.aws_iam_role.cluster",
            "module.eks.aws_iam_role.workers",
            "module.eks.aws_iam_role_policy_attachment.cluster_AmazonEKSClusterPolicy",
            "module.eks.aws_iam_role_policy_attachment.cluster_AmazonEKSServicePolicy",
            "module.eks.aws_iam_role_policy_attachment.cluster_AmazonEKSVPCResourceControllerPolicy",
            "module.eks.aws_iam_role_policy_attachment.workers_AmazonEC2ContainerRegistryReadOnly",
            "module.eks.aws_iam_role_policy_attachment.workers_AmazonEKSWorkerNodePolicy",
            "module.eks.aws_iam_role_policy_attachment.workers_AmazonEKS_CNI_Policy",
            "module.eks.aws_iam_role_policy_attachment.workers_additional_policies",
            "module.eks.aws_launch_configuration.workers",
            "module.eks.aws_security_group.cluster",
            "module.eks.aws_security_group.workers",
            "module.eks.aws_security_group_rule.cluster_egress_internet",
            "module.eks.aws_security_group_rule.cluster_https_worker_ingress",
            "module.eks.aws_security_group_rule.cluster_primary_ingress_workers",
            "module.eks.aws_security_group_rule.workers_egress_internet",
            "module.eks.aws_security_group_rule.workers_ingress_cluster",
            "module.eks.aws_security_group_rule.workers_ingress_cluster_https",
            "module.eks.aws_security_group_rule.workers_ingress_cluster_kubelet",
            "module.eks.aws_security_group_rule.workers_ingress_cluster_primary",
            "module.eks.aws_security_group_rule.workers_ingress_self",
            "module.eks.data.aws_ami.eks_worker",
            "module.eks.data.aws_ami.eks_worker_windows",
            "module.eks.data.aws_iam_instance_profile.custom_worker_group_iam_instance_profile",
            "module.eks.data.aws_iam_policy_document.cluster_assume_role_policy",
            "module.eks.data.aws_iam_policy_document.workers_assume_role_policy",
            "module.eks.data.aws_iam_role.custom_cluster_iam_role",
            "module.eks.data.aws_partition.current",
            "module.vpc.aws_subnet.private",
            "module.vpc.aws_vpc.this",
            "module.vpc.aws_vpc_ipv4_cidr_block_association.this"
          ],
          "create_before_destroy": true
        }
      ]
    },
    {
      "module": "module.eks",
      "mode": "managed",
      "type": "aws_eks_cluster",
      "name": "this",
      "provider": "provider[\"registry.terraform.io/hashicorp/aws\"]",
      "instances": [
        {
          "index_key": 0,
          "schema_version": 0,
          "attributes": {
            "arn": "arn:aws:eks:eu-central-1:513910674915:cluster/demo-playsdev-eks",
            "certificate_authority": [
              {
                "data": "LS0tLS1CRUdJTiBDRVJUSUZJQ0FURS0tLS0tCk1JSUM1ekNDQWMrZ0F3SUJBZ0lCQURBTkJna3Foa2lHOXcwQkFRc0ZBREFWTVJNd0VRWURWUVFERXdwcmRXSmwKY201bGRHVnpNQjRYRFRJeE1Ea3lNakUzTkRJeU5Gb1hEVE14TURreU1ERTNOREl5TkZvd0ZURVRNQkVHQTFVRQpBeE1LYTNWaVpYSnVaWFJsY3pDQ0FTSXdEUVlKS29aSWh2Y05BUUVCQlFBRGdnRVBBRENDQVFvQ2dnRUJBS1hzCjJ0SjQzSkFTR1E1ZmlwTy9sY1ZLaE81Z0oyVDNjcC83bWZJY20xQ2Z2Q292UE5nRWhaTVhqQmRSNXhnQW16ZjcKS3R3NmFHa1dQM3UvekJaMWpTeDJIQktRNUZSQVBORTlkK0dTWHphWEl3NmV5SWhidUkxZUM3eEduL1lrb2t5agpBT3oxb2FyMUpOQ1k2dTBIS1N4cW9kd0NqcTdzMm51b1ppQjlRVi9Wb3RZSTJkL0x6Y3I3UGgrK1lEN1JJc3JuClZJbzFJTkcrQ2hTSTM3aDg1WU4wamZYZ0h5VEgxSGRUbmIwNHFSOUl5S1M1aGhZODlPYVJJenpURnc1UGRGSGwKMy84RmR5YUR3N0Fsc216VlVIbEwvdm9aMDBPQnd5WGR2TXhiYzF3ZTdIVFNEa3Z0ZGZlM2loQ3d3ZU1LaGlhRwplNDZZUDUzUFpPa2UrRStvakdFQ0F3RUFBYU5DTUVBd0RnWURWUjBQQVFIL0JBUURBZ0trTUE4R0ExVWRFd0VCCi93UUZNQU1CQWY4d0hRWURWUjBPQkJZRUZKVS84clAvUjlyYjgwNDFkZFlmN0hDWUdFc01NQTBHQ1NxR1NJYjMKRFFFQkN3VUFBNElCQVFBMVhkYU1Gb2N1b0FBcldRTndrektDUFdRQ2JBZVR6N2JiQllET09NMVNuRVExQ3NxYwpGdXVDOTZHbStnL0JhUzJ6OThaLzYwV0k5VGd5Wk9sQXZnL1NtSUZJYTJlSmYySTNKWndRYTIrUENFVHRUeTlqCjBydWx6R3JaSHVJM2M0c1VMVUUyck5pTmZVUHBybE45NHpkdHJyR1Y5TXNqOTRsQkhFWGdHSWxWWlBUV0pPQnMKbzFNTkJESTVvdUZoUFk2L1pocjVSbEg5SkthYTVONzdYK2Nrd2E5R3Y5ME85TVRHVHkzeVUrMTF2Rm9nUjVOSwppUVowMGpmNUU2QWVBcUVsVWVha2N5MlJDR20yTGh4cUJMamRjY3BPOS9EeS9jSUQzOHk3bHJudFhmMTczaXhtCm42MmMybDBrdExQSGVKTmN4dW1LWWU4WTVMTmFTMTJpOUE2RwotLS0tLUVORCBDRVJUSUZJQ0FURS0tLS0tCg=="
              }
            ],
            "created_at": "2021-09-22 17:36:46.62 +0000 UTC",
            "enabled_cluster_log_types": null,
            "encryption_config": [],
            "endpoint": "https://2AAC4F69C946CB47AC5F182C814097F4.gr7.eu-central-1.eks.amazonaws.com",
            "id": "demo-playsdev-eks",
            "identity": [
              {
                "oidc": [
                  {
                    "issuer": "https://oidc.eks.eu-central-1.amazonaws.com/id/2AAC4F69C946CB47AC5F182C814097F4"
                  }
                ]
              }
            ],
            "kubernetes_network_config": [
              {
                "service_ipv4_cidr": "172.20.0.0/16"
              }
            ],
            "name": "demo-playsdev-eks",
            "platform_version": "eks.2",
            "role_arn": "arn:aws:iam::513910674915:role/demo-playsdev-eks20210922173614508500000002",
            "status": "ACTIVE",
            "tags": {
              "Environment": "training",
              "GithubOrg": "terraform-aws-modules",
              "GithubRepo": "terraform-aws-eks"
            },
            "tags_all": {
              "Environment": "training",
              "GithubOrg": "terraform-aws-modules",
              "GithubRepo": "terraform-aws-eks"
            },
            "timeouts": {
              "create": "30m",
              "delete": "15m",
              "update": "60m"
            },
            "version": "1.20",
            "vpc_config": [
              {
                "cluster_security_group_id": "sg-021aef81be9785c11",
                "endpoint_private_access": false,
                "endpoint_public_access": true,
                "public_access_cidrs": [
                  "0.0.0.0/0"
                ],
                "security_group_ids": [
                  "sg-0b64ca098f59e845d"
                ],
                "subnet_ids": [
                  "subnet-01f738ae8e93f3cbe",
                  "subnet-02d2bf1b7d9788d6d",
                  "subnet-0ff52f2c4440436f3"
                ],
                "vpc_id": "vpc-03209b8ac65bf8f96"
              }
            ]
          },
          "sensitive_attributes": [],
          "private": "eyJlMmJmYjczMC1lY2FhLTExZTYtOGY4OC0zNDM2M2JjN2M0YzAiOnsiY3JlYXRlIjoxODAwMDAwMDAwMDAwLCJkZWxldGUiOjkwMDAwMDAwMDAwMCwidXBkYXRlIjozNjAwMDAwMDAwMDAwfX0=",
          "dependencies": [
            "data.aws_availability_zones.available",
            "module.eks.aws_cloudwatch_log_group.this",
            "module.eks.aws_iam_role.cluster",
            "module.eks.aws_iam_role_policy_attachment.cluster_AmazonEKSClusterPolicy",
            "module.eks.aws_iam_role_policy_attachment.cluster_AmazonEKSServicePolicy",
            "module.eks.aws_iam_role_policy_attachment.cluster_AmazonEKSVPCResourceControllerPolicy",
            "module.eks.aws_security_group.cluster",
            "module.eks.aws_security_group.workers",
            "module.eks.aws_security_group_rule.cluster_egress_internet",
            "module.eks.aws_security_group_rule.cluster_https_worker_ingress",
            "module.eks.data.aws_iam_policy_document.cluster_assume_role_policy",
            "module.eks.data.aws_iam_role.custom_cluster_iam_role",
            "module.eks.data.aws_partition.current",
            "module.vpc.aws_subnet.private",
            "module.vpc.aws_vpc.this",
            "module.vpc.aws_vpc_ipv4_cidr_block_association.this"
          ],
          "create_before_destroy": true
        }
      ]
    },
    {
      "module": "module.eks",
      "mode": "managed",
      "type": "aws_iam_instance_profile",
      "name": "workers",
      "provider": "provider[\"registry.terraform.io/hashicorp/aws\"]",
      "instances": [
        {
          "index_key": 0,
          "schema_version": 0,
          "attributes": {
            "arn": "arn:aws:iam::513910674915:instance-profile/demo-playsdev-eks2021092217460266140000000f",
            "create_date": "2021-09-22T17:46:03Z",
            "id": "demo-playsdev-eks2021092217460266140000000f",
            "name": "demo-playsdev-eks2021092217460266140000000f",
            "name_prefix": "demo-playsdev-eks",
            "path": "/",
            "role": "demo-playsdev-eks2021092217455848920000000e",
            "tags": {
              "Environment": "training",
              "GithubOrg": "terraform-aws-modules",
              "GithubRepo": "terraform-aws-eks"
            },
            "tags_all": {
              "Environment": "training",
              "GithubOrg": "terraform-aws-modules",
              "GithubRepo": "terraform-aws-eks"
            },
            "unique_id": "AIPAXPJ3WSXR64BVCIUXQ"
          },
          "sensitive_attributes": [],
          "private": "bnVsbA==",
          "dependencies": [
            "aws_security_group.worker_group_mgmt_one",
            "aws_security_group.worker_group_mgmt_two",
            "data.aws_availability_zones.available",
            "module.eks.aws_cloudwatch_log_group.this",
            "module.eks.aws_eks_cluster.this",
            "module.eks.aws_iam_role.cluster",
            "module.eks.aws_iam_role.workers",
            "module.eks.aws_iam_role_policy_attachment.cluster_AmazonEKSClusterPolicy",
            "module.eks.aws_iam_role_policy_attachment.cluster_AmazonEKSServicePolicy",
            "module.eks.aws_iam_role_policy_attachment.cluster_AmazonEKSVPCResourceControllerPolicy",
            "module.eks.aws_security_group.cluster",
            "module.eks.aws_security_group.workers",
            "module.eks.aws_security_group_rule.cluster_egress_internet",
            "module.eks.aws_security_group_rule.cluster_https_worker_ingress",
            "module.eks.data.aws_iam_policy_document.cluster_assume_role_policy",
            "module.eks.data.aws_iam_policy_document.workers_assume_role_policy",
            "module.eks.data.aws_iam_role.custom_cluster_iam_role",
            "module.eks.data.aws_partition.current",
            "module.vpc.aws_subnet.private",
            "module.vpc.aws_vpc.this",
            "module.vpc.aws_vpc_ipv4_cidr_block_association.this"
          ],
          "create_before_destroy": true
        },
        {
          "index_key": 1,
          "schema_version": 0,
          "attributes": {
            "arn": "arn:aws:iam::513910674915:instance-profile/demo-playsdev-eks20210922174602662800000010",
            "create_date": "2021-09-22T17:46:03Z",
            "id": "demo-playsdev-eks20210922174602662800000010",
            "name": "demo-playsdev-eks20210922174602662800000010",
            "name_prefix": "demo-playsdev-eks",
            "path": "/",
            "role": "demo-playsdev-eks2021092217455848920000000e",
            "tags": {
              "Environment": "training",
              "GithubOrg": "terraform-aws-modules",
              "GithubRepo": "terraform-aws-eks"
            },
            "tags_all": {
              "Environment": "training",
              "GithubOrg": "terraform-aws-modules",
              "GithubRepo": "terraform-aws-eks"
            },
            "unique_id": "AIPAXPJ3WSXRUWKOLQBRZ"
          },
          "sensitive_attributes": [],
          "private": "bnVsbA==",
          "dependencies": [
            "aws_security_group.worker_group_mgmt_one",
            "aws_security_group.worker_group_mgmt_two",
            "data.aws_availability_zones.available",
            "module.eks.aws_cloudwatch_log_group.this",
            "module.eks.aws_eks_cluster.this",
            "module.eks.aws_iam_role.cluster",
            "module.eks.aws_iam_role.workers",
            "module.eks.aws_iam_role_policy_attachment.cluster_AmazonEKSClusterPolicy",
            "module.eks.aws_iam_role_policy_attachment.cluster_AmazonEKSServicePolicy",
            "module.eks.aws_iam_role_policy_attachment.cluster_AmazonEKSVPCResourceControllerPolicy",
            "module.eks.aws_security_group.cluster",
            "module.eks.aws_security_group.workers",
            "module.eks.aws_security_group_rule.cluster_egress_internet",
            "module.eks.aws_security_group_rule.cluster_https_worker_ingress",
            "module.eks.data.aws_iam_policy_document.cluster_assume_role_policy",
            "module.eks.data.aws_iam_policy_document.workers_assume_role_policy",
            "module.eks.data.aws_iam_role.custom_cluster_iam_role",
            "module.eks.data.aws_partition.current",
            "module.vpc.aws_subnet.private",
            "module.vpc.aws_vpc.this",
            "module.vpc.aws_vpc_ipv4_cidr_block_association.this"
          ],
          "create_before_destroy": true
        }
      ]
    },
    {
      "module": "module.eks",
      "mode": "managed",
      "type": "aws_iam_policy",
      "name": "cluster_elb_sl_role_creation",
      "provider": "provider[\"registry.terraform.io/hashicorp/aws\"]",
      "instances": [
        {
          "index_key": 0,
          "schema_version": 0,
          "attributes": {
            "arn": "arn:aws:iam::513910674915:policy/demo-playsdev-eks-elb-sl-role-creation20210922173614507300000001",
            "description": "Permissions for EKS to create AWSServiceRoleForElasticLoadBalancing service-linked role",
            "id": "arn:aws:iam::513910674915:policy/demo-playsdev-eks-elb-sl-role-creation20210922173614507300000001",
            "name": "demo-playsdev-eks-elb-sl-role-creation20210922173614507300000001",
            "name_prefix": "demo-playsdev-eks-elb-sl-role-creation",
            "path": "/",
            "policy": "{\n  \"Version\": \"2012-10-17\",\n  \"Statement\": [\n    {\n      \"Sid\": \"\",\n      \"Effect\": \"Allow\",\n      \"Action\": [\n        \"ec2:DescribeInternetGateways\",\n        \"ec2:DescribeAddresses\",\n        \"ec2:DescribeAccountAttributes\"\n      ],\n      \"Resource\": \"*\"\n    }\n  ]\n}",
            "policy_id": "ANPAXPJ3WSXRYLLADYEAX",
            "tags": {
              "Environment": "training",
              "GithubOrg": "terraform-aws-modules",
              "GithubRepo": "terraform-aws-eks"
            },
            "tags_all": {
              "Environment": "training",
              "GithubOrg": "terraform-aws-modules",
              "GithubRepo": "terraform-aws-eks"
            }
          },
          "sensitive_attributes": [],
          "private": "bnVsbA==",
          "dependencies": [
            "module.eks.data.aws_iam_policy_document.cluster_elb_sl_role_creation"
          ]
        }
      ]
    },
    {
      "module": "module.eks",
      "mode": "managed",
      "type": "aws_iam_role",
      "name": "cluster",
      "provider": "provider[\"registry.terraform.io/hashicorp/aws\"]",
      "instances": [
        {
          "index_key": 0,
          "schema_version": 0,
          "attributes": {
            "arn": "arn:aws:iam::513910674915:role/demo-playsdev-eks20210922173614508500000002",
            "assume_role_policy": "{\"Version\":\"2012-10-17\",\"Statement\":[{\"Sid\":\"EKSClusterAssumeRole\",\"Effect\":\"Allow\",\"Principal\":{\"Service\":\"eks.amazonaws.com\"},\"Action\":\"sts:AssumeRole\"}]}",
            "create_date": "2021-09-22T17:36:15Z",
            "description": "",
            "force_detach_policies": true,
            "id": "demo-playsdev-eks20210922173614508500000002",
            "inline_policy": [
              {
                "name": "",
                "policy": ""
              }
            ],
            "managed_policy_arns": [],
            "max_session_duration": 3600,
            "name": "demo-playsdev-eks20210922173614508500000002",
            "name_prefix": "demo-playsdev-eks",
            "path": "/",
            "permissions_boundary": null,
            "tags": {
              "Environment": "training",
              "GithubOrg": "terraform-aws-modules",
              "GithubRepo": "terraform-aws-eks"
            },
            "tags_all": {
              "Environment": "training",
              "GithubOrg": "terraform-aws-modules",
              "GithubRepo": "terraform-aws-eks"
            },
            "unique_id": "AROAXPJ3WSXR2FGZKNFJ3"
          },
          "sensitive_attributes": [],
          "private": "bnVsbA==",
          "dependencies": [
            "module.eks.data.aws_iam_policy_document.cluster_assume_role_policy"
          ],
          "create_before_destroy": true
        }
      ]
    },
    {
      "module": "module.eks",
      "mode": "managed",
      "type": "aws_iam_role",
      "name": "workers",
      "provider": "provider[\"registry.terraform.io/hashicorp/aws\"]",
      "instances": [
        {
          "index_key": 0,
          "schema_version": 0,
          "attributes": {
            "arn": "arn:aws:iam::513910674915:role/demo-playsdev-eks2021092217455848920000000e",
            "assume_role_policy": "{\"Version\":\"2012-10-17\",\"Statement\":[{\"Sid\":\"EKSWorkerAssumeRole\",\"Effect\":\"Allow\",\"Principal\":{\"Service\":\"ec2.amazonaws.com\"},\"Action\":\"sts:AssumeRole\"}]}",
            "create_date": "2021-09-22T17:46:00Z",
            "description": "",
            "force_detach_policies": true,
            "id": "demo-playsdev-eks2021092217455848920000000e",
            "inline_policy": [
              {
                "name": "",
                "policy": ""
              }
            ],
            "managed_policy_arns": [],
            "max_session_duration": 3600,
            "name": "demo-playsdev-eks2021092217455848920000000e",
            "name_prefix": "demo-playsdev-eks",
            "path": "/",
            "permissions_boundary": null,
            "tags": {
              "Environment": "training",
              "GithubOrg": "terraform-aws-modules",
              "GithubRepo": "terraform-aws-eks"
            },
            "tags_all": {
              "Environment": "training",
              "GithubOrg": "terraform-aws-modules",
              "GithubRepo": "terraform-aws-eks"
            },
            "unique_id": "AROAXPJ3WSXRSTIFMOQZZ"
          },
          "sensitive_attributes": [],
          "private": "bnVsbA==",
          "dependencies": [
            "data.aws_availability_zones.available",
            "module.eks.aws_cloudwatch_log_group.this",
            "module.eks.aws_eks_cluster.this",
            "module.eks.aws_iam_role.cluster",
            "module.eks.aws_iam_role_policy_attachment.cluster_AmazonEKSClusterPolicy",
            "module.eks.aws_iam_role_policy_attachment.cluster_AmazonEKSServicePolicy",
            "module.eks.aws_iam_role_policy_attachment.cluster_AmazonEKSVPCResourceControllerPolicy",
            "module.eks.aws_security_group.cluster",
            "module.eks.aws_security_group.workers",
            "module.eks.aws_security_group_rule.cluster_egress_internet",
            "module.eks.aws_security_group_rule.cluster_https_worker_ingress",
            "module.eks.data.aws_iam_policy_document.cluster_assume_role_policy",
            "module.eks.data.aws_iam_policy_document.workers_assume_role_policy",
            "module.eks.data.aws_iam_role.custom_cluster_iam_role",
            "module.eks.data.aws_partition.current",
            "module.vpc.aws_subnet.private",
            "module.vpc.aws_vpc.this",
            "module.vpc.aws_vpc_ipv4_cidr_block_association.this"
          ],
          "create_before_destroy": true
        }
      ]
    },
    {
      "module": "module.eks",
      "mode": "managed",
      "type": "aws_iam_role_policy_attachment",
      "name": "cluster_AmazonEKSClusterPolicy",
      "provider": "provider[\"registry.terraform.io/hashicorp/aws\"]",
      "instances": [
        {
          "index_key": 0,
          "schema_version": 0,
          "attributes": {
            "id": "demo-playsdev-eks20210922173614508500000002-20210922173618693700000004",
            "policy_arn": "arn:aws:iam::aws:policy/AmazonEKSClusterPolicy",
            "role": "demo-playsdev-eks20210922173614508500000002"
          },
          "sensitive_attributes": [],
          "private": "bnVsbA==",
          "dependencies": [
            "module.eks.aws_iam_role.cluster",
            "module.eks.data.aws_iam_policy_document.cluster_assume_role_policy",
            "module.eks.data.aws_partition.current"
          ],
          "create_before_destroy": true
        }
      ]
    },
    {
      "module": "module.eks",
      "mode": "managed",
      "type": "aws_iam_role_policy_attachment",
      "name": "cluster_AmazonEKSServicePolicy",
      "provider": "provider[\"registry.terraform.io/hashicorp/aws\"]",
      "instances": [
        {
          "index_key": 0,
          "schema_version": 0,
          "attributes": {
            "id": "demo-playsdev-eks20210922173614508500000002-20210922173618670400000003",
            "policy_arn": "arn:aws:iam::aws:policy/AmazonEKSServicePolicy",
            "role": "demo-playsdev-eks20210922173614508500000002"
          },
          "sensitive_attributes": [],
          "private": "bnVsbA==",
          "dependencies": [
            "module.eks.aws_iam_role.cluster",
            "module.eks.data.aws_iam_policy_document.cluster_assume_role_policy",
            "module.eks.data.aws_partition.current"
          ],
          "create_before_destroy": true
        }
      ]
    },
    {
      "module": "module.eks",
      "mode": "managed",
      "type": "aws_iam_role_policy_attachment",
      "name": "cluster_AmazonEKSVPCResourceControllerPolicy",
      "provider": "provider[\"registry.terraform.io/hashicorp/aws\"]",
      "instances": [
        {
          "index_key": 0,
          "schema_version": 0,
          "attributes": {
            "id": "demo-playsdev-eks20210922173614508500000002-20210922173618717900000005",
            "policy_arn": "arn:aws:iam::aws:policy/AmazonEKSVPCResourceController",
            "role": "demo-playsdev-eks20210922173614508500000002"
          },
          "sensitive_attributes": [],
          "private": "bnVsbA==",
          "dependencies": [
            "module.eks.aws_iam_role.cluster",
            "module.eks.data.aws_iam_policy_document.cluster_assume_role_policy",
            "module.eks.data.aws_partition.current"
          ],
          "create_before_destroy": true
        }
      ]
    },
    {
      "module": "module.eks",
      "mode": "managed",
      "type": "aws_iam_role_policy_attachment",
      "name": "cluster_elb_sl_role_creation",
      "provider": "provider[\"registry.terraform.io/hashicorp/aws\"]",
      "instances": [
        {
          "index_key": 0,
          "schema_version": 0,
          "attributes": {
            "id": "demo-playsdev-eks20210922173614508500000002-20210922173618719900000006",
            "policy_arn": "arn:aws:iam::513910674915:policy/demo-playsdev-eks-elb-sl-role-creation20210922173614507300000001",
            "role": "demo-playsdev-eks20210922173614508500000002"
          },
          "sensitive_attributes": [],
          "private": "bnVsbA==",
          "dependencies": [
            "module.eks.aws_iam_policy.cluster_elb_sl_role_creation",
            "module.eks.aws_iam_role.cluster",
            "module.eks.data.aws_iam_policy_document.cluster_assume_role_policy",
            "module.eks.data.aws_iam_policy_document.cluster_elb_sl_role_creation"
          ]
        }
      ]
    },
    {
      "module": "module.eks",
      "mode": "managed",
      "type": "aws_iam_role_policy_attachment",
      "name": "workers_AmazonEC2ContainerRegistryReadOnly",
      "provider": "provider[\"registry.terraform.io/hashicorp/aws\"]",
      "instances": [
        {
          "index_key": 0,
          "schema_version": 0,
          "attributes": {
            "id": "demo-playsdev-eks2021092217455848920000000e-20210922174603460900000011",
            "policy_arn": "arn:aws:iam::aws:policy/AmazonEC2ContainerRegistryReadOnly",
            "role": "demo-playsdev-eks2021092217455848920000000e"
          },
          "sensitive_attributes": [],
          "private": "bnVsbA==",
          "dependencies": [
            "data.aws_availability_zones.available",
            "module.eks.aws_cloudwatch_log_group.this",
            "module.eks.aws_eks_cluster.this",
            "module.eks.aws_iam_role.cluster",
            "module.eks.aws_iam_role.workers",
            "module.eks.aws_iam_role_policy_attachment.cluster_AmazonEKSClusterPolicy",
            "module.eks.aws_iam_role_policy_attachment.cluster_AmazonEKSServicePolicy",
            "module.eks.aws_iam_role_policy_attachment.cluster_AmazonEKSVPCResourceControllerPolicy",
            "module.eks.aws_security_group.cluster",
            "module.eks.aws_security_group.workers",
            "module.eks.aws_security_group_rule.cluster_egress_internet",
            "module.eks.aws_security_group_rule.cluster_https_worker_ingress",
            "module.eks.data.aws_iam_policy_document.cluster_assume_role_policy",
            "module.eks.data.aws_iam_policy_document.workers_assume_role_policy",
            "module.eks.data.aws_iam_role.custom_cluster_iam_role",
            "module.eks.data.aws_partition.current",
            "module.vpc.aws_subnet.private",
            "module.vpc.aws_vpc.this",
            "module.vpc.aws_vpc_ipv4_cidr_block_association.this"
          ],
          "create_before_destroy": true
        }
      ]
    },
    {
      "module": "module.eks",
      "mode": "managed",
      "type": "aws_iam_role_policy_attachment",
      "name": "workers_AmazonEKSWorkerNodePolicy",
      "provider": "provider[\"registry.terraform.io/hashicorp/aws\"]",
      "instances": [
        {
          "index_key": 0,
          "schema_version": 0,
          "attributes": {
            "id": "demo-playsdev-eks2021092217455848920000000e-20210922174603524700000013",
            "policy_arn": "arn:aws:iam::aws:policy/AmazonEKSWorkerNodePolicy",
            "role": "demo-playsdev-eks2021092217455848920000000e"
          },
          "sensitive_attributes": [],
          "private": "bnVsbA==",
          "dependencies": [
            "data.aws_availability_zones.available",
            "module.eks.aws_cloudwatch_log_group.this",
            "module.eks.aws_eks_cluster.this",
            "module.eks.aws_iam_role.cluster",
            "module.eks.aws_iam_role.workers",
            "module.eks.aws_iam_role_policy_attachment.cluster_AmazonEKSClusterPolicy",
            "module.eks.aws_iam_role_policy_attachment.cluster_AmazonEKSServicePolicy",
            "module.eks.aws_iam_role_policy_attachment.cluster_AmazonEKSVPCResourceControllerPolicy",
            "module.eks.aws_security_group.cluster",
            "module.eks.aws_security_group.workers",
            "module.eks.aws_security_group_rule.cluster_egress_internet",
            "module.eks.aws_security_group_rule.cluster_https_worker_ingress",
            "module.eks.data.aws_iam_policy_document.cluster_assume_role_policy",
            "module.eks.data.aws_iam_policy_document.workers_assume_role_policy",
            "module.eks.data.aws_iam_role.custom_cluster_iam_role",
            "module.eks.data.aws_partition.current",
            "module.vpc.aws_subnet.private",
            "module.vpc.aws_vpc.this",
            "module.vpc.aws_vpc_ipv4_cidr_block_association.this"
          ],
          "create_before_destroy": true
        }
      ]
    },
    {
      "module": "module.eks",
      "mode": "managed",
      "type": "aws_iam_role_policy_attachment",
      "name": "workers_AmazonEKS_CNI_Policy",
      "provider": "provider[\"registry.terraform.io/hashicorp/aws\"]",
      "instances": [
        {
          "index_key": 0,
          "schema_version": 0,
          "attributes": {
            "id": "demo-playsdev-eks2021092217455848920000000e-20210922174603470400000012",
            "policy_arn": "arn:aws:iam::aws:policy/AmazonEKS_CNI_Policy",
            "role": "demo-playsdev-eks2021092217455848920000000e"
          },
          "sensitive_attributes": [],
          "private": "bnVsbA==",
          "dependencies": [
            "data.aws_availability_zones.available",
            "module.eks.aws_cloudwatch_log_group.this",
            "module.eks.aws_eks_cluster.this",
            "module.eks.aws_iam_role.cluster",
            "module.eks.aws_iam_role.workers",
            "module.eks.aws_iam_role_policy_attachment.cluster_AmazonEKSClusterPolicy",
            "module.eks.aws_iam_role_policy_attachment.cluster_AmazonEKSServicePolicy",
            "module.eks.aws_iam_role_policy_attachment.cluster_AmazonEKSVPCResourceControllerPolicy",
            "module.eks.aws_security_group.cluster",
            "module.eks.aws_security_group.workers",
            "module.eks.aws_security_group_rule.cluster_egress_internet",
            "module.eks.aws_security_group_rule.cluster_https_worker_ingress",
            "module.eks.data.aws_iam_policy_document.cluster_assume_role_policy",
            "module.eks.data.aws_iam_policy_document.workers_assume_role_policy",
            "module.eks.data.aws_iam_role.custom_cluster_iam_role",
            "module.eks.data.aws_partition.current",
            "module.vpc.aws_subnet.private",
            "module.vpc.aws_vpc.this",
            "module.vpc.aws_vpc_ipv4_cidr_block_association.this"
          ],
          "create_before_destroy": true
        }
      ]
    },
    {
      "module": "module.eks",
      "mode": "managed",
      "type": "aws_launch_configuration",
      "name": "workers",
      "provider": "provider[\"registry.terraform.io/hashicorp/aws\"]",
      "instances": [
        {
          "index_key": 0,
          "schema_version": 0,
          "attributes": {
            "arn": "arn:aws:autoscaling:eu-central-1:513910674915:launchConfiguration:a2fecdb7-4383-4d67-9cd1-0c53f1d3fc90:launchConfigurationName/demo-playsdev-eks-worker-group-120210922174605913300000015",
            "associate_public_ip_address": false,
            "ebs_block_device": [],
            "ebs_optimized": false,
            "enable_monitoring": true,
            "ephemeral_block_device": [],
            "iam_instance_profile": "demo-playsdev-eks2021092217460266140000000f",
            "id": "demo-playsdev-eks-worker-group-120210922174605913300000015",
            "image_id": "ami-0acca3abab3b7928a",
            "instance_type": "t2.small",
            "key_name": "",
            "metadata_options": [
              {
                "http_endpoint": "enabled",
                "http_put_response_hop_limit": 1,
                "http_tokens": "optional"
              }
            ],
            "name": "demo-playsdev-eks-worker-group-120210922174605913300000015",
            "name_prefix": "demo-playsdev-eks-worker-group-1",
            "placement_tenancy": "",
            "root_block_device": [
              {
                "delete_on_termination": true,
                "encrypted": false,
                "iops": 0,
                "throughput": 0,
                "volume_size": 100,
                "volume_type": "gp2"
              }
            ],
            "security_groups": [
              "sg-08a3fa96766ccd06a",
              "sg-09ee6c862e4a0567a"
            ],
            "spot_price": "",
            "user_data": null,
            "user_data_base64": "IyEvYmluL2Jhc2ggLWUKCiMgQWxsb3cgdXNlciBzdXBwbGllZCBwcmUgdXNlcmRhdGEgY29kZQoKCiMgQm9vdHN0cmFwIGFuZCBqb2luIHRoZSBjbHVzdGVyCi9ldGMvZWtzL2Jvb3RzdHJhcC5zaCAtLWI2NC1jbHVzdGVyLWNhICdMUzB0TFMxQ1JVZEpUaUJEUlZKVVNVWkpRMEZVUlMwdExTMHRDazFKU1VNMWVrTkRRV01yWjBGM1NVSkJaMGxDUVVSQlRrSm5hM0ZvYTJsSE9YY3dRa0ZSYzBaQlJFRldUVkpOZDBWUldVUldVVkZFUlhkd2NtUlhTbXdLWTIwMWJHUkhWbnBOUWpSWVJGUkplRTFFYTNsTmFrVXpUa1JKZVU1R2IxaEVWRTE0VFVScmVVMUVSVE5PUkVsNVRrWnZkMFpVUlZSTlFrVkhRVEZWUlFwQmVFMUxZVE5XYVZwWVNuVmFXRkpzWTNwRFEwRlRTWGRFVVZsS1MyOWFTV2gyWTA1QlVVVkNRbEZCUkdkblJWQkJSRU5EUVZGdlEyZG5SVUpCUzFoekNqSjBTalF6U2tGVFIxRTFabWx3VHk5c1kxWkxhRTgxWjBveVZETmpjQzgzYldaSlkyMHhRMloyUTI5MlVFNW5SV2hhVFZocVFtUlNOWGhuUVcxNlpqY0tTM1IzTm1GSGExZFFNM1V2ZWtKYU1XcFRlREpJUWt0Uk5VWlNRVkJPUlRsa0swZFRXSHBoV0VsM05tVjVTV2hpZFVreFpVTTNlRWR1TDFscmIydDVhZ3BCVDNveGIyRnlNVXBPUTFrMmRUQklTMU40Y1c5a2QwTnFjVGR6TW01MWIxcHBRamxSVmk5V2IzUlpTVEprTDB4NlkzSTNVR2dySzFsRU4xSkpjM0p1Q2xaSmJ6RkpUa2NyUTJoVFNUTTNhRGcxV1U0d2FtWllaMGg1VkVneFNHUlVibUl3TkhGU09VbDVTMU0xYUdoWk9EbFBZVkpKZW5wVVJuYzFVR1JHU0d3S015ODRSbVI1WVVSM04wRnNjMjE2VmxWSWJFd3ZkbTlhTURCUFFuZDVXR1IyVFhoaVl6RjNaVGRJVkZORWEzWjBaR1psTTJsb1EzZDNaVTFMYUdsaFJ3cGxORFpaVURVelVGcFBhMlVyUlN0dmFrZEZRMEYzUlVGQllVNURUVVZCZDBSbldVUldVakJRUVZGSUwwSkJVVVJCWjB0clRVRTRSMEV4VldSRmQwVkNDaTkzVVVaTlFVMUNRV1k0ZDBoUldVUldVakJQUWtKWlJVWktWUzg0Y2xBdlVqbHlZamd3TkRGa1pGbG1OMGhEV1VkRmMwMU5RVEJIUTFOeFIxTkpZak1LUkZGRlFrTjNWVUZCTkVsQ1FWRkJNVmhrWVUxR2IyTjFiMEZCY2xkUlRuZHJla3REVUZkUlEySkJaVlI2TjJKaVFsbEVUMDlOTVZOdVJWRXhRM054WXdwR2RYVkRPVFpIYlN0bkwwSmhVeko2T1RoYUx6WXdWMGs1VkdkNVdrOXNRWFpuTDFOdFNVWkpZVEpsU21ZeVNUTktXbmRSWVRJclVFTkZWSFJVZVRscUNqQnlkV3g2UjNKYVNIVkpNMk0wYzFWTVZVVXljazVwVG1aVlVIQnliRTQ1Tkhwa2RISnlSMVk1VFhOcU9UUnNRa2hGV0dkSFNXeFdXbEJVVjBwUFFuTUtiekZOVGtKRVNUVnZkVVpvVUZrMkwxcG9jalZTYkVnNVNrdGhZVFZPTnpkWUsyTnJkMkU1UjNZNU1FODVUVlJIVkhremVWVXJNVEYyUm05blVqVk9Td3BwVVZvd01HcG1OVVUyUVdWQmNVVnNWV1ZoYTJONU1sSkRSMjB5VEdoNGNVSk1hbVJqWTNCUE9TOUVlUzlqU1VRek9IazNiSEp1ZEZobU1UY3phWGh0Q200Mk1tTXliREJyZEV4UVNHVktUbU40ZFcxTFdXVTRXVFZNVG1GVE1USnBPVUUyUndvdExTMHRMVVZPUkNCRFJWSlVTVVpKUTBGVVJTMHRMUzB0Q2c9PScgLS1hcGlzZXJ2ZXItZW5kcG9pbnQgJ2h0dHBzOi8vMkFBQzRGNjlDOTQ2Q0I0N0FDNUYxODJDODE0MDk3RjQuZ3I3LmV1LWNlbnRyYWwtMS5la3MuYW1hem9uYXdzLmNvbScgIC0ta3ViZWxldC1leHRyYS1hcmdzICIiICdkZW1vLXBsYXlzZGV2LWVrcycKCiMgQWxsb3cgdXNlciBzdXBwbGllZCB1c2VyZGF0YSBjb2RlCmVjaG8gZm9vIGJhcgo=",
            "vpc_classic_link_id": "",
            "vpc_classic_link_security_groups": null
          },
          "sensitive_attributes": [],
          "private": "bnVsbA==",
          "dependencies": [
            "aws_security_group.worker_group_mgmt_one",
            "aws_security_group.worker_group_mgmt_two",
            "data.aws_availability_zones.available",
            "module.eks.aws_cloudwatch_log_group.this",
            "module.eks.aws_eks_cluster.this",
            "module.eks.aws_iam_instance_profile.workers",
            "module.eks.aws_iam_role.cluster",
            "module.eks.aws_iam_role.workers",
            "module.eks.aws_iam_role_policy_attachment.cluster_AmazonEKSClusterPolicy",
            "module.eks.aws_iam_role_policy_attachment.cluster_AmazonEKSServicePolicy",
            "module.eks.aws_iam_role_policy_attachment.cluster_AmazonEKSVPCResourceControllerPolicy",
            "module.eks.aws_iam_role_policy_attachment.workers_AmazonEC2ContainerRegistryReadOnly",
            "module.eks.aws_iam_role_policy_attachment.workers_AmazonEKSWorkerNodePolicy",
            "module.eks.aws_iam_role_policy_attachment.workers_AmazonEKS_CNI_Policy",
            "module.eks.aws_iam_role_policy_attachment.workers_additional_policies",
            "module.eks.aws_security_group.cluster",
            "module.eks.aws_security_group.workers",
            "module.eks.aws_security_group_rule.cluster_egress_internet",
            "module.eks.aws_security_group_rule.cluster_https_worker_ingress",
            "module.eks.aws_security_group_rule.cluster_primary_ingress_workers",
            "module.eks.aws_security_group_rule.workers_egress_internet",
            "module.eks.aws_security_group_rule.workers_ingress_cluster",
            "module.eks.aws_security_group_rule.workers_ingress_cluster_https",
            "module.eks.aws_security_group_rule.workers_ingress_cluster_kubelet",
            "module.eks.aws_security_group_rule.workers_ingress_cluster_primary",
            "module.eks.aws_security_group_rule.workers_ingress_self",
            "module.eks.data.aws_ami.eks_worker",
            "module.eks.data.aws_ami.eks_worker_windows",
            "module.eks.data.aws_iam_instance_profile.custom_worker_group_iam_instance_profile",
            "module.eks.data.aws_iam_policy_document.cluster_assume_role_policy",
            "module.eks.data.aws_iam_policy_document.workers_assume_role_policy",
            "module.eks.data.aws_iam_role.custom_cluster_iam_role",
            "module.eks.data.aws_partition.current",
            "module.vpc.aws_subnet.private",
            "module.vpc.aws_vpc.this",
            "module.vpc.aws_vpc_ipv4_cidr_block_association.this"
          ],
          "create_before_destroy": true
        },
        {
          "index_key": 1,
          "schema_version": 0,
          "attributes": {
            "arn": "arn:aws:autoscaling:eu-central-1:513910674915:launchConfiguration:1028168a-3185-48df-936f-3f5d21c72bf6:launchConfigurationName/demo-playsdev-eks-worker-group-220210922174605896400000014",
            "associate_public_ip_address": false,
            "ebs_block_device": [],
            "ebs_optimized": false,
            "enable_monitoring": true,
            "ephemeral_block_device": [],
            "iam_instance_profile": "demo-playsdev-eks20210922174602662800000010",
            "id": "demo-playsdev-eks-worker-group-220210922174605896400000014",
            "image_id": "ami-0acca3abab3b7928a",
            "instance_type": "t2.medium",
            "key_name": "",
            "metadata_options": [
              {
                "http_endpoint": "enabled",
                "http_put_response_hop_limit": 1,
                "http_tokens": "optional"
              }
            ],
            "name": "demo-playsdev-eks-worker-group-220210922174605896400000014",
            "name_prefix": "demo-playsdev-eks-worker-group-2",
            "placement_tenancy": "",
            "root_block_device": [
              {
                "delete_on_termination": true,
                "encrypted": false,
                "iops": 0,
                "throughput": 0,
                "volume_size": 100,
                "volume_type": "gp2"
              }
            ],
            "security_groups": [
              "sg-09ee6c862e4a0567a",
              "sg-0bd3755c0f5f2380d"
            ],
            "spot_price": "",
            "user_data": null,
            "user_data_base64": "IyEvYmluL2Jhc2ggLWUKCiMgQWxsb3cgdXNlciBzdXBwbGllZCBwcmUgdXNlcmRhdGEgY29kZQoKCiMgQm9vdHN0cmFwIGFuZCBqb2luIHRoZSBjbHVzdGVyCi9ldGMvZWtzL2Jvb3RzdHJhcC5zaCAtLWI2NC1jbHVzdGVyLWNhICdMUzB0TFMxQ1JVZEpUaUJEUlZKVVNVWkpRMEZVUlMwdExTMHRDazFKU1VNMWVrTkRRV01yWjBGM1NVSkJaMGxDUVVSQlRrSm5hM0ZvYTJsSE9YY3dRa0ZSYzBaQlJFRldUVkpOZDBWUldVUldVVkZFUlhkd2NtUlhTbXdLWTIwMWJHUkhWbnBOUWpSWVJGUkplRTFFYTNsTmFrVXpUa1JKZVU1R2IxaEVWRTE0VFVScmVVMUVSVE5PUkVsNVRrWnZkMFpVUlZSTlFrVkhRVEZWUlFwQmVFMUxZVE5XYVZwWVNuVmFXRkpzWTNwRFEwRlRTWGRFVVZsS1MyOWFTV2gyWTA1QlVVVkNRbEZCUkdkblJWQkJSRU5EUVZGdlEyZG5SVUpCUzFoekNqSjBTalF6U2tGVFIxRTFabWx3VHk5c1kxWkxhRTgxWjBveVZETmpjQzgzYldaSlkyMHhRMloyUTI5MlVFNW5SV2hhVFZocVFtUlNOWGhuUVcxNlpqY0tTM1IzTm1GSGExZFFNM1V2ZWtKYU1XcFRlREpJUWt0Uk5VWlNRVkJPUlRsa0swZFRXSHBoV0VsM05tVjVTV2hpZFVreFpVTTNlRWR1TDFscmIydDVhZ3BCVDNveGIyRnlNVXBPUTFrMmRUQklTMU40Y1c5a2QwTnFjVGR6TW01MWIxcHBRamxSVmk5V2IzUlpTVEprTDB4NlkzSTNVR2dySzFsRU4xSkpjM0p1Q2xaSmJ6RkpUa2NyUTJoVFNUTTNhRGcxV1U0d2FtWllaMGg1VkVneFNHUlVibUl3TkhGU09VbDVTMU0xYUdoWk9EbFBZVkpKZW5wVVJuYzFVR1JHU0d3S015ODRSbVI1WVVSM04wRnNjMjE2VmxWSWJFd3ZkbTlhTURCUFFuZDVXR1IyVFhoaVl6RjNaVGRJVkZORWEzWjBaR1psTTJsb1EzZDNaVTFMYUdsaFJ3cGxORFpaVURVelVGcFBhMlVyUlN0dmFrZEZRMEYzUlVGQllVNURUVVZCZDBSbldVUldVakJRUVZGSUwwSkJVVVJCWjB0clRVRTRSMEV4VldSRmQwVkNDaTkzVVVaTlFVMUNRV1k0ZDBoUldVUldVakJQUWtKWlJVWktWUzg0Y2xBdlVqbHlZamd3TkRGa1pGbG1OMGhEV1VkRmMwMU5RVEJIUTFOeFIxTkpZak1LUkZGRlFrTjNWVUZCTkVsQ1FWRkJNVmhrWVUxR2IyTjFiMEZCY2xkUlRuZHJla3REVUZkUlEySkJaVlI2TjJKaVFsbEVUMDlOTVZOdVJWRXhRM054WXdwR2RYVkRPVFpIYlN0bkwwSmhVeko2T1RoYUx6WXdWMGs1VkdkNVdrOXNRWFpuTDFOdFNVWkpZVEpsU21ZeVNUTktXbmRSWVRJclVFTkZWSFJVZVRscUNqQnlkV3g2UjNKYVNIVkpNMk0wYzFWTVZVVXljazVwVG1aVlVIQnliRTQ1Tkhwa2RISnlSMVk1VFhOcU9UUnNRa2hGV0dkSFNXeFdXbEJVVjBwUFFuTUtiekZOVGtKRVNUVnZkVVpvVUZrMkwxcG9jalZTYkVnNVNrdGhZVFZPTnpkWUsyTnJkMkU1UjNZNU1FODVUVlJIVkhremVWVXJNVEYyUm05blVqVk9Td3BwVVZvd01HcG1OVVUyUVdWQmNVVnNWV1ZoYTJONU1sSkRSMjB5VEdoNGNVSk1hbVJqWTNCUE9TOUVlUzlqU1VRek9IazNiSEp1ZEZobU1UY3phWGh0Q200Mk1tTXliREJyZEV4UVNHVktUbU40ZFcxTFdXVTRXVFZNVG1GVE1USnBPVUUyUndvdExTMHRMVVZPUkNCRFJWSlVTVVpKUTBGVVJTMHRMUzB0Q2c9PScgLS1hcGlzZXJ2ZXItZW5kcG9pbnQgJ2h0dHBzOi8vMkFBQzRGNjlDOTQ2Q0I0N0FDNUYxODJDODE0MDk3RjQuZ3I3LmV1LWNlbnRyYWwtMS5la3MuYW1hem9uYXdzLmNvbScgIC0ta3ViZWxldC1leHRyYS1hcmdzICIiICdkZW1vLXBsYXlzZGV2LWVrcycKCiMgQWxsb3cgdXNlciBzdXBwbGllZCB1c2VyZGF0YSBjb2RlCmVjaG8gZm9vIGJhcgo=",
            "vpc_classic_link_id": "",
            "vpc_classic_link_security_groups": null
          },
          "sensitive_attributes": [],
          "private": "bnVsbA==",
          "dependencies": [
            "aws_security_group.worker_group_mgmt_one",
            "aws_security_group.worker_group_mgmt_two",
            "data.aws_availability_zones.available",
            "module.eks.aws_cloudwatch_log_group.this",
            "module.eks.aws_eks_cluster.this",
            "module.eks.aws_iam_instance_profile.workers",
            "module.eks.aws_iam_role.cluster",
            "module.eks.aws_iam_role.workers",
            "module.eks.aws_iam_role_policy_attachment.cluster_AmazonEKSClusterPolicy",
            "module.eks.aws_iam_role_policy_attachment.cluster_AmazonEKSServicePolicy",
            "module.eks.aws_iam_role_policy_attachment.cluster_AmazonEKSVPCResourceControllerPolicy",
            "module.eks.aws_iam_role_policy_attachment.workers_AmazonEC2ContainerRegistryReadOnly",
            "module.eks.aws_iam_role_policy_attachment.workers_AmazonEKSWorkerNodePolicy",
            "module.eks.aws_iam_role_policy_attachment.workers_AmazonEKS_CNI_Policy",
            "module.eks.aws_iam_role_policy_attachment.workers_additional_policies",
            "module.eks.aws_security_group.cluster",
            "module.eks.aws_security_group.workers",
            "module.eks.aws_security_group_rule.cluster_egress_internet",
            "module.eks.aws_security_group_rule.cluster_https_worker_ingress",
            "module.eks.aws_security_group_rule.cluster_primary_ingress_workers",
            "module.eks.aws_security_group_rule.workers_egress_internet",
            "module.eks.aws_security_group_rule.workers_ingress_cluster",
            "module.eks.aws_security_group_rule.workers_ingress_cluster_https",
            "module.eks.aws_security_group_rule.workers_ingress_cluster_kubelet",
            "module.eks.aws_security_group_rule.workers_ingress_cluster_primary",
            "module.eks.aws_security_group_rule.workers_ingress_self",
            "module.eks.data.aws_ami.eks_worker",
            "module.eks.data.aws_ami.eks_worker_windows",
            "module.eks.data.aws_iam_instance_profile.custom_worker_group_iam_instance_profile",
            "module.eks.data.aws_iam_policy_document.cluster_assume_role_policy",
            "module.eks.data.aws_iam_policy_document.workers_assume_role_policy",
            "module.eks.data.aws_iam_role.custom_cluster_iam_role",
            "module.eks.data.aws_partition.current",
            "module.vpc.aws_subnet.private",
            "module.vpc.aws_vpc.this",
            "module.vpc.aws_vpc_ipv4_cidr_block_association.this"
          ],
          "create_before_destroy": true
        }
      ]
    },
    {
      "module": "module.eks",
      "mode": "managed",
      "type": "aws_security_group",
      "name": "cluster",
      "provider": "provider[\"registry.terraform.io/hashicorp/aws\"]",
      "instances": [
        {
          "index_key": 0,
          "schema_version": 1,
          "attributes": {
            "arn": "arn:aws:ec2:eu-central-1:513910674915:security-group/sg-0b64ca098f59e845d",
            "description": "EKS cluster security group.",
            "egress": [],
            "id": "sg-0b64ca098f59e845d",
            "ingress": [],
            "name": "demo-playsdev-eks2021092217363541030000000d",
            "name_prefix": "demo-playsdev-eks",
            "owner_id": "513910674915",
            "revoke_rules_on_delete": false,
            "tags": {
              "Environment": "training",
              "GithubOrg": "terraform-aws-modules",
              "GithubRepo": "terraform-aws-eks",
              "Name": "demo-playsdev-eks-eks_cluster_sg"
            },
            "tags_all": {
              "Environment": "training",
              "GithubOrg": "terraform-aws-modules",
              "GithubRepo": "terraform-aws-eks",
              "Name": "demo-playsdev-eks-eks_cluster_sg"
            },
            "timeouts": null,
            "vpc_id": "vpc-03209b8ac65bf8f96"
          },
          "sensitive_attributes": [],
          "private": "eyJlMmJmYjczMC1lY2FhLTExZTYtOGY4OC0zNDM2M2JjN2M0YzAiOnsiY3JlYXRlIjo2MDAwMDAwMDAwMDAsImRlbGV0ZSI6OTAwMDAwMDAwMDAwfSwic2NoZW1hX3ZlcnNpb24iOiIxIn0=",
          "dependencies": [
            "module.vpc.aws_vpc.this"
          ],
          "create_before_destroy": true
        }
      ]
    },
    {
      "module": "module.eks",
      "mode": "managed",
      "type": "aws_security_group",
      "name": "workers",
      "provider": "provider[\"registry.terraform.io/hashicorp/aws\"]",
      "instances": [
        {
          "index_key": 0,
          "schema_version": 1,
          "attributes": {
            "arn": "arn:aws:ec2:eu-central-1:513910674915:security-group/sg-09ee6c862e4a0567a",
            "description": "Security group for all nodes in the cluster.",
            "egress": [],
            "id": "sg-09ee6c862e4a0567a",
            "ingress": [],
            "name": "demo-playsdev-eks2021092217363105360000000a",
            "name_prefix": "demo-playsdev-eks",
            "owner_id": "513910674915",
            "revoke_rules_on_delete": false,
            "tags": {
              "Environment": "training",
              "GithubOrg": "terraform-aws-modules",
              "GithubRepo": "terraform-aws-eks",
              "Name": "demo-playsdev-eks-eks_worker_sg",
              "kubernetes.io/cluster/demo-playsdev-eks": "owned"
            },
            "tags_all": {
              "Environment": "training",
              "GithubOrg": "terraform-aws-modules",
              "GithubRepo": "terraform-aws-eks",
              "Name": "demo-playsdev-eks-eks_worker_sg",
              "kubernetes.io/cluster/demo-playsdev-eks": "owned"
            },
            "timeouts": null,
            "vpc_id": "vpc-03209b8ac65bf8f96"
          },
          "sensitive_attributes": [],
          "private": "eyJlMmJmYjczMC1lY2FhLTExZTYtOGY4OC0zNDM2M2JjN2M0YzAiOnsiY3JlYXRlIjo2MDAwMDAwMDAwMDAsImRlbGV0ZSI6OTAwMDAwMDAwMDAwfSwic2NoZW1hX3ZlcnNpb24iOiIxIn0=",
          "dependencies": [
            "module.vpc.aws_vpc.this"
          ],
          "create_before_destroy": true
        }
      ]
    },
    {
      "module": "module.eks",
      "mode": "managed",
      "type": "aws_security_group_rule",
      "name": "cluster_egress_internet",
      "provider": "provider[\"registry.terraform.io/hashicorp/aws\"]",
      "instances": [
        {
          "index_key": 0,
          "schema_version": 2,
          "attributes": {
            "cidr_blocks": [
              "0.0.0.0/0"
            ],
            "description": "Allow cluster egress access to the Internet.",
            "from_port": 0,
            "id": "sgrule-4013853403",
            "ipv6_cidr_blocks": null,
            "prefix_list_ids": null,
            "protocol": "-1",
            "security_group_id": "sg-0b64ca098f59e845d",
            "self": false,
            "source_security_group_id": null,
            "to_port": 0,
            "type": "egress"
          },
          "sensitive_attributes": [],
          "private": "eyJzY2hlbWFfdmVyc2lvbiI6IjIifQ==",
          "dependencies": [
            "module.eks.aws_security_group.cluster",
            "module.vpc.aws_vpc.this"
          ],
          "create_before_destroy": true
        }
      ]
    },
    {
      "module": "module.eks",
      "mode": "managed",
      "type": "aws_security_group_rule",
      "name": "cluster_https_worker_ingress",
      "provider": "provider[\"registry.terraform.io/hashicorp/aws\"]",
      "instances": [
        {
          "index_key": 0,
          "schema_version": 2,
          "attributes": {
            "cidr_blocks": null,
            "description": "Allow pods to communicate with the EKS cluster API.",
            "from_port": 443,
            "id": "sgrule-3154421267",
            "ipv6_cidr_blocks": null,
            "prefix_list_ids": null,
            "protocol": "tcp",
            "security_group_id": "sg-0b64ca098f59e845d",
            "self": false,
            "source_security_group_id": "sg-09ee6c862e4a0567a",
            "to_port": 443,
            "type": "ingress"
          },
          "sensitive_attributes": [],
          "private": "eyJzY2hlbWFfdmVyc2lvbiI6IjIifQ==",
          "dependencies": [
            "module.eks.aws_security_group.cluster",
            "module.eks.aws_security_group.workers",
            "module.vpc.aws_vpc.this"
          ],
          "create_before_destroy": true
        }
      ]
    },
    {
      "module": "module.eks",
      "mode": "managed",
      "type": "aws_security_group_rule",
      "name": "workers_egress_internet",
      "provider": "provider[\"registry.terraform.io/hashicorp/aws\"]",
      "instances": [
        {
          "index_key": 0,
          "schema_version": 2,
          "attributes": {
            "cidr_blocks": [
              "0.0.0.0/0"
            ],
            "description": "Allow nodes all egress to the Internet.",
            "from_port": 0,
            "id": "sgrule-707034723",
            "ipv6_cidr_blocks": null,
            "prefix_list_ids": null,
            "protocol": "-1",
            "security_group_id": "sg-09ee6c862e4a0567a",
            "self": false,
            "source_security_group_id": null,
            "to_port": 0,
            "type": "egress"
          },
          "sensitive_attributes": [],
          "private": "eyJzY2hlbWFfdmVyc2lvbiI6IjIifQ==",
          "dependencies": [
            "module.eks.aws_security_group.workers",
            "module.vpc.aws_vpc.this"
          ],
          "create_before_destroy": true
        }
      ]
    },
    {
      "module": "module.eks",
      "mode": "managed",
      "type": "aws_security_group_rule",
      "name": "workers_ingress_cluster",
      "provider": "provider[\"registry.terraform.io/hashicorp/aws\"]",
      "instances": [
        {
          "index_key": 0,
          "schema_version": 2,
          "attributes": {
            "cidr_blocks": null,
            "description": "Allow workers pods to receive communication from the cluster control plane.",
            "from_port": 1025,
            "id": "sgrule-2347663225",
            "ipv6_cidr_blocks": null,
            "prefix_list_ids": null,
            "protocol": "tcp",
            "security_group_id": "sg-09ee6c862e4a0567a",
            "self": false,
            "source_security_group_id": "sg-0b64ca098f59e845d",
            "to_port": 65535,
            "type": "ingress"
          },
          "sensitive_attributes": [],
          "private": "eyJzY2hlbWFfdmVyc2lvbiI6IjIifQ==",
          "dependencies": [
            "module.eks.aws_security_group.cluster",
            "module.eks.aws_security_group.workers",
            "module.vpc.aws_vpc.this"
          ],
          "create_before_destroy": true
        }
      ]
    },
    {
      "module": "module.eks",
      "mode": "managed",
      "type": "aws_security_group_rule",
      "name": "workers_ingress_cluster_https",
      "provider": "provider[\"registry.terraform.io/hashicorp/aws\"]",
      "instances": [
        {
          "index_key": 0,
          "schema_version": 2,
          "attributes": {
            "cidr_blocks": null,
            "description": "Allow pods running extension API servers on port 443 to receive communication from cluster control plane.",
            "from_port": 443,
            "id": "sgrule-3707152581",
            "ipv6_cidr_blocks": null,
            "prefix_list_ids": null,
            "protocol": "tcp",
            "security_group_id": "sg-09ee6c862e4a0567a",
            "self": false,
            "source_security_group_id": "sg-0b64ca098f59e845d",
            "to_port": 443,
            "type": "ingress"
          },
          "sensitive_attributes": [],
          "private": "eyJzY2hlbWFfdmVyc2lvbiI6IjIifQ==",
          "dependencies": [
            "module.eks.aws_security_group.cluster",
            "module.eks.aws_security_group.workers",
            "module.vpc.aws_vpc.this"
          ],
          "create_before_destroy": true
        }
      ]
    },
    {
      "module": "module.eks",
      "mode": "managed",
      "type": "aws_security_group_rule",
      "name": "workers_ingress_self",
      "provider": "provider[\"registry.terraform.io/hashicorp/aws\"]",
      "instances": [
        {
          "index_key": 0,
          "schema_version": 2,
          "attributes": {
            "cidr_blocks": null,
            "description": "Allow node to communicate with each other.",
            "from_port": 0,
            "id": "sgrule-1239121237",
            "ipv6_cidr_blocks": null,
            "prefix_list_ids": null,
            "protocol": "-1",
            "security_group_id": "sg-09ee6c862e4a0567a",
            "self": false,
            "source_security_group_id": "sg-09ee6c862e4a0567a",
            "to_port": 65535,
            "type": "ingress"
          },
          "sensitive_attributes": [],
          "private": "eyJzY2hlbWFfdmVyc2lvbiI6IjIifQ==",
          "dependencies": [
            "module.eks.aws_security_group.workers",
            "module.vpc.aws_vpc.this"
          ],
          "create_before_destroy": true
        }
      ]
    },
    {
      "module": "module.eks",
      "mode": "managed",
      "type": "kubernetes_config_map",
      "name": "aws_auth",
      "provider": "provider[\"registry.terraform.io/hashicorp/kubernetes\"]",
      "instances": [
        {
          "index_key": 0,
          "schema_version": 0,
          "attributes": {
            "binary_data": null,
            "data": {
              "mapAccounts": "[]\n",
              "mapRoles": "- \"groups\":\n  - \"system:bootstrappers\"\n  - \"system:nodes\"\n  \"rolearn\": \"arn:aws:iam::513910674915:role/demo-playsdev-eks2021092217455848920000000e\"\n  \"username\": \"system:node:{{EC2PrivateDNSName}}\"\n",
              "mapUsers": "[]\n"
            },
            "id": "kube-system/aws-auth",
            "metadata": [
              {
                "annotations": null,
                "generate_name": "",
                "generation": 0,
                "labels": {
                  "app.kubernetes.io/managed-by": "Terraform",
                  "terraform.io/module": "terraform-aws-modules.eks.aws"
                },
                "name": "aws-auth",
                "namespace": "kube-system",
                "resource_version": "611",
                "uid": "6becd849-b8b7-4b0c-afa5-2b3a648cb0c5"
              }
            ]
          },
          "sensitive_attributes": [],
          "private": "bnVsbA==",
          "dependencies": [
            "aws_security_group.worker_group_mgmt_one",
            "aws_security_group.worker_group_mgmt_two",
            "data.aws_availability_zones.available",
            "data.aws_eks_cluster.cluster",
            "data.aws_eks_cluster_auth.cluster",
            "module.eks.aws_cloudwatch_log_group.this",
            "module.eks.aws_eks_cluster.this",
            "module.eks.aws_iam_instance_profile.workers",
            "module.eks.aws_iam_instance_profile.workers_launch_template",
            "module.eks.aws_iam_role.cluster",
            "module.eks.aws_iam_role.workers",
            "module.eks.aws_iam_role_policy_attachment.cluster_AmazonEKSClusterPolicy",
            "module.eks.aws_iam_role_policy_attachment.cluster_AmazonEKSServicePolicy",
            "module.eks.aws_iam_role_policy_attachment.cluster_AmazonEKSVPCResourceControllerPolicy",
            "module.eks.aws_security_group.cluster",
            "module.eks.aws_security_group.workers",
            "module.eks.aws_security_group_rule.cluster_egress_internet",
            "module.eks.aws_security_group_rule.cluster_https_worker_ingress",
            "module.eks.aws_security_group_rule.cluster_private_access_cidrs_source",
            "module.eks.aws_security_group_rule.cluster_private_access_sg_source",
            "module.eks.data.aws_ami.eks_worker",
            "module.eks.data.aws_ami.eks_worker_windows",
            "module.eks.data.aws_caller_identity.current",
            "module.eks.data.aws_iam_instance_profile.custom_worker_group_iam_instance_profile",
            "module.eks.data.aws_iam_instance_profile.custom_worker_group_launch_template_iam_instance_profile",
            "module.eks.data.aws_iam_policy_document.cluster_assume_role_policy",
            "module.eks.data.aws_iam_policy_document.workers_assume_role_policy",
            "module.eks.data.aws_iam_role.custom_cluster_iam_role",
            "module.eks.data.aws_partition.current",
            "module.eks.data.http.wait_for_cluster",
            "module.eks.module.fargate.aws_iam_role.eks_fargate_pod",
            "module.eks.module.fargate.data.aws_iam_role.custom_fargate_iam_role",
            "module.vpc.aws_subnet.private",
            "module.vpc.aws_vpc.this",
            "module.vpc.aws_vpc_ipv4_cidr_block_association.this"
          ]
        }
      ]
    },
    {
      "module": "module.eks",
      "mode": "managed",
      "type": "local_file",
      "name": "kubeconfig",
      "provider": "provider[\"registry.terraform.io/hashicorp/local\"]",
      "instances": [
        {
          "index_key": 0,
          "schema_version": 0,
          "attributes": {
            "content": "apiVersion: v1\npreferences: {}\nkind: Config\n\nclusters:\n- cluster:\n    server: https://2AAC4F69C946CB47AC5F182C814097F4.gr7.eu-central-1.eks.amazonaws.com\n    certificate-authority-data: LS0tLS1CRUdJTiBDRVJUSUZJQ0FURS0tLS0tCk1JSUM1ekNDQWMrZ0F3SUJBZ0lCQURBTkJna3Foa2lHOXcwQkFRc0ZBREFWTVJNd0VRWURWUVFERXdwcmRXSmwKY201bGRHVnpNQjRYRFRJeE1Ea3lNakUzTkRJeU5Gb1hEVE14TURreU1ERTNOREl5TkZvd0ZURVRNQkVHQTFVRQpBeE1LYTNWaVpYSnVaWFJsY3pDQ0FTSXdEUVlKS29aSWh2Y05BUUVCQlFBRGdnRVBBRENDQVFvQ2dnRUJBS1hzCjJ0SjQzSkFTR1E1ZmlwTy9sY1ZLaE81Z0oyVDNjcC83bWZJY20xQ2Z2Q292UE5nRWhaTVhqQmRSNXhnQW16ZjcKS3R3NmFHa1dQM3UvekJaMWpTeDJIQktRNUZSQVBORTlkK0dTWHphWEl3NmV5SWhidUkxZUM3eEduL1lrb2t5agpBT3oxb2FyMUpOQ1k2dTBIS1N4cW9kd0NqcTdzMm51b1ppQjlRVi9Wb3RZSTJkL0x6Y3I3UGgrK1lEN1JJc3JuClZJbzFJTkcrQ2hTSTM3aDg1WU4wamZYZ0h5VEgxSGRUbmIwNHFSOUl5S1M1aGhZODlPYVJJenpURnc1UGRGSGwKMy84RmR5YUR3N0Fsc216VlVIbEwvdm9aMDBPQnd5WGR2TXhiYzF3ZTdIVFNEa3Z0ZGZlM2loQ3d3ZU1LaGlhRwplNDZZUDUzUFpPa2UrRStvakdFQ0F3RUFBYU5DTUVBd0RnWURWUjBQQVFIL0JBUURBZ0trTUE4R0ExVWRFd0VCCi93UUZNQU1CQWY4d0hRWURWUjBPQkJZRUZKVS84clAvUjlyYjgwNDFkZFlmN0hDWUdFc01NQTBHQ1NxR1NJYjMKRFFFQkN3VUFBNElCQVFBMVhkYU1Gb2N1b0FBcldRTndrektDUFdRQ2JBZVR6N2JiQllET09NMVNuRVExQ3NxYwpGdXVDOTZHbStnL0JhUzJ6OThaLzYwV0k5VGd5Wk9sQXZnL1NtSUZJYTJlSmYySTNKWndRYTIrUENFVHRUeTlqCjBydWx6R3JaSHVJM2M0c1VMVUUyck5pTmZVUHBybE45NHpkdHJyR1Y5TXNqOTRsQkhFWGdHSWxWWlBUV0pPQnMKbzFNTkJESTVvdUZoUFk2L1pocjVSbEg5SkthYTVONzdYK2Nrd2E5R3Y5ME85TVRHVHkzeVUrMTF2Rm9nUjVOSwppUVowMGpmNUU2QWVBcUVsVWVha2N5MlJDR20yTGh4cUJMamRjY3BPOS9EeS9jSUQzOHk3bHJudFhmMTczaXhtCm42MmMybDBrdExQSGVKTmN4dW1LWWU4WTVMTmFTMTJpOUE2RwotLS0tLUVORCBDRVJUSUZJQ0FURS0tLS0tCg==\n  name: eks_demo-playsdev-eks\n\ncontexts:\n- context:\n    cluster: eks_demo-playsdev-eks\n    user: eks_demo-playsdev-eks\n  name: eks_demo-playsdev-eks\n\ncurrent-context: eks_demo-playsdev-eks\n\nusers:\n- name: eks_demo-playsdev-eks\n  user:\n    exec:\n      apiVersion: client.authentication.k8s.io/v1alpha1\n      command: aws-iam-authenticator\n      args:\n        - \"token\"\n        - \"-i\"\n        - \"demo-playsdev-eks\"\n",
            "content_base64": null,
            "directory_permission": "0755",
            "file_permission": "0600",
            "filename": "./kubeconfig_demo-playsdev-eks",
            "id": "5b68309e7721d55157bc08aa6b58ada70e9e1691",
            "sensitive_content": null,
            "source": null
          },
          "sensitive_attributes": [],
          "private": "bnVsbA==",
          "dependencies": [
            "data.aws_availability_zones.available",
            "module.eks.aws_cloudwatch_log_group.this",
            "module.eks.aws_eks_cluster.this",
            "module.eks.aws_iam_role.cluster",
            "module.eks.aws_iam_role_policy_attachment.cluster_AmazonEKSClusterPolicy",
            "module.eks.aws_iam_role_policy_attachment.cluster_AmazonEKSServicePolicy",
            "module.eks.aws_iam_role_policy_attachment.cluster_AmazonEKSVPCResourceControllerPolicy",
            "module.eks.aws_security_group.cluster",
            "module.eks.aws_security_group.workers",
            "module.eks.aws_security_group_rule.cluster_egress_internet",
            "module.eks.aws_security_group_rule.cluster_https_worker_ingress",
            "module.eks.data.aws_iam_policy_document.cluster_assume_role_policy",
            "module.eks.data.aws_iam_role.custom_cluster_iam_role",
            "module.eks.data.aws_partition.current",
            "module.vpc.aws_subnet.private",
            "module.vpc.aws_vpc.this",
            "module.vpc.aws_vpc_ipv4_cidr_block_association.this"
          ]
        }
      ]
    },
    {
      "module": "module.eks.module.fargate",
      "mode": "data",
      "type": "aws_partition",
      "name": "current",
      "provider": "provider[\"registry.terraform.io/hashicorp/aws\"]",
      "instances": [
        {
          "schema_version": 0,
          "attributes": {
            "dns_suffix": "amazonaws.com",
            "id": "aws",
            "partition": "aws",
            "reverse_dns_prefix": "com.amazonaws"
          },
          "sensitive_attributes": []
        }
      ]
    },
    {
      "module": "module.vpc",
      "mode": "managed",
      "type": "aws_eip",
      "name": "nat",
      "provider": "provider[\"registry.terraform.io/hashicorp/aws\"]",
      "instances": [
        {
          "index_key": 0,
          "schema_version": 0,
          "attributes": {
            "address": null,
            "allocation_id": null,
            "associate_with_private_ip": null,
            "association_id": "",
            "carrier_ip": "",
            "customer_owned_ip": "",
            "customer_owned_ipv4_pool": "",
            "domain": "vpc",
            "id": "eipalloc-bf096cb5",
            "instance": "",
            "network_border_group": "eu-central-1",
            "network_interface": "",
            "private_dns": null,
            "private_ip": "",
            "public_dns": "ec2-3-68-120-90.eu-central-1.compute.amazonaws.com",
            "public_ip": "3.68.120.90",
            "public_ipv4_pool": "amazon",
            "tags": {
              "Name": "education-vpc-eu-central-1a",
              "kubernetes.io/cluster/demo-playsdev-eks": "shared"
            },
            "tags_all": {
              "Name": "education-vpc-eu-central-1a",
              "kubernetes.io/cluster/demo-playsdev-eks": "shared"
            },
            "timeouts": null,
            "vpc": true
          },
          "sensitive_attributes": [],
          "private": "eyJlMmJmYjczMC1lY2FhLTExZTYtOGY4OC0zNDM2M2JjN2M0YzAiOnsiZGVsZXRlIjoxODAwMDAwMDAwMDAsInJlYWQiOjkwMDAwMDAwMDAwMCwidXBkYXRlIjozMDAwMDAwMDAwMDB9fQ==",
          "dependencies": [
            "data.aws_availability_zones.available"
          ]
        }
      ]
    },
    {
      "module": "module.vpc",
      "mode": "managed",
      "type": "aws_internet_gateway",
      "name": "this",
      "provider": "provider[\"registry.terraform.io/hashicorp/aws\"]",
      "instances": [
        {
          "index_key": 0,
          "schema_version": 0,
          "attributes": {
            "arn": "arn:aws:ec2:eu-central-1:513910674915:internet-gateway/igw-0ef6221213f7e133e",
            "id": "igw-0ef6221213f7e133e",
            "owner_id": "513910674915",
            "tags": {
              "Name": "education-vpc",
              "kubernetes.io/cluster/demo-playsdev-eks": "shared"
            },
            "tags_all": {
              "Name": "education-vpc",
              "kubernetes.io/cluster/demo-playsdev-eks": "shared"
            },
            "vpc_id": "vpc-03209b8ac65bf8f96"
          },
          "sensitive_attributes": [],
          "private": "bnVsbA==",
          "dependencies": [
            "module.vpc.aws_vpc.this",
            "module.vpc.aws_vpc_ipv4_cidr_block_association.this"
          ]
        }
      ]
    },
    {
      "module": "module.vpc",
      "mode": "managed",
      "type": "aws_nat_gateway",
      "name": "this",
      "provider": "provider[\"registry.terraform.io/hashicorp/aws\"]",
      "instances": [
        {
          "index_key": 0,
          "schema_version": 0,
          "attributes": {
            "allocation_id": "eipalloc-bf096cb5",
            "connectivity_type": "public",
            "id": "nat-0de84098e49947715",
            "network_interface_id": "eni-01f0d302e40939a39",
            "private_ip": "10.1.4.122",
            "public_ip": "3.68.120.90",
            "subnet_id": "subnet-029966a0d79b37eaf",
            "tags": {
              "Name": "education-vpc-eu-central-1a",
              "kubernetes.io/cluster/demo-playsdev-eks": "shared"
            },
            "tags_all": {
              "Name": "education-vpc-eu-central-1a",
              "kubernetes.io/cluster/demo-playsdev-eks": "shared"
            }
          },
          "sensitive_attributes": [],
          "private": "bnVsbA==",
          "dependencies": [
            "data.aws_availability_zones.available",
            "module.vpc.aws_eip.nat",
            "module.vpc.aws_internet_gateway.this",
            "module.vpc.aws_subnet.public",
            "module.vpc.aws_vpc.this",
            "module.vpc.aws_vpc_ipv4_cidr_block_association.this"
          ]
        }
      ]
    },
    {
      "module": "module.vpc",
      "mode": "managed",
      "type": "aws_route",
      "name": "private_nat_gateway",
      "provider": "provider[\"registry.terraform.io/hashicorp/aws\"]",
      "instances": [
        {
          "index_key": 0,
          "schema_version": 0,
          "attributes": {
            "carrier_gateway_id": "",
            "destination_cidr_block": "0.0.0.0/0",
            "destination_ipv6_cidr_block": "",
            "destination_prefix_list_id": "",
            "egress_only_gateway_id": "",
            "gateway_id": "",
            "id": "r-rtb-019f7855b8a036e5d1080289494",
            "instance_id": "",
            "instance_owner_id": "",
            "local_gateway_id": "",
            "nat_gateway_id": "nat-0de84098e49947715",
            "network_interface_id": "",
            "origin": "CreateRoute",
            "route_table_id": "rtb-019f7855b8a036e5d",
            "state": "active",
            "timeouts": {
              "create": "5m",
              "delete": null
            },
            "transit_gateway_id": "",
            "vpc_endpoint_id": "",
            "vpc_peering_connection_id": ""
          },
          "sensitive_attributes": [],
          "private": "eyJlMmJmYjczMC1lY2FhLTExZTYtOGY4OC0zNDM2M2JjN2M0YzAiOnsiY3JlYXRlIjozMDAwMDAwMDAwMDAsImRlbGV0ZSI6MzAwMDAwMDAwMDAwfX0=",
          "dependencies": [
            "data.aws_availability_zones.available",
            "module.vpc.aws_eip.nat",
            "module.vpc.aws_internet_gateway.this",
            "module.vpc.aws_nat_gateway.this",
            "module.vpc.aws_route_table.private",
            "module.vpc.aws_subnet.public",
            "module.vpc.aws_vpc.this",
            "module.vpc.aws_vpc_ipv4_cidr_block_association.this"
          ]
        }
      ]
    },
    {
      "module": "module.vpc",
      "mode": "managed",
      "type": "aws_route",
      "name": "public_internet_gateway",
      "provider": "provider[\"registry.terraform.io/hashicorp/aws\"]",
      "instances": [
        {
          "index_key": 0,
          "schema_version": 0,
          "attributes": {
            "carrier_gateway_id": "",
            "destination_cidr_block": "0.0.0.0/0",
            "destination_ipv6_cidr_block": "",
            "destination_prefix_list_id": "",
            "egress_only_gateway_id": "",
            "gateway_id": "igw-0ef6221213f7e133e",
            "id": "r-rtb-052005f0c0f9ae71c1080289494",
            "instance_id": "",
            "instance_owner_id": "",
            "local_gateway_id": "",
            "nat_gateway_id": "",
            "network_interface_id": "",
            "origin": "CreateRoute",
            "route_table_id": "rtb-052005f0c0f9ae71c",
            "state": "active",
            "timeouts": {
              "create": "5m",
              "delete": null
            },
            "transit_gateway_id": "",
            "vpc_endpoint_id": "",
            "vpc_peering_connection_id": ""
          },
          "sensitive_attributes": [],
          "private": "eyJlMmJmYjczMC1lY2FhLTExZTYtOGY4OC0zNDM2M2JjN2M0YzAiOnsiY3JlYXRlIjozMDAwMDAwMDAwMDAsImRlbGV0ZSI6MzAwMDAwMDAwMDAwfX0=",
          "dependencies": [
            "module.vpc.aws_internet_gateway.this",
            "module.vpc.aws_route_table.public",
            "module.vpc.aws_vpc.this",
            "module.vpc.aws_vpc_ipv4_cidr_block_association.this"
          ]
        }
      ]
    },
    {
      "module": "module.vpc",
      "mode": "managed",
      "type": "aws_route_table",
      "name": "private",
      "provider": "provider[\"registry.terraform.io/hashicorp/aws\"]",
      "instances": [
        {
          "index_key": 0,
          "schema_version": 0,
          "attributes": {
            "arn": "arn:aws:ec2:eu-central-1:513910674915:route-table/rtb-019f7855b8a036e5d",
            "id": "rtb-019f7855b8a036e5d",
            "owner_id": "513910674915",
            "propagating_vgws": [],
            "route": [],
            "tags": {
              "Name": "education-vpc-private",
              "kubernetes.io/cluster/demo-playsdev-eks": "shared"
            },
            "tags_all": {
              "Name": "education-vpc-private",
              "kubernetes.io/cluster/demo-playsdev-eks": "shared"
            },
            "vpc_id": "vpc-03209b8ac65bf8f96"
          },
          "sensitive_attributes": [],
          "private": "bnVsbA==",
          "dependencies": [
            "data.aws_availability_zones.available",
            "module.vpc.aws_vpc.this",
            "module.vpc.aws_vpc_ipv4_cidr_block_association.this"
          ]
        }
      ]
    },
    {
      "module": "module.vpc",
      "mode": "managed",
      "type": "aws_route_table",
      "name": "public",
      "provider": "provider[\"registry.terraform.io/hashicorp/aws\"]",
      "instances": [
        {
          "index_key": 0,
          "schema_version": 0,
          "attributes": {
            "arn": "arn:aws:ec2:eu-central-1:513910674915:route-table/rtb-052005f0c0f9ae71c",
            "id": "rtb-052005f0c0f9ae71c",
            "owner_id": "513910674915",
            "propagating_vgws": [],
            "route": [],
            "tags": {
              "Name": "education-vpc-public",
              "kubernetes.io/cluster/demo-playsdev-eks": "shared"
            },
            "tags_all": {
              "Name": "education-vpc-public",
              "kubernetes.io/cluster/demo-playsdev-eks": "shared"
            },
            "vpc_id": "vpc-03209b8ac65bf8f96"
          },
          "sensitive_attributes": [],
          "private": "bnVsbA==",
          "dependencies": [
            "module.vpc.aws_vpc.this",
            "module.vpc.aws_vpc_ipv4_cidr_block_association.this"
          ]
        }
      ]
    },
    {
      "module": "module.vpc",
      "mode": "managed",
      "type": "aws_route_table_association",
      "name": "private",
      "provider": "provider[\"registry.terraform.io/hashicorp/aws\"]",
      "instances": [
        {
          "index_key": 0,
          "schema_version": 0,
          "attributes": {
            "gateway_id": "",
            "id": "rtbassoc-0bc49d76726d73454",
            "route_table_id": "rtb-019f7855b8a036e5d",
            "subnet_id": "subnet-02d2bf1b7d9788d6d"
          },
          "sensitive_attributes": [],
          "private": "bnVsbA==",
          "dependencies": [
            "data.aws_availability_zones.available",
            "module.vpc.aws_route_table.private",
            "module.vpc.aws_subnet.private",
            "module.vpc.aws_vpc.this",
            "module.vpc.aws_vpc_ipv4_cidr_block_association.this"
          ]
        },
        {
          "index_key": 1,
          "schema_version": 0,
          "attributes": {
            "gateway_id": "",
            "id": "rtbassoc-00e9946e10699e79e",
            "route_table_id": "rtb-019f7855b8a036e5d",
            "subnet_id": "subnet-0ff52f2c4440436f3"
          },
          "sensitive_attributes": [],
          "private": "bnVsbA==",
          "dependencies": [
            "data.aws_availability_zones.available",
            "module.vpc.aws_route_table.private",
            "module.vpc.aws_subnet.private",
            "module.vpc.aws_vpc.this",
            "module.vpc.aws_vpc_ipv4_cidr_block_association.this"
          ]
        },
        {
          "index_key": 2,
          "schema_version": 0,
          "attributes": {
            "gateway_id": "",
            "id": "rtbassoc-004a94ab3596a8685",
            "route_table_id": "rtb-019f7855b8a036e5d",
            "subnet_id": "subnet-01f738ae8e93f3cbe"
          },
          "sensitive_attributes": [],
          "private": "bnVsbA==",
          "dependencies": [
            "data.aws_availability_zones.available",
            "module.vpc.aws_route_table.private",
            "module.vpc.aws_subnet.private",
            "module.vpc.aws_vpc.this",
            "module.vpc.aws_vpc_ipv4_cidr_block_association.this"
          ]
        }
      ]
    },
    {
      "module": "module.vpc",
      "mode": "managed",
      "type": "aws_route_table_association",
      "name": "public",
      "provider": "provider[\"registry.terraform.io/hashicorp/aws\"]",
      "instances": [
        {
          "index_key": 0,
          "schema_version": 0,
          "attributes": {
            "gateway_id": "",
            "id": "rtbassoc-07c0aa0b94c8788df",
            "route_table_id": "rtb-052005f0c0f9ae71c",
            "subnet_id": "subnet-029966a0d79b37eaf"
          },
          "sensitive_attributes": [],
          "private": "bnVsbA==",
          "dependencies": [
            "data.aws_availability_zones.available",
            "module.vpc.aws_route_table.public",
            "module.vpc.aws_subnet.public",
            "module.vpc.aws_vpc.this",
            "module.vpc.aws_vpc_ipv4_cidr_block_association.this"
          ]
        },
        {
          "index_key": 1,
          "schema_version": 0,
          "attributes": {
            "gateway_id": "",
            "id": "rtbassoc-02ef9645f73ea5c2a",
            "route_table_id": "rtb-052005f0c0f9ae71c",
            "subnet_id": "subnet-082439da5cf458d47"
          },
          "sensitive_attributes": [],
          "private": "bnVsbA==",
          "dependencies": [
            "data.aws_availability_zones.available",
            "module.vpc.aws_route_table.public",
            "module.vpc.aws_subnet.public",
            "module.vpc.aws_vpc.this",
            "module.vpc.aws_vpc_ipv4_cidr_block_association.this"
          ]
        },
        {
          "index_key": 2,
          "schema_version": 0,
          "attributes": {
            "gateway_id": "",
            "id": "rtbassoc-0ac6a1238807e5a68",
            "route_table_id": "rtb-052005f0c0f9ae71c",
            "subnet_id": "subnet-0e676d4424c37cf6d"
          },
          "sensitive_attributes": [],
          "private": "bnVsbA==",
          "dependencies": [
            "data.aws_availability_zones.available",
            "module.vpc.aws_route_table.public",
            "module.vpc.aws_subnet.public",
            "module.vpc.aws_vpc.this",
            "module.vpc.aws_vpc_ipv4_cidr_block_association.this"
          ]
        }
      ]
    },
    {
      "module": "module.vpc",
      "mode": "managed",
      "type": "aws_subnet",
      "name": "private",
      "provider": "provider[\"registry.terraform.io/hashicorp/aws\"]",
      "instances": [
        {
          "index_key": 0,
          "schema_version": 1,
          "attributes": {
            "arn": "arn:aws:ec2:eu-central-1:513910674915:subnet/subnet-02d2bf1b7d9788d6d",
            "assign_ipv6_address_on_creation": false,
            "availability_zone": "eu-central-1a",
            "availability_zone_id": "euc1-az2",
            "cidr_block": "10.1.1.0/24",
            "customer_owned_ipv4_pool": "",
            "id": "subnet-02d2bf1b7d9788d6d",
            "ipv6_cidr_block": "",
            "ipv6_cidr_block_association_id": "",
            "map_customer_owned_ip_on_launch": false,
            "map_public_ip_on_launch": false,
            "outpost_arn": "",
            "owner_id": "513910674915",
            "tags": {
              "Name": "education-vpc-private-eu-central-1a",
              "kubernetes.io/cluster/demo-playsdev-eks": "shared",
              "kubernetes.io/role/internal-elb": "1"
            },
            "tags_all": {
              "Name": "education-vpc-private-eu-central-1a",
              "kubernetes.io/cluster/demo-playsdev-eks": "shared",
              "kubernetes.io/role/internal-elb": "1"
            },
            "timeouts": null,
            "vpc_id": "vpc-03209b8ac65bf8f96"
          },
          "sensitive_attributes": [],
          "private": "eyJlMmJmYjczMC1lY2FhLTExZTYtOGY4OC0zNDM2M2JjN2M0YzAiOnsiY3JlYXRlIjo2MDAwMDAwMDAwMDAsImRlbGV0ZSI6MTIwMDAwMDAwMDAwMH0sInNjaGVtYV92ZXJzaW9uIjoiMSJ9",
          "dependencies": [
            "data.aws_availability_zones.available",
            "module.vpc.aws_vpc.this",
            "module.vpc.aws_vpc_ipv4_cidr_block_association.this"
          ],
          "create_before_destroy": true
        },
        {
          "index_key": 1,
          "schema_version": 1,
          "attributes": {
            "arn": "arn:aws:ec2:eu-central-1:513910674915:subnet/subnet-0ff52f2c4440436f3",
            "assign_ipv6_address_on_creation": false,
            "availability_zone": "eu-central-1b",
            "availability_zone_id": "euc1-az3",
            "cidr_block": "10.1.2.0/24",
            "customer_owned_ipv4_pool": "",
            "id": "subnet-0ff52f2c4440436f3",
            "ipv6_cidr_block": "",
            "ipv6_cidr_block_association_id": "",
            "map_customer_owned_ip_on_launch": false,
            "map_public_ip_on_launch": false,
            "outpost_arn": "",
            "owner_id": "513910674915",
            "tags": {
              "Name": "education-vpc-private-eu-central-1b",
              "kubernetes.io/cluster/demo-playsdev-eks": "shared",
              "kubernetes.io/role/internal-elb": "1"
            },
            "tags_all": {
              "Name": "education-vpc-private-eu-central-1b",
              "kubernetes.io/cluster/demo-playsdev-eks": "shared",
              "kubernetes.io/role/internal-elb": "1"
            },
            "timeouts": null,
            "vpc_id": "vpc-03209b8ac65bf8f96"
          },
          "sensitive_attributes": [],
          "private": "eyJlMmJmYjczMC1lY2FhLTExZTYtOGY4OC0zNDM2M2JjN2M0YzAiOnsiY3JlYXRlIjo2MDAwMDAwMDAwMDAsImRlbGV0ZSI6MTIwMDAwMDAwMDAwMH0sInNjaGVtYV92ZXJzaW9uIjoiMSJ9",
          "dependencies": [
            "data.aws_availability_zones.available",
            "module.vpc.aws_vpc.this",
            "module.vpc.aws_vpc_ipv4_cidr_block_association.this"
          ],
          "create_before_destroy": true
        },
        {
          "index_key": 2,
          "schema_version": 1,
          "attributes": {
            "arn": "arn:aws:ec2:eu-central-1:513910674915:subnet/subnet-01f738ae8e93f3cbe",
            "assign_ipv6_address_on_creation": false,
            "availability_zone": "eu-central-1c",
            "availability_zone_id": "euc1-az1",
            "cidr_block": "10.1.3.0/24",
            "customer_owned_ipv4_pool": "",
            "id": "subnet-01f738ae8e93f3cbe",
            "ipv6_cidr_block": "",
            "ipv6_cidr_block_association_id": "",
            "map_customer_owned_ip_on_launch": false,
            "map_public_ip_on_launch": false,
            "outpost_arn": "",
            "owner_id": "513910674915",
            "tags": {
              "Name": "education-vpc-private-eu-central-1c",
              "kubernetes.io/cluster/demo-playsdev-eks": "shared",
              "kubernetes.io/role/internal-elb": "1"
            },
            "tags_all": {
              "Name": "education-vpc-private-eu-central-1c",
              "kubernetes.io/cluster/demo-playsdev-eks": "shared",
              "kubernetes.io/role/internal-elb": "1"
            },
            "timeouts": null,
            "vpc_id": "vpc-03209b8ac65bf8f96"
          },
          "sensitive_attributes": [],
          "private": "eyJlMmJmYjczMC1lY2FhLTExZTYtOGY4OC0zNDM2M2JjN2M0YzAiOnsiY3JlYXRlIjo2MDAwMDAwMDAwMDAsImRlbGV0ZSI6MTIwMDAwMDAwMDAwMH0sInNjaGVtYV92ZXJzaW9uIjoiMSJ9",
          "dependencies": [
            "data.aws_availability_zones.available",
            "module.vpc.aws_vpc.this",
            "module.vpc.aws_vpc_ipv4_cidr_block_association.this"
          ],
          "create_before_destroy": true
        }
      ]
    },
    {
      "module": "module.vpc",
      "mode": "managed",
      "type": "aws_subnet",
      "name": "public",
      "provider": "provider[\"registry.terraform.io/hashicorp/aws\"]",
      "instances": [
        {
          "index_key": 0,
          "schema_version": 1,
          "attributes": {
            "arn": "arn:aws:ec2:eu-central-1:513910674915:subnet/subnet-029966a0d79b37eaf",
            "assign_ipv6_address_on_creation": false,
            "availability_zone": "eu-central-1a",
            "availability_zone_id": "euc1-az2",
            "cidr_block": "10.1.4.0/24",
            "customer_owned_ipv4_pool": "",
            "id": "subnet-029966a0d79b37eaf",
            "ipv6_cidr_block": "",
            "ipv6_cidr_block_association_id": "",
            "map_customer_owned_ip_on_launch": false,
            "map_public_ip_on_launch": true,
            "outpost_arn": "",
            "owner_id": "513910674915",
            "tags": {
              "Name": "education-vpc-public-eu-central-1a",
              "kubernetes.io/cluster/demo-playsdev-eks": "shared",
              "kubernetes.io/role/elb": "1"
            },
            "tags_all": {
              "Name": "education-vpc-public-eu-central-1a",
              "kubernetes.io/cluster/demo-playsdev-eks": "shared",
              "kubernetes.io/role/elb": "1"
            },
            "timeouts": null,
            "vpc_id": "vpc-03209b8ac65bf8f96"
          },
          "sensitive_attributes": [],
          "private": "eyJlMmJmYjczMC1lY2FhLTExZTYtOGY4OC0zNDM2M2JjN2M0YzAiOnsiY3JlYXRlIjo2MDAwMDAwMDAwMDAsImRlbGV0ZSI6MTIwMDAwMDAwMDAwMH0sInNjaGVtYV92ZXJzaW9uIjoiMSJ9",
          "dependencies": [
            "data.aws_availability_zones.available",
            "module.vpc.aws_vpc.this",
            "module.vpc.aws_vpc_ipv4_cidr_block_association.this"
          ]
        },
        {
          "index_key": 1,
          "schema_version": 1,
          "attributes": {
            "arn": "arn:aws:ec2:eu-central-1:513910674915:subnet/subnet-082439da5cf458d47",
            "assign_ipv6_address_on_creation": false,
            "availability_zone": "eu-central-1b",
            "availability_zone_id": "euc1-az3",
            "cidr_block": "10.1.5.0/24",
            "customer_owned_ipv4_pool": "",
            "id": "subnet-082439da5cf458d47",
            "ipv6_cidr_block": "",
            "ipv6_cidr_block_association_id": "",
            "map_customer_owned_ip_on_launch": false,
            "map_public_ip_on_launch": true,
            "outpost_arn": "",
            "owner_id": "513910674915",
            "tags": {
              "Name": "education-vpc-public-eu-central-1b",
              "kubernetes.io/cluster/demo-playsdev-eks": "shared",
              "kubernetes.io/role/elb": "1"
            },
            "tags_all": {
              "Name": "education-vpc-public-eu-central-1b",
              "kubernetes.io/cluster/demo-playsdev-eks": "shared",
              "kubernetes.io/role/elb": "1"
            },
            "timeouts": null,
            "vpc_id": "vpc-03209b8ac65bf8f96"
          },
          "sensitive_attributes": [],
          "private": "eyJlMmJmYjczMC1lY2FhLTExZTYtOGY4OC0zNDM2M2JjN2M0YzAiOnsiY3JlYXRlIjo2MDAwMDAwMDAwMDAsImRlbGV0ZSI6MTIwMDAwMDAwMDAwMH0sInNjaGVtYV92ZXJzaW9uIjoiMSJ9",
          "dependencies": [
            "data.aws_availability_zones.available",
            "module.vpc.aws_vpc.this",
            "module.vpc.aws_vpc_ipv4_cidr_block_association.this"
          ]
        },
        {
          "index_key": 2,
          "schema_version": 1,
          "attributes": {
            "arn": "arn:aws:ec2:eu-central-1:513910674915:subnet/subnet-0e676d4424c37cf6d",
            "assign_ipv6_address_on_creation": false,
            "availability_zone": "eu-central-1c",
            "availability_zone_id": "euc1-az1",
            "cidr_block": "10.1.6.0/24",
            "customer_owned_ipv4_pool": "",
            "id": "subnet-0e676d4424c37cf6d",
            "ipv6_cidr_block": "",
            "ipv6_cidr_block_association_id": "",
            "map_customer_owned_ip_on_launch": false,
            "map_public_ip_on_launch": true,
            "outpost_arn": "",
            "owner_id": "513910674915",
            "tags": {
              "Name": "education-vpc-public-eu-central-1c",
              "kubernetes.io/cluster/demo-playsdev-eks": "shared",
              "kubernetes.io/role/elb": "1"
            },
            "tags_all": {
              "Name": "education-vpc-public-eu-central-1c",
              "kubernetes.io/cluster/demo-playsdev-eks": "shared",
              "kubernetes.io/role/elb": "1"
            },
            "timeouts": null,
            "vpc_id": "vpc-03209b8ac65bf8f96"
          },
          "sensitive_attributes": [],
          "private": "eyJlMmJmYjczMC1lY2FhLTExZTYtOGY4OC0zNDM2M2JjN2M0YzAiOnsiY3JlYXRlIjo2MDAwMDAwMDAwMDAsImRlbGV0ZSI6MTIwMDAwMDAwMDAwMH0sInNjaGVtYV92ZXJzaW9uIjoiMSJ9",
          "dependencies": [
            "data.aws_availability_zones.available",
            "module.vpc.aws_vpc.this",
            "module.vpc.aws_vpc_ipv4_cidr_block_association.this"
          ]
        }
      ]
    },
    {
      "module": "module.vpc",
      "mode": "managed",
      "type": "aws_vpc",
      "name": "this",
      "provider": "provider[\"registry.terraform.io/hashicorp/aws\"]",
      "instances": [
        {
          "index_key": 0,
          "schema_version": 1,
          "attributes": {
            "arn": "arn:aws:ec2:eu-central-1:513910674915:vpc/vpc-03209b8ac65bf8f96",
            "assign_generated_ipv6_cidr_block": false,
            "cidr_block": "10.1.0.0/16",
            "default_network_acl_id": "acl-0a7f494e72680896a",
            "default_route_table_id": "rtb-0d08dd36d86729908",
            "default_security_group_id": "sg-005a79d708f73c099",
            "dhcp_options_id": "dopt-acf569c6",
            "enable_classiclink": null,
            "enable_classiclink_dns_support": null,
            "enable_dns_hostnames": true,
            "enable_dns_support": true,
            "id": "vpc-03209b8ac65bf8f96",
            "instance_tenancy": "default",
            "ipv6_association_id": "",
            "ipv6_cidr_block": "",
            "main_route_table_id": "rtb-0d08dd36d86729908",
            "owner_id": "513910674915",
            "tags": {
              "Name": "education-vpc",
              "kubernetes.io/cluster/demo-playsdev-eks": "shared"
            },
            "tags_all": {
              "Name": "education-vpc",
              "kubernetes.io/cluster/demo-playsdev-eks": "shared"
            }
          },
          "sensitive_attributes": [],
          "private": "eyJzY2hlbWFfdmVyc2lvbiI6IjEifQ==",
          "create_before_destroy": true
        }
      ]
    }
  ]
}
