{
  "version": 4,
  "terraform_version": "1.0.5",
  "serial": 45,
  "lineage": "8f0b0553-7c0c-4a85-9221-abc0efd3f0e1",
  "outputs": {
    "ssh_key": {
      "value": "ssh-rsa AAAAB3NzaC1yc2EAAAADAQABAAACAQC4iIN0AP0+qlsltr2E2v2o+x8zpyDHdlJRbjXlJ8v7FbRUTa8Bo5CNAMVD6N8lpwP8yOGakIDg9+H6nCNwV+uzu4SPib7EQhaaPgi3avqgBxoLZwYx0XHUP4Oy/rTiJCEzF+QWE3X+KadeR60Xxb1OF9VXJS5u8JqWu5IF1tDWJtGTjz9FC8mHo8KlW207LRrif5s2aWsxqvA2a/g0VmEBqo2Za2MgWBXEHSRcMww3ak3/wDKtlUm9amCePxBh5C5mq3n0aHArhnnA0jWr0Es0PauDzQrJp0J8djmUDNwOigmFGQGrz4uSIaGEgx8kJ9UdSfSgcNZ2KNXJ9c3xzkL6ca3saTxVyzVpk+57KDSYBaMFspj4BZ4x90+m5zHVSB9rLTlA8PHdPK12H2zEg7+JWLDGSEJPXEDaZU+vQuslKs8WlXhv2uiEWBT+CaBSsEu/BpGzltA6nx2+IjUXmjXXdwdO7yhBKKqIAqKqMKoEKqkQvDBygVsCbXlN/coU1gvR5pOufF5Rqk3zbGDH2O9LfABhGcOxOMHnxqrZGfMcnup6GlpaY06rtPnjrPFLaTjWTyx8OKwTpXk9U7Vz5JOAd0c+UxGlVKivG7i8eNRRQgie6nvNSYoIoWRH7ujYFzrpzq0dFL+REUifVbWf0fh0rAXAkWSu9zzraF3tenMWUQ==\n",
      "type": "string"
    }
  },
  "resources": [
    {
      "mode": "data",
      "type": "aws_eks_cluster",
      "name": "cluster",
      "provider": "provider[\"registry.terraform.io/hashicorp/aws\"]",
      "instances": [
        {
          "schema_version": 0,
          "attributes": {
            "arn": "arn:aws:eks:eu-central-1:513910674915:cluster/playsdev-eks",
            "certificate_authority": [
              {
                "data": "LS0tLS1CRUdJTiBDRVJUSUZJQ0FURS0tLS0tCk1JSUM1ekNDQWMrZ0F3SUJBZ0lCQURBTkJna3Foa2lHOXcwQkFRc0ZBREFWTVJNd0VRWURWUVFERXdwcmRXSmwKY201bGRHVnpNQjRYRFRJeE1Ea3dPREU0TlRVMU4xb1hEVE14TURrd05qRTROVFUxTjFvd0ZURVRNQkVHQTFVRQpBeE1LYTNWaVpYSnVaWFJsY3pDQ0FTSXdEUVlKS29aSWh2Y05BUUVCQlFBRGdnRVBBRENDQVFvQ2dnRUJBTXU0CnRxM1JNQU5yS1I0d0tkOFQvLythVHdyUkE2aUd2SFRVUm5Ta0g4TmswbDVUZ3I3dHlmdXA4ZGFZSU8rRHRMTVgKY1BGQlc4dERxR00rcjB1ZkpMUEhiaGJwR1VISXBkVVJ6RFovbmFtRDhqbi9rVHdkL3JJZHRsSHFTeE9yNVV2SAp3NS9ibExMcDIrQXZ4WVZwR3d2TmI3NkhCQVdZMUFSVzhZQUI3V1NDUXVla3JmdVdQY1JieGdHMlMvb3VwVktMCkwwSkRpRjNsZXMvME9VSE5nVjZ4UHdBeklwR0p5Z0QzZVcydjBvTWdqakFsY1RaUCtFU1lRdmkxTElUWnJsbzAKZ29tUVdhM2tJVWFOMnZDM1FDL281RzZ5ZmhXWjNCUC90aTBIb25MNFBmdFZXTlRFMU1obzRaQ05wN3VZeEZNSgo1S3NZVGczYlJ2d3REMDdVSk9jQ0F3RUFBYU5DTUVBd0RnWURWUjBQQVFIL0JBUURBZ0trTUE4R0ExVWRFd0VCCi93UUZNQU1CQWY4d0hRWURWUjBPQkJZRUZCaTh0b1pvbWtZWEcrb2lVT01mdmhKOHZHOGVNQTBHQ1NxR1NJYjMKRFFFQkN3VUFBNElCQVFBTFBIVUt5NmM1aHR5Vk83ZUNaV0NxWXNBdnFleEpsZzN2MnlodWdVbzVlaTE2ZXZOZQpBbjRycWxsa1FGM3pKcE9xUldyZjNGYUxNdVowSXgxaDJWNmpaRTF6M0dZVnlTM3ZvbzdNS1Z1ZmJHNEVsQXRUCmk4VERwZ1NhZzMwZjEzK1dEZ0RvRW5nNTZlelE3OXIyME5RNUZ3N25PNEsvMlB2eEUreU56R0tyUS9vWUFUTW8KSTRVK0diQWtORWsvZmhzdGVvSXp2L2dvMkRvZ0gvSlp1Wko1Zzk4c3FlbGtSTEV5QkptZi9McDVtVlhHaWRYSQpaQ2hwRjAyallYcmxzZUQ1MmIzUE5XYTR4MWxZd2F5bnJMZ01xSVV0V2MxdHNaVUxmMGxaVW5oK05qT1pRcFdXClpOak94dUhUdUUrSmNQM2hoT241ZkNrLzhPM240WEVrQXp5VQotLS0tLUVORCBDRVJUSUZJQ0FURS0tLS0tCg=="
              }
            ],
            "created_at": "2021-09-08 18:50:20.685 +0000 UTC",
            "enabled_cluster_log_types": [],
            "endpoint": "https://46BF494AD3B44C33CC99A23A337E767D.gr7.eu-central-1.eks.amazonaws.com",
            "id": "playsdev-eks",
            "identity": [
              {
                "oidc": [
                  {
                    "issuer": "https://oidc.eks.eu-central-1.amazonaws.com/id/46BF494AD3B44C33CC99A23A337E767D"
                  }
                ]
              }
            ],
            "kubernetes_network_config": [
              {
                "service_ipv4_cidr": "10.100.0.0/16"
              }
            ],
            "name": "playsdev-eks",
            "platform_version": "eks.2",
            "role_arn": "arn:aws:iam::513910674915:role/playsdev-eks20210908185000188600000001",
            "status": "ACTIVE",
            "tags": {
              "Environment": "training",
              "GithubOrg": "terraform-aws-modules",
              "GithubRepo": "terraform-aws-eks"
            },
            "version": "1.20",
            "vpc_config": [
              {
                "cluster_security_group_id": "sg-09591694cc670a443",
                "endpoint_private_access": false,
                "endpoint_public_access": true,
                "public_access_cidrs": [
                  "0.0.0.0/0"
                ],
                "security_group_ids": [
                  "sg-0d7e6e440be71c4ad"
                ],
                "subnet_ids": [
                  "subnet-04f010012d2cccee3",
                  "subnet-0ccb6617178712860"
                ],
                "vpc_id": "vpc-042807fe884903dbe"
              }
            ]
          },
          "sensitive_attributes": []
        }
      ]
    },
    {
      "mode": "data",
      "type": "aws_eks_cluster_auth",
      "name": "cluster",
      "provider": "provider[\"registry.terraform.io/hashicorp/aws\"]",
      "instances": [
        {
          "schema_version": 0,
          "attributes": {
            "id": "playsdev-eks",
            "name": "playsdev-eks",
            "token": "k8s-aws-v1.aHR0cHM6Ly9zdHMuYW1hem9uYXdzLmNvbS8_QWN0aW9uPUdldENhbGxlcklkZW50aXR5JlZlcnNpb249MjAxMS0wNi0xNSZYLUFtei1BbGdvcml0aG09QVdTNC1ITUFDLVNIQTI1NiZYLUFtei1DcmVkZW50aWFsPUFLSUFYUEozV1NYUlpYVklKSk9ZJTJGMjAyMTA5MDglMkZ1cy1lYXN0LTElMkZzdHMlMkZhd3M0X3JlcXVlc3QmWC1BbXotRGF0ZT0yMDIxMDkwOFQxOTAwMDRaJlgtQW16LUV4cGlyZXM9MCZYLUFtei1TaWduZWRIZWFkZXJzPWhvc3QlM0J4LWs4cy1hd3MtaWQmWC1BbXotU2lnbmF0dXJlPTZiYWQ5NWNkNTQ3NzlkMGU5MTMxNjc0MGJkNjE3ZWNkNDJmYzE1Y2FhYzkyMzg5YWJmZTZmZjU3Nzg0N2FjZTI"
          },
          "sensitive_attributes": []
        }
      ]
    },
    {
      "mode": "managed",
      "type": "aws_db_instance",
      "name": "playsdev-db",
      "provider": "provider[\"registry.terraform.io/hashicorp/aws\"]",
      "instances": [
        {
          "schema_version": 1,
          "attributes": {
            "address": "terraform-2021090818501131930000000a.cxbzdmish8xg.eu-central-1.rds.amazonaws.com",
            "allocated_storage": 10,
            "allow_major_version_upgrade": null,
            "apply_immediately": null,
            "arn": "arn:aws:rds:eu-central-1:513910674915:db:terraform-2021090818501131930000000a",
            "auto_minor_version_upgrade": true,
            "availability_zone": "eu-central-1a",
            "backup_retention_period": 0,
            "backup_window": "02:12-02:42",
            "ca_cert_identifier": "rds-ca-2019",
            "character_set_name": "",
            "copy_tags_to_snapshot": false,
            "customer_owned_ip_enabled": false,
            "db_subnet_group_name": "playsdev-db-subnet",
            "delete_automated_backups": true,
            "deletion_protection": false,
            "domain": "",
            "domain_iam_role_name": "",
            "enabled_cloudwatch_logs_exports": null,
            "endpoint": "terraform-2021090818501131930000000a.cxbzdmish8xg.eu-central-1.rds.amazonaws.com:3306",
            "engine": "mysql",
            "engine_version": "5.7",
            "engine_version_actual": "5.7.33",
            "final_snapshot_identifier": null,
            "hosted_zone_id": "Z1RLNUO7B9Q6NB",
            "iam_database_authentication_enabled": false,
            "id": "terraform-2021090818501131930000000a",
            "identifier": "terraform-2021090818501131930000000a",
            "identifier_prefix": null,
            "instance_class": "db.t2.micro",
            "iops": 0,
            "kms_key_id": "",
            "latest_restorable_time": "0001-01-01T00:00:00Z",
            "license_model": "general-public-license",
            "maintenance_window": "fri:21:17-fri:21:47",
            "max_allocated_storage": 0,
            "monitoring_interval": 0,
            "monitoring_role_arn": "",
            "multi_az": true,
            "name": "mydb",
            "nchar_character_set_name": "",
            "option_group_name": "default:mysql-5-7",
            "parameter_group_name": "default.mysql5.7",
            "password": "password",
            "performance_insights_enabled": false,
            "performance_insights_kms_key_id": "",
            "performance_insights_retention_period": 0,
            "port": 3306,
            "publicly_accessible": false,
            "replicas": [],
            "replicate_source_db": "",
            "resource_id": "db-XA4MCAZRY7ZPFJILYOPJKBF65Y",
            "restore_to_point_in_time": [],
            "s3_import": [],
            "security_group_names": null,
            "skip_final_snapshot": true,
            "snapshot_identifier": null,
            "status": "available",
            "storage_encrypted": false,
            "storage_type": "gp2",
            "tags": null,
            "tags_all": {},
            "timeouts": null,
            "timezone": "",
            "username": "root",
            "vpc_security_group_ids": [
              "sg-042cd400fc322a3fc"
            ]
          },
          "sensitive_attributes": [],
          "private": "eyJlMmJmYjczMC1lY2FhLTExZTYtOGY4OC0zNDM2M2JjN2M0YzAiOnsiY3JlYXRlIjoyNDAwMDAwMDAwMDAwLCJkZWxldGUiOjM2MDAwMDAwMDAwMDAsInVwZGF0ZSI6NDgwMDAwMDAwMDAwMH0sInNjaGVtYV92ZXJzaW9uIjoiMSJ9",
          "dependencies": [
            "aws_db_subnet_group.playsdev-db-subnet",
            "aws_security_group.playsdev-sg",
            "aws_subnet.playsdev-private-subnet",
            "aws_subnet.playsdev-private-subnet-2",
            "aws_vpc.playsdev_vpc"
          ]
        }
      ]
    },
    {
      "mode": "managed",
      "type": "aws_db_subnet_group",
      "name": "playsdev-db-subnet",
      "provider": "provider[\"registry.terraform.io/hashicorp/aws\"]",
      "instances": [
        {
          "schema_version": 0,
          "attributes": {
            "arn": "arn:aws:rds:eu-central-1:513910674915:subgrp:playsdev-db-subnet",
            "description": "Managed by Terraform",
            "id": "playsdev-db-subnet",
            "name": "playsdev-db-subnet",
            "name_prefix": null,
            "subnet_ids": [
              "subnet-0004dbc496774dd42",
              "subnet-0d45675bcec4fa356"
            ],
            "tags": {
              "Name": "playsdev-db-subnet"
            },
            "tags_all": {
              "Name": "playsdev-db-subnet"
            }
          },
          "sensitive_attributes": [],
          "private": "bnVsbA==",
          "dependencies": [
            "aws_subnet.playsdev-private-subnet",
            "aws_subnet.playsdev-private-subnet-2",
            "aws_vpc.playsdev_vpc"
          ]
        }
      ]
    },
    {
      "mode": "managed",
      "type": "aws_ecr_repository",
      "name": "playsdev-ecr",
      "provider": "provider[\"registry.terraform.io/hashicorp/aws\"]",
      "instances": [
        {
          "schema_version": 0,
          "attributes": {
            "arn": "arn:aws:ecr:eu-central-1:513910674915:repository/playsdev-ecr",
            "encryption_configuration": [
              {
                "encryption_type": "AES256",
                "kms_key": ""
              }
            ],
            "id": "playsdev-ecr",
            "image_scanning_configuration": [
              {
                "scan_on_push": true
              }
            ],
            "image_tag_mutability": "MUTABLE",
            "name": "playsdev-ecr",
            "registry_id": "513910674915",
            "repository_url": "513910674915.dkr.ecr.eu-central-1.amazonaws.com/playsdev-ecr",
            "tags": null,
            "tags_all": {},
            "timeouts": null
          },
          "sensitive_attributes": [],
          "private": "eyJlMmJmYjczMC1lY2FhLTExZTYtOGY4OC0zNDM2M2JjN2M0YzAiOnsiZGVsZXRlIjoxMjAwMDAwMDAwMDAwfX0="
        }
      ]
    },
    {
      "mode": "managed",
      "type": "aws_eip",
      "name": "lb",
      "provider": "provider[\"registry.terraform.io/hashicorp/aws\"]",
      "instances": [
        {
          "schema_version": 0,
          "attributes": {
            "address": null,
            "allocation_id": null,
            "associate_with_private_ip": null,
            "association_id": "eipassoc-03c14a3e46c562e99",
            "carrier_ip": "",
            "customer_owned_ip": "",
            "customer_owned_ipv4_pool": "",
            "domain": "vpc",
            "id": "eipalloc-45f7a14c",
            "instance": "i-0b419a1a01515f442",
            "network_border_group": "eu-central-1",
            "network_interface": "eni-069ad33583ffa2978",
            "private_dns": "ip-33-3-1-93.eu-central-1.compute.internal",
            "private_ip": "33.3.1.93",
            "public_dns": "ec2-3-67-173-241.eu-central-1.compute.amazonaws.com",
            "public_ip": "3.67.173.241",
            "public_ipv4_pool": "amazon",
            "tags": null,
            "tags_all": {},
            "timeouts": null,
            "vpc": true
          },
          "sensitive_attributes": [],
          "private": "eyJlMmJmYjczMC1lY2FhLTExZTYtOGY4OC0zNDM2M2JjN2M0YzAiOnsiZGVsZXRlIjoxODAwMDAwMDAwMDAsInJlYWQiOjkwMDAwMDAwMDAwMCwidXBkYXRlIjozMDAwMDAwMDAwMDB9fQ==",
          "dependencies": [
            "aws_instance.web",
            "aws_key_pair.generated_key",
            "aws_security_group.playsdev-sg",
            "aws_subnet.playsdev-public-subnet",
            "aws_vpc.playsdev_vpc",
            "tls_private_key.example"
          ]
        }
      ]
    },
    {
      "mode": "managed",
      "type": "aws_instance",
      "name": "web",
      "provider": "provider[\"registry.terraform.io/hashicorp/aws\"]",
      "instances": [
        {
          "schema_version": 1,
          "attributes": {
            "ami": "ami-07df274a488ca9195",
            "arn": "arn:aws:ec2:eu-central-1:513910674915:instance/i-0b419a1a01515f442",
            "associate_public_ip_address": true,
            "availability_zone": "eu-central-1a",
            "capacity_reservation_specification": [
              {
                "capacity_reservation_preference": "open",
                "capacity_reservation_target": []
              }
            ],
            "cpu_core_count": 1,
            "cpu_threads_per_core": 1,
            "credit_specification": [
              {
                "cpu_credits": "standard"
              }
            ],
            "disable_api_termination": false,
            "ebs_block_device": [],
            "ebs_optimized": false,
            "enclave_options": [
              {
                "enabled": false
              }
            ],
            "ephemeral_block_device": [],
            "get_password_data": false,
            "hibernation": false,
            "host_id": null,
            "iam_instance_profile": "",
            "id": "i-0b419a1a01515f442",
            "instance_initiated_shutdown_behavior": "stop",
            "instance_state": "running",
            "instance_type": "t2.micro",
            "ipv6_address_count": 0,
            "ipv6_addresses": [],
            "key_name": "key",
            "launch_template": [],
            "metadata_options": [
              {
                "http_endpoint": "enabled",
                "http_put_response_hop_limit": 1,
                "http_tokens": "optional"
              }
            ],
            "monitoring": false,
            "network_interface": [],
            "outpost_arn": "",
            "password_data": "",
            "placement_group": "",
            "primary_network_interface_id": "eni-069ad33583ffa2978",
            "private_dns": "ip-33-3-1-93.eu-central-1.compute.internal",
            "private_ip": "33.3.1.93",
            "public_dns": "",
            "public_ip": "3.66.32.112",
            "root_block_device": [
              {
                "delete_on_termination": true,
                "device_name": "/dev/xvda",
                "encrypted": false,
                "iops": 100,
                "kms_key_id": "",
                "tags": {},
                "throughput": 0,
                "volume_id": "vol-052cfacd80915139b",
                "volume_size": 8,
                "volume_type": "gp2"
              }
            ],
            "secondary_private_ips": [],
            "security_groups": [],
            "source_dest_check": true,
            "subnet_id": "subnet-0ccb6617178712860",
            "tags": {
              "Name": "HelloWorld"
            },
            "tags_all": {
              "Name": "HelloWorld"
            },
            "tenancy": "default",
            "timeouts": null,
            "user_data": null,
            "user_data_base64": null,
            "volume_tags": null,
            "vpc_security_group_ids": [
              "sg-042cd400fc322a3fc"
            ]
          },
          "sensitive_attributes": [],
          "private": "eyJlMmJmYjczMC1lY2FhLTExZTYtOGY4OC0zNDM2M2JjN2M0YzAiOnsiY3JlYXRlIjo2MDAwMDAwMDAwMDAsImRlbGV0ZSI6MTIwMDAwMDAwMDAwMCwidXBkYXRlIjo2MDAwMDAwMDAwMDB9LCJzY2hlbWFfdmVyc2lvbiI6IjEifQ==",
          "dependencies": [
            "aws_key_pair.generated_key",
            "aws_security_group.playsdev-sg",
            "aws_subnet.playsdev-public-subnet",
            "aws_vpc.playsdev_vpc",
            "tls_private_key.example"
          ]
        }
      ]
    },
    {
      "mode": "managed",
      "type": "aws_internet_gateway",
      "name": "playsdev-ig",
      "provider": "provider[\"registry.terraform.io/hashicorp/aws\"]",
      "instances": [
        {
          "schema_version": 0,
          "attributes": {
            "arn": "arn:aws:ec2:eu-central-1:513910674915:internet-gateway/igw-00f4e0b5735efdae1",
            "id": "igw-00f4e0b5735efdae1",
            "owner_id": "513910674915",
            "tags": {
              "Name": "playsdev-ig"
            },
            "tags_all": {
              "Name": "playsdev-ig"
            },
            "vpc_id": "vpc-042807fe884903dbe"
          },
          "sensitive_attributes": [],
          "private": "bnVsbA==",
          "dependencies": [
            "aws_vpc.playsdev_vpc"
          ]
        }
      ]
    },
    {
      "mode": "managed",
      "type": "aws_key_pair",
      "name": "generated_key",
      "provider": "provider[\"registry.terraform.io/hashicorp/aws\"]",
      "instances": [
        {
          "schema_version": 1,
          "attributes": {
            "arn": "arn:aws:ec2:eu-central-1:513910674915:key-pair/key",
            "fingerprint": "c0:24:c3:ab:ba:1e:8f:df:1f:6f:f8:52:32:5f:d1:aa",
            "id": "key",
            "key_name": "key",
            "key_name_prefix": null,
            "key_pair_id": "key-020153d3794823111",
            "public_key": "ssh-rsa AAAAB3NzaC1yc2EAAAADAQABAAACAQC4iIN0AP0+qlsltr2E2v2o+x8zpyDHdlJRbjXlJ8v7FbRUTa8Bo5CNAMVD6N8lpwP8yOGakIDg9+H6nCNwV+uzu4SPib7EQhaaPgi3avqgBxoLZwYx0XHUP4Oy/rTiJCEzF+QWE3X+KadeR60Xxb1OF9VXJS5u8JqWu5IF1tDWJtGTjz9FC8mHo8KlW207LRrif5s2aWsxqvA2a/g0VmEBqo2Za2MgWBXEHSRcMww3ak3/wDKtlUm9amCePxBh5C5mq3n0aHArhnnA0jWr0Es0PauDzQrJp0J8djmUDNwOigmFGQGrz4uSIaGEgx8kJ9UdSfSgcNZ2KNXJ9c3xzkL6ca3saTxVyzVpk+57KDSYBaMFspj4BZ4x90+m5zHVSB9rLTlA8PHdPK12H2zEg7+JWLDGSEJPXEDaZU+vQuslKs8WlXhv2uiEWBT+CaBSsEu/BpGzltA6nx2+IjUXmjXXdwdO7yhBKKqIAqKqMKoEKqkQvDBygVsCbXlN/coU1gvR5pOufF5Rqk3zbGDH2O9LfABhGcOxOMHnxqrZGfMcnup6GlpaY06rtPnjrPFLaTjWTyx8OKwTpXk9U7Vz5JOAd0c+UxGlVKivG7i8eNRRQgie6nvNSYoIoWRH7ujYFzrpzq0dFL+REUifVbWf0fh0rAXAkWSu9zzraF3tenMWUQ==",
            "tags": null,
            "tags_all": {}
          },
          "sensitive_attributes": [],
          "private": "eyJzY2hlbWFfdmVyc2lvbiI6IjEifQ==",
          "dependencies": [
            "tls_private_key.example"
          ]
        }
      ]
    },
    {
      "mode": "managed",
      "type": "aws_lb",
      "name": "playsdev-alb",
      "provider": "provider[\"registry.terraform.io/hashicorp/aws\"]",
      "instances": [
        {
          "schema_version": 0,
          "attributes": {
            "access_logs": [
              {
                "bucket": "",
                "enabled": false,
                "prefix": ""
              }
            ],
            "arn": "arn:aws:elasticloadbalancing:eu-central-1:513910674915:loadbalancer/app/playsdev-alb/8c89e4cc65935b36",
            "arn_suffix": "app/playsdev-alb/8c89e4cc65935b36",
            "customer_owned_ipv4_pool": "",
            "dns_name": "playsdev-alb-1844387549.eu-central-1.elb.amazonaws.com",
            "drop_invalid_header_fields": false,
            "enable_cross_zone_load_balancing": null,
            "enable_deletion_protection": false,
            "enable_http2": true,
            "id": "arn:aws:elasticloadbalancing:eu-central-1:513910674915:loadbalancer/app/playsdev-alb/8c89e4cc65935b36",
            "idle_timeout": 60,
            "internal": false,
            "ip_address_type": "ipv4",
            "load_balancer_type": "application",
            "name": "playsdev-alb",
            "name_prefix": null,
            "security_groups": [
              "sg-042cd400fc322a3fc"
            ],
            "subnet_mapping": [
              {
                "allocation_id": "",
                "ipv6_address": "",
                "outpost_id": "",
                "private_ipv4_address": "",
                "subnet_id": "subnet-04f010012d2cccee3"
              },
              {
                "allocation_id": "",
                "ipv6_address": "",
                "outpost_id": "",
                "private_ipv4_address": "",
                "subnet_id": "subnet-0ccb6617178712860"
              }
            ],
            "subnets": [
              "subnet-04f010012d2cccee3",
              "subnet-0ccb6617178712860"
            ],
            "tags": {
              "Name": "playsdev-terraform-alb"
            },
            "tags_all": {
              "Name": "playsdev-terraform-alb"
            },
            "timeouts": null,
            "vpc_id": "vpc-042807fe884903dbe",
            "zone_id": "Z215JYRZR1TBD5"
          },
          "sensitive_attributes": [],
          "private": "eyJlMmJmYjczMC1lY2FhLTExZTYtOGY4OC0zNDM2M2JjN2M0YzAiOnsiY3JlYXRlIjo2MDAwMDAwMDAwMDAsImRlbGV0ZSI6NjAwMDAwMDAwMDAwLCJ1cGRhdGUiOjYwMDAwMDAwMDAwMH19",
          "dependencies": [
            "aws_security_group.playsdev-sg",
            "aws_subnet.playsdev-public-subnet",
            "aws_subnet.playsdev-public-subnet-2",
            "aws_vpc.playsdev_vpc"
          ]
        }
      ]
    },
    {
      "mode": "managed",
      "type": "aws_nat_gateway",
      "name": "example",
      "provider": "provider[\"registry.terraform.io/hashicorp/aws\"]",
      "instances": [
        {
          "schema_version": 0,
          "attributes": {
            "allocation_id": "",
            "connectivity_type": "private",
            "id": "nat-070a02dd3c82d235c",
            "network_interface_id": "eni-061fb33506e3538ed",
            "private_ip": "33.3.3.225",
            "public_ip": "",
            "subnet_id": "subnet-0d45675bcec4fa356",
            "tags": null,
            "tags_all": {}
          },
          "sensitive_attributes": [],
          "private": "bnVsbA==",
          "dependencies": [
            "aws_subnet.playsdev-private-subnet",
            "aws_vpc.playsdev_vpc"
          ]
        }
      ]
    },
    {
      "mode": "managed",
      "type": "aws_route_table",
      "name": "playsdev-rt",
      "provider": "provider[\"registry.terraform.io/hashicorp/aws\"]",
      "instances": [
        {
          "schema_version": 0,
          "attributes": {
            "arn": "arn:aws:ec2:eu-central-1:513910674915:route-table/rtb-016879430e89a24e9",
            "id": "rtb-016879430e89a24e9",
            "owner_id": "513910674915",
            "propagating_vgws": [],
            "route": [
              {
                "carrier_gateway_id": "",
                "cidr_block": "0.0.0.0/0",
                "destination_prefix_list_id": "",
                "egress_only_gateway_id": "",
                "gateway_id": "igw-00f4e0b5735efdae1",
                "instance_id": "",
                "ipv6_cidr_block": "",
                "local_gateway_id": "",
                "nat_gateway_id": "",
                "network_interface_id": "",
                "transit_gateway_id": "",
                "vpc_endpoint_id": "",
                "vpc_peering_connection_id": ""
              }
            ],
            "tags": {
              "Name": "playsdev-rt"
            },
            "tags_all": {
              "Name": "playsdev-rt"
            },
            "vpc_id": "vpc-042807fe884903dbe"
          },
          "sensitive_attributes": [],
          "private": "bnVsbA==",
          "dependencies": [
            "aws_internet_gateway.playsdev-ig",
            "aws_vpc.playsdev_vpc"
          ]
        }
      ]
    },
    {
      "mode": "managed",
      "type": "aws_security_group",
      "name": "playsdev-sg",
      "provider": "provider[\"registry.terraform.io/hashicorp/aws\"]",
      "instances": [
        {
          "schema_version": 1,
          "attributes": {
            "arn": "arn:aws:ec2:eu-central-1:513910674915:security-group/sg-042cd400fc322a3fc",
            "description": "Managed by Terraform",
            "egress": [
              {
                "cidr_blocks": [
                  "0.0.0.0/0"
                ],
                "description": "",
                "from_port": 0,
                "ipv6_cidr_blocks": [
                  "::/0"
                ],
                "prefix_list_ids": [],
                "protocol": "-1",
                "security_groups": [],
                "self": false,
                "to_port": 0
              }
            ],
            "id": "sg-042cd400fc322a3fc",
            "ingress": [
              {
                "cidr_blocks": [
                  "0.0.0.0/0"
                ],
                "description": "",
                "from_port": 51820,
                "ipv6_cidr_blocks": [],
                "prefix_list_ids": [],
                "protocol": "udp",
                "security_groups": [],
                "self": false,
                "to_port": 51820
              },
              {
                "cidr_blocks": [
                  "0.0.0.0/0"
                ],
                "description": "HTTP from VPC",
                "from_port": 80,
                "ipv6_cidr_blocks": [],
                "prefix_list_ids": [],
                "protocol": "tcp",
                "security_groups": [],
                "self": false,
                "to_port": 80
              },
              {
                "cidr_blocks": [
                  "0.0.0.0/0"
                ],
                "description": "PING for VPC",
                "from_port": 8,
                "ipv6_cidr_blocks": [],
                "prefix_list_ids": [],
                "protocol": "icmp",
                "security_groups": [],
                "self": false,
                "to_port": -1
              },
              {
                "cidr_blocks": [
                  "0.0.0.0/0"
                ],
                "description": "RDS from VPC",
                "from_port": 3306,
                "ipv6_cidr_blocks": [],
                "prefix_list_ids": [],
                "protocol": "tcp",
                "security_groups": [],
                "self": false,
                "to_port": 3306
              },
              {
                "cidr_blocks": [
                  "0.0.0.0/0"
                ],
                "description": "SSH for VPC",
                "from_port": 22,
                "ipv6_cidr_blocks": [],
                "prefix_list_ids": [],
                "protocol": "tcp",
                "security_groups": [],
                "self": false,
                "to_port": 22
              },
              {
                "cidr_blocks": [
                  "33.3.0.0/16"
                ],
                "description": "",
                "from_port": 53,
                "ipv6_cidr_blocks": [],
                "prefix_list_ids": [],
                "protocol": "udp",
                "security_groups": [],
                "self": false,
                "to_port": 53
              }
            ],
            "name": "terraform-20210908185005773400000007",
            "name_prefix": "terraform-",
            "owner_id": "513910674915",
            "revoke_rules_on_delete": false,
            "tags": {
              "Name": "playsdev-sg"
            },
            "tags_all": {
              "Name": "playsdev-sg"
            },
            "timeouts": null,
            "vpc_id": "vpc-042807fe884903dbe"
          },
          "sensitive_attributes": [],
          "private": "eyJlMmJmYjczMC1lY2FhLTExZTYtOGY4OC0zNDM2M2JjN2M0YzAiOnsiY3JlYXRlIjo2MDAwMDAwMDAwMDAsImRlbGV0ZSI6OTAwMDAwMDAwMDAwfSwic2NoZW1hX3ZlcnNpb24iOiIxIn0=",
          "dependencies": [
            "aws_vpc.playsdev_vpc"
          ],
          "create_before_destroy": true
        }
      ]
    },
    {
      "mode": "managed",
      "type": "aws_subnet",
      "name": "playsdev-private-subnet",
      "provider": "provider[\"registry.terraform.io/hashicorp/aws\"]",
      "instances": [
        {
          "schema_version": 1,
          "attributes": {
            "arn": "arn:aws:ec2:eu-central-1:513910674915:subnet/subnet-0d45675bcec4fa356",
            "assign_ipv6_address_on_creation": false,
            "availability_zone": "eu-central-1a",
            "availability_zone_id": "euc1-az2",
            "cidr_block": "33.3.3.0/24",
            "customer_owned_ipv4_pool": "",
            "id": "subnet-0d45675bcec4fa356",
            "ipv6_cidr_block": "",
            "ipv6_cidr_block_association_id": "",
            "map_customer_owned_ip_on_launch": false,
            "map_public_ip_on_launch": false,
            "outpost_arn": "",
            "owner_id": "513910674915",
            "tags": {
              "Name": "playsdev-subnet-private"
            },
            "tags_all": {
              "Name": "playsdev-subnet-private"
            },
            "timeouts": null,
            "vpc_id": "vpc-042807fe884903dbe"
          },
          "sensitive_attributes": [],
          "private": "eyJlMmJmYjczMC1lY2FhLTExZTYtOGY4OC0zNDM2M2JjN2M0YzAiOnsiY3JlYXRlIjo2MDAwMDAwMDAwMDAsImRlbGV0ZSI6MTIwMDAwMDAwMDAwMH0sInNjaGVtYV92ZXJzaW9uIjoiMSJ9",
          "dependencies": [
            "aws_vpc.playsdev_vpc"
          ]
        }
      ]
    },
    {
      "mode": "managed",
      "type": "aws_subnet",
      "name": "playsdev-private-subnet-2",
      "provider": "provider[\"registry.terraform.io/hashicorp/aws\"]",
      "instances": [
        {
          "schema_version": 1,
          "attributes": {
            "arn": "arn:aws:ec2:eu-central-1:513910674915:subnet/subnet-0004dbc496774dd42",
            "assign_ipv6_address_on_creation": false,
            "availability_zone": "eu-central-1b",
            "availability_zone_id": "euc1-az3",
            "cidr_block": "33.3.4.0/24",
            "customer_owned_ipv4_pool": "",
            "id": "subnet-0004dbc496774dd42",
            "ipv6_cidr_block": "",
            "ipv6_cidr_block_association_id": "",
            "map_customer_owned_ip_on_launch": false,
            "map_public_ip_on_launch": false,
            "outpost_arn": "",
            "owner_id": "513910674915",
            "tags": {
              "Name": "playsdev-subnet-private-2"
            },
            "tags_all": {
              "Name": "playsdev-subnet-private-2"
            },
            "timeouts": null,
            "vpc_id": "vpc-042807fe884903dbe"
          },
          "sensitive_attributes": [],
          "private": "eyJlMmJmYjczMC1lY2FhLTExZTYtOGY4OC0zNDM2M2JjN2M0YzAiOnsiY3JlYXRlIjo2MDAwMDAwMDAwMDAsImRlbGV0ZSI6MTIwMDAwMDAwMDAwMH0sInNjaGVtYV92ZXJzaW9uIjoiMSJ9",
          "dependencies": [
            "aws_vpc.playsdev_vpc"
          ]
        }
      ]
    },
    {
      "mode": "managed",
      "type": "aws_subnet",
      "name": "playsdev-public-subnet",
      "provider": "provider[\"registry.terraform.io/hashicorp/aws\"]",
      "instances": [
        {
          "schema_version": 1,
          "attributes": {
            "arn": "arn:aws:ec2:eu-central-1:513910674915:subnet/subnet-0ccb6617178712860",
            "assign_ipv6_address_on_creation": false,
            "availability_zone": "eu-central-1a",
            "availability_zone_id": "euc1-az2",
            "cidr_block": "33.3.1.0/24",
            "customer_owned_ipv4_pool": "",
            "id": "subnet-0ccb6617178712860",
            "ipv6_cidr_block": "",
            "ipv6_cidr_block_association_id": "",
            "map_customer_owned_ip_on_launch": false,
            "map_public_ip_on_launch": true,
            "outpost_arn": "",
            "owner_id": "513910674915",
            "tags": {
              "Name": "playsdev-subnet"
            },
            "tags_all": {
              "Name": "playsdev-subnet"
            },
            "timeouts": null,
            "vpc_id": "vpc-042807fe884903dbe"
          },
          "sensitive_attributes": [],
          "private": "eyJlMmJmYjczMC1lY2FhLTExZTYtOGY4OC0zNDM2M2JjN2M0YzAiOnsiY3JlYXRlIjo2MDAwMDAwMDAwMDAsImRlbGV0ZSI6MTIwMDAwMDAwMDAwMH0sInNjaGVtYV92ZXJzaW9uIjoiMSJ9",
          "dependencies": [
            "aws_vpc.playsdev_vpc"
          ],
          "create_before_destroy": true
        }
      ]
    },
    {
      "mode": "managed",
      "type": "aws_subnet",
      "name": "playsdev-public-subnet-2",
      "provider": "provider[\"registry.terraform.io/hashicorp/aws\"]",
      "instances": [
        {
          "schema_version": 1,
          "attributes": {
            "arn": "arn:aws:ec2:eu-central-1:513910674915:subnet/subnet-04f010012d2cccee3",
            "assign_ipv6_address_on_creation": false,
            "availability_zone": "eu-central-1b",
            "availability_zone_id": "euc1-az3",
            "cidr_block": "33.3.2.0/24",
            "customer_owned_ipv4_pool": "",
            "id": "subnet-04f010012d2cccee3",
            "ipv6_cidr_block": "",
            "ipv6_cidr_block_association_id": "",
            "map_customer_owned_ip_on_launch": false,
            "map_public_ip_on_launch": true,
            "outpost_arn": "",
            "owner_id": "513910674915",
            "tags": {
              "Name": "playsdev-subnet-public-2"
            },
            "tags_all": {
              "Name": "playsdev-subnet-public-2"
            },
            "timeouts": null,
            "vpc_id": "vpc-042807fe884903dbe"
          },
          "sensitive_attributes": [],
          "private": "eyJlMmJmYjczMC1lY2FhLTExZTYtOGY4OC0zNDM2M2JjN2M0YzAiOnsiY3JlYXRlIjo2MDAwMDAwMDAwMDAsImRlbGV0ZSI6MTIwMDAwMDAwMDAwMH0sInNjaGVtYV92ZXJzaW9uIjoiMSJ9",
          "dependencies": [
            "aws_vpc.playsdev_vpc"
          ],
          "create_before_destroy": true
        }
      ]
    },
    {
      "mode": "managed",
      "type": "aws_vpc",
      "name": "playsdev_vpc",
      "provider": "provider[\"registry.terraform.io/hashicorp/aws\"]",
      "instances": [
        {
          "schema_version": 1,
          "attributes": {
            "arn": "arn:aws:ec2:eu-central-1:513910674915:vpc/vpc-042807fe884903dbe",
            "assign_generated_ipv6_cidr_block": false,
            "cidr_block": "33.3.0.0/16",
            "default_network_acl_id": "acl-0a0bc6375c5ee9f79",
            "default_route_table_id": "rtb-0e8bce6f723ef105d",
            "default_security_group_id": "sg-06e384f1a22bc2da8",
            "dhcp_options_id": "dopt-acf569c6",
            "enable_classiclink": null,
            "enable_classiclink_dns_support": null,
            "enable_dns_hostnames": false,
            "enable_dns_support": true,
            "id": "vpc-042807fe884903dbe",
            "instance_tenancy": "default",
            "ipv6_association_id": "",
            "ipv6_cidr_block": "",
            "main_route_table_id": "rtb-0e8bce6f723ef105d",
            "owner_id": "513910674915",
            "tags": {
              "Name": "playsdev-vpc"
            },
            "tags_all": {
              "Name": "playsdev-vpc"
            }
          },
          "sensitive_attributes": [],
          "private": "eyJzY2hlbWFfdmVyc2lvbiI6IjEifQ==",
          "create_before_destroy": true
        }
      ]
    },
    {
      "mode": "managed",
      "type": "tls_private_key",
      "name": "example",
      "provider": "provider[\"registry.terraform.io/hashicorp/tls\"]",
      "instances": [
        {
          "schema_version": 0,
          "attributes": {
            "algorithm": "RSA",
            "ecdsa_curve": "P224",
            "id": "305ca3516c36a223889547cec841ec6ffed1f71e",
            "private_key_pem": "-----BEGIN RSA PRIVATE KEY-----\nMIIJKQIBAAKCAgEAuIiDdAD9PqpbJba9hNr9qPsfM6cgx3ZSUW415SfL+xW0VE2v\nAaOQjQDFQ+jfJacD/MjhmpCA4Pfh+pwjcFfrs7uEj4m+xEIWmj4It2r6oAcaC2cG\nMdFx1D+Dsv604iQhMxfkFhN1/imnXketF8W9ThfVVyUubvCalruSBdbQ1ibRk48/\nRQvJh6PCpVttOy0a4n+bNmlrMarwNmv4NFZhAaqNmWtjIFgVxB0kXDMMN2pN/8Ay\nrZVJvWpgnj8QYeQuZqt59GhwK4Z5wNI1q9BLND2rg80KyadCfHY5lAzcDooJhRkB\nq8+LkiGhhIMfJCfVHUn0oHDWdijVyfXN8c5C+nGt7Gk8Vcs1aZPueyg0mAWjBbKY\n+AWeMfdPpucx1Ugfay05QPDx3Tytdh9sxIO/iViwxkhCT1xA2mVPr0LrJSrPFpV4\nb9rohFgU/gmgUrBLvwaRs5bQOp8dviI1F5o113cHTu8oQSiqiAKiqjCqBCqpELww\ncoFbAm15Tf3KFNYL0eaTrnxeUapN82xgx9jvS3wAYRnDsTjB58aq2RnzHJ7qehpa\nWmNOq7T546zxS2k41k8sfDisE6V5PVO1c+STgHdHPlMRpVSorxu4vHjUUUIInup7\nzUmKCKFkR+7o2Bc66c6tHRS/kRFIn1W1n9H4dKwFwJFkrvc862hd7XpzFlECAwEA\nAQKCAgBhzQhOfQ+7HLK+JEIBncb+vkllKNi4nj82pUCvOQ5k/rXaUGnGZpgAAz6J\npWxPGluEqDrZnmiP0xDTr9kge5iSY3n4UTrn7VbpXKNmAq7eDaWCEZI46RZ5NUhp\nn5Diod9uouThxmKs2Aq6byaQCN8x+nO5gh0/8wkbhkH4EkgQl/ZPTIZt47dlyicp\nWHFmAZvUG2l5xxlm83/oeATOSFGVfn0ZqM6an9S5YfCZZPy+ifrY51Z0pUC1wSF/\n/VCDcVoeVBeIr6lziAwTY9XKP9T71QuICS4Efj9Ak7AkhURD+GjfP8eg9Zi1VFm0\nT4I7uVi78yxRtDwV18KnDT2fQIBCMUYAYZe+rqK1vc4BUiixYCKDHcpWX6kZClwe\nnSUwADYjwBzZ5uolJafcW0x9VC7lOODhzwSqitNQY1HEFZx/t8Kx5CS1zSzMZrt5\nKdIvSyfAfDM9uwQy+41FtnH9SzjHpwSD8EQom9Mfd2UzYNc7At9dVDsltp51IJry\n70sIUhwq6IpBWZwQq3hT4fAalfbBLaBWGX8qF8ptuXcU2y644vsVQRxL7O652Lss\n3a2qEoR4onVtZv1baEyoH6s+JBFJ3Ns6FkzoZ3/i8p38XFmJ8CmoBXEvLy2EOeas\nOx65sUSZcInjw07IKT5etCpG17qFCn6V6yL55rW815Hybfp/+QKCAQEAz3IHTW27\nBK/Qty0JuOpbE516GKQwonTgP/wVFcIUOZfdi4wvL/MmWe2pdYboEEPhtAiER9aT\nrHsFwOOqkUXXhUM/1KqLVTqUExu4cDHe8j1VvulDjOwWAaWkx5UV6tGYp3xG7Lc9\nv1boX60H1P3JgzHgLYKXbtjka6srv0un9Jndz1YQykp/5oJAr6OnhgoDm5xLLBS8\nBhjULj7CoDgatrU9z7agYyPA2U/yEeLE8LQt6jpsBInXbpabMNslq3Kt0btpH43T\nl9EmeIZoa8KE76KDBYLXwhllYxtC0Eh8I+LVM3u9F72uUU2nU8xOpjM2E0eXphwm\nhIPMbE4lrv34VwKCAQEA47ma92WXLQwWa0FAJBVWZXTExyelv9MgMRNDkNCx0cSJ\nD2LKlobnACJxh1q8Fyz9GJsl+wHtqTbaRL1U9gmtT63go03MGQ0yB9wwfvoU5DoL\ny54p+YPQLst6L+TrujmykfSkAOhgUlGM5b6HNKKaxuACM32Bykr1ssuHL5soV9pP\nNkLVwU8LiWLWnSodSWhUvgT7OD8uz9XryCV2lRALo1cQPsbUvuvDUCLzy7YoP11o\n6hjRPlQhFFj7hU9VJD63oEaaoCVTrE0DVaOw6hN59+UCaiFUOFJwRkwopWC/XHjM\npiKlmW47qj+wmZ1K2OOH4SL7hSOdaV2SCkQJL0JdlwKCAQBDp87V49nAt458j0XC\ndzxo800kyDfMZA3XEGHYDMoH1o28u2WQX968KZTA7dS1qU3tJ3Hs9ACJmj3QIPA6\nHOsjXUFuHIkArPAqIzpN7RXnLzXN48nSJhUvSFSreuYBBYah6RhAj6qlwrRar9YE\nExkrnpKchSDaWAZ3TwYfh48paR08R7eGIjIAfa6XGerC/nUaxSiHIeQIoQRiaLmV\nA3dC621TVx6L9tcoiLhMOQc98aWf5JniCQqn2JqYnoB0oBwscNDiJ6FAvEetuzhH\nHNO6S+grXfb8KMg2QGfUAi/qjEo4Vjzfh09Y2NifrdxgvAcA1rKQzFGLmmiLUhlc\nLxxVAoIBAQCKgBEbFGN8l1RvSREsoPmZ3QntIlTxtQNoNZIrWnI75W+CtxAFuuh1\nsX0g2HN7GPaZ54qS/hpAh0b69bfdqAcLZfIxABj4x4i9NRMdtxXLtO4Fmh1nTt7o\nBwM6a91etsa/dG3my24Bwu2RsW5j+d1uxUExdczhbvO+GYEP2CsSO4lftAhzeJLI\nrR9gGQQU6GpZ44ezLuJWr4Gmifp0MH0Ti9kqhR1RPOzeKVPjetdBqpsrfYqNgPdZ\ne8EF1DkxQR/HUAmtCua37WLwzAzGYLAWr+bnC3xAgQseBiXWZ2AbarD0/i9/gIaz\nRecvlnW2MbQrnm4hDIcpVSqEKdr4LkHjAoIBAQDC6SuGLV8kJtt69xHSlyxGrk0u\nBqzDuQfvpG+ebivIXZo++LuJkq5vP3s+arsysL4y90yAwz2Bnbrn2DmzZHzGDzU5\n7S6X0iDSGf4lN40z3axNQlToqZHIQeyTIamYwGrMSkHgWB8JQg7QZF9b0SGePwwH\nGfuc3dZt1O1Ty+09oR1FUyDyiXNx06eDzFVPXT3dzrCTZv5TOqPt8OdQMfO54k1K\n9YVi/fx/ooSH48d6wo1JvNIsxD4KMNrgKpkcbkuXiibpug7YdCJGUAtwdegcP/Xb\nPaddSBB7QkEyprT/or5i8TEzUv4oAwu2tN/xcph8x8unwZpcdGJOkoLtv5FI\n-----END RSA PRIVATE KEY-----\n",
            "public_key_fingerprint_md5": "90:cf:4b:6d:1a:50:58:ef:69:39:39:e3:5b:9d:a2:a0",
            "public_key_openssh": "ssh-rsa AAAAB3NzaC1yc2EAAAADAQABAAACAQC4iIN0AP0+qlsltr2E2v2o+x8zpyDHdlJRbjXlJ8v7FbRUTa8Bo5CNAMVD6N8lpwP8yOGakIDg9+H6nCNwV+uzu4SPib7EQhaaPgi3avqgBxoLZwYx0XHUP4Oy/rTiJCEzF+QWE3X+KadeR60Xxb1OF9VXJS5u8JqWu5IF1tDWJtGTjz9FC8mHo8KlW207LRrif5s2aWsxqvA2a/g0VmEBqo2Za2MgWBXEHSRcMww3ak3/wDKtlUm9amCePxBh5C5mq3n0aHArhnnA0jWr0Es0PauDzQrJp0J8djmUDNwOigmFGQGrz4uSIaGEgx8kJ9UdSfSgcNZ2KNXJ9c3xzkL6ca3saTxVyzVpk+57KDSYBaMFspj4BZ4x90+m5zHVSB9rLTlA8PHdPK12H2zEg7+JWLDGSEJPXEDaZU+vQuslKs8WlXhv2uiEWBT+CaBSsEu/BpGzltA6nx2+IjUXmjXXdwdO7yhBKKqIAqKqMKoEKqkQvDBygVsCbXlN/coU1gvR5pOufF5Rqk3zbGDH2O9LfABhGcOxOMHnxqrZGfMcnup6GlpaY06rtPnjrPFLaTjWTyx8OKwTpXk9U7Vz5JOAd0c+UxGlVKivG7i8eNRRQgie6nvNSYoIoWRH7ujYFzrpzq0dFL+REUifVbWf0fh0rAXAkWSu9zzraF3tenMWUQ==\n",
            "public_key_pem": "-----BEGIN PUBLIC KEY-----\nMIICIjANBgkqhkiG9w0BAQEFAAOCAg8AMIICCgKCAgEAuIiDdAD9PqpbJba9hNr9\nqPsfM6cgx3ZSUW415SfL+xW0VE2vAaOQjQDFQ+jfJacD/MjhmpCA4Pfh+pwjcFfr\ns7uEj4m+xEIWmj4It2r6oAcaC2cGMdFx1D+Dsv604iQhMxfkFhN1/imnXketF8W9\nThfVVyUubvCalruSBdbQ1ibRk48/RQvJh6PCpVttOy0a4n+bNmlrMarwNmv4NFZh\nAaqNmWtjIFgVxB0kXDMMN2pN/8AyrZVJvWpgnj8QYeQuZqt59GhwK4Z5wNI1q9BL\nND2rg80KyadCfHY5lAzcDooJhRkBq8+LkiGhhIMfJCfVHUn0oHDWdijVyfXN8c5C\n+nGt7Gk8Vcs1aZPueyg0mAWjBbKY+AWeMfdPpucx1Ugfay05QPDx3Tytdh9sxIO/\niViwxkhCT1xA2mVPr0LrJSrPFpV4b9rohFgU/gmgUrBLvwaRs5bQOp8dviI1F5o1\n13cHTu8oQSiqiAKiqjCqBCqpELwwcoFbAm15Tf3KFNYL0eaTrnxeUapN82xgx9jv\nS3wAYRnDsTjB58aq2RnzHJ7qehpaWmNOq7T546zxS2k41k8sfDisE6V5PVO1c+ST\ngHdHPlMRpVSorxu4vHjUUUIInup7zUmKCKFkR+7o2Bc66c6tHRS/kRFIn1W1n9H4\ndKwFwJFkrvc862hd7XpzFlECAwEAAQ==\n-----END PUBLIC KEY-----\n",
            "rsa_bits": 4096
          },
          "sensitive_attributes": [],
          "private": "bnVsbA=="
        }
      ]
    },
    {
      "module": "module.eks",
      "mode": "data",
      "type": "aws_ami",
      "name": "eks_worker",
      "provider": "provider[\"registry.terraform.io/hashicorp/aws\"]",
      "instances": [
        {
          "index_key": 0,
          "schema_version": 0,
          "attributes": {
            "architecture": "x86_64",
            "arn": "arn:aws:ec2:eu-central-1::image/ami-0c40a55d525638da4",
            "block_device_mappings": [
              {
                "device_name": "/dev/xvda",
                "ebs": {
                  "delete_on_termination": "true",
                  "encrypted": "false",
                  "iops": "0",
                  "snapshot_id": "snap-0ba7be5fa00b922de",
                  "throughput": "0",
                  "volume_size": "20",
                  "volume_type": "gp2"
                },
                "no_device": "",
                "virtual_name": ""
              }
            ],
            "creation_date": "2021-08-31T00:11:32.000Z",
            "description": "EKS Kubernetes Worker AMI with AmazonLinux2 image, (k8s: 1.20.7, docker: 19.03.13ce-1.amzn2, containerd: 1.4.6-2.amzn2)",
            "ena_support": true,
            "executable_users": null,
            "filter": [
              {
                "name": "name",
                "values": [
                  "amazon-eks-node-1.20-v*"
                ]
              }
            ],
            "hypervisor": "xen",
            "id": "ami-0c40a55d525638da4",
            "image_id": "ami-0c40a55d525638da4",
            "image_location": "amazon/amazon-eks-node-1.20-v20210830",
            "image_owner_alias": "amazon",
            "image_type": "machine",
            "kernel_id": null,
            "most_recent": true,
            "name": "amazon-eks-node-1.20-v20210830",
            "name_regex": null,
            "owner_id": "602401143452",
            "owners": [
              "amazon"
            ],
            "platform": null,
            "platform_details": "Linux/UNIX",
            "product_codes": [],
            "public": true,
            "ramdisk_id": null,
            "root_device_name": "/dev/xvda",
            "root_device_type": "ebs",
            "root_snapshot_id": "snap-0ba7be5fa00b922de",
            "sriov_net_support": "simple",
            "state": "available",
            "state_reason": {
              "code": "UNSET",
              "message": "UNSET"
            },
            "tags": {},
            "usage_operation": "RunInstances",
            "virtualization_type": "hvm"
          },
          "sensitive_attributes": []
        }
      ]
    },
    {
      "module": "module.eks",
      "mode": "data",
      "type": "aws_caller_identity",
      "name": "current",
      "provider": "provider[\"registry.terraform.io/hashicorp/aws\"]",
      "instances": [
        {
          "schema_version": 0,
          "attributes": {
            "account_id": "513910674915",
            "arn": "arn:aws:iam::513910674915:user/playsdev",
            "id": "513910674915",
            "user_id": "AIDAXPJ3WSXRYJ3B5HJW5"
          },
          "sensitive_attributes": []
        }
      ]
    },
    {
      "module": "module.eks",
      "mode": "data",
      "type": "aws_iam_policy_document",
      "name": "cluster_assume_role_policy",
      "provider": "provider[\"registry.terraform.io/hashicorp/aws\"]",
      "instances": [
        {
          "schema_version": 0,
          "attributes": {
            "id": "2764486067",
            "json": "{\n  \"Version\": \"2012-10-17\",\n  \"Statement\": [\n    {\n      \"Sid\": \"EKSClusterAssumeRole\",\n      \"Effect\": \"Allow\",\n      \"Action\": \"sts:AssumeRole\",\n      \"Principal\": {\n        \"Service\": \"eks.amazonaws.com\"\n      }\n    }\n  ]\n}",
            "override_json": null,
            "override_policy_documents": null,
            "policy_id": null,
            "source_json": null,
            "source_policy_documents": null,
            "statement": [
              {
                "actions": [
                  "sts:AssumeRole"
                ],
                "condition": [],
                "effect": "Allow",
                "not_actions": [],
                "not_principals": [],
                "not_resources": [],
                "principals": [
                  {
                    "identifiers": [
                      "eks.amazonaws.com"
                    ],
                    "type": "Service"
                  }
                ],
                "resources": [],
                "sid": "EKSClusterAssumeRole"
              }
            ],
            "version": "2012-10-17"
          },
          "sensitive_attributes": []
        }
      ]
    },
    {
      "module": "module.eks",
      "mode": "data",
      "type": "aws_iam_policy_document",
      "name": "cluster_elb_sl_role_creation",
      "provider": "provider[\"registry.terraform.io/hashicorp/aws\"]",
      "instances": [
        {
          "index_key": 0,
          "schema_version": 0,
          "attributes": {
            "id": "3709839417",
            "json": "{\n  \"Version\": \"2012-10-17\",\n  \"Statement\": [\n    {\n      \"Sid\": \"\",\n      \"Effect\": \"Allow\",\n      \"Action\": [\n        \"ec2:DescribeInternetGateways\",\n        \"ec2:DescribeAddresses\",\n        \"ec2:DescribeAccountAttributes\"\n      ],\n      \"Resource\": \"*\"\n    }\n  ]\n}",
            "override_json": null,
            "override_policy_documents": null,
            "policy_id": null,
            "source_json": null,
            "source_policy_documents": null,
            "statement": [
              {
                "actions": [
                  "ec2:DescribeAccountAttributes",
                  "ec2:DescribeAddresses",
                  "ec2:DescribeInternetGateways"
                ],
                "condition": [],
                "effect": "Allow",
                "not_actions": [],
                "not_principals": [],
                "not_resources": [],
                "principals": [],
                "resources": [
                  "*"
                ],
                "sid": ""
              }
            ],
            "version": "2012-10-17"
          },
          "sensitive_attributes": []
        }
      ]
    },
    {
      "module": "module.eks",
      "mode": "data",
      "type": "aws_iam_policy_document",
      "name": "workers_assume_role_policy",
      "provider": "provider[\"registry.terraform.io/hashicorp/aws\"]",
      "instances": [
        {
          "schema_version": 0,
          "attributes": {
            "id": "3778018924",
            "json": "{\n  \"Version\": \"2012-10-17\",\n  \"Statement\": [\n    {\n      \"Sid\": \"EKSWorkerAssumeRole\",\n      \"Effect\": \"Allow\",\n      \"Action\": \"sts:AssumeRole\",\n      \"Principal\": {\n        \"Service\": \"ec2.amazonaws.com\"\n      }\n    }\n  ]\n}",
            "override_json": null,
            "override_policy_documents": null,
            "policy_id": null,
            "source_json": null,
            "source_policy_documents": null,
            "statement": [
              {
                "actions": [
                  "sts:AssumeRole"
                ],
                "condition": [],
                "effect": "Allow",
                "not_actions": [],
                "not_principals": [],
                "not_resources": [],
                "principals": [
                  {
                    "identifiers": [
                      "ec2.amazonaws.com"
                    ],
                    "type": "Service"
                  }
                ],
                "resources": [],
                "sid": "EKSWorkerAssumeRole"
              }
            ],
            "version": "2012-10-17"
          },
          "sensitive_attributes": []
        }
      ]
    },
    {
      "module": "module.eks",
      "mode": "data",
      "type": "aws_partition",
      "name": "current",
      "provider": "provider[\"registry.terraform.io/hashicorp/aws\"]",
      "instances": [
        {
          "schema_version": 0,
          "attributes": {
            "dns_suffix": "amazonaws.com",
            "id": "aws",
            "partition": "aws",
            "reverse_dns_prefix": "com.amazonaws"
          },
          "sensitive_attributes": []
        }
      ]
    },
    {
      "module": "module.eks",
      "mode": "data",
      "type": "http",
      "name": "wait_for_cluster",
      "provider": "provider[\"registry.terraform.io/terraform-aws-modules/http\"]",
      "instances": [
        {
          "index_key": 0,
          "schema_version": 0,
          "attributes": {
            "body": "ok",
            "ca_certificate": "-----BEGIN CERTIFICATE-----\nMIIC5zCCAc+gAwIBAgIBADANBgkqhkiG9w0BAQsFADAVMRMwEQYDVQQDEwprdWJl\ncm5ldGVzMB4XDTIxMDkwODE4NTU1N1oXDTMxMDkwNjE4NTU1N1owFTETMBEGA1UE\nAxMKa3ViZXJuZXRlczCCASIwDQYJKoZIhvcNAQEBBQADggEPADCCAQoCggEBAMu4\ntq3RMANrKR4wKd8T//+aTwrRA6iGvHTURnSkH8Nk0l5Tgr7tyfup8daYIO+DtLMX\ncPFBW8tDqGM+r0ufJLPHbhbpGUHIpdURzDZ/namD8jn/kTwd/rIdtlHqSxOr5UvH\nw5/blLLp2+AvxYVpGwvNb76HBAWY1ARW8YAB7WSCQuekrfuWPcRbxgG2S/oupVKL\nL0JDiF3les/0OUHNgV6xPwAzIpGJygD3eW2v0oMgjjAlcTZP+ESYQvi1LITZrlo0\ngomQWa3kIUaN2vC3QC/o5G6yfhWZ3BP/ti0HonL4PftVWNTE1Mho4ZCNp7uYxFMJ\n5KsYTg3bRvwtD07UJOcCAwEAAaNCMEAwDgYDVR0PAQH/BAQDAgKkMA8GA1UdEwEB\n/wQFMAMBAf8wHQYDVR0OBBYEFBi8toZomkYXG+oiUOMfvhJ8vG8eMA0GCSqGSIb3\nDQEBCwUAA4IBAQALPHUKy6c5htyVO7eCZWCqYsAvqexJlg3v2yhugUo5ei16evNe\nAn4rqllkQF3zJpOqRWrf3FaLMuZ0Ix1h2V6jZE1z3GYVyS3voo7MKVufbG4ElAtT\ni8TDpgSag30f13+WDgDoEng56ezQ79r20NQ5Fw7nO4K/2PvxE+yNzGKrQ/oYATMo\nI4U+GbAkNEk/fhsteoIzv/go2DogH/JZuZJ5g98sqelkRLEyBJmf/Lp5mVXGidXI\nZChpF02jYXrlseD52b3PNWa4x1lYwaynrLgMqIUtWc1tsZULf0lZUnh+NjOZQpWW\nZNjOxuHTuE+JcP3hhOn5fCk/8O3n4XEkAzyU\n-----END CERTIFICATE-----\n",
            "id": "https://46BF494AD3B44C33CC99A23A337E767D.gr7.eu-central-1.eks.amazonaws.com/healthz",
            "insecure": false,
            "request_headers": null,
            "response_headers": {
              "Cache-Control": "no-cache, private",
              "Content-Length": "2",
              "Content-Type": "text/plain; charset=utf-8",
              "Date": "Wed, 08 Sep 2021 19:00:03 GMT",
              "X-Content-Type-Options": "nosniff",
              "X-Kubernetes-Pf-Flowschema-Uid": "dc6c534d-c60d-426a-b37e-89f3bfc44999",
              "X-Kubernetes-Pf-Prioritylevel-Uid": "7a4712f5-5df3-4c7a-a95c-c4eea275378b"
            },
            "timeout": 300,
            "url": "https://46BF494AD3B44C33CC99A23A337E767D.gr7.eu-central-1.eks.amazonaws.com/healthz"
          },
          "sensitive_attributes": []
        }
      ]
    },
    {
      "module": "module.eks",
      "mode": "managed",
      "type": "aws_autoscaling_group",
      "name": "workers",
      "provider": "provider[\"registry.terraform.io/hashicorp/aws\"]",
      "instances": [
        {
          "index_key": 0,
          "schema_version": 0,
          "attributes": {
            "arn": "arn:aws:autoscaling:eu-central-1:513910674915:autoScalingGroup:1808932c-c7ea-4cf5-8a5d-bbaaebf9bc3b:autoScalingGroupName/playsdev-eks-worker-group-120210908190021541300000011",
            "availability_zones": [
              "eu-central-1a",
              "eu-central-1b"
            ],
            "capacity_rebalance": false,
            "default_cooldown": 300,
            "desired_capacity": 2,
            "enabled_metrics": null,
            "force_delete": false,
            "force_delete_warm_pool": false,
            "health_check_grace_period": 300,
            "health_check_type": "EC2",
            "id": "playsdev-eks-worker-group-120210908190021541300000011",
            "initial_lifecycle_hook": [],
            "instance_refresh": [],
            "launch_configuration": "playsdev-eks-worker-group-120210908190009974200000010",
            "launch_template": [],
            "load_balancers": null,
            "max_instance_lifetime": 0,
            "max_size": 3,
            "metrics_granularity": "1Minute",
            "min_elb_capacity": null,
            "min_size": 1,
            "mixed_instances_policy": [],
            "name": "playsdev-eks-worker-group-120210908190021541300000011",
            "name_prefix": "playsdev-eks-worker-group-1",
            "placement_group": "",
            "protect_from_scale_in": false,
            "service_linked_role_arn": "arn:aws:iam::513910674915:role/aws-service-role/autoscaling.amazonaws.com/AWSServiceRoleForAutoScaling",
            "suspended_processes": [
              "AZRebalance"
            ],
            "tag": [
              {
                "key": "Environment",
                "propagate_at_launch": true,
                "value": "training"
              },
              {
                "key": "GithubOrg",
                "propagate_at_launch": true,
                "value": "terraform-aws-modules"
              },
              {
                "key": "GithubRepo",
                "propagate_at_launch": true,
                "value": "terraform-aws-eks"
              },
              {
                "key": "Name",
                "propagate_at_launch": true,
                "value": "playsdev-eks-worker-group-1-eks_asg"
              },
              {
                "key": "k8s.io/cluster/playsdev-eks",
                "propagate_at_launch": true,
                "value": "owned"
              },
              {
                "key": "kubernetes.io/cluster/playsdev-eks",
                "propagate_at_launch": true,
                "value": "owned"
              }
            ],
            "tags": null,
            "target_group_arns": null,
            "termination_policies": [],
            "timeouts": null,
            "vpc_zone_identifier": [
              "subnet-04f010012d2cccee3",
              "subnet-0ccb6617178712860"
            ],
            "wait_for_capacity_timeout": "10m",
            "wait_for_elb_capacity": null,
            "warm_pool": []
          },
          "sensitive_attributes": [],
          "private": "eyJlMmJmYjczMC1lY2FhLTExZTYtOGY4OC0zNDM2M2JjN2M0YzAiOnsiZGVsZXRlIjo2MDAwMDAwMDAwMDB9fQ==",
          "dependencies": [
            "aws_security_group.playsdev-sg",
            "aws_subnet.playsdev-public-subnet",
            "aws_subnet.playsdev-public-subnet-2",
            "aws_vpc.playsdev_vpc",
            "module.eks.aws_cloudwatch_log_group.this",
            "module.eks.aws_eks_cluster.this",
            "module.eks.aws_iam_instance_profile.workers",
            "module.eks.aws_iam_role.cluster",
            "module.eks.aws_iam_role.workers",
            "module.eks.aws_iam_role_policy_attachment.cluster_AmazonEKSClusterPolicy",
            "module.eks.aws_iam_role_policy_attachment.cluster_AmazonEKSServicePolicy",
            "module.eks.aws_iam_role_policy_attachment.cluster_AmazonEKSVPCResourceControllerPolicy",
            "module.eks.aws_iam_role_policy_attachment.workers_AmazonEC2ContainerRegistryReadOnly",
            "module.eks.aws_iam_role_policy_attachment.workers_AmazonEKSWorkerNodePolicy",
            "module.eks.aws_iam_role_policy_attachment.workers_AmazonEKS_CNI_Policy",
            "module.eks.aws_iam_role_policy_attachment.workers_additional_policies",
            "module.eks.aws_launch_configuration.workers",
            "module.eks.aws_security_group.cluster",
            "module.eks.aws_security_group.workers",
            "module.eks.aws_security_group_rule.cluster_egress_internet",
            "module.eks.aws_security_group_rule.cluster_https_worker_ingress",
            "module.eks.aws_security_group_rule.cluster_primary_ingress_workers",
            "module.eks.aws_security_group_rule.workers_egress_internet",
            "module.eks.aws_security_group_rule.workers_ingress_cluster",
            "module.eks.aws_security_group_rule.workers_ingress_cluster_https",
            "module.eks.aws_security_group_rule.workers_ingress_cluster_kubelet",
            "module.eks.aws_security_group_rule.workers_ingress_cluster_primary",
            "module.eks.aws_security_group_rule.workers_ingress_self",
            "module.eks.data.aws_ami.eks_worker",
            "module.eks.data.aws_ami.eks_worker_windows",
            "module.eks.data.aws_iam_instance_profile.custom_worker_group_iam_instance_profile",
            "module.eks.data.aws_iam_policy_document.cluster_assume_role_policy",
            "module.eks.data.aws_iam_policy_document.workers_assume_role_policy",
            "module.eks.data.aws_iam_role.custom_cluster_iam_role",
            "module.eks.data.aws_partition.current"
          ],
          "create_before_destroy": true
        }
      ]
    },
    {
      "module": "module.eks",
      "mode": "managed",
      "type": "aws_eks_cluster",
      "name": "this",
      "provider": "provider[\"registry.terraform.io/hashicorp/aws\"]",
      "instances": [
        {
          "index_key": 0,
          "schema_version": 0,
          "attributes": {
            "arn": "arn:aws:eks:eu-central-1:513910674915:cluster/playsdev-eks",
            "certificate_authority": [
              {
                "data": "LS0tLS1CRUdJTiBDRVJUSUZJQ0FURS0tLS0tCk1JSUM1ekNDQWMrZ0F3SUJBZ0lCQURBTkJna3Foa2lHOXcwQkFRc0ZBREFWTVJNd0VRWURWUVFERXdwcmRXSmwKY201bGRHVnpNQjRYRFRJeE1Ea3dPREU0TlRVMU4xb1hEVE14TURrd05qRTROVFUxTjFvd0ZURVRNQkVHQTFVRQpBeE1LYTNWaVpYSnVaWFJsY3pDQ0FTSXdEUVlKS29aSWh2Y05BUUVCQlFBRGdnRVBBRENDQVFvQ2dnRUJBTXU0CnRxM1JNQU5yS1I0d0tkOFQvLythVHdyUkE2aUd2SFRVUm5Ta0g4TmswbDVUZ3I3dHlmdXA4ZGFZSU8rRHRMTVgKY1BGQlc4dERxR00rcjB1ZkpMUEhiaGJwR1VISXBkVVJ6RFovbmFtRDhqbi9rVHdkL3JJZHRsSHFTeE9yNVV2SAp3NS9ibExMcDIrQXZ4WVZwR3d2TmI3NkhCQVdZMUFSVzhZQUI3V1NDUXVla3JmdVdQY1JieGdHMlMvb3VwVktMCkwwSkRpRjNsZXMvME9VSE5nVjZ4UHdBeklwR0p5Z0QzZVcydjBvTWdqakFsY1RaUCtFU1lRdmkxTElUWnJsbzAKZ29tUVdhM2tJVWFOMnZDM1FDL281RzZ5ZmhXWjNCUC90aTBIb25MNFBmdFZXTlRFMU1obzRaQ05wN3VZeEZNSgo1S3NZVGczYlJ2d3REMDdVSk9jQ0F3RUFBYU5DTUVBd0RnWURWUjBQQVFIL0JBUURBZ0trTUE4R0ExVWRFd0VCCi93UUZNQU1CQWY4d0hRWURWUjBPQkJZRUZCaTh0b1pvbWtZWEcrb2lVT01mdmhKOHZHOGVNQTBHQ1NxR1NJYjMKRFFFQkN3VUFBNElCQVFBTFBIVUt5NmM1aHR5Vk83ZUNaV0NxWXNBdnFleEpsZzN2MnlodWdVbzVlaTE2ZXZOZQpBbjRycWxsa1FGM3pKcE9xUldyZjNGYUxNdVowSXgxaDJWNmpaRTF6M0dZVnlTM3ZvbzdNS1Z1ZmJHNEVsQXRUCmk4VERwZ1NhZzMwZjEzK1dEZ0RvRW5nNTZlelE3OXIyME5RNUZ3N25PNEsvMlB2eEUreU56R0tyUS9vWUFUTW8KSTRVK0diQWtORWsvZmhzdGVvSXp2L2dvMkRvZ0gvSlp1Wko1Zzk4c3FlbGtSTEV5QkptZi9McDVtVlhHaWRYSQpaQ2hwRjAyallYcmxzZUQ1MmIzUE5XYTR4MWxZd2F5bnJMZ01xSVV0V2MxdHNaVUxmMGxaVW5oK05qT1pRcFdXClpOak94dUhUdUUrSmNQM2hoT241ZkNrLzhPM240WEVrQXp5VQotLS0tLUVORCBDRVJUSUZJQ0FURS0tLS0tCg=="
              }
            ],
            "created_at": "2021-09-08 18:50:20.685 +0000 UTC",
            "enabled_cluster_log_types": null,
            "encryption_config": [],
            "endpoint": "https://46BF494AD3B44C33CC99A23A337E767D.gr7.eu-central-1.eks.amazonaws.com",
            "id": "playsdev-eks",
            "identity": [
              {
                "oidc": [
                  {
                    "issuer": "https://oidc.eks.eu-central-1.amazonaws.com/id/46BF494AD3B44C33CC99A23A337E767D"
                  }
                ]
              }
            ],
            "kubernetes_network_config": [
              {
                "service_ipv4_cidr": "10.100.0.0/16"
              }
            ],
            "name": "playsdev-eks",
            "platform_version": "eks.2",
            "role_arn": "arn:aws:iam::513910674915:role/playsdev-eks20210908185000188600000001",
            "status": "ACTIVE",
            "tags": {
              "Environment": "training",
              "GithubOrg": "terraform-aws-modules",
              "GithubRepo": "terraform-aws-eks"
            },
            "tags_all": {
              "Environment": "training",
              "GithubOrg": "terraform-aws-modules",
              "GithubRepo": "terraform-aws-eks"
            },
            "timeouts": {
              "create": "30m",
              "delete": "15m",
              "update": null
            },
            "version": "1.20",
            "vpc_config": [
              {
                "cluster_security_group_id": "sg-09591694cc670a443",
                "endpoint_private_access": false,
                "endpoint_public_access": true,
                "public_access_cidrs": [
                  "0.0.0.0/0"
                ],
                "security_group_ids": [
                  "sg-0d7e6e440be71c4ad"
                ],
                "subnet_ids": [
                  "subnet-04f010012d2cccee3",
                  "subnet-0ccb6617178712860"
                ],
                "vpc_id": "vpc-042807fe884903dbe"
              }
            ]
          },
          "sensitive_attributes": [],
          "private": "eyJlMmJmYjczMC1lY2FhLTExZTYtOGY4OC0zNDM2M2JjN2M0YzAiOnsiY3JlYXRlIjoxODAwMDAwMDAwMDAwLCJkZWxldGUiOjkwMDAwMDAwMDAwMCwidXBkYXRlIjozNjAwMDAwMDAwMDAwfX0=",
          "dependencies": [
            "aws_subnet.playsdev-public-subnet",
            "aws_subnet.playsdev-public-subnet-2",
            "aws_vpc.playsdev_vpc",
            "module.eks.aws_cloudwatch_log_group.this",
            "module.eks.aws_iam_role.cluster",
            "module.eks.aws_iam_role_policy_attachment.cluster_AmazonEKSClusterPolicy",
            "module.eks.aws_iam_role_policy_attachment.cluster_AmazonEKSServicePolicy",
            "module.eks.aws_iam_role_policy_attachment.cluster_AmazonEKSVPCResourceControllerPolicy",
            "module.eks.aws_security_group.cluster",
            "module.eks.aws_security_group.workers",
            "module.eks.aws_security_group_rule.cluster_egress_internet",
            "module.eks.aws_security_group_rule.cluster_https_worker_ingress",
            "module.eks.data.aws_iam_policy_document.cluster_assume_role_policy",
            "module.eks.data.aws_iam_role.custom_cluster_iam_role",
            "module.eks.data.aws_partition.current"
          ],
          "create_before_destroy": true
        }
      ]
    },
    {
      "module": "module.eks",
      "mode": "managed",
      "type": "aws_iam_instance_profile",
      "name": "workers",
      "provider": "provider[\"registry.terraform.io/hashicorp/aws\"]",
      "instances": [
        {
          "index_key": 0,
          "schema_version": 0,
          "attributes": {
            "arn": "arn:aws:iam::513910674915:instance-profile/playsdev-eks2021090819000685020000000c",
            "create_date": "2021-09-08T19:00:07Z",
            "id": "playsdev-eks2021090819000685020000000c",
            "name": "playsdev-eks2021090819000685020000000c",
            "name_prefix": "playsdev-eks",
            "path": "/",
            "role": "playsdev-eks2021090819000354030000000b",
            "tags": {
              "Environment": "training",
              "GithubOrg": "terraform-aws-modules",
              "GithubRepo": "terraform-aws-eks"
            },
            "tags_all": {
              "Environment": "training",
              "GithubOrg": "terraform-aws-modules",
              "GithubRepo": "terraform-aws-eks"
            },
            "unique_id": "AIPAXPJ3WSXRRHUI5OSOU"
          },
          "sensitive_attributes": [],
          "private": "bnVsbA==",
          "dependencies": [
            "aws_security_group.playsdev-sg",
            "aws_subnet.playsdev-public-subnet",
            "aws_subnet.playsdev-public-subnet-2",
            "aws_vpc.playsdev_vpc",
            "module.eks.aws_cloudwatch_log_group.this",
            "module.eks.aws_eks_cluster.this",
            "module.eks.aws_iam_role.cluster",
            "module.eks.aws_iam_role.workers",
            "module.eks.aws_iam_role_policy_attachment.cluster_AmazonEKSClusterPolicy",
            "module.eks.aws_iam_role_policy_attachment.cluster_AmazonEKSServicePolicy",
            "module.eks.aws_iam_role_policy_attachment.cluster_AmazonEKSVPCResourceControllerPolicy",
            "module.eks.aws_security_group.cluster",
            "module.eks.aws_security_group.workers",
            "module.eks.aws_security_group_rule.cluster_egress_internet",
            "module.eks.aws_security_group_rule.cluster_https_worker_ingress",
            "module.eks.data.aws_iam_policy_document.cluster_assume_role_policy",
            "module.eks.data.aws_iam_policy_document.workers_assume_role_policy",
            "module.eks.data.aws_iam_role.custom_cluster_iam_role",
            "module.eks.data.aws_partition.current"
          ],
          "create_before_destroy": true
        }
      ]
    },
    {
      "module": "module.eks",
      "mode": "managed",
      "type": "aws_iam_policy",
      "name": "cluster_elb_sl_role_creation",
      "provider": "provider[\"registry.terraform.io/hashicorp/aws\"]",
      "instances": [
        {
          "index_key": 0,
          "schema_version": 0,
          "attributes": {
            "arn": "arn:aws:iam::513910674915:policy/playsdev-eks-elb-sl-role-creation20210908185000209000000002",
            "description": "Permissions for EKS to create AWSServiceRoleForElasticLoadBalancing service-linked role",
            "id": "arn:aws:iam::513910674915:policy/playsdev-eks-elb-sl-role-creation20210908185000209000000002",
            "name": "playsdev-eks-elb-sl-role-creation20210908185000209000000002",
            "name_prefix": "playsdev-eks-elb-sl-role-creation",
            "path": "/",
            "policy": "{\n  \"Version\": \"2012-10-17\",\n  \"Statement\": [\n    {\n      \"Sid\": \"\",\n      \"Effect\": \"Allow\",\n      \"Action\": [\n        \"ec2:DescribeInternetGateways\",\n        \"ec2:DescribeAddresses\",\n        \"ec2:DescribeAccountAttributes\"\n      ],\n      \"Resource\": \"*\"\n    }\n  ]\n}",
            "policy_id": "ANPAXPJ3WSXRSUMTLGMRH",
            "tags": {
              "Environment": "training",
              "GithubOrg": "terraform-aws-modules",
              "GithubRepo": "terraform-aws-eks"
            },
            "tags_all": {
              "Environment": "training",
              "GithubOrg": "terraform-aws-modules",
              "GithubRepo": "terraform-aws-eks"
            }
          },
          "sensitive_attributes": [],
          "private": "bnVsbA==",
          "dependencies": [
            "module.eks.data.aws_iam_policy_document.cluster_elb_sl_role_creation"
          ]
        }
      ]
    },
    {
      "module": "module.eks",
      "mode": "managed",
      "type": "aws_iam_role",
      "name": "cluster",
      "provider": "provider[\"registry.terraform.io/hashicorp/aws\"]",
      "instances": [
        {
          "index_key": 0,
          "schema_version": 0,
          "attributes": {
            "arn": "arn:aws:iam::513910674915:role/playsdev-eks20210908185000188600000001",
            "assume_role_policy": "{\"Version\":\"2012-10-17\",\"Statement\":[{\"Sid\":\"EKSClusterAssumeRole\",\"Effect\":\"Allow\",\"Principal\":{\"Service\":\"eks.amazonaws.com\"},\"Action\":\"sts:AssumeRole\"}]}",
            "create_date": "2021-09-08T18:50:01Z",
            "description": "",
            "force_detach_policies": true,
            "id": "playsdev-eks20210908185000188600000001",
            "inline_policy": [
              {
                "name": "",
                "policy": ""
              }
            ],
            "managed_policy_arns": [],
            "max_session_duration": 3600,
            "name": "playsdev-eks20210908185000188600000001",
            "name_prefix": "playsdev-eks",
            "path": "/",
            "permissions_boundary": null,
            "tags": {
              "Environment": "training",
              "GithubOrg": "terraform-aws-modules",
              "GithubRepo": "terraform-aws-eks"
            },
            "tags_all": {
              "Environment": "training",
              "GithubOrg": "terraform-aws-modules",
              "GithubRepo": "terraform-aws-eks"
            },
            "unique_id": "AROAXPJ3WSXR7JHKFSSZR"
          },
          "sensitive_attributes": [],
          "private": "bnVsbA==",
          "dependencies": [
            "module.eks.data.aws_iam_policy_document.cluster_assume_role_policy"
          ],
          "create_before_destroy": true
        }
      ]
    },
    {
      "module": "module.eks",
      "mode": "managed",
      "type": "aws_iam_role",
      "name": "workers",
      "provider": "provider[\"registry.terraform.io/hashicorp/aws\"]",
      "instances": [
        {
          "index_key": 0,
          "schema_version": 0,
          "attributes": {
            "arn": "arn:aws:iam::513910674915:role/playsdev-eks2021090819000354030000000b",
            "assume_role_policy": "{\"Version\":\"2012-10-17\",\"Statement\":[{\"Sid\":\"EKSWorkerAssumeRole\",\"Effect\":\"Allow\",\"Principal\":{\"Service\":\"ec2.amazonaws.com\"},\"Action\":\"sts:AssumeRole\"}]}",
            "create_date": "2021-09-08T19:00:04Z",
            "description": "",
            "force_detach_policies": true,
            "id": "playsdev-eks2021090819000354030000000b",
            "inline_policy": [
              {
                "name": "",
                "policy": ""
              }
            ],
            "managed_policy_arns": [],
            "max_session_duration": 3600,
            "name": "playsdev-eks2021090819000354030000000b",
            "name_prefix": "playsdev-eks",
            "path": "/",
            "permissions_boundary": null,
            "tags": {
              "Environment": "training",
              "GithubOrg": "terraform-aws-modules",
              "GithubRepo": "terraform-aws-eks"
            },
            "tags_all": {
              "Environment": "training",
              "GithubOrg": "terraform-aws-modules",
              "GithubRepo": "terraform-aws-eks"
            },
            "unique_id": "AROAXPJ3WSXR5AP4TC2VV"
          },
          "sensitive_attributes": [],
          "private": "bnVsbA==",
          "dependencies": [
            "aws_subnet.playsdev-public-subnet",
            "aws_subnet.playsdev-public-subnet-2",
            "aws_vpc.playsdev_vpc",
            "module.eks.aws_cloudwatch_log_group.this",
            "module.eks.aws_eks_cluster.this",
            "module.eks.aws_iam_role.cluster",
            "module.eks.aws_iam_role_policy_attachment.cluster_AmazonEKSClusterPolicy",
            "module.eks.aws_iam_role_policy_attachment.cluster_AmazonEKSServicePolicy",
            "module.eks.aws_iam_role_policy_attachment.cluster_AmazonEKSVPCResourceControllerPolicy",
            "module.eks.aws_security_group.cluster",
            "module.eks.aws_security_group.workers",
            "module.eks.aws_security_group_rule.cluster_egress_internet",
            "module.eks.aws_security_group_rule.cluster_https_worker_ingress",
            "module.eks.data.aws_iam_policy_document.cluster_assume_role_policy",
            "module.eks.data.aws_iam_policy_document.workers_assume_role_policy",
            "module.eks.data.aws_iam_role.custom_cluster_iam_role",
            "module.eks.data.aws_partition.current"
          ],
          "create_before_destroy": true
        }
      ]
    },
    {
      "module": "module.eks",
      "mode": "managed",
      "type": "aws_iam_role_policy_attachment",
      "name": "cluster_AmazonEKSClusterPolicy",
      "provider": "provider[\"registry.terraform.io/hashicorp/aws\"]",
      "instances": [
        {
          "index_key": 0,
          "schema_version": 0,
          "attributes": {
            "id": "playsdev-eks20210908185000188600000001-20210908185005206000000004",
            "policy_arn": "arn:aws:iam::aws:policy/AmazonEKSClusterPolicy",
            "role": "playsdev-eks20210908185000188600000001"
          },
          "sensitive_attributes": [],
          "private": "bnVsbA==",
          "dependencies": [
            "module.eks.aws_iam_role.cluster",
            "module.eks.data.aws_iam_policy_document.cluster_assume_role_policy",
            "module.eks.data.aws_partition.current"
          ],
          "create_before_destroy": true
        }
      ]
    },
    {
      "module": "module.eks",
      "mode": "managed",
      "type": "aws_iam_role_policy_attachment",
      "name": "cluster_AmazonEKSServicePolicy",
      "provider": "provider[\"registry.terraform.io/hashicorp/aws\"]",
      "instances": [
        {
          "index_key": 0,
          "schema_version": 0,
          "attributes": {
            "id": "playsdev-eks20210908185000188600000001-20210908185005235900000006",
            "policy_arn": "arn:aws:iam::aws:policy/AmazonEKSServicePolicy",
            "role": "playsdev-eks20210908185000188600000001"
          },
          "sensitive_attributes": [],
          "private": "bnVsbA==",
          "dependencies": [
            "module.eks.aws_iam_role.cluster",
            "module.eks.data.aws_iam_policy_document.cluster_assume_role_policy",
            "module.eks.data.aws_partition.current"
          ],
          "create_before_destroy": true
        }
      ]
    },
    {
      "module": "module.eks",
      "mode": "managed",
      "type": "aws_iam_role_policy_attachment",
      "name": "cluster_AmazonEKSVPCResourceControllerPolicy",
      "provider": "provider[\"registry.terraform.io/hashicorp/aws\"]",
      "instances": [
        {
          "index_key": 0,
          "schema_version": 0,
          "attributes": {
            "id": "playsdev-eks20210908185000188600000001-20210908185005207600000005",
            "policy_arn": "arn:aws:iam::aws:policy/AmazonEKSVPCResourceController",
            "role": "playsdev-eks20210908185000188600000001"
          },
          "sensitive_attributes": [],
          "private": "bnVsbA==",
          "dependencies": [
            "module.eks.aws_iam_role.cluster",
            "module.eks.data.aws_iam_policy_document.cluster_assume_role_policy",
            "module.eks.data.aws_partition.current"
          ],
          "create_before_destroy": true
        }
      ]
    },
    {
      "module": "module.eks",
      "mode": "managed",
      "type": "aws_iam_role_policy_attachment",
      "name": "cluster_elb_sl_role_creation",
      "provider": "provider[\"registry.terraform.io/hashicorp/aws\"]",
      "instances": [
        {
          "index_key": 0,
          "schema_version": 0,
          "attributes": {
            "id": "playsdev-eks20210908185000188600000001-20210908185005204900000003",
            "policy_arn": "arn:aws:iam::513910674915:policy/playsdev-eks-elb-sl-role-creation20210908185000209000000002",
            "role": "playsdev-eks20210908185000188600000001"
          },
          "sensitive_attributes": [],
          "private": "bnVsbA==",
          "dependencies": [
            "module.eks.aws_iam_policy.cluster_elb_sl_role_creation",
            "module.eks.aws_iam_role.cluster",
            "module.eks.data.aws_iam_policy_document.cluster_assume_role_policy",
            "module.eks.data.aws_iam_policy_document.cluster_elb_sl_role_creation"
          ]
        }
      ]
    },
    {
      "module": "module.eks",
      "mode": "managed",
      "type": "aws_iam_role_policy_attachment",
      "name": "workers_AmazonEC2ContainerRegistryReadOnly",
      "provider": "provider[\"registry.terraform.io/hashicorp/aws\"]",
      "instances": [
        {
          "index_key": 0,
          "schema_version": 0,
          "attributes": {
            "id": "playsdev-eks2021090819000354030000000b-2021090819000758360000000e",
            "policy_arn": "arn:aws:iam::aws:policy/AmazonEC2ContainerRegistryReadOnly",
            "role": "playsdev-eks2021090819000354030000000b"
          },
          "sensitive_attributes": [],
          "private": "bnVsbA==",
          "dependencies": [
            "aws_subnet.playsdev-public-subnet",
            "aws_subnet.playsdev-public-subnet-2",
            "aws_vpc.playsdev_vpc",
            "module.eks.aws_cloudwatch_log_group.this",
            "module.eks.aws_eks_cluster.this",
            "module.eks.aws_iam_role.cluster",
            "module.eks.aws_iam_role.workers",
            "module.eks.aws_iam_role_policy_attachment.cluster_AmazonEKSClusterPolicy",
            "module.eks.aws_iam_role_policy_attachment.cluster_AmazonEKSServicePolicy",
            "module.eks.aws_iam_role_policy_attachment.cluster_AmazonEKSVPCResourceControllerPolicy",
            "module.eks.aws_security_group.cluster",
            "module.eks.aws_security_group.workers",
            "module.eks.aws_security_group_rule.cluster_egress_internet",
            "module.eks.aws_security_group_rule.cluster_https_worker_ingress",
            "module.eks.data.aws_iam_policy_document.cluster_assume_role_policy",
            "module.eks.data.aws_iam_policy_document.workers_assume_role_policy",
            "module.eks.data.aws_iam_role.custom_cluster_iam_role",
            "module.eks.data.aws_partition.current"
          ],
          "create_before_destroy": true
        }
      ]
    },
    {
      "module": "module.eks",
      "mode": "managed",
      "type": "aws_iam_role_policy_attachment",
      "name": "workers_AmazonEKSWorkerNodePolicy",
      "provider": "provider[\"registry.terraform.io/hashicorp/aws\"]",
      "instances": [
        {
          "index_key": 0,
          "schema_version": 0,
          "attributes": {
            "id": "playsdev-eks2021090819000354030000000b-2021090819000758870000000f",
            "policy_arn": "arn:aws:iam::aws:policy/AmazonEKSWorkerNodePolicy",
            "role": "playsdev-eks2021090819000354030000000b"
          },
          "sensitive_attributes": [],
          "private": "bnVsbA==",
          "dependencies": [
            "aws_subnet.playsdev-public-subnet",
            "aws_subnet.playsdev-public-subnet-2",
            "aws_vpc.playsdev_vpc",
            "module.eks.aws_cloudwatch_log_group.this",
            "module.eks.aws_eks_cluster.this",
            "module.eks.aws_iam_role.cluster",
            "module.eks.aws_iam_role.workers",
            "module.eks.aws_iam_role_policy_attachment.cluster_AmazonEKSClusterPolicy",
            "module.eks.aws_iam_role_policy_attachment.cluster_AmazonEKSServicePolicy",
            "module.eks.aws_iam_role_policy_attachment.cluster_AmazonEKSVPCResourceControllerPolicy",
            "module.eks.aws_security_group.cluster",
            "module.eks.aws_security_group.workers",
            "module.eks.aws_security_group_rule.cluster_egress_internet",
            "module.eks.aws_security_group_rule.cluster_https_worker_ingress",
            "module.eks.data.aws_iam_policy_document.cluster_assume_role_policy",
            "module.eks.data.aws_iam_policy_document.workers_assume_role_policy",
            "module.eks.data.aws_iam_role.custom_cluster_iam_role",
            "module.eks.data.aws_partition.current"
          ],
          "create_before_destroy": true
        }
      ]
    },
    {
      "module": "module.eks",
      "mode": "managed",
      "type": "aws_iam_role_policy_attachment",
      "name": "workers_AmazonEKS_CNI_Policy",
      "provider": "provider[\"registry.terraform.io/hashicorp/aws\"]",
      "instances": [
        {
          "index_key": 0,
          "schema_version": 0,
          "attributes": {
            "id": "playsdev-eks2021090819000354030000000b-2021090819000757390000000d",
            "policy_arn": "arn:aws:iam::aws:policy/AmazonEKS_CNI_Policy",
            "role": "playsdev-eks2021090819000354030000000b"
          },
          "sensitive_attributes": [],
          "private": "bnVsbA==",
          "dependencies": [
            "aws_subnet.playsdev-public-subnet",
            "aws_subnet.playsdev-public-subnet-2",
            "aws_vpc.playsdev_vpc",
            "module.eks.aws_cloudwatch_log_group.this",
            "module.eks.aws_eks_cluster.this",
            "module.eks.aws_iam_role.cluster",
            "module.eks.aws_iam_role.workers",
            "module.eks.aws_iam_role_policy_attachment.cluster_AmazonEKSClusterPolicy",
            "module.eks.aws_iam_role_policy_attachment.cluster_AmazonEKSServicePolicy",
            "module.eks.aws_iam_role_policy_attachment.cluster_AmazonEKSVPCResourceControllerPolicy",
            "module.eks.aws_security_group.cluster",
            "module.eks.aws_security_group.workers",
            "module.eks.aws_security_group_rule.cluster_egress_internet",
            "module.eks.aws_security_group_rule.cluster_https_worker_ingress",
            "module.eks.data.aws_iam_policy_document.cluster_assume_role_policy",
            "module.eks.data.aws_iam_policy_document.workers_assume_role_policy",
            "module.eks.data.aws_iam_role.custom_cluster_iam_role",
            "module.eks.data.aws_partition.current"
          ],
          "create_before_destroy": true
        }
      ]
    },
    {
      "module": "module.eks",
      "mode": "managed",
      "type": "aws_launch_configuration",
      "name": "workers",
      "provider": "provider[\"registry.terraform.io/hashicorp/aws\"]",
      "instances": [
        {
          "index_key": 0,
          "schema_version": 0,
          "attributes": {
            "arn": "arn:aws:autoscaling:eu-central-1:513910674915:launchConfiguration:b433f883-bc74-4ccf-b398-187ec906a2c3:launchConfigurationName/playsdev-eks-worker-group-120210908190009974200000010",
            "associate_public_ip_address": false,
            "ebs_block_device": [],
            "ebs_optimized": false,
            "enable_monitoring": true,
            "ephemeral_block_device": [],
            "iam_instance_profile": "playsdev-eks2021090819000685020000000c",
            "id": "playsdev-eks-worker-group-120210908190009974200000010",
            "image_id": "ami-0c40a55d525638da4",
            "instance_type": "t2.small",
            "key_name": "",
            "metadata_options": [
              {
                "http_endpoint": "enabled",
                "http_put_response_hop_limit": 1,
                "http_tokens": "optional"
              }
            ],
            "name": "playsdev-eks-worker-group-120210908190009974200000010",
            "name_prefix": "playsdev-eks-worker-group-1",
            "placement_tenancy": "",
            "root_block_device": [
              {
                "delete_on_termination": true,
                "encrypted": false,
                "iops": 0,
                "throughput": 0,
                "volume_size": 100,
                "volume_type": "gp2"
              }
            ],
            "security_groups": [
              "sg-042cd400fc322a3fc",
              "sg-0fae7f5e2ae15c2d3"
            ],
            "spot_price": "",
            "user_data": null,
            "user_data_base64": "IyEvYmluL2Jhc2ggLWUKCiMgQWxsb3cgdXNlciBzdXBwbGllZCBwcmUgdXNlcmRhdGEgY29kZQoKCiMgQm9vdHN0cmFwIGFuZCBqb2luIHRoZSBjbHVzdGVyCi9ldGMvZWtzL2Jvb3RzdHJhcC5zaCAtLWI2NC1jbHVzdGVyLWNhICdMUzB0TFMxQ1JVZEpUaUJEUlZKVVNVWkpRMEZVUlMwdExTMHRDazFKU1VNMWVrTkRRV01yWjBGM1NVSkJaMGxDUVVSQlRrSm5hM0ZvYTJsSE9YY3dRa0ZSYzBaQlJFRldUVkpOZDBWUldVUldVVkZFUlhkd2NtUlhTbXdLWTIwMWJHUkhWbnBOUWpSWVJGUkplRTFFYTNkUFJFVTBUbFJWTVU0eGIxaEVWRTE0VFVScmQwNXFSVFJPVkZVeFRqRnZkMFpVUlZSTlFrVkhRVEZWUlFwQmVFMUxZVE5XYVZwWVNuVmFXRkpzWTNwRFEwRlRTWGRFVVZsS1MyOWFTV2gyWTA1QlVVVkNRbEZCUkdkblJWQkJSRU5EUVZGdlEyZG5SVUpCVFhVMENuUnhNMUpOUVU1eVMxSTBkMHRrT0ZRdkx5dGhWSGR5VWtFMmFVZDJTRlJWVW01VGEwZzRUbXN3YkRWVVozSTNkSGxtZFhBNFpHRlpTVThyUkhSTVRWZ0tZMUJHUWxjNGRFUnhSMDByY2pCMVprcE1VRWhpYUdKd1IxVklTWEJrVlZKNlJGb3ZibUZ0UkRocWJpOXJWSGRrTDNKSlpIUnNTSEZUZUU5eU5WVjJTQXAzTlM5aWJFeE1jRElyUVhaNFdWWndSM2QyVG1JM05raENRVmRaTVVGU1Z6aFpRVUkzVjFORFVYVmxhM0ptZFZkUVkxSmllR2RITWxNdmIzVndWa3RNQ2t3d1NrUnBSak5zWlhNdk1FOVZTRTVuVmpaNFVIZEJla2x3UjBwNVowUXpaVmN5ZGpCdlRXZHFha0ZzWTFSYVVDdEZVMWxSZG1reFRFbFVXbkpzYnpBS1oyOXRVVmRoTTJ0SlZXRk9NblpETTFGREwyODFSelo1Wm1oWFdqTkNVQzkwYVRCSWIyNU1ORkJtZEZaWFRsUkZNVTFvYnpSYVEwNXdOM1ZaZUVaTlNnbzFTM05aVkdjellsSjJkM1JFTURkVlNrOWpRMEYzUlVGQllVNURUVVZCZDBSbldVUldVakJRUVZGSUwwSkJVVVJCWjB0clRVRTRSMEV4VldSRmQwVkNDaTkzVVVaTlFVMUNRV1k0ZDBoUldVUldVakJQUWtKWlJVWkNhVGgwYjFwdmJXdFpXRWNyYjJsVlQwMW1kbWhLT0haSE9HVk5RVEJIUTFOeFIxTkpZak1LUkZGRlFrTjNWVUZCTkVsQ1FWRkJURkJJVlV0NU5tTTFhSFI1Vms4M1pVTmFWME54V1hOQmRuRmxlRXBzWnpOMk1ubG9kV2RWYnpWbGFURTJaWFpPWlFwQmJqUnljV3hzYTFGR00zcEtjRTl4VWxkeVpqTkdZVXhOZFZvd1NYZ3hhREpXTm1wYVJURjZNMGRaVm5sVE0zWnZiemROUzFaMVptSkhORVZzUVhSVUNtazRWRVJ3WjFOaFp6TXdaakV6SzFkRVowUnZSVzVuTlRabGVsRTNPWEl5TUU1Uk5VWjNOMjVQTkVzdk1sQjJlRVVyZVU1NlIwdHlVUzl2V1VGVVRXOEtTVFJWSzBkaVFXdE9SV3N2Wm1oemRHVnZTWHAyTDJkdk1rUnZaMGd2U2xwMVdrbzFaems0YzNGbGJHdFNURVY1UWtwdFppOU1jRFZ0VmxoSGFXUllTUXBhUTJod1JqQXlhbGxZY214elpVUTFNbUl6VUU1WFlUUjRNV3haZDJGNWJuSk1aMDF4U1ZWMFYyTXhkSE5hVlV4bU1HeGFWVzVvSzA1cVQxcFJjRmRYQ2xwT2FrOTRkVWhVZFVVclNtTlFNMmhvVDI0MVprTnJMemhQTTI0MFdFVnJRWHA1VlFvdExTMHRMVVZPUkNCRFJWSlVTVVpKUTBGVVJTMHRMUzB0Q2c9PScgLS1hcGlzZXJ2ZXItZW5kcG9pbnQgJ2h0dHBzOi8vNDZCRjQ5NEFEM0I0NEMzM0NDOTlBMjNBMzM3RTc2N0QuZ3I3LmV1LWNlbnRyYWwtMS5la3MuYW1hem9uYXdzLmNvbScgIC0ta3ViZWxldC1leHRyYS1hcmdzICIiICdwbGF5c2Rldi1la3MnCgojIEFsbG93IHVzZXIgc3VwcGxpZWQgdXNlcmRhdGEgY29kZQplY2hvIGZvbyBiYXIK",
            "vpc_classic_link_id": "",
            "vpc_classic_link_security_groups": null
          },
          "sensitive_attributes": [],
          "private": "bnVsbA==",
          "dependencies": [
            "aws_security_group.playsdev-sg",
            "aws_subnet.playsdev-public-subnet",
            "aws_subnet.playsdev-public-subnet-2",
            "aws_vpc.playsdev_vpc",
            "module.eks.aws_cloudwatch_log_group.this",
            "module.eks.aws_eks_cluster.this",
            "module.eks.aws_iam_instance_profile.workers",
            "module.eks.aws_iam_role.cluster",
            "module.eks.aws_iam_role.workers",
            "module.eks.aws_iam_role_policy_attachment.cluster_AmazonEKSClusterPolicy",
            "module.eks.aws_iam_role_policy_attachment.cluster_AmazonEKSServicePolicy",
            "module.eks.aws_iam_role_policy_attachment.cluster_AmazonEKSVPCResourceControllerPolicy",
            "module.eks.aws_iam_role_policy_attachment.workers_AmazonEC2ContainerRegistryReadOnly",
            "module.eks.aws_iam_role_policy_attachment.workers_AmazonEKSWorkerNodePolicy",
            "module.eks.aws_iam_role_policy_attachment.workers_AmazonEKS_CNI_Policy",
            "module.eks.aws_iam_role_policy_attachment.workers_additional_policies",
            "module.eks.aws_security_group.cluster",
            "module.eks.aws_security_group.workers",
            "module.eks.aws_security_group_rule.cluster_egress_internet",
            "module.eks.aws_security_group_rule.cluster_https_worker_ingress",
            "module.eks.aws_security_group_rule.cluster_primary_ingress_workers",
            "module.eks.aws_security_group_rule.workers_egress_internet",
            "module.eks.aws_security_group_rule.workers_ingress_cluster",
            "module.eks.aws_security_group_rule.workers_ingress_cluster_https",
            "module.eks.aws_security_group_rule.workers_ingress_cluster_kubelet",
            "module.eks.aws_security_group_rule.workers_ingress_cluster_primary",
            "module.eks.aws_security_group_rule.workers_ingress_self",
            "module.eks.data.aws_ami.eks_worker",
            "module.eks.data.aws_ami.eks_worker_windows",
            "module.eks.data.aws_iam_instance_profile.custom_worker_group_iam_instance_profile",
            "module.eks.data.aws_iam_policy_document.cluster_assume_role_policy",
            "module.eks.data.aws_iam_policy_document.workers_assume_role_policy",
            "module.eks.data.aws_iam_role.custom_cluster_iam_role",
            "module.eks.data.aws_partition.current"
          ],
          "create_before_destroy": true
        }
      ]
    },
    {
      "module": "module.eks",
      "mode": "managed",
      "type": "aws_security_group",
      "name": "cluster",
      "provider": "provider[\"registry.terraform.io/hashicorp/aws\"]",
      "instances": [
        {
          "index_key": 0,
          "schema_version": 1,
          "attributes": {
            "arn": "arn:aws:ec2:eu-central-1:513910674915:security-group/sg-0d7e6e440be71c4ad",
            "description": "EKS cluster security group.",
            "egress": [],
            "id": "sg-0d7e6e440be71c4ad",
            "ingress": [],
            "name": "playsdev-eks20210908185006237500000008",
            "name_prefix": "playsdev-eks",
            "owner_id": "513910674915",
            "revoke_rules_on_delete": false,
            "tags": {
              "Environment": "training",
              "GithubOrg": "terraform-aws-modules",
              "GithubRepo": "terraform-aws-eks",
              "Name": "playsdev-eks-eks_cluster_sg"
            },
            "tags_all": {
              "Environment": "training",
              "GithubOrg": "terraform-aws-modules",
              "GithubRepo": "terraform-aws-eks",
              "Name": "playsdev-eks-eks_cluster_sg"
            },
            "timeouts": null,
            "vpc_id": "vpc-042807fe884903dbe"
          },
          "sensitive_attributes": [],
          "private": "eyJlMmJmYjczMC1lY2FhLTExZTYtOGY4OC0zNDM2M2JjN2M0YzAiOnsiY3JlYXRlIjo2MDAwMDAwMDAwMDAsImRlbGV0ZSI6OTAwMDAwMDAwMDAwfSwic2NoZW1hX3ZlcnNpb24iOiIxIn0=",
          "dependencies": [
            "aws_vpc.playsdev_vpc"
          ],
          "create_before_destroy": true
        }
      ]
    },
    {
      "module": "module.eks",
      "mode": "managed",
      "type": "aws_security_group",
      "name": "workers",
      "provider": "provider[\"registry.terraform.io/hashicorp/aws\"]",
      "instances": [
        {
          "index_key": 0,
          "schema_version": 1,
          "attributes": {
            "arn": "arn:aws:ec2:eu-central-1:513910674915:security-group/sg-0fae7f5e2ae15c2d3",
            "description": "Security group for all nodes in the cluster.",
            "egress": [],
            "id": "sg-0fae7f5e2ae15c2d3",
            "ingress": [],
            "name": "playsdev-eks20210908185006290500000009",
            "name_prefix": "playsdev-eks",
            "owner_id": "513910674915",
            "revoke_rules_on_delete": false,
            "tags": {
              "Environment": "training",
              "GithubOrg": "terraform-aws-modules",
              "GithubRepo": "terraform-aws-eks",
              "Name": "playsdev-eks-eks_worker_sg",
              "kubernetes.io/cluster/playsdev-eks": "owned"
            },
            "tags_all": {
              "Environment": "training",
              "GithubOrg": "terraform-aws-modules",
              "GithubRepo": "terraform-aws-eks",
              "Name": "playsdev-eks-eks_worker_sg",
              "kubernetes.io/cluster/playsdev-eks": "owned"
            },
            "timeouts": null,
            "vpc_id": "vpc-042807fe884903dbe"
          },
          "sensitive_attributes": [],
          "private": "eyJlMmJmYjczMC1lY2FhLTExZTYtOGY4OC0zNDM2M2JjN2M0YzAiOnsiY3JlYXRlIjo2MDAwMDAwMDAwMDAsImRlbGV0ZSI6OTAwMDAwMDAwMDAwfSwic2NoZW1hX3ZlcnNpb24iOiIxIn0=",
          "dependencies": [
            "aws_vpc.playsdev_vpc"
          ],
          "create_before_destroy": true
        }
      ]
    },
    {
      "module": "module.eks",
      "mode": "managed",
      "type": "aws_security_group_rule",
      "name": "cluster_egress_internet",
      "provider": "provider[\"registry.terraform.io/hashicorp/aws\"]",
      "instances": [
        {
          "index_key": 0,
          "schema_version": 2,
          "attributes": {
            "cidr_blocks": [
              "0.0.0.0/0"
            ],
            "description": "Allow cluster egress access to the Internet.",
            "from_port": 0,
            "id": "sgrule-2589275726",
            "ipv6_cidr_blocks": null,
            "prefix_list_ids": null,
            "protocol": "-1",
            "security_group_id": "sg-0d7e6e440be71c4ad",
            "self": false,
            "source_security_group_id": null,
            "to_port": 0,
            "type": "egress"
          },
          "sensitive_attributes": [],
          "private": "eyJzY2hlbWFfdmVyc2lvbiI6IjIifQ==",
          "dependencies": [
            "aws_vpc.playsdev_vpc",
            "module.eks.aws_security_group.cluster"
          ],
          "create_before_destroy": true
        }
      ]
    },
    {
      "module": "module.eks",
      "mode": "managed",
      "type": "aws_security_group_rule",
      "name": "cluster_https_worker_ingress",
      "provider": "provider[\"registry.terraform.io/hashicorp/aws\"]",
      "instances": [
        {
          "index_key": 0,
          "schema_version": 2,
          "attributes": {
            "cidr_blocks": null,
            "description": "Allow pods to communicate with the EKS cluster API.",
            "from_port": 443,
            "id": "sgrule-1106409120",
            "ipv6_cidr_blocks": null,
            "prefix_list_ids": null,
            "protocol": "tcp",
            "security_group_id": "sg-0d7e6e440be71c4ad",
            "self": false,
            "source_security_group_id": "sg-0fae7f5e2ae15c2d3",
            "to_port": 443,
            "type": "ingress"
          },
          "sensitive_attributes": [],
          "private": "eyJzY2hlbWFfdmVyc2lvbiI6IjIifQ==",
          "dependencies": [
            "aws_vpc.playsdev_vpc",
            "module.eks.aws_security_group.cluster",
            "module.eks.aws_security_group.workers"
          ],
          "create_before_destroy": true
        }
      ]
    },
    {
      "module": "module.eks",
      "mode": "managed",
      "type": "aws_security_group_rule",
      "name": "workers_egress_internet",
      "provider": "provider[\"registry.terraform.io/hashicorp/aws\"]",
      "instances": [
        {
          "index_key": 0,
          "schema_version": 2,
          "attributes": {
            "cidr_blocks": [
              "0.0.0.0/0"
            ],
            "description": "Allow nodes all egress to the Internet.",
            "from_port": 0,
            "id": "sgrule-1545248349",
            "ipv6_cidr_blocks": null,
            "prefix_list_ids": null,
            "protocol": "-1",
            "security_group_id": "sg-0fae7f5e2ae15c2d3",
            "self": false,
            "source_security_group_id": null,
            "to_port": 0,
            "type": "egress"
          },
          "sensitive_attributes": [],
          "private": "eyJzY2hlbWFfdmVyc2lvbiI6IjIifQ==",
          "dependencies": [
            "aws_vpc.playsdev_vpc",
            "module.eks.aws_security_group.workers"
          ],
          "create_before_destroy": true
        }
      ]
    },
    {
      "module": "module.eks",
      "mode": "managed",
      "type": "aws_security_group_rule",
      "name": "workers_ingress_cluster",
      "provider": "provider[\"registry.terraform.io/hashicorp/aws\"]",
      "instances": [
        {
          "index_key": 0,
          "schema_version": 2,
          "attributes": {
            "cidr_blocks": null,
            "description": "Allow workers pods to receive communication from the cluster control plane.",
            "from_port": 1025,
            "id": "sgrule-4068748741",
            "ipv6_cidr_blocks": null,
            "prefix_list_ids": null,
            "protocol": "tcp",
            "security_group_id": "sg-0fae7f5e2ae15c2d3",
            "self": false,
            "source_security_group_id": "sg-0d7e6e440be71c4ad",
            "to_port": 65535,
            "type": "ingress"
          },
          "sensitive_attributes": [],
          "private": "eyJzY2hlbWFfdmVyc2lvbiI6IjIifQ==",
          "dependencies": [
            "aws_vpc.playsdev_vpc",
            "module.eks.aws_security_group.cluster",
            "module.eks.aws_security_group.workers"
          ],
          "create_before_destroy": true
        }
      ]
    },
    {
      "module": "module.eks",
      "mode": "managed",
      "type": "aws_security_group_rule",
      "name": "workers_ingress_cluster_https",
      "provider": "provider[\"registry.terraform.io/hashicorp/aws\"]",
      "instances": [
        {
          "index_key": 0,
          "schema_version": 2,
          "attributes": {
            "cidr_blocks": null,
            "description": "Allow pods running extension API servers on port 443 to receive communication from cluster control plane.",
            "from_port": 443,
            "id": "sgrule-1432734934",
            "ipv6_cidr_blocks": null,
            "prefix_list_ids": null,
            "protocol": "tcp",
            "security_group_id": "sg-0fae7f5e2ae15c2d3",
            "self": false,
            "source_security_group_id": "sg-0d7e6e440be71c4ad",
            "to_port": 443,
            "type": "ingress"
          },
          "sensitive_attributes": [],
          "private": "eyJzY2hlbWFfdmVyc2lvbiI6IjIifQ==",
          "dependencies": [
            "aws_vpc.playsdev_vpc",
            "module.eks.aws_security_group.cluster",
            "module.eks.aws_security_group.workers"
          ],
          "create_before_destroy": true
        }
      ]
    },
    {
      "module": "module.eks",
      "mode": "managed",
      "type": "aws_security_group_rule",
      "name": "workers_ingress_self",
      "provider": "provider[\"registry.terraform.io/hashicorp/aws\"]",
      "instances": [
        {
          "index_key": 0,
          "schema_version": 2,
          "attributes": {
            "cidr_blocks": null,
            "description": "Allow node to communicate with each other.",
            "from_port": 0,
            "id": "sgrule-2941896361",
            "ipv6_cidr_blocks": null,
            "prefix_list_ids": null,
            "protocol": "-1",
            "security_group_id": "sg-0fae7f5e2ae15c2d3",
            "self": false,
            "source_security_group_id": "sg-0fae7f5e2ae15c2d3",
            "to_port": 65535,
            "type": "ingress"
          },
          "sensitive_attributes": [],
          "private": "eyJzY2hlbWFfdmVyc2lvbiI6IjIifQ==",
          "dependencies": [
            "aws_vpc.playsdev_vpc",
            "module.eks.aws_security_group.workers"
          ],
          "create_before_destroy": true
        }
      ]
    },
    {
      "module": "module.eks",
      "mode": "managed",
      "type": "kubernetes_config_map",
      "name": "aws_auth",
      "provider": "provider[\"registry.terraform.io/hashicorp/kubernetes\"]",
      "instances": [
        {
          "index_key": 0,
          "schema_version": 0,
          "attributes": {
            "binary_data": null,
            "data": {
              "mapAccounts": "[]\n",
              "mapRoles": "- \"groups\":\n  - \"system:bootstrappers\"\n  - \"system:nodes\"\n  \"rolearn\": \"arn:aws:iam::513910674915:role/playsdev-eks2021090819000354030000000b\"\n  \"username\": \"system:node:{{EC2PrivateDNSName}}\"\n",
              "mapUsers": "[]\n"
            },
            "id": "kube-system/aws-auth",
            "metadata": [
              {
                "annotations": null,
                "generate_name": "",
                "generation": 0,
                "labels": {
                  "app.kubernetes.io/managed-by": "Terraform",
                  "terraform.io/module": "terraform-aws-modules.eks.aws"
                },
                "name": "aws-auth",
                "namespace": "kube-system",
                "resource_version": "619",
                "uid": "04b8151a-1b7f-452d-83fa-e318ec8ca170"
              }
            ]
          },
          "sensitive_attributes": [],
          "private": "bnVsbA==",
          "dependencies": [
            "aws_security_group.playsdev-sg",
            "aws_subnet.playsdev-public-subnet",
            "aws_subnet.playsdev-public-subnet-2",
            "aws_vpc.playsdev_vpc",
            "data.aws_eks_cluster.cluster",
            "data.aws_eks_cluster_auth.cluster",
            "module.eks.aws_cloudwatch_log_group.this",
            "module.eks.aws_eks_cluster.this",
            "module.eks.aws_iam_instance_profile.workers",
            "module.eks.aws_iam_instance_profile.workers_launch_template",
            "module.eks.aws_iam_role.cluster",
            "module.eks.aws_iam_role.workers",
            "module.eks.aws_iam_role_policy_attachment.cluster_AmazonEKSClusterPolicy",
            "module.eks.aws_iam_role_policy_attachment.cluster_AmazonEKSServicePolicy",
            "module.eks.aws_iam_role_policy_attachment.cluster_AmazonEKSVPCResourceControllerPolicy",
            "module.eks.aws_security_group.cluster",
            "module.eks.aws_security_group.workers",
            "module.eks.aws_security_group_rule.cluster_egress_internet",
            "module.eks.aws_security_group_rule.cluster_https_worker_ingress",
            "module.eks.aws_security_group_rule.cluster_private_access_cidrs_source",
            "module.eks.aws_security_group_rule.cluster_private_access_sg_source",
            "module.eks.data.aws_ami.eks_worker",
            "module.eks.data.aws_ami.eks_worker_windows",
            "module.eks.data.aws_caller_identity.current",
            "module.eks.data.aws_iam_instance_profile.custom_worker_group_iam_instance_profile",
            "module.eks.data.aws_iam_instance_profile.custom_worker_group_launch_template_iam_instance_profile",
            "module.eks.data.aws_iam_policy_document.cluster_assume_role_policy",
            "module.eks.data.aws_iam_policy_document.workers_assume_role_policy",
            "module.eks.data.aws_iam_role.custom_cluster_iam_role",
            "module.eks.data.aws_partition.current",
            "module.eks.data.http.wait_for_cluster",
            "module.eks.module.fargate.aws_iam_role.eks_fargate_pod",
            "module.eks.module.fargate.data.aws_iam_role.custom_fargate_iam_role"
          ]
        }
      ]
    },
    {
      "module": "module.eks",
      "mode": "managed",
      "type": "local_file",
      "name": "kubeconfig",
      "provider": "provider[\"registry.terraform.io/hashicorp/local\"]",
      "instances": [
        {
          "index_key": 0,
          "schema_version": 0,
          "attributes": {
            "content": "apiVersion: v1\npreferences: {}\nkind: Config\n\nclusters:\n- cluster:\n    server: https://46BF494AD3B44C33CC99A23A337E767D.gr7.eu-central-1.eks.amazonaws.com\n    certificate-authority-data: LS0tLS1CRUdJTiBDRVJUSUZJQ0FURS0tLS0tCk1JSUM1ekNDQWMrZ0F3SUJBZ0lCQURBTkJna3Foa2lHOXcwQkFRc0ZBREFWTVJNd0VRWURWUVFERXdwcmRXSmwKY201bGRHVnpNQjRYRFRJeE1Ea3dPREU0TlRVMU4xb1hEVE14TURrd05qRTROVFUxTjFvd0ZURVRNQkVHQTFVRQpBeE1LYTNWaVpYSnVaWFJsY3pDQ0FTSXdEUVlKS29aSWh2Y05BUUVCQlFBRGdnRVBBRENDQVFvQ2dnRUJBTXU0CnRxM1JNQU5yS1I0d0tkOFQvLythVHdyUkE2aUd2SFRVUm5Ta0g4TmswbDVUZ3I3dHlmdXA4ZGFZSU8rRHRMTVgKY1BGQlc4dERxR00rcjB1ZkpMUEhiaGJwR1VISXBkVVJ6RFovbmFtRDhqbi9rVHdkL3JJZHRsSHFTeE9yNVV2SAp3NS9ibExMcDIrQXZ4WVZwR3d2TmI3NkhCQVdZMUFSVzhZQUI3V1NDUXVla3JmdVdQY1JieGdHMlMvb3VwVktMCkwwSkRpRjNsZXMvME9VSE5nVjZ4UHdBeklwR0p5Z0QzZVcydjBvTWdqakFsY1RaUCtFU1lRdmkxTElUWnJsbzAKZ29tUVdhM2tJVWFOMnZDM1FDL281RzZ5ZmhXWjNCUC90aTBIb25MNFBmdFZXTlRFMU1obzRaQ05wN3VZeEZNSgo1S3NZVGczYlJ2d3REMDdVSk9jQ0F3RUFBYU5DTUVBd0RnWURWUjBQQVFIL0JBUURBZ0trTUE4R0ExVWRFd0VCCi93UUZNQU1CQWY4d0hRWURWUjBPQkJZRUZCaTh0b1pvbWtZWEcrb2lVT01mdmhKOHZHOGVNQTBHQ1NxR1NJYjMKRFFFQkN3VUFBNElCQVFBTFBIVUt5NmM1aHR5Vk83ZUNaV0NxWXNBdnFleEpsZzN2MnlodWdVbzVlaTE2ZXZOZQpBbjRycWxsa1FGM3pKcE9xUldyZjNGYUxNdVowSXgxaDJWNmpaRTF6M0dZVnlTM3ZvbzdNS1Z1ZmJHNEVsQXRUCmk4VERwZ1NhZzMwZjEzK1dEZ0RvRW5nNTZlelE3OXIyME5RNUZ3N25PNEsvMlB2eEUreU56R0tyUS9vWUFUTW8KSTRVK0diQWtORWsvZmhzdGVvSXp2L2dvMkRvZ0gvSlp1Wko1Zzk4c3FlbGtSTEV5QkptZi9McDVtVlhHaWRYSQpaQ2hwRjAyallYcmxzZUQ1MmIzUE5XYTR4MWxZd2F5bnJMZ01xSVV0V2MxdHNaVUxmMGxaVW5oK05qT1pRcFdXClpOak94dUhUdUUrSmNQM2hoT241ZkNrLzhPM240WEVrQXp5VQotLS0tLUVORCBDRVJUSUZJQ0FURS0tLS0tCg==\n  name: eks_playsdev-eks\n\ncontexts:\n- context:\n    cluster: eks_playsdev-eks\n    user: eks_playsdev-eks\n  name: eks_playsdev-eks\n\ncurrent-context: eks_playsdev-eks\n\nusers:\n- name: eks_playsdev-eks\n  user:\n    exec:\n      apiVersion: client.authentication.k8s.io/v1alpha1\n      command: aws-iam-authenticator\n      args:\n        - \"token\"\n        - \"-i\"\n        - \"playsdev-eks\"\n",
            "content_base64": null,
            "directory_permission": "0755",
            "file_permission": "0600",
            "filename": "./kubeconfig_playsdev-eks",
            "id": "21d4d21ef712be0e23c8a9069e7ceecab9ff86b8",
            "sensitive_content": null,
            "source": null
          },
          "sensitive_attributes": [],
          "private": "bnVsbA==",
          "dependencies": [
            "aws_subnet.playsdev-public-subnet",
            "aws_subnet.playsdev-public-subnet-2",
            "aws_vpc.playsdev_vpc",
            "module.eks.aws_cloudwatch_log_group.this",
            "module.eks.aws_eks_cluster.this",
            "module.eks.aws_iam_role.cluster",
            "module.eks.aws_iam_role_policy_attachment.cluster_AmazonEKSClusterPolicy",
            "module.eks.aws_iam_role_policy_attachment.cluster_AmazonEKSServicePolicy",
            "module.eks.aws_iam_role_policy_attachment.cluster_AmazonEKSVPCResourceControllerPolicy",
            "module.eks.aws_security_group.cluster",
            "module.eks.aws_security_group.workers",
            "module.eks.aws_security_group_rule.cluster_egress_internet",
            "module.eks.aws_security_group_rule.cluster_https_worker_ingress",
            "module.eks.data.aws_iam_policy_document.cluster_assume_role_policy",
            "module.eks.data.aws_iam_role.custom_cluster_iam_role",
            "module.eks.data.aws_partition.current"
          ]
        }
      ]
    }
  ]
}
